{
  "version": 4,
  "terraform_version": "1.6.0",
  "serial": 42,
  "lineage": "9030a295-fd29-c08c-f28f-1dd55cb7c2da",
  "outputs": {
    "cluster_arn": {
      "value": "arn:aws:eks:us-west-1:294825482201:cluster/n8n-eks-cluster",
      "type": "string"
    },
    "cluster_certificate_authority_data": {
      "value": "LS0tLS1CRUdJTiBDRVJUSUZJQ0FURS0tLS0tCk1JSURCVENDQWUyZ0F3SUJBZ0lJZW5QbmQ0cEh1dHN3RFFZSktvWklodmNOQVFFTEJRQXdGVEVUTUJFR0ExVUUKQXhNS2EzVmlaWEp1WlhSbGN6QWVGdzB5TlRFd01EVXlNak15TXpWYUZ3MHpOVEV3TURNeU1qTTNNelZhTUJVeApFekFSQmdOVkJBTVRDbXQxWW1WeWJtVjBaWE13Z2dFaU1BMEdDU3FHU0liM0RRRUJBUVVBQTRJQkR3QXdnZ0VLCkFvSUJBUUM5cUZ3dndZcWw5aTN1cVI2ZTZUU3Y4V3I5U3RhY0dXQ2lYakcxbVgxcCtNYytNUjRXbVAxcGVGR1IKNVVKemRwQ003ayt0VmJNdGhJbEJNR25oN05QTmdGeEV4UTJQUzhIVnRRL252aEJLdDAwNEdLQ3drVFN4dlBZdwplaWh0VnRPZ2FDTENBSFJFVlZmWENXdDk0SXFPREZwV2RCN1M1R2o5NHhBd09OTTF6UVpyTTIwSEZrOEl5Y2YxCmh6M1k2a2xnNk1HeHptVCtoSDM4WGhJdmsvRkFwWDZjd1hNTjZxMnEybDhOZzBoMDJZVHNCWkxpSlV3bjQ2SEgKT1BzTTlQbWhJVzZ6RUQwWUFVVEJDOWFNSlc0bWNFWFZVVVpvT2hpVGM2UDN0WFRxRGY0VXVYWXZIUklWaFFBSwpQaVB6aFhyd3lETTAzTXNvZ1dwOUVackpVRm5mQWdNQkFBR2pXVEJYTUE0R0ExVWREd0VCL3dRRUF3SUNwREFQCkJnTlZIUk1CQWY4RUJUQURBUUgvTUIwR0ExVWREZ1FXQkJRY1d1RXhsbWhUVlRZMjh1NDFMMGxPbWhkUFZEQVYKQmdOVkhSRUVEakFNZ2dwcmRXSmxjbTVsZEdWek1BMEdDU3FHU0liM0RRRUJDd1VBQTRJQkFRQXFjbG5DZExZSAprVjk2dnFhdVp1YjdhRnJLRzgrN21yZ2R4a3RaNmQ0Yk9pNmtraEI5MEU2ZzJNZUJlS2xCWW55T0ZmWEJzZEpTCmIwMW1WV2J2bVk4TXJUUDRFSC8zYzVIaDVhRnJmczZIbXREVHNuSDhqSkdRMjk4R1g1N09UNC9PSlo0YWpuWmMKRXQ5VUM4OUw3SlRaRzhZblBhRkJBcHZZV3VuNmptQmxwaGpyVjR6V3gzY04wbENEOFBqK2o5a0xvTFEvRHpmbwpqZmkySGhoOU8zYVNnSVBnRlBlQnJGME8rRUZnWU5vVWVsR2t6SHUwcUZ5eDhIRDN5YnlXZVZTUnZFdHN5TWh1CjJZUlFWekpWaFhUbk8zN1pHOUV1NDR6Rk05ZTlCUllGLzl1dTR0N2ZqZ3ZqM3B2eFdpdmQwdHhXTm83NWNsVXAKZU5aMzZHdkFKbWRlCi0tLS0tRU5EIENFUlRJRklDQVRFLS0tLS0K",
      "type": "string",
      "sensitive": true
    },
    "cluster_endpoint": {
      "value": "https://0359537738F72159EB58B08D510E94DF.yl4.us-west-1.eks.amazonaws.com",
      "type": "string"
    },
    "cluster_name": {
      "value": "n8n-eks-cluster",
      "type": "string"
    },
    "cluster_security_group_id": {
      "value": "sg-0687be83e16ed7b2a",
      "type": "string"
    },
    "configure_kubectl": {
      "value": "aws eks update-kubeconfig --region us-west-1 --name n8n-eks-cluster --profile cloud-native-misael",
      "type": "string"
    },
    "n8n_encryption_key_ssm_parameter": {
      "value": "/n8n/encryption_key",
      "type": "string"
    },
    "n8n_encryption_key_value": {
      "value": "8758258189f7ff47be0ae4efbc4c2c2106294cc74baa0297ee8720593324b8e8",
      "type": "string",
      "sensitive": true
    },
    "n8n_host": {
      "value": "n8n-aws.lrproducthub.com",
      "type": "string"
    },
    "n8n_namespace": {
      "value": "n8n",
      "type": "string"
    },
    "nginx_ingress_controller_endpoint": {
      "value": "Run: kubectl get svc -n ingress-nginx ingress-nginx-controller -o jsonpath='{.status.loadBalancer.ingress[0].hostname}'",
      "type": "string"
    },
    "private_subnet_ids": {
      "value": [
        "subnet-025da3cb44d7600f6",
        "subnet-044e65937b91513d3"
      ],
      "type": [
        "tuple",
        [
          "string",
          "string"
        ]
      ]
    },
    "public_subnet_ids": {
      "value": [
        "subnet-0dc9bf6f7f8fb852a",
        "subnet-039f868f03ae9893b"
      ],
      "type": [
        "tuple",
        [
          "string",
          "string"
        ]
      ]
    },
    "region": {
      "value": "us-west-1",
      "type": "string"
    },
    "vpc_id": {
      "value": "vpc-03e20713d88ef167d",
      "type": "string"
    }
  },
  "resources": [
    {
      "mode": "data",
      "type": "aws_availability_zones",
      "name": "available",
      "provider": "provider[\"registry.terraform.io/hashicorp/aws\"]",
      "instances": [
        {
          "schema_version": 0,
          "attributes": {
            "all_availability_zones": null,
            "exclude_names": null,
            "exclude_zone_ids": null,
            "filter": null,
            "group_names": [
              "us-west-1-zg-1"
            ],
            "id": "us-west-1",
            "names": [
              "us-west-1a",
              "us-west-1c"
            ],
            "state": "available",
            "timeouts": null,
            "zone_ids": [
              "usw1-az1",
              "usw1-az3"
            ]
          },
          "sensitive_attributes": []
        }
      ]
    },
    {
      "mode": "data",
      "type": "aws_eks_cluster",
      "name": "cluster",
      "provider": "provider[\"registry.terraform.io/hashicorp/aws\"]",
      "instances": [
        {
          "schema_version": 0,
          "attributes": {
            "access_config": [
              {
                "authentication_mode": "CONFIG_MAP",
                "bootstrap_cluster_creator_admin_permissions": true
              }
            ],
            "arn": "arn:aws:eks:us-west-1:294825482201:cluster/n8n-eks-cluster",
            "certificate_authority": [
              {
                "data": "LS0tLS1CRUdJTiBDRVJUSUZJQ0FURS0tLS0tCk1JSURCVENDQWUyZ0F3SUJBZ0lJZW5QbmQ0cEh1dHN3RFFZSktvWklodmNOQVFFTEJRQXdGVEVUTUJFR0ExVUUKQXhNS2EzVmlaWEp1WlhSbGN6QWVGdzB5TlRFd01EVXlNak15TXpWYUZ3MHpOVEV3TURNeU1qTTNNelZhTUJVeApFekFSQmdOVkJBTVRDbXQxWW1WeWJtVjBaWE13Z2dFaU1BMEdDU3FHU0liM0RRRUJBUVVBQTRJQkR3QXdnZ0VLCkFvSUJBUUM5cUZ3dndZcWw5aTN1cVI2ZTZUU3Y4V3I5U3RhY0dXQ2lYakcxbVgxcCtNYytNUjRXbVAxcGVGR1IKNVVKemRwQ003ayt0VmJNdGhJbEJNR25oN05QTmdGeEV4UTJQUzhIVnRRL252aEJLdDAwNEdLQ3drVFN4dlBZdwplaWh0VnRPZ2FDTENBSFJFVlZmWENXdDk0SXFPREZwV2RCN1M1R2o5NHhBd09OTTF6UVpyTTIwSEZrOEl5Y2YxCmh6M1k2a2xnNk1HeHptVCtoSDM4WGhJdmsvRkFwWDZjd1hNTjZxMnEybDhOZzBoMDJZVHNCWkxpSlV3bjQ2SEgKT1BzTTlQbWhJVzZ6RUQwWUFVVEJDOWFNSlc0bWNFWFZVVVpvT2hpVGM2UDN0WFRxRGY0VXVYWXZIUklWaFFBSwpQaVB6aFhyd3lETTAzTXNvZ1dwOUVackpVRm5mQWdNQkFBR2pXVEJYTUE0R0ExVWREd0VCL3dRRUF3SUNwREFQCkJnTlZIUk1CQWY4RUJUQURBUUgvTUIwR0ExVWREZ1FXQkJRY1d1RXhsbWhUVlRZMjh1NDFMMGxPbWhkUFZEQVYKQmdOVkhSRUVEakFNZ2dwcmRXSmxjbTVsZEdWek1BMEdDU3FHU0liM0RRRUJDd1VBQTRJQkFRQXFjbG5DZExZSAprVjk2dnFhdVp1YjdhRnJLRzgrN21yZ2R4a3RaNmQ0Yk9pNmtraEI5MEU2ZzJNZUJlS2xCWW55T0ZmWEJzZEpTCmIwMW1WV2J2bVk4TXJUUDRFSC8zYzVIaDVhRnJmczZIbXREVHNuSDhqSkdRMjk4R1g1N09UNC9PSlo0YWpuWmMKRXQ5VUM4OUw3SlRaRzhZblBhRkJBcHZZV3VuNmptQmxwaGpyVjR6V3gzY04wbENEOFBqK2o5a0xvTFEvRHpmbwpqZmkySGhoOU8zYVNnSVBnRlBlQnJGME8rRUZnWU5vVWVsR2t6SHUwcUZ5eDhIRDN5YnlXZVZTUnZFdHN5TWh1CjJZUlFWekpWaFhUbk8zN1pHOUV1NDR6Rk05ZTlCUllGLzl1dTR0N2ZqZ3ZqM3B2eFdpdmQwdHhXTm83NWNsVXAKZU5aMzZHdkFKbWRlCi0tLS0tRU5EIENFUlRJRklDQVRFLS0tLS0K"
              }
            ],
            "cluster_id": null,
            "compute_config": [],
            "created_at": "2025-10-05T22:32:09Z",
            "enabled_cluster_log_types": [],
            "endpoint": "https://0359537738F72159EB58B08D510E94DF.yl4.us-west-1.eks.amazonaws.com",
            "id": "n8n-eks-cluster",
            "identity": [
              {
                "oidc": [
                  {
                    "issuer": "https://oidc.eks.us-west-1.amazonaws.com/id/0359537738F72159EB58B08D510E94DF"
                  }
                ]
              }
            ],
            "kubernetes_network_config": [
              {
                "elastic_load_balancing": [
                  {
                    "enabled": false
                  }
                ],
                "ip_family": "ipv4",
                "service_ipv4_cidr": "172.20.0.0/16",
                "service_ipv6_cidr": ""
              }
            ],
            "name": "n8n-eks-cluster",
            "outpost_config": [],
            "platform_version": "eks.50",
            "remote_network_config": [],
            "role_arn": "arn:aws:iam::294825482201:role/n8n-app-eks-cluster-role",
            "status": "ACTIVE",
            "storage_config": [],
            "tags": {
              "Name": "n8n-eks-cluster",
              "Project": "n8n-app"
            },
            "upgrade_policy": [
              {
                "support_type": "EXTENDED"
              }
            ],
            "version": "1.29",
            "vpc_config": [
              {
                "cluster_security_group_id": "sg-0687be83e16ed7b2a",
                "endpoint_private_access": true,
                "endpoint_public_access": true,
                "public_access_cidrs": [
                  "0.0.0.0/0"
                ],
                "security_group_ids": [],
                "subnet_ids": [
                  "subnet-025da3cb44d7600f6",
                  "subnet-039f868f03ae9893b",
                  "subnet-044e65937b91513d3",
                  "subnet-0dc9bf6f7f8fb852a"
                ],
                "vpc_id": "vpc-03e20713d88ef167d"
              }
            ],
            "zonal_shift_config": []
          },
          "sensitive_attributes": []
        }
      ]
    },
    {
      "mode": "data",
      "type": "aws_eks_cluster_auth",
      "name": "cluster",
      "provider": "provider[\"registry.terraform.io/hashicorp/aws\"]",
      "instances": [
        {
          "schema_version": 0,
          "attributes": {
            "id": "n8n-eks-cluster",
            "name": "n8n-eks-cluster",
            "token": "k8s-aws-v1.aHR0cHM6Ly9zdHMudXMtd2VzdC0xLmFtYXpvbmF3cy5jb20vP0FjdGlvbj1HZXRDYWxsZXJJZGVudGl0eSZWZXJzaW9uPTIwMTEtMDYtMTUmWC1BbXotQWxnb3JpdGhtPUFXUzQtSE1BQy1TSEEyNTYmWC1BbXotQ3JlZGVudGlhbD1BU0lBVUpKSFgyN01XTERTUEZLTiUyRjIwMjUxMDA1JTJGdXMtd2VzdC0xJTJGc3RzJTJGYXdzNF9yZXF1ZXN0JlgtQW16LURhdGU9MjAyNTEwMDVUMjI0MDMyWiZYLUFtei1FeHBpcmVzPTAmWC1BbXotU2VjdXJpdHktVG9rZW49SVFvSmIzSnBaMmx1WDJWakVPZiUyRiUyRiUyRiUyRiUyRiUyRiUyRiUyRiUyRiUyRndFYUNYVnpMV1ZoYzNRdE1TSkhNRVVDSVFDSG5uTDBhcnRBOTV5dHoxUWtsVXJGWXdPJTJGTU0wMFBOWWF3WUVNbVBDTlJnSWdPWSUyRmZBb1lERkg5OEg3WEwlMkJFREIzbkM3M0xDUzVvWjQyRXA0R0ZxTW9GSXFsZ01JZ1AlMkYlMkYlMkYlMkYlMkYlMkYlMkYlMkYlMkYlMkZBUkFBR2d3eU9UUTRNalUwT0RJeU1ERWlETkl1bzhQZEdYVlozZGhINlNycUFwNzJ6ekxRdHdtNzEzSWIyb1c3N0NEb2k1TiUyQnJ2Q0F0YWRyMklFYzRYdE9NdDIxdWJ2NzVLd3N0JTJGZ1cxZjF3eGIlMkY0U0c5TnZsZElqVCUyRjNZWDFGTUhxN2JkOTJVdW5iZ2VYUmFydDF3ZkVrTnh3ZlZiRmd1eFFRcUt4YlZraHVFQWJ2T0pXaXZkdTVOMEhnVUFlZDhmYnowNjFZME5tZGVVb1NXTDJvY21vclYlMkI1Yzh6Q2F0Z3VKc0o0aUNlUlF4ZVFHOUxhSFE0aEx6a3dqVyUyRlczenNmUndyY2VxZG84ZWp6M0lGV2wlMkZ2WmRqJTJGUktoSGxSaFh1ZjlBcFR0cURtNGhPc0FnUXdvY3hsc2Y5NDd2STRrSk9KS0lURVRzNVFwQlpYeXgwa0ZjZnlkQ21lQUdrS3Q2YjBjUVI3UzdvdzhDWnR3Y2dvM0xvVUpaS2pmR1NvUzJLODJjRktHclBTcEVFYnp4VkElMkZuTVlJVmtxOTNZJTJGYyUyQiUyQk1QQlV4NGdhdnVRTFVLTGxER0hNU2M1aHhDcEdqT1FsMSUyQkxKaCUyRkoycDhra1llVnBPdnE4cUdaVmxDa2ZZZWRQZHhKaTVpRDlod0lScmElMkZveFozWFJjR3BVb0JSNHhCR1Y4Q2FaRmV6elFVa3lNTW5qaThjR09xWUJpM0NHSm1rY0FiN1ZzcGhIQnhpZFBCOWtUQUh6JTJCbDM3VWwlMkZwZVpnZzElMkJQWm1EMnYyWVhvV1V0c1Qya2VSMzglMkJSZFoxVnBCUW04UWgzcndQamhDQ2lzOVlQMjdwYm1XcCUyQmhDUko0MktnN2xkJTJCT1RINGlzUmhRNHlUdCUyRiUyQjZRWG5EczM2TUdnVHpycXNITTlaa3E2bTklMkZ1ZGxKSkZsJTJCVWRZc1VURDA0eXZJYnk3V2NWS2lSSkQwWW1rbjc0SDZiVTRnQTdtV25kajlSRUdhMUttajVjengzVUdKNmZOUSUzRCUzRCZYLUFtei1TaWduZWRIZWFkZXJzPWhvc3QlM0J4LWs4cy1hd3MtaWQmWC1BbXotU2lnbmF0dXJlPTJhOThlZDcyYjFhN2MyOTc2ZDk2YTZiODAwYmQ1MWE1MGRjYTU2NDUzODViYmVhNzAyZDAyYzE1MzhlMDU4ODM"
          },
          "sensitive_attributes": []
        }
      ]
    },
    {
      "mode": "data",
      "type": "aws_iam_policy_document",
      "name": "ebs_csi_assume_role",
      "provider": "provider[\"registry.terraform.io/hashicorp/aws\"]",
      "instances": [
        {
          "schema_version": 0,
          "attributes": {
            "id": "2540721211",
            "json": "{\n  \"Version\": \"2012-10-17\",\n  \"Statement\": [\n    {\n      \"Effect\": \"Allow\",\n      \"Action\": \"sts:AssumeRoleWithWebIdentity\",\n      \"Principal\": {\n        \"Federated\": \"arn:aws:iam::294825482201:oidc-provider/oidc.eks.us-west-1.amazonaws.com/id/0359537738F72159EB58B08D510E94DF\"\n      },\n      \"Condition\": {\n        \"StringEquals\": {\n          \"oidc.eks.us-west-1.amazonaws.com/id/0359537738F72159EB58B08D510E94DF:aud\": \"sts.amazonaws.com\",\n          \"oidc.eks.us-west-1.amazonaws.com/id/0359537738F72159EB58B08D510E94DF:sub\": \"system:serviceaccount:kube-system:ebs-csi-controller-sa\"\n        }\n      }\n    }\n  ]\n}",
            "minified_json": "{\"Version\":\"2012-10-17\",\"Statement\":[{\"Effect\":\"Allow\",\"Action\":\"sts:AssumeRoleWithWebIdentity\",\"Principal\":{\"Federated\":\"arn:aws:iam::294825482201:oidc-provider/oidc.eks.us-west-1.amazonaws.com/id/0359537738F72159EB58B08D510E94DF\"},\"Condition\":{\"StringEquals\":{\"oidc.eks.us-west-1.amazonaws.com/id/0359537738F72159EB58B08D510E94DF:aud\":\"sts.amazonaws.com\",\"oidc.eks.us-west-1.amazonaws.com/id/0359537738F72159EB58B08D510E94DF:sub\":\"system:serviceaccount:kube-system:ebs-csi-controller-sa\"}}}]}",
            "override_json": null,
            "override_policy_documents": null,
            "policy_id": null,
            "source_json": null,
            "source_policy_documents": null,
            "statement": [
              {
                "actions": [
                  "sts:AssumeRoleWithWebIdentity"
                ],
                "condition": [
                  {
                    "test": "StringEquals",
                    "values": [
                      "sts.amazonaws.com"
                    ],
                    "variable": "oidc.eks.us-west-1.amazonaws.com/id/0359537738F72159EB58B08D510E94DF:aud"
                  },
                  {
                    "test": "StringEquals",
                    "values": [
                      "system:serviceaccount:kube-system:ebs-csi-controller-sa"
                    ],
                    "variable": "oidc.eks.us-west-1.amazonaws.com/id/0359537738F72159EB58B08D510E94DF:sub"
                  }
                ],
                "effect": "Allow",
                "not_actions": [],
                "not_principals": [],
                "not_resources": [],
                "principals": [
                  {
                    "identifiers": [
                      "arn:aws:iam::294825482201:oidc-provider/oidc.eks.us-west-1.amazonaws.com/id/0359537738F72159EB58B08D510E94DF"
                    ],
                    "type": "Federated"
                  }
                ],
                "resources": [],
                "sid": ""
              }
            ],
            "version": "2012-10-17"
          },
          "sensitive_attributes": []
        }
      ]
    },
    {
      "mode": "data",
      "type": "aws_iam_policy_document",
      "name": "eks_assume_role",
      "provider": "provider[\"registry.terraform.io/hashicorp/aws\"]",
      "instances": [
        {
          "schema_version": 0,
          "attributes": {
            "id": "3552664922",
            "json": "{\n  \"Version\": \"2012-10-17\",\n  \"Statement\": [\n    {\n      \"Effect\": \"Allow\",\n      \"Action\": \"sts:AssumeRole\",\n      \"Principal\": {\n        \"Service\": \"eks.amazonaws.com\"\n      }\n    }\n  ]\n}",
            "minified_json": "{\"Version\":\"2012-10-17\",\"Statement\":[{\"Effect\":\"Allow\",\"Action\":\"sts:AssumeRole\",\"Principal\":{\"Service\":\"eks.amazonaws.com\"}}]}",
            "override_json": null,
            "override_policy_documents": null,
            "policy_id": null,
            "source_json": null,
            "source_policy_documents": null,
            "statement": [
              {
                "actions": [
                  "sts:AssumeRole"
                ],
                "condition": [],
                "effect": "Allow",
                "not_actions": [],
                "not_principals": [],
                "not_resources": [],
                "principals": [
                  {
                    "identifiers": [
                      "eks.amazonaws.com"
                    ],
                    "type": "Service"
                  }
                ],
                "resources": [],
                "sid": ""
              }
            ],
            "version": "2012-10-17"
          },
          "sensitive_attributes": []
        }
      ]
    },
    {
      "mode": "data",
      "type": "aws_iam_policy_document",
      "name": "node_assume_role",
      "provider": "provider[\"registry.terraform.io/hashicorp/aws\"]",
      "instances": [
        {
          "schema_version": 0,
          "attributes": {
            "id": "2851119427",
            "json": "{\n  \"Version\": \"2012-10-17\",\n  \"Statement\": [\n    {\n      \"Effect\": \"Allow\",\n      \"Action\": \"sts:AssumeRole\",\n      \"Principal\": {\n        \"Service\": \"ec2.amazonaws.com\"\n      }\n    }\n  ]\n}",
            "minified_json": "{\"Version\":\"2012-10-17\",\"Statement\":[{\"Effect\":\"Allow\",\"Action\":\"sts:AssumeRole\",\"Principal\":{\"Service\":\"ec2.amazonaws.com\"}}]}",
            "override_json": null,
            "override_policy_documents": null,
            "policy_id": null,
            "source_json": null,
            "source_policy_documents": null,
            "statement": [
              {
                "actions": [
                  "sts:AssumeRole"
                ],
                "condition": [],
                "effect": "Allow",
                "not_actions": [],
                "not_principals": [],
                "not_resources": [],
                "principals": [
                  {
                    "identifiers": [
                      "ec2.amazonaws.com"
                    ],
                    "type": "Service"
                  }
                ],
                "resources": [],
                "sid": ""
              }
            ],
            "version": "2012-10-17"
          },
          "sensitive_attributes": []
        }
      ]
    },
    {
      "mode": "data",
      "type": "aws_ssm_parameter",
      "name": "n8n_encryption_key",
      "provider": "provider[\"registry.terraform.io/hashicorp/aws\"]",
      "instances": [
        {
          "schema_version": 0,
          "attributes": {
            "arn": "arn:aws:ssm:us-west-1:294825482201:parameter/n8n/encryption_key",
            "id": "/n8n/encryption_key",
            "insecure_value": "",
            "name": "/n8n/encryption_key",
            "type": "SecureString",
            "value": "8758258189f7ff47be0ae4efbc4c2c2106294cc74baa0297ee8720593324b8e8",
            "version": 1,
            "with_decryption": true
          },
          "sensitive_attributes": []
        }
      ]
    },
    {
      "mode": "data",
      "type": "tls_certificate",
      "name": "eks",
      "provider": "provider[\"registry.terraform.io/hashicorp/tls\"]",
      "instances": [
        {
          "schema_version": 0,
          "attributes": {
            "certificates": [
              {
                "cert_pem": "-----BEGIN CERTIFICATE-----\nMIIEdTCCA12gAwIBAgIJAKcOSkw0grd/MA0GCSqGSIb3DQEBCwUAMGgxCzAJBgNV\nBAYTAlVTMSUwIwYDVQQKExxTdGFyZmllbGQgVGVjaG5vbG9naWVzLCBJbmMuMTIw\nMAYDVQQLEylTdGFyZmllbGQgQ2xhc3MgMiBDZXJ0aWZpY2F0aW9uIEF1dGhvcml0\neTAeFw0wOTA5MDIwMDAwMDBaFw0zNDA2MjgxNzM5MTZaMIGYMQswCQYDVQQGEwJV\nUzEQMA4GA1UECBMHQXJpem9uYTETMBEGA1UEBxMKU2NvdHRzZGFsZTElMCMGA1UE\nChMcU3RhcmZpZWxkIFRlY2hub2xvZ2llcywgSW5jLjE7MDkGA1UEAxMyU3RhcmZp\nZWxkIFNlcnZpY2VzIFJvb3QgQ2VydGlmaWNhdGUgQXV0aG9yaXR5IC0gRzIwggEi\nMA0GCSqGSIb3DQEBAQUAA4IBDwAwggEKAoIBAQDVDDrEKvlO4vW+GZdfjohTsR8/\ny8+fIBNtKTrID30892t2OGPZNmCom15cAICyL1l/9of5JUOG52kbUpqQ4XHj2C0N\nTm/2yEnZtvMaVq4rtnQU68/7JuMauh2WLmo7WJSJR1b/JaCTcFOD2oR0FMNnngRo\nOt+OQFodSk7PQ5E751bWAHDLUu57fa4657wx+UX2wmDPE1kCK4DMNEffud6QZW0C\nzyyRpqbn3oUYSXxmTqM6bam17jQuug0DuDPfR+uxa40l2ZvOgdFFRjKWcIfeAg5J\nQ4W2bHO7ZOphQazJ1FTfhy/HIrImzJ9ZVGif/L4qL8RVHHVAYBeFAlU5i38FAgMB\nAAGjgfAwge0wDwYDVR0TAQH/BAUwAwEB/zAOBgNVHQ8BAf8EBAMCAYYwHQYDVR0O\nBBYEFJxfAN+qAdcwKziIorhtSpzyEZGDMB8GA1UdIwQYMBaAFL9ft9HO3R+G9FtV\nrNzXEMIOqYjnME8GCCsGAQUFBwEBBEMwQTAcBggrBgEFBQcwAYYQaHR0cDovL28u\nc3MyLnVzLzAhBggrBgEFBQcwAoYVaHR0cDovL3guc3MyLnVzL3guY2VyMCYGA1Ud\nHwQfMB0wG6AZoBeGFWh0dHA6Ly9zLnNzMi51cy9yLmNybDARBgNVHSAECjAIMAYG\nBFUdIAAwDQYJKoZIhvcNAQELBQADggEBACMd44pXyn3pF3lM8R5V/cxTbj5HD9/G\nVfKyBDbtgB9TxF00KGu+x1X8Z+rLP3+QsjPNG1gQggL4+C/1E2DUBc7xgQjB3ad1\nl08YuW3e95ORCLp+QCztweq7dp4zBncdDQh/U90bZKuCJ/Fp1U1ervShw3WnWEQt\n8jxwmKy6abaVd38PMV4s/KCHOkdp8Hlf9BRUpJVeEXgSYCfOn8J3/yNTd126/+pZ\n59vPr5KW7ySaNRB6nJHGDn2Z9j8Z3/VyVOEVqQdZe4O/Ui5GjLIAZHYcSNPYeehu\nVsyuLAOQ1xk4meTKCRlb/weWsKh/NEnfVqn3sF/tM+2MR7cwA130A4w=\n-----END CERTIFICATE-----\n",
                "is_ca": true,
                "issuer": "OU=Starfield Class 2 Certification Authority,O=Starfield Technologies\\, Inc.,C=US",
                "not_after": "2034-06-28T17:39:16Z",
                "not_before": "2009-09-02T00:00:00Z",
                "public_key_algorithm": "RSA",
                "serial_number": "12037640545166866303",
                "sha1_fingerprint": "9e99a48a9960b14926bb7f3b02e22da2b0ab7280",
                "signature_algorithm": "SHA256-RSA",
                "subject": "CN=Starfield Services Root Certificate Authority - G2,O=Starfield Technologies\\, Inc.,L=Scottsdale,ST=Arizona,C=US",
                "version": 3
              },
              {
                "cert_pem": "-----BEGIN CERTIFICATE-----\nMIIEkjCCA3qgAwIBAgITBn+USionzfP6wq4rAfkI7rnExjANBgkqhkiG9w0BAQsF\nADCBmDELMAkGA1UEBhMCVVMxEDAOBgNVBAgTB0FyaXpvbmExEzARBgNVBAcTClNj\nb3R0c2RhbGUxJTAjBgNVBAoTHFN0YXJmaWVsZCBUZWNobm9sb2dpZXMsIEluYy4x\nOzA5BgNVBAMTMlN0YXJmaWVsZCBTZXJ2aWNlcyBSb290IENlcnRpZmljYXRlIEF1\ndGhvcml0eSAtIEcyMB4XDTE1MDUyNTEyMDAwMFoXDTM3MTIzMTAxMDAwMFowOTEL\nMAkGA1UEBhMCVVMxDzANBgNVBAoTBkFtYXpvbjEZMBcGA1UEAxMQQW1hem9uIFJv\nb3QgQ0EgMTCCASIwDQYJKoZIhvcNAQEBBQADggEPADCCAQoCggEBALJ4gHHKeNXj\nca9HgFB0fW7Y14h29Jlo91ghYPl0hAEvrAIthtOgQ3pOsqTQNroBvo3bSMgHFzZM\n9O6II8c+6zf1tRn4SWiw3te5djgdYZ6k/oI2peVKVuRF4fn9tBb6dNqcmzU5L/qw\nIFAGbHrQgLKm+a/sRxmPUDgH3KKHOVj4utWp+UhnMJbulHheb4mjUcAwhmahRWa6\nVOujw5H5SNz/0egwLX0tdHA114gk957EWW67c4cX8jJGKLhD+rcdqsq08p8kDi1L\n93FcXmn/6pUCyziKrlA4b9v7LWIbxcceVOF34GfID5yHI9Y/QCB/IIDEgEw+OyQm\njgSubJrIqg0CAwEAAaOCATEwggEtMA8GA1UdEwEB/wQFMAMBAf8wDgYDVR0PAQH/\nBAQDAgGGMB0GA1UdDgQWBBSEGMyFNOy8DJSULghZnMeyEE4KCDAfBgNVHSMEGDAW\ngBScXwDfqgHXMCs4iKK4bUqc8hGRgzB4BggrBgEFBQcBAQRsMGowLgYIKwYBBQUH\nMAGGImh0dHA6Ly9vY3NwLnJvb3RnMi5hbWF6b250cnVzdC5jb20wOAYIKwYBBQUH\nMAKGLGh0dHA6Ly9jcnQucm9vdGcyLmFtYXpvbnRydXN0LmNvbS9yb290ZzIuY2Vy\nMD0GA1UdHwQ2MDQwMqAwoC6GLGh0dHA6Ly9jcmwucm9vdGcyLmFtYXpvbnRydXN0\nLmNvbS9yb290ZzIuY3JsMBEGA1UdIAQKMAgwBgYEVR0gADANBgkqhkiG9w0BAQsF\nAAOCAQEAYjdCXLwQtT6LLOkMm2xF4gcAevnFWAu5CIw+7bMlPLVvUOTNNWqnkzSW\nMiGpSESrnO09tKpzbeR/FoCJbM8oAxiDR3mjEH4wW6w7sGDgd9QIpuEdfF7Au/ma\neyKdpwAJfqxGF4PcnCZXmTA5YpaP7dreqsXMGz7KQ2hsVxa81Q4gLv7/wmpdLqBK\nbRRYh5TmOTFffHPLkIhqhBGWJ6bt2YFGpn6jcgAKUj6DiAdjd4lpFw85hdKrCEVN\n0FE6/V1dN2RMfjCyVSRCnTawXZwXgWHxyvkQAiSr6w10kY17RSlQOYiypok1JR4U\nakcjMS9cmvqtmg5iUaQqqcT5NJ0hGA==\n-----END CERTIFICATE-----\n",
                "is_ca": true,
                "issuer": "CN=Starfield Services Root Certificate Authority - G2,O=Starfield Technologies\\, Inc.,L=Scottsdale,ST=Arizona,C=US",
                "not_after": "2037-12-31T01:00:00Z",
                "not_before": "2015-05-25T12:00:00Z",
                "public_key_algorithm": "RSA",
                "serial_number": "144918191876577076464031512351042010504348870",
                "sha1_fingerprint": "06b25927c42a721631c1efd9431e648fa62e1e39",
                "signature_algorithm": "SHA256-RSA",
                "subject": "CN=Amazon Root CA 1,O=Amazon,C=US",
                "version": 3
              },
              {
                "cert_pem": "-----BEGIN CERTIFICATE-----\nMIIEXjCCA0agAwIBAgITB3MSSkvL1E7HtTvq8ZSELToPoTANBgkqhkiG9w0BAQsF\nADA5MQswCQYDVQQGEwJVUzEPMA0GA1UEChMGQW1hem9uMRkwFwYDVQQDExBBbWF6\nb24gUm9vdCBDQSAxMB4XDTIyMDgyMzIyMjUzMFoXDTMwMDgyMzIyMjUzMFowPDEL\nMAkGA1UEBhMCVVMxDzANBgNVBAoTBkFtYXpvbjEcMBoGA1UEAxMTQW1hem9uIFJT\nQSAyMDQ4IE0wMjCCASIwDQYJKoZIhvcNAQEBBQADggEPADCCAQoCggEBALtDGMZa\nqHneKei1by6+pUPPLljTB143Si6VpEWPc6mSkFhZb/6qrkZyoHlQLbDYnI2D7hD0\nsdzEqfnuAjIsuXQLG3A8TvX6V3oFNBFVe8NlLJHvBseKY88saLwufxkZVwk74g4n\nWlNMXzla9Y5F3wwRHwMVH443xGz6UtGSZSqQ94eFx5X7Tlqt8whi8qCaKdZ5rNak\n+r9nUThOeClqFd4oXych//Rc7Y0eX1KNWHYSI1Nk31mYgiK3JvH063g+K9tHA63Z\neTgKgndlh+WI+zv7i44HepRZjA1FYwYZ9Vv/9UkC5Yz8/yU65fgjaE+wVHM4e/Yy\nC2osrPWE7gJ+dXMCAwEAAaOCAVowggFWMBIGA1UdEwEB/wQIMAYBAf8CAQAwDgYD\nVR0PAQH/BAQDAgGGMB0GA1UdJQQWMBQGCCsGAQUFBwMBBggrBgEFBQcDAjAdBgNV\nHQ4EFgQUwDFSzVpQw4J8dHHOy+mc+XrrguIwHwYDVR0jBBgwFoAUhBjMhTTsvAyU\nlC4IWZzHshBOCggwewYIKwYBBQUHAQEEbzBtMC8GCCsGAQUFBzABhiNodHRwOi8v\nb2NzcC5yb290Y2ExLmFtYXpvbnRydXN0LmNvbTA6BggrBgEFBQcwAoYuaHR0cDov\nL2NydC5yb290Y2ExLmFtYXpvbnRydXN0LmNvbS9yb290Y2ExLmNlcjA/BgNVHR8E\nODA2MDSgMqAwhi5odHRwOi8vY3JsLnJvb3RjYTEuYW1hem9udHJ1c3QuY29tL3Jv\nb3RjYTEuY3JsMBMGA1UdIAQMMAowCAYGZ4EMAQIBMA0GCSqGSIb3DQEBCwUAA4IB\nAQAtTi6Fs0Azfi+iwm7jrz+CSxHH+uHl7Law3MQSXVtR8RV53PtR6r/6gNpqlzdo\nZq4FKbADi1v9Bun8RY8D51uedRfjsbeodizeBB8nXmeyD33Ep7VATj4ozcd31YFV\nfgRhvTSxNrrTlNpWkUk0m3BMPv8sg381HhA6uEYokE5q9uws/3YkKqRiEz3TsaWm\nJqIRZhMbgAfp7O7FUwFIb7UIspogZSKxPIWJpxiPo3TcBambbVtQOcNRWz5qCQdD\nslI2yayq0n2TXoHyNCLEH8rpsJRVILFsg0jc7BaFrMnF462+ajSehgj12IidNeRN\n4zl+EoNaWdpnWndvSpAEkq2P\n-----END CERTIFICATE-----\n",
                "is_ca": true,
                "issuer": "CN=Amazon Root CA 1,O=Amazon,C=US",
                "not_after": "2030-08-23T22:25:30Z",
                "not_before": "2022-08-23T22:25:30Z",
                "public_key_algorithm": "RSA",
                "serial_number": "166129353110899469622597955040406457904926625",
                "sha1_fingerprint": "414a2060b738c635cc7fc243e052615592830c53",
                "signature_algorithm": "SHA256-RSA",
                "subject": "CN=Amazon RSA 2048 M02,O=Amazon,C=US",
                "version": 3
              },
              {
                "cert_pem": "-----BEGIN CERTIFICATE-----\nMIIF4zCCBMugAwIBAgIQB5bSLVaN5eHsIieCszY9+DANBgkqhkiG9w0BAQsFADA8\nMQswCQYDVQQGEwJVUzEPMA0GA1UEChMGQW1hem9uMRwwGgYDVQQDExNBbWF6b24g\nUlNBIDIwNDggTTAyMB4XDTI1MDMwMjAwMDAwMFoXDTI2MDQwMTIzNTk1OVowKDEm\nMCQGA1UEAwwdKi5la3MudXMtd2VzdC0xLmFtYXpvbmF3cy5jb20wggEiMA0GCSqG\nSIb3DQEBAQUAA4IBDwAwggEKAoIBAQDSNJfLYEDVJ0t9UPbi7iwjRfMuIk3cvQWt\n8cRCqyv0KSAuOTQrJ+oqoZas5WsQQyA7n0ZKaPot8YT6M9ektF6itGzkzbyh8Ajv\nOswqnRiVMByHX0jcOyU5OvEvtARCAbv1p1MoG3bJwt+LVpPpyQ5S5Ifc5MQM+72f\nwDUzH0fhqCM2n6/D8BpO4+aybBAhCwB+d6+GCvwAyjKtXUcSDEOe1PYw5BjLMlqc\nhxhi3A8SuUTr5eMsDP7ZpGRRDFIh6gmd7+bI6kd1juGLh6jhpWQFEFpttJV0iogX\n6s+XTuRDrIhBvLdxd2U6x/PcewoKgNBrj+GdNuJwsm/B3LaalJdlAgMBAAGjggLz\nMIIC7zAfBgNVHSMEGDAWgBTAMVLNWlDDgnx0cc7L6Zz5euuC4jAdBgNVHQ4EFgQU\nOlAO/17r25YrjXrgvNRExDXQj/AwKAYDVR0RBCEwH4IdKi5la3MudXMtd2VzdC0x\nLmFtYXpvbmF3cy5jb20wEwYDVR0gBAwwCjAIBgZngQwBAgEwDgYDVR0PAQH/BAQD\nAgWgMB0GA1UdJQQWMBQGCCsGAQUFBwMBBggrBgEFBQcDAjA7BgNVHR8ENDAyMDCg\nLqAshipodHRwOi8vY3JsLnIybTAyLmFtYXpvbnRydXN0LmNvbS9yMm0wMi5jcmww\ndQYIKwYBBQUHAQEEaTBnMC0GCCsGAQUFBzABhiFodHRwOi8vb2NzcC5yMm0wMi5h\nbWF6b250cnVzdC5jb20wNgYIKwYBBQUHMAKGKmh0dHA6Ly9jcnQucjJtMDIuYW1h\nem9udHJ1c3QuY29tL3IybTAyLmNlcjAMBgNVHRMBAf8EAjAAMIIBewYKKwYBBAHW\neQIEAgSCAWsEggFnAWUAdQAOV5S8866pPjMbLJkHs/eQ35vCPXEyJd0hqSWsYcVO\nIQAAAZVUO5vGAAAEAwBGMEQCIGGP4GDflnQ4yuNSVlIQ2R+rJvTDSW16QdRCZNwE\n9FNLAiBkscBo76eP8sfekELbcXBHO916XzgMBdKAuOWjy+pmeAB1AGQRxGykEuyn\niRyiAi4AvKtPKAfUHjUnq+r+1QPJfc3wAAABlVQ7m/UAAAQDAEYwRAIgVfGWOHW1\n7pLDnqHli1+0PwxHAGLqUyzMQ87Efv5fEtkCIGzN7KLMhahE8N0VT4EDPIS+WcsY\nLsE8Po6KMvlQbt1kAHUASZybad4dfOz8Nt7Nh2SmuFuvCoeAGdFVUvvp6ynd+MMA\nAAGVVDucDAAABAMARjBEAiBCqk2h6/HbOBBn2KCdCCjJHtK1RoPsdsEX3ThOt52I\n1QIgK2JmPZonwcfAVBm8rtBuNjbW5BBylerKdW0AELKNjFYwDQYJKoZIhvcNAQEL\nBQADggEBAErIIO7wlcO0OhbFpJm8OoKYXwl9pVnhDMIM54lxdAUk6L7uOKtA5Slb\n3OvNdazdSo2eI+iciirspQsAzlYFqPLbdKsQNzGprOutTJt949BxzWHA7YPcVu7X\nFZsYYliaf3UjrbRv+8XuxV5n6ToBGSZWfdpi3uACsn2sd1h75MWyZ/wEHa5pQbxU\nZ+ExpPLjDyGJmgxDxjvnW5NIvEDP/KBA8LngdV5J/INubg9O40BGpSVNVZueZYTU\nPKuun/vHdcQ3q/tALU0rBCOQWmIpJgaYpbJafjjs9fZX4ebWPtjZvXhiXkg2gG6B\nJRPHb1b/Dwo4avP0qWry3GDR5ckK1ys=\n-----END CERTIFICATE-----\n",
                "is_ca": false,
                "issuer": "CN=Amazon RSA 2048 M02,O=Amazon,C=US",
                "not_after": "2026-04-01T23:59:59Z",
                "not_before": "2025-03-02T00:00:00Z",
                "public_key_algorithm": "RSA",
                "serial_number": "10087703397345970221948982645426109944",
                "sha1_fingerprint": "6a630bba7cbb9aaeca88f56bf5134083bb7830b3",
                "signature_algorithm": "SHA256-RSA",
                "subject": "CN=*.eks.us-west-1.amazonaws.com",
                "version": 3
              }
            ],
            "content": null,
            "id": "924d439e622649babd4e86b0034d12051b27b68d",
            "url": "https://oidc.eks.us-west-1.amazonaws.com/id/0359537738F72159EB58B08D510E94DF",
            "verify_chain": true
          },
          "sensitive_attributes": []
        }
      ]
    },
    {
      "mode": "managed",
      "type": "aws_eip",
      "name": "nat",
      "provider": "provider[\"registry.terraform.io/hashicorp/aws\"]",
      "instances": [
        {
          "index_key": 0,
          "schema_version": 0,
          "attributes": {
            "address": null,
            "allocation_id": "eipalloc-0eb64ab2fd29c1663",
            "arn": "arn:aws:ec2:us-west-1:294825482201:elastic-ip/eipalloc-0eb64ab2fd29c1663",
            "associate_with_private_ip": null,
            "association_id": "",
            "carrier_ip": "",
            "customer_owned_ip": "",
            "customer_owned_ipv4_pool": "",
            "domain": "vpc",
            "id": "eipalloc-0eb64ab2fd29c1663",
            "instance": "",
            "ipam_pool_id": null,
            "network_border_group": "us-west-1",
            "network_interface": "",
            "private_dns": null,
            "private_ip": "",
            "ptr_record": "",
            "public_dns": "ec2-54-215-112-237.us-west-1.compute.amazonaws.com",
            "public_ip": "54.215.112.237",
            "public_ipv4_pool": "amazon",
            "tags": {
              "Name": "n8n-app-nat-us-west-1a",
              "Project": "n8n-app"
            },
            "tags_all": {
              "Name": "n8n-app-nat-us-west-1a",
              "Project": "n8n-app"
            },
            "timeouts": null,
            "vpc": true
          },
          "sensitive_attributes": [],
          "private": "eyJlMmJmYjczMC1lY2FhLTExZTYtOGY4OC0zNDM2M2JjN2M0YzAiOnsiZGVsZXRlIjoxODAwMDAwMDAwMDAsInJlYWQiOjkwMDAwMDAwMDAwMCwidXBkYXRlIjozMDAwMDAwMDAwMDB9fQ==",
          "dependencies": [
            "data.aws_availability_zones.available"
          ]
        },
        {
          "index_key": 1,
          "schema_version": 0,
          "attributes": {
            "address": null,
            "allocation_id": "eipalloc-09b788ac6bad51eb5",
            "arn": "arn:aws:ec2:us-west-1:294825482201:elastic-ip/eipalloc-09b788ac6bad51eb5",
            "associate_with_private_ip": null,
            "association_id": "",
            "carrier_ip": "",
            "customer_owned_ip": "",
            "customer_owned_ipv4_pool": "",
            "domain": "vpc",
            "id": "eipalloc-09b788ac6bad51eb5",
            "instance": "",
            "ipam_pool_id": null,
            "network_border_group": "us-west-1",
            "network_interface": "",
            "private_dns": null,
            "private_ip": "",
            "ptr_record": "",
            "public_dns": "ec2-52-52-100-53.us-west-1.compute.amazonaws.com",
            "public_ip": "52.52.100.53",
            "public_ipv4_pool": "amazon",
            "tags": {
              "Name": "n8n-app-nat-us-west-1c",
              "Project": "n8n-app"
            },
            "tags_all": {
              "Name": "n8n-app-nat-us-west-1c",
              "Project": "n8n-app"
            },
            "timeouts": null,
            "vpc": true
          },
          "sensitive_attributes": [],
          "private": "eyJlMmJmYjczMC1lY2FhLTExZTYtOGY4OC0zNDM2M2JjN2M0YzAiOnsiZGVsZXRlIjoxODAwMDAwMDAwMDAsInJlYWQiOjkwMDAwMDAwMDAwMCwidXBkYXRlIjozMDAwMDAwMDAwMDB9fQ==",
          "dependencies": [
            "data.aws_availability_zones.available"
          ]
        }
      ]
    },
    {
      "mode": "managed",
      "type": "aws_eks_addon",
      "name": "ebs_csi",
      "provider": "provider[\"registry.terraform.io/hashicorp/aws\"]",
      "instances": [
        {
          "schema_version": 0,
          "attributes": {
            "addon_name": "aws-ebs-csi-driver",
            "addon_version": "v1.49.0-eksbuild.1",
            "arn": "arn:aws:eks:us-west-1:294825482201:addon/n8n-eks-cluster/aws-ebs-csi-driver/22ccdb45-7ad9-826e-6dd5-caba48b0d645",
            "cluster_name": "n8n-eks-cluster",
            "configuration_values": "",
            "created_at": "2025-10-05T22:43:04Z",
            "id": "n8n-eks-cluster:aws-ebs-csi-driver",
            "modified_at": "2025-10-05T22:43:45Z",
            "pod_identity_association": [],
            "preserve": null,
            "resolve_conflicts": null,
            "resolve_conflicts_on_create": null,
            "resolve_conflicts_on_update": null,
            "service_account_role_arn": "arn:aws:iam::294825482201:role/n8n-app-ebs-csi-driver-role",
            "tags": {
              "Project": "n8n-app"
            },
            "tags_all": {
              "Project": "n8n-app"
            },
            "timeouts": null
          },
          "sensitive_attributes": [],
          "private": "eyJlMmJmYjczMC1lY2FhLTExZTYtOGY4OC0zNDM2M2JjN2M0YzAiOnsiY3JlYXRlIjoxMjAwMDAwMDAwMDAwLCJkZWxldGUiOjI0MDAwMDAwMDAwMDAsInVwZGF0ZSI6MTIwMDAwMDAwMDAwMH19",
          "dependencies": [
            "aws_eks_cluster.main",
            "aws_eks_node_group.main",
            "aws_iam_openid_connect_provider.eks",
            "aws_iam_role.ebs_csi_driver",
            "aws_iam_role.eks_cluster",
            "aws_iam_role.eks_nodes",
            "aws_iam_role_policy_attachment.ebs_csi_driver",
            "aws_iam_role_policy_attachment.eks_cluster_policy",
            "aws_iam_role_policy_attachment.eks_vpc_resource_controller",
            "aws_iam_role_policy_attachment.node_cni_policy",
            "aws_iam_role_policy_attachment.node_registry_policy",
            "aws_iam_role_policy_attachment.node_ssm_policy",
            "aws_iam_role_policy_attachment.node_worker_policy",
            "aws_subnet.private",
            "aws_subnet.public",
            "aws_vpc.main",
            "data.aws_availability_zones.available",
            "data.aws_iam_policy_document.ebs_csi_assume_role",
            "data.aws_iam_policy_document.eks_assume_role",
            "data.aws_iam_policy_document.node_assume_role",
            "data.tls_certificate.eks"
          ]
        }
      ]
    },
    {
      "mode": "managed",
      "type": "aws_eks_cluster",
      "name": "main",
      "provider": "provider[\"registry.terraform.io/hashicorp/aws\"]",
      "instances": [
        {
          "schema_version": 1,
          "attributes": {
            "access_config": [
              {
                "authentication_mode": "CONFIG_MAP",
                "bootstrap_cluster_creator_admin_permissions": true
              }
            ],
            "arn": "arn:aws:eks:us-west-1:294825482201:cluster/n8n-eks-cluster",
            "bootstrap_self_managed_addons": true,
            "certificate_authority": [
              {
                "data": "LS0tLS1CRUdJTiBDRVJUSUZJQ0FURS0tLS0tCk1JSURCVENDQWUyZ0F3SUJBZ0lJZW5QbmQ0cEh1dHN3RFFZSktvWklodmNOQVFFTEJRQXdGVEVUTUJFR0ExVUUKQXhNS2EzVmlaWEp1WlhSbGN6QWVGdzB5TlRFd01EVXlNak15TXpWYUZ3MHpOVEV3TURNeU1qTTNNelZhTUJVeApFekFSQmdOVkJBTVRDbXQxWW1WeWJtVjBaWE13Z2dFaU1BMEdDU3FHU0liM0RRRUJBUVVBQTRJQkR3QXdnZ0VLCkFvSUJBUUM5cUZ3dndZcWw5aTN1cVI2ZTZUU3Y4V3I5U3RhY0dXQ2lYakcxbVgxcCtNYytNUjRXbVAxcGVGR1IKNVVKemRwQ003ayt0VmJNdGhJbEJNR25oN05QTmdGeEV4UTJQUzhIVnRRL252aEJLdDAwNEdLQ3drVFN4dlBZdwplaWh0VnRPZ2FDTENBSFJFVlZmWENXdDk0SXFPREZwV2RCN1M1R2o5NHhBd09OTTF6UVpyTTIwSEZrOEl5Y2YxCmh6M1k2a2xnNk1HeHptVCtoSDM4WGhJdmsvRkFwWDZjd1hNTjZxMnEybDhOZzBoMDJZVHNCWkxpSlV3bjQ2SEgKT1BzTTlQbWhJVzZ6RUQwWUFVVEJDOWFNSlc0bWNFWFZVVVpvT2hpVGM2UDN0WFRxRGY0VXVYWXZIUklWaFFBSwpQaVB6aFhyd3lETTAzTXNvZ1dwOUVackpVRm5mQWdNQkFBR2pXVEJYTUE0R0ExVWREd0VCL3dRRUF3SUNwREFQCkJnTlZIUk1CQWY4RUJUQURBUUgvTUIwR0ExVWREZ1FXQkJRY1d1RXhsbWhUVlRZMjh1NDFMMGxPbWhkUFZEQVYKQmdOVkhSRUVEakFNZ2dwcmRXSmxjbTVsZEdWek1BMEdDU3FHU0liM0RRRUJDd1VBQTRJQkFRQXFjbG5DZExZSAprVjk2dnFhdVp1YjdhRnJLRzgrN21yZ2R4a3RaNmQ0Yk9pNmtraEI5MEU2ZzJNZUJlS2xCWW55T0ZmWEJzZEpTCmIwMW1WV2J2bVk4TXJUUDRFSC8zYzVIaDVhRnJmczZIbXREVHNuSDhqSkdRMjk4R1g1N09UNC9PSlo0YWpuWmMKRXQ5VUM4OUw3SlRaRzhZblBhRkJBcHZZV3VuNmptQmxwaGpyVjR6V3gzY04wbENEOFBqK2o5a0xvTFEvRHpmbwpqZmkySGhoOU8zYVNnSVBnRlBlQnJGME8rRUZnWU5vVWVsR2t6SHUwcUZ5eDhIRDN5YnlXZVZTUnZFdHN5TWh1CjJZUlFWekpWaFhUbk8zN1pHOUV1NDR6Rk05ZTlCUllGLzl1dTR0N2ZqZ3ZqM3B2eFdpdmQwdHhXTm83NWNsVXAKZU5aMzZHdkFKbWRlCi0tLS0tRU5EIENFUlRJRklDQVRFLS0tLS0K"
              }
            ],
            "cluster_id": null,
            "compute_config": [],
            "created_at": "2025-10-05T22:32:09Z",
            "enabled_cluster_log_types": null,
            "encryption_config": [],
            "endpoint": "https://0359537738F72159EB58B08D510E94DF.yl4.us-west-1.eks.amazonaws.com",
            "force_update_version": null,
            "id": "n8n-eks-cluster",
            "identity": [
              {
                "oidc": [
                  {
                    "issuer": "https://oidc.eks.us-west-1.amazonaws.com/id/0359537738F72159EB58B08D510E94DF"
                  }
                ]
              }
            ],
            "kubernetes_network_config": [
              {
                "elastic_load_balancing": [
                  {
                    "enabled": false
                  }
                ],
                "ip_family": "ipv4",
                "service_ipv4_cidr": "172.20.0.0/16",
                "service_ipv6_cidr": ""
              }
            ],
            "name": "n8n-eks-cluster",
            "outpost_config": [],
            "platform_version": "eks.50",
            "remote_network_config": [],
            "role_arn": "arn:aws:iam::294825482201:role/n8n-app-eks-cluster-role",
            "status": "ACTIVE",
            "storage_config": [],
            "tags": {
              "Name": "n8n-eks-cluster",
              "Project": "n8n-app"
            },
            "tags_all": {
              "Name": "n8n-eks-cluster",
              "Project": "n8n-app"
            },
            "timeouts": null,
            "upgrade_policy": [
              {
                "support_type": "EXTENDED"
              }
            ],
            "version": "1.29",
            "vpc_config": [
              {
                "cluster_security_group_id": "sg-0687be83e16ed7b2a",
                "endpoint_private_access": true,
                "endpoint_public_access": true,
                "public_access_cidrs": [
                  "0.0.0.0/0"
                ],
                "security_group_ids": null,
                "subnet_ids": [
                  "subnet-025da3cb44d7600f6",
                  "subnet-039f868f03ae9893b",
                  "subnet-044e65937b91513d3",
                  "subnet-0dc9bf6f7f8fb852a"
                ],
                "vpc_id": "vpc-03e20713d88ef167d"
              }
            ],
            "zonal_shift_config": []
          },
          "sensitive_attributes": [],
          "private": "eyJlMmJmYjczMC1lY2FhLTExZTYtOGY4OC0zNDM2M2JjN2M0YzAiOnsiY3JlYXRlIjoxODAwMDAwMDAwMDAwLCJkZWxldGUiOjkwMDAwMDAwMDAwMCwidXBkYXRlIjozNjAwMDAwMDAwMDAwfSwic2NoZW1hX3ZlcnNpb24iOiIxIn0=",
          "dependencies": [
            "aws_iam_role.eks_cluster",
            "aws_iam_role_policy_attachment.eks_cluster_policy",
            "aws_iam_role_policy_attachment.eks_vpc_resource_controller",
            "aws_subnet.private",
            "aws_subnet.public",
            "aws_vpc.main",
            "data.aws_availability_zones.available",
            "data.aws_iam_policy_document.eks_assume_role"
          ]
        }
      ]
    },
    {
      "mode": "managed",
      "type": "aws_eks_node_group",
      "name": "main",
      "provider": "provider[\"registry.terraform.io/hashicorp/aws\"]",
      "instances": [
        {
          "schema_version": 0,
          "attributes": {
            "ami_type": "AL2_x86_64",
            "arn": "arn:aws:eks:us-west-1:294825482201:nodegroup/n8n-eks-cluster/n8n-app-node-group/caccdb44-668a-4c0c-7d06-6732955b8182",
            "capacity_type": "ON_DEMAND",
            "cluster_name": "n8n-eks-cluster",
            "disk_size": 20,
            "force_update_version": null,
            "id": "n8n-eks-cluster:n8n-app-node-group",
            "instance_types": [
              "t3.medium"
            ],
            "labels": null,
            "launch_template": [],
            "node_group_name": "n8n-app-node-group",
            "node_group_name_prefix": "",
            "node_repair_config": [],
            "node_role_arn": "arn:aws:iam::294825482201:role/n8n-app-eks-node-role",
            "release_version": "1.29.15-20250920",
            "remote_access": [],
            "resources": [
              {
                "autoscaling_groups": [
                  {
                    "name": "eks-n8n-app-node-group-caccdb44-668a-4c0c-7d06-6732955b8182"
                  }
                ],
                "remote_access_security_group_id": ""
              }
            ],
            "scaling_config": [
              {
                "desired_size": 1,
                "max_size": 2,
                "min_size": 1
              }
            ],
            "status": "ACTIVE",
            "subnet_ids": [
              "subnet-025da3cb44d7600f6",
              "subnet-044e65937b91513d3"
            ],
            "tags": {
              "Name": "n8n-app-node-group",
              "Project": "n8n-app"
            },
            "tags_all": {
              "Name": "n8n-app-node-group",
              "Project": "n8n-app"
            },
            "taint": [],
            "timeouts": null,
            "update_config": [
              {
                "max_unavailable": 1,
                "max_unavailable_percentage": 0
              }
            ],
            "version": "1.29"
          },
          "sensitive_attributes": [],
          "private": "eyJlMmJmYjczMC1lY2FhLTExZTYtOGY4OC0zNDM2M2JjN2M0YzAiOnsiY3JlYXRlIjozNjAwMDAwMDAwMDAwLCJkZWxldGUiOjM2MDAwMDAwMDAwMDAsInVwZGF0ZSI6MzYwMDAwMDAwMDAwMH19",
          "dependencies": [
            "aws_eks_cluster.main",
            "aws_iam_role.eks_cluster",
            "aws_iam_role.eks_nodes",
            "aws_iam_role_policy_attachment.eks_cluster_policy",
            "aws_iam_role_policy_attachment.eks_vpc_resource_controller",
            "aws_iam_role_policy_attachment.node_cni_policy",
            "aws_iam_role_policy_attachment.node_registry_policy",
            "aws_iam_role_policy_attachment.node_ssm_policy",
            "aws_iam_role_policy_attachment.node_worker_policy",
            "aws_subnet.private",
            "aws_subnet.public",
            "aws_vpc.main",
            "data.aws_availability_zones.available",
            "data.aws_iam_policy_document.eks_assume_role",
            "data.aws_iam_policy_document.node_assume_role"
          ]
        }
      ]
    },
    {
      "mode": "managed",
      "type": "aws_iam_openid_connect_provider",
      "name": "eks",
      "provider": "provider[\"registry.terraform.io/hashicorp/aws\"]",
      "instances": [
        {
          "schema_version": 0,
          "attributes": {
            "arn": "arn:aws:iam::294825482201:oidc-provider/oidc.eks.us-west-1.amazonaws.com/id/0359537738F72159EB58B08D510E94DF",
            "client_id_list": [
              "sts.amazonaws.com"
            ],
            "id": "arn:aws:iam::294825482201:oidc-provider/oidc.eks.us-west-1.amazonaws.com/id/0359537738F72159EB58B08D510E94DF",
            "tags": {
              "Project": "n8n-app"
            },
            "tags_all": {
              "Project": "n8n-app"
            },
            "thumbprint_list": [
              "9e99a48a9960b14926bb7f3b02e22da2b0ab7280"
            ],
            "url": "oidc.eks.us-west-1.amazonaws.com/id/0359537738F72159EB58B08D510E94DF"
          },
          "sensitive_attributes": [],
          "private": "bnVsbA==",
          "dependencies": [
            "aws_eks_cluster.main",
            "aws_iam_role.eks_cluster",
            "aws_iam_role_policy_attachment.eks_cluster_policy",
            "aws_iam_role_policy_attachment.eks_vpc_resource_controller",
            "aws_subnet.private",
            "aws_subnet.public",
            "aws_vpc.main",
            "data.aws_availability_zones.available",
            "data.aws_iam_policy_document.eks_assume_role",
            "data.tls_certificate.eks"
          ]
        }
      ]
    },
    {
      "mode": "managed",
      "type": "aws_iam_role",
      "name": "ebs_csi_driver",
      "provider": "provider[\"registry.terraform.io/hashicorp/aws\"]",
      "instances": [
        {
          "schema_version": 0,
          "attributes": {
            "arn": "arn:aws:iam::294825482201:role/n8n-app-ebs-csi-driver-role",
            "assume_role_policy": "{\"Statement\":[{\"Action\":\"sts:AssumeRoleWithWebIdentity\",\"Condition\":{\"StringEquals\":{\"oidc.eks.us-west-1.amazonaws.com/id/0359537738F72159EB58B08D510E94DF:aud\":\"sts.amazonaws.com\",\"oidc.eks.us-west-1.amazonaws.com/id/0359537738F72159EB58B08D510E94DF:sub\":\"system:serviceaccount:kube-system:ebs-csi-controller-sa\"}},\"Effect\":\"Allow\",\"Principal\":{\"Federated\":\"arn:aws:iam::294825482201:oidc-provider/oidc.eks.us-west-1.amazonaws.com/id/0359537738F72159EB58B08D510E94DF\"}}],\"Version\":\"2012-10-17\"}",
            "create_date": "2025-10-05T22:40:44Z",
            "description": "",
            "force_detach_policies": false,
            "id": "n8n-app-ebs-csi-driver-role",
            "inline_policy": [],
            "managed_policy_arns": [],
            "max_session_duration": 3600,
            "name": "n8n-app-ebs-csi-driver-role",
            "name_prefix": "",
            "path": "/",
            "permissions_boundary": "",
            "tags": {
              "Project": "n8n-app"
            },
            "tags_all": {
              "Project": "n8n-app"
            },
            "unique_id": "AROAUJJHX27MVOUJNZWFJ"
          },
          "sensitive_attributes": [],
          "private": "bnVsbA==",
          "dependencies": [
            "aws_eks_cluster.main",
            "aws_iam_openid_connect_provider.eks",
            "aws_iam_role.eks_cluster",
            "aws_iam_role_policy_attachment.eks_cluster_policy",
            "aws_iam_role_policy_attachment.eks_vpc_resource_controller",
            "aws_subnet.private",
            "aws_subnet.public",
            "aws_vpc.main",
            "data.aws_availability_zones.available",
            "data.aws_iam_policy_document.ebs_csi_assume_role",
            "data.aws_iam_policy_document.eks_assume_role",
            "data.tls_certificate.eks"
          ]
        }
      ]
    },
    {
      "mode": "managed",
      "type": "aws_iam_role",
      "name": "eks_cluster",
      "provider": "provider[\"registry.terraform.io/hashicorp/aws\"]",
      "instances": [
        {
          "schema_version": 0,
          "attributes": {
            "arn": "arn:aws:iam::294825482201:role/n8n-app-eks-cluster-role",
            "assume_role_policy": "{\"Statement\":[{\"Action\":\"sts:AssumeRole\",\"Effect\":\"Allow\",\"Principal\":{\"Service\":\"eks.amazonaws.com\"}}],\"Version\":\"2012-10-17\"}",
            "create_date": "2025-10-05T22:31:39Z",
            "description": "",
            "force_detach_policies": false,
            "id": "n8n-app-eks-cluster-role",
            "inline_policy": [],
            "managed_policy_arns": [],
            "max_session_duration": 3600,
            "name": "n8n-app-eks-cluster-role",
            "name_prefix": "",
            "path": "/",
            "permissions_boundary": "",
            "tags": {
              "Project": "n8n-app"
            },
            "tags_all": {
              "Project": "n8n-app"
            },
            "unique_id": "AROAUJJHX27MXX4ODCP4P"
          },
          "sensitive_attributes": [],
          "private": "bnVsbA==",
          "dependencies": [
            "data.aws_iam_policy_document.eks_assume_role"
          ]
        }
      ]
    },
    {
      "mode": "managed",
      "type": "aws_iam_role",
      "name": "eks_nodes",
      "provider": "provider[\"registry.terraform.io/hashicorp/aws\"]",
      "instances": [
        {
          "schema_version": 0,
          "attributes": {
            "arn": "arn:aws:iam::294825482201:role/n8n-app-eks-node-role",
            "assume_role_policy": "{\"Statement\":[{\"Action\":\"sts:AssumeRole\",\"Effect\":\"Allow\",\"Principal\":{\"Service\":\"ec2.amazonaws.com\"}}],\"Version\":\"2012-10-17\"}",
            "create_date": "2025-10-05T22:31:39Z",
            "description": "",
            "force_detach_policies": false,
            "id": "n8n-app-eks-node-role",
            "inline_policy": [],
            "managed_policy_arns": [],
            "max_session_duration": 3600,
            "name": "n8n-app-eks-node-role",
            "name_prefix": "",
            "path": "/",
            "permissions_boundary": "",
            "tags": {
              "Project": "n8n-app"
            },
            "tags_all": {
              "Project": "n8n-app"
            },
            "unique_id": "AROAUJJHX27M3AXJSTKFB"
          },
          "sensitive_attributes": [],
          "private": "bnVsbA==",
          "dependencies": [
            "data.aws_iam_policy_document.node_assume_role"
          ]
        }
      ]
    },
    {
      "mode": "managed",
      "type": "aws_iam_role_policy",
      "name": "node_ssm_get_param",
      "provider": "provider[\"registry.terraform.io/hashicorp/aws\"]",
      "instances": [
        {
          "schema_version": 0,
          "attributes": {
            "id": "n8n-app-eks-node-role:allow-n8n-ssm-get-parameter",
            "name": "allow-n8n-ssm-get-parameter",
            "name_prefix": "",
            "policy": "{\"Version\":\"2012-10-17\",\"Statement\":[{\"Action\":[\"ssm:GetParameter\",\"ssm:GetParameters\"],\"Effect\":\"Allow\",\"Resource\":\"arn:aws:ssm:us-west-1:294825482201:parameter/n8n/encryption_key\",\"Sid\":\"AllowGetParameter\"}]}",
            "role": "n8n-app-eks-node-role"
          },
          "sensitive_attributes": [],
          "private": "bnVsbA==",
          "dependencies": [
            "aws_iam_role.eks_nodes",
            "aws_ssm_parameter.n8n_encryption_key",
            "data.aws_iam_policy_document.node_assume_role",
            "random_id.enc"
          ]
        }
      ]
    },
    {
      "mode": "managed",
      "type": "aws_iam_role_policy_attachment",
      "name": "ebs_csi_driver",
      "provider": "provider[\"registry.terraform.io/hashicorp/aws\"]",
      "instances": [
        {
          "schema_version": 0,
          "attributes": {
            "id": "n8n-app-ebs-csi-driver-role-2025100522403511960000000d",
            "policy_arn": "arn:aws:iam::aws:policy/service-role/AmazonEBSCSIDriverPolicy",
            "role": "n8n-app-ebs-csi-driver-role"
          },
          "sensitive_attributes": [],
          "private": "bnVsbA==",
          "dependencies": [
            "aws_eks_cluster.main",
            "aws_iam_openid_connect_provider.eks",
            "aws_iam_role.ebs_csi_driver",
            "aws_iam_role.eks_cluster",
            "aws_iam_role_policy_attachment.eks_cluster_policy",
            "aws_iam_role_policy_attachment.eks_vpc_resource_controller",
            "aws_subnet.private",
            "aws_subnet.public",
            "aws_vpc.main",
            "data.aws_availability_zones.available",
            "data.aws_iam_policy_document.ebs_csi_assume_role",
            "data.aws_iam_policy_document.eks_assume_role",
            "data.tls_certificate.eks"
          ]
        }
      ]
    },
    {
      "mode": "managed",
      "type": "aws_iam_role_policy_attachment",
      "name": "eks_cluster_policy",
      "provider": "provider[\"registry.terraform.io/hashicorp/aws\"]",
      "instances": [
        {
          "schema_version": 0,
          "attributes": {
            "id": "n8n-app-eks-cluster-role-20251005223131376900000005",
            "policy_arn": "arn:aws:iam::aws:policy/AmazonEKSClusterPolicy",
            "role": "n8n-app-eks-cluster-role"
          },
          "sensitive_attributes": [],
          "private": "bnVsbA==",
          "dependencies": [
            "aws_iam_role.eks_cluster",
            "data.aws_iam_policy_document.eks_assume_role"
          ]
        }
      ]
    },
    {
      "mode": "managed",
      "type": "aws_iam_role_policy_attachment",
      "name": "eks_vpc_resource_controller",
      "provider": "provider[\"registry.terraform.io/hashicorp/aws\"]",
      "instances": [
        {
          "schema_version": 0,
          "attributes": {
            "id": "n8n-app-eks-cluster-role-20251005223131083500000003",
            "policy_arn": "arn:aws:iam::aws:policy/AmazonEKSVPCResourceController",
            "role": "n8n-app-eks-cluster-role"
          },
          "sensitive_attributes": [],
          "private": "bnVsbA==",
          "dependencies": [
            "aws_iam_role.eks_cluster",
            "data.aws_iam_policy_document.eks_assume_role"
          ]
        }
      ]
    },
    {
      "mode": "managed",
      "type": "aws_iam_role_policy_attachment",
      "name": "node_cni_policy",
      "provider": "provider[\"registry.terraform.io/hashicorp/aws\"]",
      "instances": [
        {
          "schema_version": 0,
          "attributes": {
            "id": "n8n-app-eks-node-role-20251005223130868500000002",
            "policy_arn": "arn:aws:iam::aws:policy/AmazonEKS_CNI_Policy",
            "role": "n8n-app-eks-node-role"
          },
          "sensitive_attributes": [],
          "private": "bnVsbA==",
          "dependencies": [
            "aws_iam_role.eks_nodes",
            "data.aws_iam_policy_document.node_assume_role"
          ]
        }
      ]
    },
    {
      "mode": "managed",
      "type": "aws_iam_role_policy_attachment",
      "name": "node_registry_policy",
      "provider": "provider[\"registry.terraform.io/hashicorp/aws\"]",
      "instances": [
        {
          "schema_version": 0,
          "attributes": {
            "id": "n8n-app-eks-node-role-20251005223130868400000001",
            "policy_arn": "arn:aws:iam::aws:policy/AmazonEC2ContainerRegistryReadOnly",
            "role": "n8n-app-eks-node-role"
          },
          "sensitive_attributes": [],
          "private": "bnVsbA==",
          "dependencies": [
            "aws_iam_role.eks_nodes",
            "data.aws_iam_policy_document.node_assume_role"
          ]
        }
      ]
    },
    {
      "mode": "managed",
      "type": "aws_iam_role_policy_attachment",
      "name": "node_ssm_policy",
      "provider": "provider[\"registry.terraform.io/hashicorp/aws\"]",
      "instances": [
        {
          "schema_version": 0,
          "attributes": {
            "id": "n8n-app-eks-node-role-20251005223131171900000004",
            "policy_arn": "arn:aws:iam::aws:policy/AmazonSSMManagedInstanceCore",
            "role": "n8n-app-eks-node-role"
          },
          "sensitive_attributes": [],
          "private": "bnVsbA==",
          "dependencies": [
            "aws_iam_role.eks_nodes",
            "data.aws_iam_policy_document.node_assume_role"
          ]
        }
      ]
    },
    {
      "mode": "managed",
      "type": "aws_iam_role_policy_attachment",
      "name": "node_worker_policy",
      "provider": "provider[\"registry.terraform.io/hashicorp/aws\"]",
      "instances": [
        {
          "schema_version": 0,
          "attributes": {
            "id": "n8n-app-eks-node-role-20251005223131379300000006",
            "policy_arn": "arn:aws:iam::aws:policy/AmazonEKSWorkerNodePolicy",
            "role": "n8n-app-eks-node-role"
          },
          "sensitive_attributes": [],
          "private": "bnVsbA==",
          "dependencies": [
            "aws_iam_role.eks_nodes",
            "data.aws_iam_policy_document.node_assume_role"
          ]
        }
      ]
    },
    {
      "mode": "managed",
      "type": "aws_internet_gateway",
      "name": "main",
      "provider": "provider[\"registry.terraform.io/hashicorp/aws\"]",
      "instances": [
        {
          "schema_version": 0,
          "attributes": {
            "arn": "arn:aws:ec2:us-west-1:294825482201:internet-gateway/igw-002abf43268a2ca0e",
            "id": "igw-002abf43268a2ca0e",
            "owner_id": "294825482201",
            "tags": {
              "Name": "n8n-app-igw",
              "Project": "n8n-app"
            },
            "tags_all": {
              "Name": "n8n-app-igw",
              "Project": "n8n-app"
            },
            "timeouts": null,
            "vpc_id": "vpc-03e20713d88ef167d"
          },
          "sensitive_attributes": [],
          "private": "eyJlMmJmYjczMC1lY2FhLTExZTYtOGY4OC0zNDM2M2JjN2M0YzAiOnsiY3JlYXRlIjoxMjAwMDAwMDAwMDAwLCJkZWxldGUiOjEyMDAwMDAwMDAwMDAsInVwZGF0ZSI6MTIwMDAwMDAwMDAwMH19",
          "dependencies": [
            "aws_vpc.main"
          ]
        }
      ]
    },
    {
      "mode": "managed",
      "type": "aws_nat_gateway",
      "name": "main",
      "provider": "provider[\"registry.terraform.io/hashicorp/aws\"]",
      "instances": [
        {
          "index_key": 0,
          "schema_version": 0,
          "attributes": {
            "allocation_id": "eipalloc-0eb64ab2fd29c1663",
            "association_id": "eipassoc-0f5435c8b0e825864",
            "connectivity_type": "public",
            "id": "nat-07b8071f4389bb9a5",
            "network_interface_id": "eni-09efd30907f831c38",
            "private_ip": "10.0.0.92",
            "public_ip": "54.215.112.237",
            "secondary_allocation_ids": null,
            "secondary_private_ip_address_count": 0,
            "secondary_private_ip_addresses": [],
            "subnet_id": "subnet-0dc9bf6f7f8fb852a",
            "tags": {
              "Name": "n8n-app-nat-us-west-1a",
              "Project": "n8n-app"
            },
            "tags_all": {
              "Name": "n8n-app-nat-us-west-1a",
              "Project": "n8n-app"
            },
            "timeouts": null
          },
          "sensitive_attributes": [],
          "private": "eyJlMmJmYjczMC1lY2FhLTExZTYtOGY4OC0zNDM2M2JjN2M0YzAiOnsiY3JlYXRlIjo2MDAwMDAwMDAwMDAsImRlbGV0ZSI6MTgwMDAwMDAwMDAwMCwidXBkYXRlIjo2MDAwMDAwMDAwMDB9fQ==",
          "dependencies": [
            "aws_eip.nat",
            "aws_internet_gateway.main",
            "aws_subnet.public",
            "aws_vpc.main",
            "data.aws_availability_zones.available"
          ]
        },
        {
          "index_key": 1,
          "schema_version": 0,
          "attributes": {
            "allocation_id": "eipalloc-09b788ac6bad51eb5",
            "association_id": "eipassoc-0b9a4c720598b1728",
            "connectivity_type": "public",
            "id": "nat-0a036e4b57b8aa6fb",
            "network_interface_id": "eni-0134c45aa22d10456",
            "private_ip": "10.0.1.77",
            "public_ip": "52.52.100.53",
            "secondary_allocation_ids": null,
            "secondary_private_ip_address_count": 0,
            "secondary_private_ip_addresses": [],
            "subnet_id": "subnet-039f868f03ae9893b",
            "tags": {
              "Name": "n8n-app-nat-us-west-1c",
              "Project": "n8n-app"
            },
            "tags_all": {
              "Name": "n8n-app-nat-us-west-1c",
              "Project": "n8n-app"
            },
            "timeouts": null
          },
          "sensitive_attributes": [],
          "private": "eyJlMmJmYjczMC1lY2FhLTExZTYtOGY4OC0zNDM2M2JjN2M0YzAiOnsiY3JlYXRlIjo2MDAwMDAwMDAwMDAsImRlbGV0ZSI6MTgwMDAwMDAwMDAwMCwidXBkYXRlIjo2MDAwMDAwMDAwMDB9fQ==",
          "dependencies": [
            "aws_eip.nat",
            "aws_internet_gateway.main",
            "aws_subnet.public",
            "aws_vpc.main",
            "data.aws_availability_zones.available"
          ]
        }
      ]
    },
    {
      "mode": "managed",
      "type": "aws_route_table",
      "name": "private",
      "provider": "provider[\"registry.terraform.io/hashicorp/aws\"]",
      "instances": [
        {
          "index_key": 0,
          "schema_version": 0,
          "attributes": {
            "arn": "arn:aws:ec2:us-west-1:294825482201:route-table/rtb-01b9e0d15fa0d3771",
            "id": "rtb-01b9e0d15fa0d3771",
            "owner_id": "294825482201",
            "propagating_vgws": [],
            "route": [
              {
                "carrier_gateway_id": "",
                "cidr_block": "0.0.0.0/0",
                "core_network_arn": "",
                "destination_prefix_list_id": "",
                "egress_only_gateway_id": "",
                "gateway_id": "",
                "ipv6_cidr_block": "",
                "local_gateway_id": "",
                "nat_gateway_id": "nat-07b8071f4389bb9a5",
                "network_interface_id": "",
                "transit_gateway_id": "",
                "vpc_endpoint_id": "",
                "vpc_peering_connection_id": ""
              }
            ],
            "tags": {
              "Name": "n8n-app-private-rt-us-west-1a",
              "Project": "n8n-app"
            },
            "tags_all": {
              "Name": "n8n-app-private-rt-us-west-1a",
              "Project": "n8n-app"
            },
            "timeouts": null,
            "vpc_id": "vpc-03e20713d88ef167d"
          },
          "sensitive_attributes": [],
          "private": "eyJlMmJmYjczMC1lY2FhLTExZTYtOGY4OC0zNDM2M2JjN2M0YzAiOnsiY3JlYXRlIjozMDAwMDAwMDAwMDAsImRlbGV0ZSI6MzAwMDAwMDAwMDAwLCJ1cGRhdGUiOjEyMDAwMDAwMDAwMH19",
          "dependencies": [
            "aws_eip.nat",
            "aws_internet_gateway.main",
            "aws_nat_gateway.main",
            "aws_subnet.public",
            "aws_vpc.main",
            "data.aws_availability_zones.available"
          ]
        },
        {
          "index_key": 1,
          "schema_version": 0,
          "attributes": {
            "arn": "arn:aws:ec2:us-west-1:294825482201:route-table/rtb-0a92b1de1d6905411",
            "id": "rtb-0a92b1de1d6905411",
            "owner_id": "294825482201",
            "propagating_vgws": [],
            "route": [
              {
                "carrier_gateway_id": "",
                "cidr_block": "0.0.0.0/0",
                "core_network_arn": "",
                "destination_prefix_list_id": "",
                "egress_only_gateway_id": "",
                "gateway_id": "",
                "ipv6_cidr_block": "",
                "local_gateway_id": "",
                "nat_gateway_id": "nat-0a036e4b57b8aa6fb",
                "network_interface_id": "",
                "transit_gateway_id": "",
                "vpc_endpoint_id": "",
                "vpc_peering_connection_id": ""
              }
            ],
            "tags": {
              "Name": "n8n-app-private-rt-us-west-1c",
              "Project": "n8n-app"
            },
            "tags_all": {
              "Name": "n8n-app-private-rt-us-west-1c",
              "Project": "n8n-app"
            },
            "timeouts": null,
            "vpc_id": "vpc-03e20713d88ef167d"
          },
          "sensitive_attributes": [],
          "private": "eyJlMmJmYjczMC1lY2FhLTExZTYtOGY4OC0zNDM2M2JjN2M0YzAiOnsiY3JlYXRlIjozMDAwMDAwMDAwMDAsImRlbGV0ZSI6MzAwMDAwMDAwMDAwLCJ1cGRhdGUiOjEyMDAwMDAwMDAwMH19",
          "dependencies": [
            "aws_eip.nat",
            "aws_internet_gateway.main",
            "aws_nat_gateway.main",
            "aws_subnet.public",
            "aws_vpc.main",
            "data.aws_availability_zones.available"
          ]
        }
      ]
    },
    {
      "mode": "managed",
      "type": "aws_route_table",
      "name": "public",
      "provider": "provider[\"registry.terraform.io/hashicorp/aws\"]",
      "instances": [
        {
          "schema_version": 0,
          "attributes": {
            "arn": "arn:aws:ec2:us-west-1:294825482201:route-table/rtb-0085a012257b0d1b7",
            "id": "rtb-0085a012257b0d1b7",
            "owner_id": "294825482201",
            "propagating_vgws": [],
            "route": [
              {
                "carrier_gateway_id": "",
                "cidr_block": "0.0.0.0/0",
                "core_network_arn": "",
                "destination_prefix_list_id": "",
                "egress_only_gateway_id": "",
                "gateway_id": "igw-002abf43268a2ca0e",
                "ipv6_cidr_block": "",
                "local_gateway_id": "",
                "nat_gateway_id": "",
                "network_interface_id": "",
                "transit_gateway_id": "",
                "vpc_endpoint_id": "",
                "vpc_peering_connection_id": ""
              }
            ],
            "tags": {
              "Name": "n8n-app-public-rt",
              "Project": "n8n-app"
            },
            "tags_all": {
              "Name": "n8n-app-public-rt",
              "Project": "n8n-app"
            },
            "timeouts": null,
            "vpc_id": "vpc-03e20713d88ef167d"
          },
          "sensitive_attributes": [],
          "private": "eyJlMmJmYjczMC1lY2FhLTExZTYtOGY4OC0zNDM2M2JjN2M0YzAiOnsiY3JlYXRlIjozMDAwMDAwMDAwMDAsImRlbGV0ZSI6MzAwMDAwMDAwMDAwLCJ1cGRhdGUiOjEyMDAwMDAwMDAwMH19",
          "dependencies": [
            "aws_internet_gateway.main",
            "aws_vpc.main"
          ]
        }
      ]
    },
    {
      "mode": "managed",
      "type": "aws_route_table_association",
      "name": "private",
      "provider": "provider[\"registry.terraform.io/hashicorp/aws\"]",
      "instances": [
        {
          "index_key": 0,
          "schema_version": 0,
          "attributes": {
            "gateway_id": "",
            "id": "rtbassoc-0f1931d0dbc0f6d81",
            "route_table_id": "rtb-01b9e0d15fa0d3771",
            "subnet_id": "subnet-025da3cb44d7600f6",
            "timeouts": null
          },
          "sensitive_attributes": [],
          "private": "eyJlMmJmYjczMC1lY2FhLTExZTYtOGY4OC0zNDM2M2JjN2M0YzAiOnsiY3JlYXRlIjozMDAwMDAwMDAwMDAsImRlbGV0ZSI6MzAwMDAwMDAwMDAwLCJ1cGRhdGUiOjEyMDAwMDAwMDAwMH19",
          "dependencies": [
            "aws_eip.nat",
            "aws_internet_gateway.main",
            "aws_nat_gateway.main",
            "aws_route_table.private",
            "aws_subnet.private",
            "aws_subnet.public",
            "aws_vpc.main",
            "data.aws_availability_zones.available"
          ]
        },
        {
          "index_key": 1,
          "schema_version": 0,
          "attributes": {
            "gateway_id": "",
            "id": "rtbassoc-000dddb2275acda81",
            "route_table_id": "rtb-0a92b1de1d6905411",
            "subnet_id": "subnet-044e65937b91513d3",
            "timeouts": null
          },
          "sensitive_attributes": [],
          "private": "eyJlMmJmYjczMC1lY2FhLTExZTYtOGY4OC0zNDM2M2JjN2M0YzAiOnsiY3JlYXRlIjozMDAwMDAwMDAwMDAsImRlbGV0ZSI6MzAwMDAwMDAwMDAwLCJ1cGRhdGUiOjEyMDAwMDAwMDAwMH19",
          "dependencies": [
            "aws_eip.nat",
            "aws_internet_gateway.main",
            "aws_nat_gateway.main",
            "aws_route_table.private",
            "aws_subnet.private",
            "aws_subnet.public",
            "aws_vpc.main",
            "data.aws_availability_zones.available"
          ]
        }
      ]
    },
    {
      "mode": "managed",
      "type": "aws_route_table_association",
      "name": "public",
      "provider": "provider[\"registry.terraform.io/hashicorp/aws\"]",
      "instances": [
        {
          "index_key": 0,
          "schema_version": 0,
          "attributes": {
            "gateway_id": "",
            "id": "rtbassoc-03308b7113c9b044b",
            "route_table_id": "rtb-0085a012257b0d1b7",
            "subnet_id": "subnet-0dc9bf6f7f8fb852a",
            "timeouts": null
          },
          "sensitive_attributes": [],
          "private": "eyJlMmJmYjczMC1lY2FhLTExZTYtOGY4OC0zNDM2M2JjN2M0YzAiOnsiY3JlYXRlIjozMDAwMDAwMDAwMDAsImRlbGV0ZSI6MzAwMDAwMDAwMDAwLCJ1cGRhdGUiOjEyMDAwMDAwMDAwMH19",
          "dependencies": [
            "aws_internet_gateway.main",
            "aws_route_table.public",
            "aws_subnet.public",
            "aws_vpc.main",
            "data.aws_availability_zones.available"
          ]
        },
        {
          "index_key": 1,
          "schema_version": 0,
          "attributes": {
            "gateway_id": "",
            "id": "rtbassoc-0abb13f5ea823d755",
            "route_table_id": "rtb-0085a012257b0d1b7",
            "subnet_id": "subnet-039f868f03ae9893b",
            "timeouts": null
          },
          "sensitive_attributes": [],
          "private": "eyJlMmJmYjczMC1lY2FhLTExZTYtOGY4OC0zNDM2M2JjN2M0YzAiOnsiY3JlYXRlIjozMDAwMDAwMDAwMDAsImRlbGV0ZSI6MzAwMDAwMDAwMDAwLCJ1cGRhdGUiOjEyMDAwMDAwMDAwMH19",
          "dependencies": [
            "aws_internet_gateway.main",
            "aws_route_table.public",
            "aws_subnet.public",
            "aws_vpc.main",
            "data.aws_availability_zones.available"
          ]
        }
      ]
    },
    {
      "mode": "managed",
      "type": "aws_ssm_parameter",
      "name": "n8n_encryption_key",
      "provider": "provider[\"registry.terraform.io/hashicorp/aws\"]",
      "instances": [
        {
          "schema_version": 0,
          "attributes": {
            "allowed_pattern": "",
            "arn": "arn:aws:ssm:us-west-1:294825482201:parameter/n8n/encryption_key",
            "data_type": "text",
            "description": "",
            "has_value_wo": null,
            "id": "/n8n/encryption_key",
            "insecure_value": null,
            "key_id": "alias/aws/ssm",
            "name": "/n8n/encryption_key",
            "overwrite": null,
            "tags": {
              "Project": "n8n-app"
            },
            "tags_all": {
              "Project": "n8n-app"
            },
            "tier": "Standard",
            "type": "SecureString",
            "value": "8758258189f7ff47be0ae4efbc4c2c2106294cc74baa0297ee8720593324b8e8",
            "value_wo": null,
            "value_wo_version": null,
            "version": 1
          },
          "sensitive_attributes": [],
          "private": "bnVsbA==",
          "dependencies": [
            "random_id.enc"
          ]
        }
      ]
    },
    {
      "mode": "managed",
      "type": "aws_subnet",
      "name": "private",
      "provider": "provider[\"registry.terraform.io/hashicorp/aws\"]",
      "instances": [
        {
          "index_key": 0,
          "schema_version": 1,
          "attributes": {
            "arn": "arn:aws:ec2:us-west-1:294825482201:subnet/subnet-025da3cb44d7600f6",
            "assign_ipv6_address_on_creation": false,
            "availability_zone": "us-west-1a",
            "availability_zone_id": "usw1-az1",
            "cidr_block": "10.0.100.0/24",
            "customer_owned_ipv4_pool": "",
            "enable_dns64": false,
            "enable_lni_at_device_index": 0,
            "enable_resource_name_dns_a_record_on_launch": false,
            "enable_resource_name_dns_aaaa_record_on_launch": false,
            "id": "subnet-025da3cb44d7600f6",
            "ipv6_cidr_block": "",
            "ipv6_cidr_block_association_id": "",
            "ipv6_native": false,
            "map_customer_owned_ip_on_launch": false,
            "map_public_ip_on_launch": false,
            "outpost_arn": "",
            "owner_id": "294825482201",
            "private_dns_hostname_type_on_launch": "ip-name",
            "tags": {
              "Name": "n8n-app-private-us-west-1a",
              "Project": "n8n-app",
              "kubernetes.io/cluster/n8n-eks-cluster": "shared",
              "kubernetes.io/role/internal-elb": "1"
            },
            "tags_all": {
              "Name": "n8n-app-private-us-west-1a",
              "Project": "n8n-app",
              "kubernetes.io/cluster/n8n-eks-cluster": "shared",
              "kubernetes.io/role/internal-elb": "1"
            },
            "timeouts": null,
            "vpc_id": "vpc-03e20713d88ef167d"
          },
          "sensitive_attributes": [],
          "private": "eyJlMmJmYjczMC1lY2FhLTExZTYtOGY4OC0zNDM2M2JjN2M0YzAiOnsiY3JlYXRlIjo2MDAwMDAwMDAwMDAsImRlbGV0ZSI6MTIwMDAwMDAwMDAwMH0sInNjaGVtYV92ZXJzaW9uIjoiMSJ9",
          "dependencies": [
            "aws_vpc.main",
            "data.aws_availability_zones.available"
          ]
        },
        {
          "index_key": 1,
          "schema_version": 1,
          "attributes": {
            "arn": "arn:aws:ec2:us-west-1:294825482201:subnet/subnet-044e65937b91513d3",
            "assign_ipv6_address_on_creation": false,
            "availability_zone": "us-west-1c",
            "availability_zone_id": "usw1-az3",
            "cidr_block": "10.0.101.0/24",
            "customer_owned_ipv4_pool": "",
            "enable_dns64": false,
            "enable_lni_at_device_index": 0,
            "enable_resource_name_dns_a_record_on_launch": false,
            "enable_resource_name_dns_aaaa_record_on_launch": false,
            "id": "subnet-044e65937b91513d3",
            "ipv6_cidr_block": "",
            "ipv6_cidr_block_association_id": "",
            "ipv6_native": false,
            "map_customer_owned_ip_on_launch": false,
            "map_public_ip_on_launch": false,
            "outpost_arn": "",
            "owner_id": "294825482201",
            "private_dns_hostname_type_on_launch": "ip-name",
            "tags": {
              "Name": "n8n-app-private-us-west-1c",
              "Project": "n8n-app",
              "kubernetes.io/cluster/n8n-eks-cluster": "shared",
              "kubernetes.io/role/internal-elb": "1"
            },
            "tags_all": {
              "Name": "n8n-app-private-us-west-1c",
              "Project": "n8n-app",
              "kubernetes.io/cluster/n8n-eks-cluster": "shared",
              "kubernetes.io/role/internal-elb": "1"
            },
            "timeouts": null,
            "vpc_id": "vpc-03e20713d88ef167d"
          },
          "sensitive_attributes": [],
          "private": "eyJlMmJmYjczMC1lY2FhLTExZTYtOGY4OC0zNDM2M2JjN2M0YzAiOnsiY3JlYXRlIjo2MDAwMDAwMDAwMDAsImRlbGV0ZSI6MTIwMDAwMDAwMDAwMH0sInNjaGVtYV92ZXJzaW9uIjoiMSJ9",
          "dependencies": [
            "aws_vpc.main",
            "data.aws_availability_zones.available"
          ]
        }
      ]
    },
    {
      "mode": "managed",
      "type": "aws_subnet",
      "name": "public",
      "provider": "provider[\"registry.terraform.io/hashicorp/aws\"]",
      "instances": [
        {
          "index_key": 0,
          "schema_version": 1,
          "attributes": {
            "arn": "arn:aws:ec2:us-west-1:294825482201:subnet/subnet-0dc9bf6f7f8fb852a",
            "assign_ipv6_address_on_creation": false,
            "availability_zone": "us-west-1a",
            "availability_zone_id": "usw1-az1",
            "cidr_block": "10.0.0.0/24",
            "customer_owned_ipv4_pool": "",
            "enable_dns64": false,
            "enable_lni_at_device_index": 0,
            "enable_resource_name_dns_a_record_on_launch": false,
            "enable_resource_name_dns_aaaa_record_on_launch": false,
            "id": "subnet-0dc9bf6f7f8fb852a",
            "ipv6_cidr_block": "",
            "ipv6_cidr_block_association_id": "",
            "ipv6_native": false,
            "map_customer_owned_ip_on_launch": false,
            "map_public_ip_on_launch": true,
            "outpost_arn": "",
            "owner_id": "294825482201",
            "private_dns_hostname_type_on_launch": "ip-name",
            "tags": {
              "Name": "n8n-app-public-us-west-1a",
              "Project": "n8n-app",
              "kubernetes.io/cluster/n8n-eks-cluster": "shared",
              "kubernetes.io/role/elb": "1"
            },
            "tags_all": {
              "Name": "n8n-app-public-us-west-1a",
              "Project": "n8n-app",
              "kubernetes.io/cluster/n8n-eks-cluster": "shared",
              "kubernetes.io/role/elb": "1"
            },
            "timeouts": null,
            "vpc_id": "vpc-03e20713d88ef167d"
          },
          "sensitive_attributes": [],
          "private": "eyJlMmJmYjczMC1lY2FhLTExZTYtOGY4OC0zNDM2M2JjN2M0YzAiOnsiY3JlYXRlIjo2MDAwMDAwMDAwMDAsImRlbGV0ZSI6MTIwMDAwMDAwMDAwMH0sInNjaGVtYV92ZXJzaW9uIjoiMSJ9",
          "dependencies": [
            "aws_vpc.main",
            "data.aws_availability_zones.available"
          ]
        },
        {
          "index_key": 1,
          "schema_version": 1,
          "attributes": {
            "arn": "arn:aws:ec2:us-west-1:294825482201:subnet/subnet-039f868f03ae9893b",
            "assign_ipv6_address_on_creation": false,
            "availability_zone": "us-west-1c",
            "availability_zone_id": "usw1-az3",
            "cidr_block": "10.0.1.0/24",
            "customer_owned_ipv4_pool": "",
            "enable_dns64": false,
            "enable_lni_at_device_index": 0,
            "enable_resource_name_dns_a_record_on_launch": false,
            "enable_resource_name_dns_aaaa_record_on_launch": false,
            "id": "subnet-039f868f03ae9893b",
            "ipv6_cidr_block": "",
            "ipv6_cidr_block_association_id": "",
            "ipv6_native": false,
            "map_customer_owned_ip_on_launch": false,
            "map_public_ip_on_launch": true,
            "outpost_arn": "",
            "owner_id": "294825482201",
            "private_dns_hostname_type_on_launch": "ip-name",
            "tags": {
              "Name": "n8n-app-public-us-west-1c",
              "Project": "n8n-app",
              "kubernetes.io/cluster/n8n-eks-cluster": "shared",
              "kubernetes.io/role/elb": "1"
            },
            "tags_all": {
              "Name": "n8n-app-public-us-west-1c",
              "Project": "n8n-app",
              "kubernetes.io/cluster/n8n-eks-cluster": "shared",
              "kubernetes.io/role/elb": "1"
            },
            "timeouts": null,
            "vpc_id": "vpc-03e20713d88ef167d"
          },
          "sensitive_attributes": [],
          "private": "eyJlMmJmYjczMC1lY2FhLTExZTYtOGY4OC0zNDM2M2JjN2M0YzAiOnsiY3JlYXRlIjo2MDAwMDAwMDAwMDAsImRlbGV0ZSI6MTIwMDAwMDAwMDAwMH0sInNjaGVtYV92ZXJzaW9uIjoiMSJ9",
          "dependencies": [
            "aws_vpc.main",
            "data.aws_availability_zones.available"
          ]
        }
      ]
    },
    {
      "mode": "managed",
      "type": "aws_vpc",
      "name": "main",
      "provider": "provider[\"registry.terraform.io/hashicorp/aws\"]",
      "instances": [
        {
          "schema_version": 1,
          "attributes": {
            "arn": "arn:aws:ec2:us-west-1:294825482201:vpc/vpc-03e20713d88ef167d",
            "assign_generated_ipv6_cidr_block": false,
            "cidr_block": "10.0.0.0/16",
            "default_network_acl_id": "acl-02228527574a8f282",
            "default_route_table_id": "rtb-0493b9e67aa4d569f",
            "default_security_group_id": "sg-0b2b3e05000111f97",
            "dhcp_options_id": "dopt-019569d9fc18d0560",
            "enable_dns_hostnames": true,
            "enable_dns_support": true,
            "enable_network_address_usage_metrics": false,
            "id": "vpc-03e20713d88ef167d",
            "instance_tenancy": "default",
            "ipv4_ipam_pool_id": null,
            "ipv4_netmask_length": null,
            "ipv6_association_id": "",
            "ipv6_cidr_block": "",
            "ipv6_cidr_block_network_border_group": "",
            "ipv6_ipam_pool_id": "",
            "ipv6_netmask_length": 0,
            "main_route_table_id": "rtb-0493b9e67aa4d569f",
            "owner_id": "294825482201",
            "tags": {
              "Name": "n8n-app-vpc",
              "Project": "n8n-app",
              "kubernetes.io/cluster/n8n-eks-cluster": "shared"
            },
            "tags_all": {
              "Name": "n8n-app-vpc",
              "Project": "n8n-app",
              "kubernetes.io/cluster/n8n-eks-cluster": "shared"
            }
          },
          "sensitive_attributes": [],
          "private": "eyJzY2hlbWFfdmVyc2lvbiI6IjEifQ=="
        }
      ]
    },
    {
      "mode": "managed",
      "type": "helm_release",
      "name": "nginx_ingress",
      "provider": "provider[\"registry.terraform.io/hashicorp/helm\"]",
      "instances": [
        {
          "index_key": 0,
          "schema_version": 1,
          "attributes": {
            "atomic": false,
            "chart": "ingress-nginx",
            "cleanup_on_fail": false,
            "create_namespace": true,
            "dependency_update": false,
            "description": null,
            "devel": null,
            "disable_crd_hooks": false,
            "disable_openapi_validation": false,
            "disable_webhooks": false,
            "force_update": false,
            "id": "ingress-nginx",
            "keyring": null,
            "lint": false,
            "manifest": null,
            "max_history": 0,
            "metadata": [
              {
                "app_version": "1.11.3",
                "chart": "ingress-nginx",
                "first_deployed": 1759704224,
                "last_deployed": 1759704224,
                "name": "ingress-nginx",
                "namespace": "ingress-nginx",
                "notes": "The ingress-nginx controller has been installed.\nIt may take a few minutes for the load balancer IP to be available.\nYou can watch the status by running 'kubectl get service --namespace ingress-nginx ingress-nginx-controller --output wide --watch'\n\nAn example Ingress that makes use of the controller:\n  apiVersion: networking.k8s.io/v1\n  kind: Ingress\n  metadata:\n    name: example\n    namespace: foo\n  spec:\n    ingressClassName: nginx\n    rules:\n      - host: www.example.com\n        http:\n          paths:\n            - pathType: Prefix\n              backend:\n                service:\n                  name: exampleService\n                  port:\n                    number: 80\n              path: /\n    # This section is only required if TLS is to be enabled for the Ingress\n    tls:\n      - hosts:\n        - www.example.com\n        secretName: example-tls\n\nIf TLS is enabled for the Ingress, a Secret containing the certificate and key must also be provided:\n\n  apiVersion: v1\n  kind: Secret\n  metadata:\n    name: example-tls\n    namespace: foo\n  data:\n    tls.crt: \u003cbase64 encoded cert\u003e\n    tls.key: \u003cbase64 encoded key\u003e\n  type: kubernetes.io/tls\n",
                "revision": 1,
                "values": "{\"controller\":{\"service\":{\"annotations\":{\"service.beta.kubernetes.io/aws-load-balancer-type\":\"nlb\"},\"type\":\"LoadBalancer\"}}}",
                "version": "4.11.3"
              }
            ],
            "name": "ingress-nginx",
            "namespace": "ingress-nginx",
            "pass_credentials": false,
            "postrender": [],
            "recreate_pods": false,
            "render_subchart_notes": true,
            "replace": false,
            "repository": "https://kubernetes.github.io/ingress-nginx",
            "repository_ca_file": null,
            "repository_cert_file": null,
            "repository_key_file": null,
            "repository_password": null,
            "repository_username": null,
            "reset_values": false,
            "reuse_values": false,
            "set": [
              {
                "name": "controller.service.annotations.service\\.beta\\.kubernetes\\.io/aws-load-balancer-type",
                "type": "",
                "value": "nlb"
              },
              {
                "name": "controller.service.type",
                "type": "",
                "value": "LoadBalancer"
              }
            ],
            "set_list": [],
            "set_sensitive": [],
            "skip_crds": false,
            "status": "deployed",
            "timeout": 300,
            "upgrade_install": null,
            "values": null,
            "verify": false,
            "version": "4.11.3",
            "wait": true,
            "wait_for_jobs": false
          },
          "sensitive_attributes": [],
          "private": "eyJzY2hlbWFfdmVyc2lvbiI6IjEifQ==",
          "dependencies": [
            "aws_eks_addon.ebs_csi",
            "aws_eks_cluster.main",
            "aws_eks_node_group.main",
            "aws_iam_openid_connect_provider.eks",
            "aws_iam_role.ebs_csi_driver",
            "aws_iam_role.eks_cluster",
            "aws_iam_role.eks_nodes",
            "aws_iam_role_policy_attachment.ebs_csi_driver",
            "aws_iam_role_policy_attachment.eks_cluster_policy",
            "aws_iam_role_policy_attachment.eks_vpc_resource_controller",
            "aws_iam_role_policy_attachment.node_cni_policy",
            "aws_iam_role_policy_attachment.node_registry_policy",
            "aws_iam_role_policy_attachment.node_ssm_policy",
            "aws_iam_role_policy_attachment.node_worker_policy",
            "aws_subnet.private",
            "aws_subnet.public",
            "aws_vpc.main",
            "data.aws_availability_zones.available",
            "data.aws_eks_cluster.cluster",
            "data.aws_eks_cluster_auth.cluster",
            "data.aws_iam_policy_document.ebs_csi_assume_role",
            "data.aws_iam_policy_document.eks_assume_role",
            "data.aws_iam_policy_document.node_assume_role",
            "data.tls_certificate.eks"
          ]
        }
      ]
    },
    {
      "mode": "managed",
      "type": "kubernetes_storage_class",
      "name": "ebs_gp3",
      "provider": "provider[\"registry.terraform.io/hashicorp/kubernetes\"]",
      "instances": [
        {
          "schema_version": 0,
          "attributes": {
            "allow_volume_expansion": true,
            "allowed_topologies": [],
            "id": "ebs-gp3",
            "metadata": [
              {
                "annotations": {
                  "storageclass.kubernetes.io/is-default-class": "true"
                },
                "generate_name": "",
                "generation": 0,
                "labels": null,
                "name": "ebs-gp3",
                "resource_version": "1493",
                "uid": "9e00b0e4-ee03-4227-bed2-793809762c3b"
              }
            ],
            "mount_options": null,
            "parameters": {
              "encrypted": "true",
              "type": "gp3"
            },
            "reclaim_policy": "Delete",
            "storage_provisioner": "ebs.csi.aws.com",
            "volume_binding_mode": "WaitForFirstConsumer"
          },
          "sensitive_attributes": [],
          "private": "bnVsbA==",
          "dependencies": [
            "aws_eks_addon.ebs_csi",
            "aws_eks_cluster.main",
            "aws_eks_node_group.main",
            "aws_iam_openid_connect_provider.eks",
            "aws_iam_role.ebs_csi_driver",
            "aws_iam_role.eks_cluster",
            "aws_iam_role.eks_nodes",
            "aws_iam_role_policy_attachment.ebs_csi_driver",
            "aws_iam_role_policy_attachment.eks_cluster_policy",
            "aws_iam_role_policy_attachment.eks_vpc_resource_controller",
            "aws_iam_role_policy_attachment.node_cni_policy",
            "aws_iam_role_policy_attachment.node_registry_policy",
            "aws_iam_role_policy_attachment.node_ssm_policy",
            "aws_iam_role_policy_attachment.node_worker_policy",
            "aws_subnet.private",
            "aws_subnet.public",
            "aws_vpc.main",
            "data.aws_availability_zones.available",
            "data.aws_eks_cluster.cluster",
            "data.aws_eks_cluster_auth.cluster",
            "data.aws_iam_policy_document.ebs_csi_assume_role",
            "data.aws_iam_policy_document.eks_assume_role",
            "data.aws_iam_policy_document.node_assume_role",
            "data.tls_certificate.eks"
          ]
        }
      ]
    },
    {
      "mode": "managed",
      "type": "random_id",
      "name": "enc",
      "provider": "provider[\"registry.terraform.io/hashicorp/random\"]",
      "instances": [
        {
          "schema_version": 0,
          "attributes": {
            "b64_std": "H7LyVVXmrxKjanl+nscAEmC1HgmwIkfpW05P5LvLh1A=",
            "b64_url": "H7LyVVXmrxKjanl-nscAEmC1HgmwIkfpW05P5LvLh1A",
            "byte_length": 32,
            "dec": "14337869606869643109505671065715268266137766701959378750980478050611820726096",
            "hex": "1fb2f25555e6af12a36a797e9ec7001260b51e09b02247e95b4e4fe4bbcb8750",
            "id": "H7LyVVXmrxKjanl-nscAEmC1HgmwIkfpW05P5LvLh1A",
            "keepers": null,
            "prefix": null
          },
          "sensitive_attributes": []
        }
      ]
    }
  ],
  "check_results": [
    {
      "object_kind": "var",
      "config_addr": "var.letsencrypt_environment",
      "status": "pass",
      "objects": [
        {
          "object_addr": "var.letsencrypt_environment",
          "status": "pass"
        }
      ]
    },
    {
      "object_kind": "var",
      "config_addr": "var.tls_certificate_source",
      "status": "pass",
      "objects": [
        {
          "object_addr": "var.tls_certificate_source",
          "status": "pass"
        }
      ]
    }
  ]
}
