{
  "version": 4,
  "terraform_version": "1.6.0",
  "serial": 503,
  "lineage": "9030a295-fd29-c08c-f28f-1dd55cb7c2da",
  "outputs": {},
  "resources": [
    {
      "mode": "data",
      "type": "aws_availability_zones",
      "name": "available",
      "provider": "provider[\"registry.terraform.io/hashicorp/aws\"]",
      "instances": [
        {
          "schema_version": 0,
          "attributes": {
            "all_availability_zones": null,
            "exclude_names": null,
            "exclude_zone_ids": null,
            "filter": null,
            "group_names": [
              "us-west-1-zg-1"
            ],
            "id": "us-west-1",
            "names": [
              "us-west-1a",
              "us-west-1c"
            ],
            "state": "available",
            "timeouts": null,
            "zone_ids": [
              "usw1-az1",
              "usw1-az3"
            ]
          },
          "sensitive_attributes": []
        }
      ]
    },
    {
      "mode": "managed",
      "type": "aws_eip",
      "name": "nlb",
      "provider": "provider[\"registry.terraform.io/hashicorp/aws\"]",
      "instances": [
        {
          "index_key": 1,
          "schema_version": 0,
          "attributes": {
            "address": null,
            "allocation_id": "eipalloc-034656d70b20d3e88",
            "arn": "arn:aws:ec2:us-west-1:294825482201:elastic-ip/eipalloc-034656d70b20d3e88",
            "associate_with_private_ip": null,
            "association_id": "eipassoc-0ab633338f0204c7a",
            "carrier_ip": "",
            "customer_owned_ip": "",
            "customer_owned_ipv4_pool": "",
            "domain": "vpc",
            "id": "eipalloc-034656d70b20d3e88",
            "instance": "",
            "ipam_pool_id": null,
            "network_border_group": "us-west-1",
            "network_interface": "eni-0842fb196a5243b28",
            "private_dns": "ip-10-0-0-156.us-west-1.compute.internal",
            "private_ip": "10.0.0.156",
            "ptr_record": "",
            "public_dns": "ec2-52-52-221-4.us-west-1.compute.amazonaws.com",
            "public_ip": "52.52.221.4",
            "public_ipv4_pool": "amazon",
            "tags": {
              "Name": "n8n-app-nlb-eip-us-west-1c",
              "Project": "n8n-app"
            },
            "tags_all": {
              "Name": "n8n-app-nlb-eip-us-west-1c",
              "Project": "n8n-app"
            },
            "timeouts": null,
            "vpc": true
          },
          "sensitive_attributes": [],
          "private": "eyJlMmJmYjczMC1lY2FhLTExZTYtOGY4OC0zNDM2M2JjN2M0YzAiOnsiZGVsZXRlIjoxODAwMDAwMDAwMDAsInJlYWQiOjkwMDAwMDAwMDAwMCwidXBkYXRlIjozMDAwMDAwMDAwMDB9fQ==",
          "dependencies": [
            "data.aws_availability_zones.available"
          ]
        }
      ]
    }
  ],
  "check_results": [
    {
      "object_kind": "var",
      "config_addr": "var.tls_certificate_source",
      "status": "pass",
      "objects": [
        {
          "object_addr": "var.tls_certificate_source",
          "status": "pass"
        }
      ]
    },
    {
      "object_kind": "var",
      "config_addr": "var.letsencrypt_environment",
      "status": "pass",
      "objects": [
        {
          "object_addr": "var.letsencrypt_environment",
          "status": "pass"
        }
      ]
    },
    {
      "object_kind": "var",
      "config_addr": "var.database_type",
      "status": "pass",
      "objects": [
        {
          "object_addr": "var.database_type",
          "status": "pass"
        }
      ]
    }
  ]
}
