{
  "version": 4,
  "terraform_version": "1.6.0",
  "serial": 114,
  "lineage": "9030a295-fd29-c08c-f28f-1dd55cb7c2da",
  "outputs": {
    "basic_auth_enabled": {
      "value": false,
      "type": "bool"
    },
    "cluster_arn": {
      "value": "arn:aws:eks:us-west-2:294825482201:cluster/n8n-eks-cluster",
      "type": "string"
    },
    "cluster_certificate_authority_data": {
      "value": "LS0tLS1CRUdJTiBDRVJUSUZJQ0FURS0tLS0tCk1JSURCVENDQWUyZ0F3SUJBZ0lJTjk3YVB4ZDFiZmt3RFFZSktvWklodmNOQVFFTEJRQXdGVEVUTUJFR0ExVUUKQXhNS2EzVmlaWEp1WlhSbGN6QWVGdzB5TlRFd01UY3hORFV3TWpoYUZ3MHpOVEV3TVRVeE5EVTFNamhhTUJVeApFekFSQmdOVkJBTVRDbXQxWW1WeWJtVjBaWE13Z2dFaU1BMEdDU3FHU0liM0RRRUJBUVVBQTRJQkR3QXdnZ0VLCkFvSUJBUURhZm1MSzRlNHcvNmM0cXVTS2FkYWNDWjVnVmw1OFdOeGhqYlRaUmgvZForckxvR2xuL1krNitGN0cKMGtST0NvN3ZrQjQ1Sm90b2VPY2podzZMdS9YQ0Zydnp4OThCdERnd29ONmpEYStPcGZESEUvU29LNE1MSlIvRAoxRnRZVXp3Sk00cmdGK01ma1k2V1dLU2dqVGhQNmV2OFV2M0NkNS9qVm56bTdQbFFKc3l1NDc2bEUyNkw2ZnZTClNudG0wS3FQTXdJb3BSWnBzYzdDQnVRbFRKNjlMdGt6WnpKTXc3OExWQjAxdnhEMmoyV1phUmNvY2JFR09CdHIKSm02YWhJMHNubFBKazdrUERzOTFVeUxaU05zVnEyeXhVWjl0bkVjZ21TbVNIeHh0dEx6YmxZSnZmVnFQcEp0eAo1cXlub0R6R05aRjRicHphV0lHKzNZZVRQczE5QWdNQkFBR2pXVEJYTUE0R0ExVWREd0VCL3dRRUF3SUNwREFQCkJnTlZIUk1CQWY4RUJUQURBUUgvTUIwR0ExVWREZ1FXQkJTeWVzQkxUelJjK3FnNEtwNDdQdGsrV3E2UFR6QVYKQmdOVkhSRUVEakFNZ2dwcmRXSmxjbTVsZEdWek1BMEdDU3FHU0liM0RRRUJDd1VBQTRJQkFRRExtQlVHSGc0WQpiT3E5ZW42S05xOHhrQVovU1NhRHlEMkVHRTh2WndZWGx5VXZybkVSYzljODBUbkk5aE5IYXowSFplRE9oczN1Cll2Sml3OEJsMStsSXV0OXg4T2xUR09jNlRXQVV4eGtPeTRBUkk4TFVjM1Bscjd5V2pFRDV3WEVCYUp2cUdjbzkKQ3ZoYjlKWjFKSkpLbCt4RCtvNzhkSjJZUTgrT3RpeTNnSFQ2ajdhSnRzcDdlRDN2WEFneDVoZHppZFAwdE1IdgphUnhrakdSWklwWlgzbnp6aHM2NVRDaXo2eFlKaEt4TWZMenpSZStYRGNBTFRndWs3ZFBpUzlYbFFHdE9Sb3hECitsK1haSjVMK3RaRjU5OGF1a2Z5S1p0RGpJNW9aRzlpWWtKdHBadndHSVlLVGdqamNwMS9VSStHelI3dFE2NVcKbkJZUFBSMXdhYjBVCi0tLS0tRU5EIENFUlRJRklDQVRFLS0tLS0K",
      "type": "string",
      "sensitive": true
    },
    "cluster_endpoint": {
      "value": "https://ED0B24914AA9798B3EF559DF08F7BC02.gr7.us-west-2.eks.amazonaws.com",
      "type": "string"
    },
    "cluster_name": {
      "value": "n8n-eks-cluster",
      "type": "string"
    },
    "cluster_security_group_id": {
      "value": "sg-0645c1d1311d4fab3",
      "type": "string"
    },
    "configure_kubectl": {
      "value": "aws eks update-kubeconfig --region us-west-2 --name n8n-eks-cluster --profile cloud-native-misael",
      "type": "string"
    },
    "database_type": {
      "value": "postgresql",
      "type": "string"
    },
    "n8n_encryption_key_ssm_parameter": {
      "value": "/n8n/encryption_key",
      "type": "string"
    },
    "n8n_encryption_key_value": {
      "value": "10747ad8f228d60b33e61a22e50027d65937b73f1e5b5bef23eded8b8ba41df5",
      "type": "string",
      "sensitive": true
    },
    "n8n_host": {
      "value": "aws-n8n.lrproducthub.com",
      "type": "string"
    },
    "n8n_namespace": {
      "value": "n8n",
      "type": "string"
    },
    "nginx_ingress_controller_endpoint": {
      "value": "Run: kubectl get svc -n ingress-nginx ingress-nginx-controller -o jsonpath='{.status.loadBalancer.ingress[0].hostname}'",
      "type": "string"
    },
    "nlb_elastic_ips": {
      "value": [
        "35.166.161.145",
        "54.69.194.136",
        "35.155.238.192"
      ],
      "type": [
        "list",
        "string"
      ]
    },
    "private_subnet_ids": {
      "value": [
        "subnet-0354c382608ecc52e",
        "subnet-048571237070d490b",
        "subnet-04320f7eec7b4035a"
      ],
      "type": [
        "tuple",
        [
          "string",
          "string",
          "string"
        ]
      ]
    },
    "public_subnet_ids": {
      "value": [
        "subnet-077b4e4b88e459ea5",
        "subnet-08dd231504f0827ff",
        "subnet-0cff955627a665fbb"
      ],
      "type": [
        "tuple",
        [
          "string",
          "string",
          "string"
        ]
      ]
    },
    "rds_address": {
      "value": "n8n-app-postgres.cfmqkgyiotec.us-west-2.rds.amazonaws.com",
      "type": "string"
    },
    "rds_database_name": {
      "value": "n8n",
      "type": "string"
    },
    "rds_endpoint": {
      "value": "n8n-app-postgres.cfmqkgyiotec.us-west-2.rds.amazonaws.com:5432",
      "type": "string"
    },
    "rds_password": {
      "value": "EeB:+ZP5?W}dGCka*CT=uIEq3IxqfN4H",
      "type": "string",
      "sensitive": true
    },
    "rds_port": {
      "value": 5432,
      "type": "number"
    },
    "rds_username": {
      "value": "n8n_user",
      "type": "string",
      "sensitive": true
    },
    "region": {
      "value": "us-west-2",
      "type": "string"
    },
    "vpc_id": {
      "value": "vpc-0a12595afcd4dc7a0",
      "type": "string"
    }
  },
  "resources": [
    {
      "mode": "data",
      "type": "aws_availability_zones",
      "name": "available",
      "provider": "provider[\"registry.terraform.io/hashicorp/aws\"]",
      "instances": [
        {
          "schema_version": 0,
          "attributes": {
            "all_availability_zones": null,
            "exclude_names": null,
            "exclude_zone_ids": null,
            "filter": null,
            "group_names": [
              "us-west-2-zg-1"
            ],
            "id": "us-west-2",
            "names": [
              "us-west-2a",
              "us-west-2b",
              "us-west-2c",
              "us-west-2d"
            ],
            "state": "available",
            "timeouts": null,
            "zone_ids": [
              "usw2-az2",
              "usw2-az1",
              "usw2-az3",
              "usw2-az4"
            ]
          },
          "sensitive_attributes": []
        }
      ]
    },
    {
      "mode": "data",
      "type": "aws_eks_cluster",
      "name": "cluster",
      "provider": "provider[\"registry.terraform.io/hashicorp/aws\"]",
      "instances": [
        {
          "schema_version": 0,
          "attributes": {
            "access_config": [
              {
                "authentication_mode": "CONFIG_MAP",
                "bootstrap_cluster_creator_admin_permissions": true
              }
            ],
            "arn": "arn:aws:eks:us-west-2:294825482201:cluster/n8n-eks-cluster",
            "certificate_authority": [
              {
                "data": "LS0tLS1CRUdJTiBDRVJUSUZJQ0FURS0tLS0tCk1JSURCVENDQWUyZ0F3SUJBZ0lJTjk3YVB4ZDFiZmt3RFFZSktvWklodmNOQVFFTEJRQXdGVEVUTUJFR0ExVUUKQXhNS2EzVmlaWEp1WlhSbGN6QWVGdzB5TlRFd01UY3hORFV3TWpoYUZ3MHpOVEV3TVRVeE5EVTFNamhhTUJVeApFekFSQmdOVkJBTVRDbXQxWW1WeWJtVjBaWE13Z2dFaU1BMEdDU3FHU0liM0RRRUJBUVVBQTRJQkR3QXdnZ0VLCkFvSUJBUURhZm1MSzRlNHcvNmM0cXVTS2FkYWNDWjVnVmw1OFdOeGhqYlRaUmgvZForckxvR2xuL1krNitGN0cKMGtST0NvN3ZrQjQ1Sm90b2VPY2podzZMdS9YQ0Zydnp4OThCdERnd29ONmpEYStPcGZESEUvU29LNE1MSlIvRAoxRnRZVXp3Sk00cmdGK01ma1k2V1dLU2dqVGhQNmV2OFV2M0NkNS9qVm56bTdQbFFKc3l1NDc2bEUyNkw2ZnZTClNudG0wS3FQTXdJb3BSWnBzYzdDQnVRbFRKNjlMdGt6WnpKTXc3OExWQjAxdnhEMmoyV1phUmNvY2JFR09CdHIKSm02YWhJMHNubFBKazdrUERzOTFVeUxaU05zVnEyeXhVWjl0bkVjZ21TbVNIeHh0dEx6YmxZSnZmVnFQcEp0eAo1cXlub0R6R05aRjRicHphV0lHKzNZZVRQczE5QWdNQkFBR2pXVEJYTUE0R0ExVWREd0VCL3dRRUF3SUNwREFQCkJnTlZIUk1CQWY4RUJUQURBUUgvTUIwR0ExVWREZ1FXQkJTeWVzQkxUelJjK3FnNEtwNDdQdGsrV3E2UFR6QVYKQmdOVkhSRUVEakFNZ2dwcmRXSmxjbTVsZEdWek1BMEdDU3FHU0liM0RRRUJDd1VBQTRJQkFRRExtQlVHSGc0WQpiT3E5ZW42S05xOHhrQVovU1NhRHlEMkVHRTh2WndZWGx5VXZybkVSYzljODBUbkk5aE5IYXowSFplRE9oczN1Cll2Sml3OEJsMStsSXV0OXg4T2xUR09jNlRXQVV4eGtPeTRBUkk4TFVjM1Bscjd5V2pFRDV3WEVCYUp2cUdjbzkKQ3ZoYjlKWjFKSkpLbCt4RCtvNzhkSjJZUTgrT3RpeTNnSFQ2ajdhSnRzcDdlRDN2WEFneDVoZHppZFAwdE1IdgphUnhrakdSWklwWlgzbnp6aHM2NVRDaXo2eFlKaEt4TWZMenpSZStYRGNBTFRndWs3ZFBpUzlYbFFHdE9Sb3hECitsK1haSjVMK3RaRjU5OGF1a2Z5S1p0RGpJNW9aRzlpWWtKdHBadndHSVlLVGdqamNwMS9VSStHelI3dFE2NVcKbkJZUFBSMXdhYjBVCi0tLS0tRU5EIENFUlRJRklDQVRFLS0tLS0K"
              }
            ],
            "cluster_id": null,
            "compute_config": [],
            "created_at": "2025-10-17T14:49:24Z",
            "enabled_cluster_log_types": [],
            "endpoint": "https://ED0B24914AA9798B3EF559DF08F7BC02.gr7.us-west-2.eks.amazonaws.com",
            "id": "n8n-eks-cluster",
            "identity": [
              {
                "oidc": [
                  {
                    "issuer": "https://oidc.eks.us-west-2.amazonaws.com/id/ED0B24914AA9798B3EF559DF08F7BC02"
                  }
                ]
              }
            ],
            "kubernetes_network_config": [
              {
                "elastic_load_balancing": [
                  {
                    "enabled": false
                  }
                ],
                "ip_family": "ipv4",
                "service_ipv4_cidr": "172.20.0.0/16",
                "service_ipv6_cidr": ""
              }
            ],
            "name": "n8n-eks-cluster",
            "outpost_config": [],
            "platform_version": "eks.41",
            "remote_network_config": [],
            "role_arn": "arn:aws:iam::294825482201:role/n8n-app-eks-cluster-role",
            "status": "ACTIVE",
            "storage_config": [],
            "tags": {
              "Name": "n8n-eks-cluster",
              "Project": "n8n-app"
            },
            "upgrade_policy": [
              {
                "support_type": "EXTENDED"
              }
            ],
            "version": "1.31",
            "vpc_config": [
              {
                "cluster_security_group_id": "sg-0645c1d1311d4fab3",
                "endpoint_private_access": true,
                "endpoint_public_access": true,
                "public_access_cidrs": [
                  "0.0.0.0/0"
                ],
                "security_group_ids": [],
                "subnet_ids": [
                  "subnet-0354c382608ecc52e",
                  "subnet-04320f7eec7b4035a",
                  "subnet-048571237070d490b",
                  "subnet-077b4e4b88e459ea5",
                  "subnet-08dd231504f0827ff",
                  "subnet-0cff955627a665fbb"
                ],
                "vpc_id": "vpc-0a12595afcd4dc7a0"
              }
            ],
            "zonal_shift_config": []
          },
          "sensitive_attributes": []
        }
      ]
    },
    {
      "mode": "data",
      "type": "aws_eks_cluster_auth",
      "name": "cluster",
      "provider": "provider[\"registry.terraform.io/hashicorp/aws\"]",
      "instances": [
        {
          "schema_version": 0,
          "attributes": {
            "id": "n8n-eks-cluster",
            "name": "n8n-eks-cluster",
            "token": "k8s-aws-v1.aHR0cHM6Ly9zdHMudXMtd2VzdC0yLmFtYXpvbmF3cy5jb20vP0FjdGlvbj1HZXRDYWxsZXJJZGVudGl0eSZWZXJzaW9uPTIwMTEtMDYtMTUmWC1BbXotQWxnb3JpdGhtPUFXUzQtSE1BQy1TSEEyNTYmWC1BbXotQ3JlZGVudGlhbD1BU0lBVUpKSFgyN003N09BSVZTSSUyRjIwMjUxMDE3JTJGdXMtd2VzdC0yJTJGc3RzJTJGYXdzNF9yZXF1ZXN0JlgtQW16LURhdGU9MjAyNTEwMTdUMTQ1OTQ4WiZYLUFtei1FeHBpcmVzPTAmWC1BbXotU2VjdXJpdHktVG9rZW49SVFvSmIzSnBaMmx1WDJWakVQJTJGJTJGJTJGJTJGJTJGJTJGJTJGJTJGJTJGJTJGJTJGd0VhQ1hWekxXVmhjM1F0TVNKSE1FVUNJUUR5SFBjM2FiNkUlMkZnNFNiWlJNSklicDBWVWJvSlZRbXZFdEolMkIwdkpVbWR5QUlnYkwzUmxXd0dodkpEJTJGRFBzejVrR1YyZmpVVnlRdSUyQk1iaWxCVnF4VCUyRklDRXFsZ01JcVAlMkYlMkYlMkYlMkYlMkYlMkYlMkYlMkYlMkYlMkZBUkFBR2d3eU9UUTRNalUwT0RJeU1ERWlESndEbVdRNVNHRXRTQlZndHlycUFxJTJCQ244c24lMkZJcnlTNTA4cEFFc1lZNSUyRktlNlBYQW9MUlElMkZaRWlJTE93czBieEdSQnIlMkZIbnZFdTlzUVVVeVBnM2RWenkzSDg0bjdIRFpnbUJTbjd6ZEQ0aGZRejhYNVZuVEtxZW1pMjU3NnFDJTJGejhvSDV4aE5OJTJGU3ZYJTJGZnFjY1JRJTJGVFZtQWl6bmRiRER4dmdEeEwzelJMUWJYaHBoRWo5UzFFcmZoMkx4TmttVWdNUEtqWmY4U0hJYXVoM2lMVUNqcWRlYmFqR09GNmFzJTJGWFlqYmZWQTUlMkZ3bkszN2VDb3pZc2lyRk1aUUdOYmZCJTJGMzEyZzR6b2xQdU9zJTJCT0o2aEF5UVpralJIamxoazdoNSUyRmdPYWxWRjdVMVVoYkV6cEV5V01UYTF3cDN1Z2F6c3VrZWFDb2hXdyUyQk4lMkI3RTFKV1g1Mm44TEpuQnI0SHh4OEs3RUR2U3VJZDhqRXl3cURxcmxPQTlOVnUyN0hiNWZna0p5T2k2M0xHdDYydjdDb2NiSktxcW8yRHFTZ0J0ckVmMHVVbkdrbmxlRXlyaVZLamNPZDVyV3ElMkZKa2pHWUdiUzNrM1QxZTRsVTA2T0JZZDFSRzZRVVVCJTJCeko1Z0s3bDNBTUdiV21mJTJCcTFhSjYlMkJEeW5kWUZsTU5PdXljY0dPcVlCTlEwSDBsT2hNeFNyZFlVMmZKSW5oWTRXTVVrUlh6QiUyRmQ2VDJCRFNmcHE0TDhXQ2dBQ2czbUNHSGdYU29NVW14cEJ4dW0xWXZnOHZQekN2akwwclFoakN2TW10bVpheEJENEdVRjNucDB2bm5GMnVZS3FVTmNwTyUyQkFXYmxobGdwNE5pVlpmNkc5T0wzM050UDhQVUFQcWhtQXI4ZXhCTm9qeU1CJTJCZ2xGc0xsU2V1UFJPTkNUVnRzNjVsUWNKSW5pNmx1cCUyRkRXN3VuTEYxanNORTVPZFFsQTk0aGwydGclM0QlM0QmWC1BbXotU2lnbmVkSGVhZGVycz1ob3N0JTNCeC1rOHMtYXdzLWlkJlgtQW16LVNpZ25hdHVyZT03OTEyNTlhNGFlMzY1NDNjYTI2NzU3NGRkYWUzMGRhNzMwODYwOTQ5YjIxNzFmYTY0OTEyMTE0NTBhYWU1YmUx"
          },
          "sensitive_attributes": []
        }
      ]
    },
    {
      "mode": "data",
      "type": "aws_iam_policy_document",
      "name": "ebs_csi_assume_role",
      "provider": "provider[\"registry.terraform.io/hashicorp/aws\"]",
      "instances": [
        {
          "schema_version": 0,
          "attributes": {
            "id": "3119497147",
            "json": "{\n  \"Version\": \"2012-10-17\",\n  \"Statement\": [\n    {\n      \"Effect\": \"Allow\",\n      \"Action\": \"sts:AssumeRoleWithWebIdentity\",\n      \"Principal\": {\n        \"Federated\": \"arn:aws:iam::294825482201:oidc-provider/oidc.eks.us-west-2.amazonaws.com/id/ED0B24914AA9798B3EF559DF08F7BC02\"\n      },\n      \"Condition\": {\n        \"StringEquals\": {\n          \"oidc.eks.us-west-2.amazonaws.com/id/ED0B24914AA9798B3EF559DF08F7BC02:aud\": \"sts.amazonaws.com\",\n          \"oidc.eks.us-west-2.amazonaws.com/id/ED0B24914AA9798B3EF559DF08F7BC02:sub\": \"system:serviceaccount:kube-system:ebs-csi-controller-sa\"\n        }\n      }\n    }\n  ]\n}",
            "minified_json": "{\"Version\":\"2012-10-17\",\"Statement\":[{\"Effect\":\"Allow\",\"Action\":\"sts:AssumeRoleWithWebIdentity\",\"Principal\":{\"Federated\":\"arn:aws:iam::294825482201:oidc-provider/oidc.eks.us-west-2.amazonaws.com/id/ED0B24914AA9798B3EF559DF08F7BC02\"},\"Condition\":{\"StringEquals\":{\"oidc.eks.us-west-2.amazonaws.com/id/ED0B24914AA9798B3EF559DF08F7BC02:aud\":\"sts.amazonaws.com\",\"oidc.eks.us-west-2.amazonaws.com/id/ED0B24914AA9798B3EF559DF08F7BC02:sub\":\"system:serviceaccount:kube-system:ebs-csi-controller-sa\"}}}]}",
            "override_json": null,
            "override_policy_documents": null,
            "policy_id": null,
            "source_json": null,
            "source_policy_documents": null,
            "statement": [
              {
                "actions": [
                  "sts:AssumeRoleWithWebIdentity"
                ],
                "condition": [
                  {
                    "test": "StringEquals",
                    "values": [
                      "sts.amazonaws.com"
                    ],
                    "variable": "oidc.eks.us-west-2.amazonaws.com/id/ED0B24914AA9798B3EF559DF08F7BC02:aud"
                  },
                  {
                    "test": "StringEquals",
                    "values": [
                      "system:serviceaccount:kube-system:ebs-csi-controller-sa"
                    ],
                    "variable": "oidc.eks.us-west-2.amazonaws.com/id/ED0B24914AA9798B3EF559DF08F7BC02:sub"
                  }
                ],
                "effect": "Allow",
                "not_actions": [],
                "not_principals": [],
                "not_resources": [],
                "principals": [
                  {
                    "identifiers": [
                      "arn:aws:iam::294825482201:oidc-provider/oidc.eks.us-west-2.amazonaws.com/id/ED0B24914AA9798B3EF559DF08F7BC02"
                    ],
                    "type": "Federated"
                  }
                ],
                "resources": [],
                "sid": ""
              }
            ],
            "version": "2012-10-17"
          },
          "sensitive_attributes": []
        }
      ]
    },
    {
      "mode": "data",
      "type": "aws_iam_policy_document",
      "name": "eks_assume_role",
      "provider": "provider[\"registry.terraform.io/hashicorp/aws\"]",
      "instances": [
        {
          "schema_version": 0,
          "attributes": {
            "id": "3552664922",
            "json": "{\n  \"Version\": \"2012-10-17\",\n  \"Statement\": [\n    {\n      \"Effect\": \"Allow\",\n      \"Action\": \"sts:AssumeRole\",\n      \"Principal\": {\n        \"Service\": \"eks.amazonaws.com\"\n      }\n    }\n  ]\n}",
            "minified_json": "{\"Version\":\"2012-10-17\",\"Statement\":[{\"Effect\":\"Allow\",\"Action\":\"sts:AssumeRole\",\"Principal\":{\"Service\":\"eks.amazonaws.com\"}}]}",
            "override_json": null,
            "override_policy_documents": null,
            "policy_id": null,
            "source_json": null,
            "source_policy_documents": null,
            "statement": [
              {
                "actions": [
                  "sts:AssumeRole"
                ],
                "condition": [],
                "effect": "Allow",
                "not_actions": [],
                "not_principals": [],
                "not_resources": [],
                "principals": [
                  {
                    "identifiers": [
                      "eks.amazonaws.com"
                    ],
                    "type": "Service"
                  }
                ],
                "resources": [],
                "sid": ""
              }
            ],
            "version": "2012-10-17"
          },
          "sensitive_attributes": []
        }
      ]
    },
    {
      "mode": "data",
      "type": "aws_iam_policy_document",
      "name": "node_assume_role",
      "provider": "provider[\"registry.terraform.io/hashicorp/aws\"]",
      "instances": [
        {
          "schema_version": 0,
          "attributes": {
            "id": "2851119427",
            "json": "{\n  \"Version\": \"2012-10-17\",\n  \"Statement\": [\n    {\n      \"Effect\": \"Allow\",\n      \"Action\": \"sts:AssumeRole\",\n      \"Principal\": {\n        \"Service\": \"ec2.amazonaws.com\"\n      }\n    }\n  ]\n}",
            "minified_json": "{\"Version\":\"2012-10-17\",\"Statement\":[{\"Effect\":\"Allow\",\"Action\":\"sts:AssumeRole\",\"Principal\":{\"Service\":\"ec2.amazonaws.com\"}}]}",
            "override_json": null,
            "override_policy_documents": null,
            "policy_id": null,
            "source_json": null,
            "source_policy_documents": null,
            "statement": [
              {
                "actions": [
                  "sts:AssumeRole"
                ],
                "condition": [],
                "effect": "Allow",
                "not_actions": [],
                "not_principals": [],
                "not_resources": [],
                "principals": [
                  {
                    "identifiers": [
                      "ec2.amazonaws.com"
                    ],
                    "type": "Service"
                  }
                ],
                "resources": [],
                "sid": ""
              }
            ],
            "version": "2012-10-17"
          },
          "sensitive_attributes": []
        }
      ]
    },
    {
      "mode": "data",
      "type": "aws_ssm_parameter",
      "name": "n8n_encryption_key",
      "provider": "provider[\"registry.terraform.io/hashicorp/aws\"]",
      "instances": [
        {
          "schema_version": 0,
          "attributes": {
            "arn": "arn:aws:ssm:us-west-2:294825482201:parameter/n8n/encryption_key",
            "id": "/n8n/encryption_key",
            "insecure_value": "",
            "name": "/n8n/encryption_key",
            "type": "SecureString",
            "value": "10747ad8f228d60b33e61a22e50027d65937b73f1e5b5bef23eded8b8ba41df5",
            "version": 1,
            "with_decryption": true
          },
          "sensitive_attributes": []
        }
      ]
    },
    {
      "mode": "data",
      "type": "tls_certificate",
      "name": "eks",
      "provider": "provider[\"registry.terraform.io/hashicorp/tls\"]",
      "instances": [
        {
          "schema_version": 0,
          "attributes": {
            "certificates": [
              {
                "cert_pem": "-----BEGIN CERTIFICATE-----\nMIIEkjCCA3qgAwIBAgITBn+USionzfP6wq4rAfkI7rnExjANBgkqhkiG9w0BAQsF\nADCBmDELMAkGA1UEBhMCVVMxEDAOBgNVBAgTB0FyaXpvbmExEzARBgNVBAcTClNj\nb3R0c2RhbGUxJTAjBgNVBAoTHFN0YXJmaWVsZCBUZWNobm9sb2dpZXMsIEluYy4x\nOzA5BgNVBAMTMlN0YXJmaWVsZCBTZXJ2aWNlcyBSb290IENlcnRpZmljYXRlIEF1\ndGhvcml0eSAtIEcyMB4XDTE1MDUyNTEyMDAwMFoXDTM3MTIzMTAxMDAwMFowOTEL\nMAkGA1UEBhMCVVMxDzANBgNVBAoTBkFtYXpvbjEZMBcGA1UEAxMQQW1hem9uIFJv\nb3QgQ0EgMTCCASIwDQYJKoZIhvcNAQEBBQADggEPADCCAQoCggEBALJ4gHHKeNXj\nca9HgFB0fW7Y14h29Jlo91ghYPl0hAEvrAIthtOgQ3pOsqTQNroBvo3bSMgHFzZM\n9O6II8c+6zf1tRn4SWiw3te5djgdYZ6k/oI2peVKVuRF4fn9tBb6dNqcmzU5L/qw\nIFAGbHrQgLKm+a/sRxmPUDgH3KKHOVj4utWp+UhnMJbulHheb4mjUcAwhmahRWa6\nVOujw5H5SNz/0egwLX0tdHA114gk957EWW67c4cX8jJGKLhD+rcdqsq08p8kDi1L\n93FcXmn/6pUCyziKrlA4b9v7LWIbxcceVOF34GfID5yHI9Y/QCB/IIDEgEw+OyQm\njgSubJrIqg0CAwEAAaOCATEwggEtMA8GA1UdEwEB/wQFMAMBAf8wDgYDVR0PAQH/\nBAQDAgGGMB0GA1UdDgQWBBSEGMyFNOy8DJSULghZnMeyEE4KCDAfBgNVHSMEGDAW\ngBScXwDfqgHXMCs4iKK4bUqc8hGRgzB4BggrBgEFBQcBAQRsMGowLgYIKwYBBQUH\nMAGGImh0dHA6Ly9vY3NwLnJvb3RnMi5hbWF6b250cnVzdC5jb20wOAYIKwYBBQUH\nMAKGLGh0dHA6Ly9jcnQucm9vdGcyLmFtYXpvbnRydXN0LmNvbS9yb290ZzIuY2Vy\nMD0GA1UdHwQ2MDQwMqAwoC6GLGh0dHA6Ly9jcmwucm9vdGcyLmFtYXpvbnRydXN0\nLmNvbS9yb290ZzIuY3JsMBEGA1UdIAQKMAgwBgYEVR0gADANBgkqhkiG9w0BAQsF\nAAOCAQEAYjdCXLwQtT6LLOkMm2xF4gcAevnFWAu5CIw+7bMlPLVvUOTNNWqnkzSW\nMiGpSESrnO09tKpzbeR/FoCJbM8oAxiDR3mjEH4wW6w7sGDgd9QIpuEdfF7Au/ma\neyKdpwAJfqxGF4PcnCZXmTA5YpaP7dreqsXMGz7KQ2hsVxa81Q4gLv7/wmpdLqBK\nbRRYh5TmOTFffHPLkIhqhBGWJ6bt2YFGpn6jcgAKUj6DiAdjd4lpFw85hdKrCEVN\n0FE6/V1dN2RMfjCyVSRCnTawXZwXgWHxyvkQAiSr6w10kY17RSlQOYiypok1JR4U\nakcjMS9cmvqtmg5iUaQqqcT5NJ0hGA==\n-----END CERTIFICATE-----\n",
                "is_ca": true,
                "issuer": "CN=Starfield Services Root Certificate Authority - G2,O=Starfield Technologies\\, Inc.,L=Scottsdale,ST=Arizona,C=US",
                "not_after": "2037-12-31T01:00:00Z",
                "not_before": "2015-05-25T12:00:00Z",
                "public_key_algorithm": "RSA",
                "serial_number": "144918191876577076464031512351042010504348870",
                "sha1_fingerprint": "06b25927c42a721631c1efd9431e648fa62e1e39",
                "signature_algorithm": "SHA256-RSA",
                "subject": "CN=Amazon Root CA 1,O=Amazon,C=US",
                "version": 3
              },
              {
                "cert_pem": "-----BEGIN CERTIFICATE-----\nMIIEXjCCA0agAwIBAgITB3MSTyqVLj7Rili9uF0bwM5fJzANBgkqhkiG9w0BAQsF\nADA5MQswCQYDVQQGEwJVUzEPMA0GA1UEChMGQW1hem9uMRkwFwYDVQQDExBBbWF6\nb24gUm9vdCBDQSAxMB4XDTIyMDgyMzIyMjYzNVoXDTMwMDgyMzIyMjYzNVowPDEL\nMAkGA1UEBhMCVVMxDzANBgNVBAoTBkFtYXpvbjEcMBoGA1UEAxMTQW1hem9uIFJT\nQSAyMDQ4IE0wNDCCASIwDQYJKoZIhvcNAQEBBQADggEPADCCAQoCggEBAM3pVR6A\nlQOp4xe776FdePXyejgA38mYx1ou9/jrpV6Sfn+/oqBKgwhY6ePsQHHQayWBJdBn\nv4Wz363qRI4XUh9swBFJ11TnZ3LqOMvHmWq2+loA0QPtOfXdJ2fHBLrBrngtJ/GB\n0p5olAVYrSZgvQGP16Rf8ddtNyxEEhYm3HuhmNi+vSeAq1tLYJPAvRCXonTpWdSD\nxY6hvdmxlqTYi82AtBXSfpGQ58HHM0hw0C6aQakghrwWi5fGslLOqzpimNMIsT7c\nqa0GJx6JfKqJqmQQNplO2h8n9ZsFJgBowof01ppdoLAWg6caMOM0om/VILKaa30F\n9W/r8Qjah7ltGVkCAwEAAaOCAVowggFWMBIGA1UdEwEB/wQIMAYBAf8CAQAwDgYD\nVR0PAQH/BAQDAgGGMB0GA1UdJQQWMBQGCCsGAQUFBwMBBggrBgEFBQcDAjAdBgNV\nHQ4EFgQUH1KSYVaCVH+BZtgdPQqqMlyH3QgwHwYDVR0jBBgwFoAUhBjMhTTsvAyU\nlC4IWZzHshBOCggwewYIKwYBBQUHAQEEbzBtMC8GCCsGAQUFBzABhiNodHRwOi8v\nb2NzcC5yb290Y2ExLmFtYXpvbnRydXN0LmNvbTA6BggrBgEFBQcwAoYuaHR0cDov\nL2NydC5yb290Y2ExLmFtYXpvbnRydXN0LmNvbS9yb290Y2ExLmNlcjA/BgNVHR8E\nODA2MDSgMqAwhi5odHRwOi8vY3JsLnJvb3RjYTEuYW1hem9udHJ1c3QuY29tL3Jv\nb3RjYTEuY3JsMBMGA1UdIAQMMAowCAYGZ4EMAQIBMA0GCSqGSIb3DQEBCwUAA4IB\nAQA+1O5UsAaNuW3lHzJtpNGwBnZd9QEYFtxpiAnIaV4qApnGS9OCw5ZPwie7YSlD\nZF5yyFPsFhUC2Q9uJHY/CRV1b5hIiGH0+6+w5PgKiY1MWuWT8VAaJjFxvuhM7a/e\nfN2TIw1Wd6WCl6YRisunjQOrSP+unqC8A540JNyZ1JOE3jVqat3OZBGgMvihdj2w\nY23EpwesrKiQzkHzmvSH67PVW4ycbPy08HVZnBxZ5NrlGG9bwXR3fNTaz+c+Ej6c\n5AnwI3qkOFgSkg3Y75cdFz6pO/olK+e3AqygAcv0WjzmkDPuBjssuZjCHMC56oH3\nGJkV29Di2j5prHJbwZjG1inU\n-----END CERTIFICATE-----\n",
                "is_ca": true,
                "issuer": "CN=Amazon Root CA 1,O=Amazon,C=US",
                "not_after": "2030-08-23T22:26:35Z",
                "not_before": "2022-08-23T22:26:35Z",
                "public_key_algorithm": "RSA",
                "serial_number": "166129359584585245282080020727744908546170663",
                "sha1_fingerprint": "e7b8b5a6743ce1b2f17b041de59558a41472d70c",
                "signature_algorithm": "SHA256-RSA",
                "subject": "CN=Amazon RSA 2048 M04,O=Amazon,C=US",
                "version": 3
              },
              {
                "cert_pem": "-----BEGIN CERTIFICATE-----\nMIIF3DCCBMSgAwIBAgIQBc7CF9iuy6gtYuKiVAdAEzANBgkqhkiG9w0BAQsFADA8\nMQswCQYDVQQGEwJVUzEPMA0GA1UEChMGQW1hem9uMRwwGgYDVQQDExNBbWF6b24g\nUlNBIDIwNDggTTA0MB4XDTI1MTAwNjAwMDAwMFoXDTI2MDQwMTIzNTk1OVowKDEm\nMCQGA1UEAwwdKi5la3MudXMtd2VzdC0yLmFtYXpvbmF3cy5jb20wggEiMA0GCSqG\nSIb3DQEBAQUAA4IBDwAwggEKAoIBAQDlK6G/5ndk62q9E+foI6DHkwhiDAS0Ehx+\nWV4YTV0m96EXn4Fnr1/Ieh7yVay/xz/9hJQsYgbjkRav21TAxVREWqTpBpOHDEXq\n89NiY3IQF4b9TFflOrcwLgDd0JtX3EIKEyUy/3+QCLP5iu/0LuwYJUMHmkwq1QIa\n1kOZkXDM5UO7Yq/ZotJjR5ROhGzcD6uEJut6Hx5HU50f8vtJY9aPOz/G01LZweqO\nMbeQVk/pqLeySO+gEwM1FxyF0H6mQP3FdHdIW/GowLAdkHdwtt9rUKScMKiwssmw\niV+c/P8n4JPaCfqZvLQIc5T/6tyRpdDF9wfJome+llvk0/FytdebAgMBAAGjggLs\nMIIC6DAfBgNVHSMEGDAWgBQfUpJhVoJUf4Fm2B09CqoyXIfdCDAdBgNVHQ4EFgQU\nwxRbt1dG0s5GUgAX/IxxbNxtt1kwKAYDVR0RBCEwH4IdKi5la3MudXMtd2VzdC0y\nLmFtYXpvbmF3cy5jb20wEwYDVR0gBAwwCjAIBgZngQwBAgEwDgYDVR0PAQH/BAQD\nAgWgMBMGA1UdJQQMMAoGCCsGAQUFBwMBMDsGA1UdHwQ0MDIwMKAuoCyGKmh0dHA6\nLy9jcmwucjJtMDQuYW1hem9udHJ1c3QuY29tL3IybTA0LmNybDB1BggrBgEFBQcB\nAQRpMGcwLQYIKwYBBQUHMAGGIWh0dHA6Ly9vY3NwLnIybTA0LmFtYXpvbnRydXN0\nLmNvbTA2BggrBgEFBQcwAoYqaHR0cDovL2NydC5yMm0wNC5hbWF6b250cnVzdC5j\nb20vcjJtMDQuY2VyMAwGA1UdEwEB/wQCMAAwggF+BgorBgEEAdZ5AgQCBIIBbgSC\nAWoBaAB2AJaXZL9VWJet90OHaDcIQnfp8DrV9qTzNm5GpD8PyqnGAAABmbtRaMoA\nAAQDAEcwRQIgYEhzfjdJQESIk6AcV5B3XSKHHCJsBjIon2XUDGibBEQCIQC2yM/1\n9/skavOaJyRzIpW9qL/cQhAT0vzx5TapKnZ6tAB2AGQRxGykEuyniRyiAi4AvKtP\nKAfUHjUnq+r+1QPJfc3wAAABmbtRaK4AAAQDAEcwRQIgGpnUC0SP+dNdTQOnPIRd\nTGCG6sa5ZRJN/TxC+fu78fUCIQDk/vbI+V8GIRGnMv1jsjz4ylRepzdaauK4v6QI\nu0mgkQB2AEmcm2neHXzs/DbezYdkprhbrwqHgBnRVVL76esp3fjDAAABmbtRaL4A\nAAQDAEcwRQIgbPnttAnosLJLAhhcSxxvpkobLx0SFvqBGBqXAgjfe6sCIQCzcY7B\ncGYaxOFz7LvLgwcnPJX08WYBiBXeLNnNJ5BHSzANBgkqhkiG9w0BAQsFAAOCAQEA\nJavL/Vf+nKvpMKYY3WajL5lwzBeo1AtLXGrAJdalKha+Sdct1cxeurlf1FIG7bfZ\nz2hKRTaLA+qe4a7eTzO5AjtVWYXg2CG0wzqjiqpjYKIvZoTRcHsTlVLyXsc5SOSH\noS2WmFUZ6fjDXUlxenYJyTY7aJ4U7sw03SpSIwJKkkZcCNpe+DWpUYbDs8/Z6LIS\nA7MkChzztJB7lBnsy4rkhZimwEjEbbpfsxH33vF9XLapvljIsh1g9a8z+n4y7ggI\nAZVEDLwJTGlZRQFG+cHVhm0+f6T+LoS893SH32FjtHh2rMk4VecHJ30vWfK7TyTA\nD/kdsiUOD8NGk5pmxpy4Zw==\n-----END CERTIFICATE-----\n",
                "is_ca": false,
                "issuer": "CN=Amazon RSA 2048 M04,O=Amazon,C=US",
                "not_after": "2026-04-01T23:59:59Z",
                "not_before": "2025-10-06T00:00:00Z",
                "public_key_algorithm": "RSA",
                "serial_number": "7719689808553677064881260671862784019",
                "sha1_fingerprint": "27d17a27ca2cb41421dc3be46e4d25ee24cbabd1",
                "signature_algorithm": "SHA256-RSA",
                "subject": "CN=*.eks.us-west-2.amazonaws.com",
                "version": 3
              }
            ],
            "content": null,
            "id": "4687b9863b4f2caa907e2ad6c9ffcf73433dc367",
            "url": "https://oidc.eks.us-west-2.amazonaws.com/id/ED0B24914AA9798B3EF559DF08F7BC02",
            "verify_chain": true
          },
          "sensitive_attributes": []
        }
      ]
    },
    {
      "mode": "managed",
      "type": "aws_db_instance",
      "name": "n8n",
      "provider": "provider[\"registry.terraform.io/hashicorp/aws\"]",
      "instances": [
        {
          "index_key": 0,
          "schema_version": 2,
          "attributes": {
            "address": "n8n-app-postgres.cfmqkgyiotec.us-west-2.rds.amazonaws.com",
            "allocated_storage": 20,
            "allow_major_version_upgrade": null,
            "apply_immediately": false,
            "arn": "arn:aws:rds:us-west-2:294825482201:db:n8n-app-postgres",
            "auto_minor_version_upgrade": true,
            "availability_zone": "us-west-2b",
            "backup_retention_period": 7,
            "backup_target": "region",
            "backup_window": "03:00-04:00",
            "blue_green_update": [],
            "ca_cert_identifier": "rds-ca-rsa2048-g1",
            "character_set_name": "",
            "copy_tags_to_snapshot": false,
            "custom_iam_instance_profile": "",
            "customer_owned_ip_enabled": false,
            "database_insights_mode": "standard",
            "db_name": "n8n",
            "db_subnet_group_name": "n8n-app-db-subnet-group",
            "dedicated_log_volume": false,
            "delete_automated_backups": true,
            "deletion_protection": false,
            "domain": "",
            "domain_auth_secret_arn": "",
            "domain_dns_ips": null,
            "domain_fqdn": "",
            "domain_iam_role_name": "",
            "domain_ou": "",
            "enabled_cloudwatch_logs_exports": null,
            "endpoint": "n8n-app-postgres.cfmqkgyiotec.us-west-2.rds.amazonaws.com:5432",
            "engine": "postgres",
            "engine_lifecycle_support": "open-source-rds-extended-support",
            "engine_version": "15.14",
            "engine_version_actual": "15.14",
            "final_snapshot_identifier": null,
            "hosted_zone_id": "Z1PVIF0B656C1W",
            "iam_database_authentication_enabled": false,
            "id": "db-RWW3AUQPHPTULSNHIGZ5MAMAJU",
            "identifier": "n8n-app-postgres",
            "identifier_prefix": "",
            "instance_class": "db.t3.micro",
            "iops": 3000,
            "kms_key_id": "arn:aws:kms:us-west-2:294825482201:key/fff4c172-ddc3-4525-9b8f-829fc2928334",
            "latest_restorable_time": "2025-10-17T15:04:27Z",
            "license_model": "postgresql-license",
            "listener_endpoint": [],
            "maintenance_window": "mon:04:00-mon:05:00",
            "manage_master_user_password": null,
            "master_user_secret": [],
            "master_user_secret_kms_key_id": null,
            "max_allocated_storage": 0,
            "monitoring_interval": 0,
            "monitoring_role_arn": "",
            "multi_az": false,
            "nchar_character_set_name": "",
            "network_type": "IPV4",
            "option_group_name": "default:postgres-15",
            "parameter_group_name": "default.postgres15",
            "password": "EeB:+ZP5?W}dGCka*CT=uIEq3IxqfN4H",
            "password_wo": null,
            "password_wo_version": null,
            "performance_insights_enabled": false,
            "performance_insights_kms_key_id": "",
            "performance_insights_retention_period": 0,
            "port": 5432,
            "publicly_accessible": false,
            "replica_mode": "",
            "replicas": [],
            "replicate_source_db": "",
            "resource_id": "db-RWW3AUQPHPTULSNHIGZ5MAMAJU",
            "restore_to_point_in_time": [],
            "s3_import": [],
            "skip_final_snapshot": true,
            "snapshot_identifier": null,
            "status": "available",
            "storage_encrypted": true,
            "storage_throughput": 125,
            "storage_type": "gp3",
            "tags": {
              "Name": "n8n-app-postgres",
              "Project": "n8n-app"
            },
            "tags_all": {
              "Name": "n8n-app-postgres",
              "Project": "n8n-app"
            },
            "timeouts": null,
            "timezone": "",
            "upgrade_storage_config": null,
            "username": "n8n_user",
            "vpc_security_group_ids": [
              "sg-013e226fe7283c0c7"
            ]
          },
          "sensitive_attributes": [
            [
              {
                "type": "get_attr",
                "value": "password"
              }
            ]
          ],
          "private": "eyJlMmJmYjczMC1lY2FhLTExZTYtOGY4OC0zNDM2M2JjN2M0YzAiOnsiY3JlYXRlIjozMDAwMDAwMDAwMDAwLCJkZWxldGUiOjM2MDAwMDAwMDAwMDAsInVwZGF0ZSI6NDgwMDAwMDAwMDAwMH0sInNjaGVtYV92ZXJzaW9uIjoiMiJ9",
          "dependencies": [
            "aws_db_subnet_group.n8n",
            "aws_eks_cluster.main",
            "aws_iam_role.eks_cluster",
            "aws_iam_role_policy_attachment.eks_cluster_policy",
            "aws_iam_role_policy_attachment.eks_vpc_resource_controller",
            "aws_security_group.eks_nodes",
            "aws_security_group.rds",
            "aws_subnet.private",
            "aws_subnet.public",
            "aws_vpc.main",
            "data.aws_availability_zones.available",
            "data.aws_iam_policy_document.eks_assume_role",
            "random_password.rds_password"
          ]
        }
      ]
    },
    {
      "mode": "managed",
      "type": "aws_db_subnet_group",
      "name": "n8n",
      "provider": "provider[\"registry.terraform.io/hashicorp/aws\"]",
      "instances": [
        {
          "index_key": 0,
          "schema_version": 0,
          "attributes": {
            "arn": "arn:aws:rds:us-west-2:294825482201:subgrp:n8n-app-db-subnet-group",
            "description": "Managed by Terraform",
            "id": "n8n-app-db-subnet-group",
            "name": "n8n-app-db-subnet-group",
            "name_prefix": "",
            "subnet_ids": [
              "subnet-0354c382608ecc52e",
              "subnet-04320f7eec7b4035a",
              "subnet-048571237070d490b"
            ],
            "supported_network_types": [
              "IPV4"
            ],
            "tags": {
              "Name": "n8n-app-db-subnet-group",
              "Project": "n8n-app"
            },
            "tags_all": {
              "Name": "n8n-app-db-subnet-group",
              "Project": "n8n-app"
            },
            "vpc_id": "vpc-0a12595afcd4dc7a0"
          },
          "sensitive_attributes": [],
          "private": "bnVsbA==",
          "dependencies": [
            "aws_subnet.private",
            "aws_vpc.main",
            "data.aws_availability_zones.available"
          ]
        }
      ]
    },
    {
      "mode": "managed",
      "type": "aws_eip",
      "name": "nlb",
      "provider": "provider[\"registry.terraform.io/hashicorp/aws\"]",
      "instances": [
        {
          "index_key": 0,
          "schema_version": 0,
          "attributes": {
            "address": null,
            "allocation_id": "eipalloc-052506687d3c2ac3a",
            "arn": "arn:aws:ec2:us-west-2:294825482201:elastic-ip/eipalloc-052506687d3c2ac3a",
            "associate_with_private_ip": null,
            "association_id": "",
            "carrier_ip": "",
            "customer_owned_ip": "",
            "customer_owned_ipv4_pool": "",
            "domain": "vpc",
            "id": "eipalloc-052506687d3c2ac3a",
            "instance": "",
            "ipam_pool_id": null,
            "network_border_group": "us-west-2",
            "network_interface": "",
            "private_dns": null,
            "private_ip": "",
            "ptr_record": "",
            "public_dns": "ec2-35-166-161-145.us-west-2.compute.amazonaws.com",
            "public_ip": "35.166.161.145",
            "public_ipv4_pool": "amazon",
            "tags": {
              "Name": "n8n-app-nlb-eip-us-west-2a",
              "Project": "n8n-app"
            },
            "tags_all": {
              "Name": "n8n-app-nlb-eip-us-west-2a",
              "Project": "n8n-app"
            },
            "timeouts": null,
            "vpc": true
          },
          "sensitive_attributes": [],
          "private": "eyJlMmJmYjczMC1lY2FhLTExZTYtOGY4OC0zNDM2M2JjN2M0YzAiOnsiZGVsZXRlIjoxODAwMDAwMDAwMDAsInJlYWQiOjkwMDAwMDAwMDAwMCwidXBkYXRlIjozMDAwMDAwMDAwMDB9fQ==",
          "dependencies": [
            "data.aws_availability_zones.available"
          ]
        },
        {
          "index_key": 1,
          "schema_version": 0,
          "attributes": {
            "address": null,
            "allocation_id": "eipalloc-0fcc39ace9e222898",
            "arn": "arn:aws:ec2:us-west-2:294825482201:elastic-ip/eipalloc-0fcc39ace9e222898",
            "associate_with_private_ip": null,
            "association_id": "",
            "carrier_ip": "",
            "customer_owned_ip": "",
            "customer_owned_ipv4_pool": "",
            "domain": "vpc",
            "id": "eipalloc-0fcc39ace9e222898",
            "instance": "",
            "ipam_pool_id": null,
            "network_border_group": "us-west-2",
            "network_interface": "",
            "private_dns": null,
            "private_ip": "",
            "ptr_record": "",
            "public_dns": "ec2-54-69-194-136.us-west-2.compute.amazonaws.com",
            "public_ip": "54.69.194.136",
            "public_ipv4_pool": "amazon",
            "tags": {
              "Name": "n8n-app-nlb-eip-us-west-2b",
              "Project": "n8n-app"
            },
            "tags_all": {
              "Name": "n8n-app-nlb-eip-us-west-2b",
              "Project": "n8n-app"
            },
            "timeouts": null,
            "vpc": true
          },
          "sensitive_attributes": [],
          "private": "eyJlMmJmYjczMC1lY2FhLTExZTYtOGY4OC0zNDM2M2JjN2M0YzAiOnsiZGVsZXRlIjoxODAwMDAwMDAwMDAsInJlYWQiOjkwMDAwMDAwMDAwMCwidXBkYXRlIjozMDAwMDAwMDAwMDB9fQ==",
          "dependencies": [
            "data.aws_availability_zones.available"
          ]
        },
        {
          "index_key": 2,
          "schema_version": 0,
          "attributes": {
            "address": null,
            "allocation_id": "eipalloc-0cdf05cf986139779",
            "arn": "arn:aws:ec2:us-west-2:294825482201:elastic-ip/eipalloc-0cdf05cf986139779",
            "associate_with_private_ip": null,
            "association_id": "",
            "carrier_ip": "",
            "customer_owned_ip": "",
            "customer_owned_ipv4_pool": "",
            "domain": "vpc",
            "id": "eipalloc-0cdf05cf986139779",
            "instance": "",
            "ipam_pool_id": null,
            "network_border_group": "us-west-2",
            "network_interface": "",
            "private_dns": null,
            "private_ip": "",
            "ptr_record": "",
            "public_dns": "ec2-35-155-238-192.us-west-2.compute.amazonaws.com",
            "public_ip": "35.155.238.192",
            "public_ipv4_pool": "amazon",
            "tags": {
              "Name": "n8n-app-nlb-eip-us-west-2c",
              "Project": "n8n-app"
            },
            "tags_all": {
              "Name": "n8n-app-nlb-eip-us-west-2c",
              "Project": "n8n-app"
            },
            "timeouts": null,
            "vpc": true
          },
          "sensitive_attributes": [],
          "private": "eyJlMmJmYjczMC1lY2FhLTExZTYtOGY4OC0zNDM2M2JjN2M0YzAiOnsiZGVsZXRlIjoxODAwMDAwMDAwMDAsInJlYWQiOjkwMDAwMDAwMDAwMCwidXBkYXRlIjozMDAwMDAwMDAwMDB9fQ==",
          "dependencies": [
            "data.aws_availability_zones.available"
          ]
        }
      ]
    },
    {
      "mode": "managed",
      "type": "aws_eks_cluster",
      "name": "main",
      "provider": "provider[\"registry.terraform.io/hashicorp/aws\"]",
      "instances": [
        {
          "schema_version": 1,
          "attributes": {
            "access_config": [
              {
                "authentication_mode": "CONFIG_MAP",
                "bootstrap_cluster_creator_admin_permissions": true
              }
            ],
            "arn": "arn:aws:eks:us-west-2:294825482201:cluster/n8n-eks-cluster",
            "bootstrap_self_managed_addons": true,
            "certificate_authority": [
              {
                "data": "LS0tLS1CRUdJTiBDRVJUSUZJQ0FURS0tLS0tCk1JSURCVENDQWUyZ0F3SUJBZ0lJTjk3YVB4ZDFiZmt3RFFZSktvWklodmNOQVFFTEJRQXdGVEVUTUJFR0ExVUUKQXhNS2EzVmlaWEp1WlhSbGN6QWVGdzB5TlRFd01UY3hORFV3TWpoYUZ3MHpOVEV3TVRVeE5EVTFNamhhTUJVeApFekFSQmdOVkJBTVRDbXQxWW1WeWJtVjBaWE13Z2dFaU1BMEdDU3FHU0liM0RRRUJBUVVBQTRJQkR3QXdnZ0VLCkFvSUJBUURhZm1MSzRlNHcvNmM0cXVTS2FkYWNDWjVnVmw1OFdOeGhqYlRaUmgvZForckxvR2xuL1krNitGN0cKMGtST0NvN3ZrQjQ1Sm90b2VPY2podzZMdS9YQ0Zydnp4OThCdERnd29ONmpEYStPcGZESEUvU29LNE1MSlIvRAoxRnRZVXp3Sk00cmdGK01ma1k2V1dLU2dqVGhQNmV2OFV2M0NkNS9qVm56bTdQbFFKc3l1NDc2bEUyNkw2ZnZTClNudG0wS3FQTXdJb3BSWnBzYzdDQnVRbFRKNjlMdGt6WnpKTXc3OExWQjAxdnhEMmoyV1phUmNvY2JFR09CdHIKSm02YWhJMHNubFBKazdrUERzOTFVeUxaU05zVnEyeXhVWjl0bkVjZ21TbVNIeHh0dEx6YmxZSnZmVnFQcEp0eAo1cXlub0R6R05aRjRicHphV0lHKzNZZVRQczE5QWdNQkFBR2pXVEJYTUE0R0ExVWREd0VCL3dRRUF3SUNwREFQCkJnTlZIUk1CQWY4RUJUQURBUUgvTUIwR0ExVWREZ1FXQkJTeWVzQkxUelJjK3FnNEtwNDdQdGsrV3E2UFR6QVYKQmdOVkhSRUVEakFNZ2dwcmRXSmxjbTVsZEdWek1BMEdDU3FHU0liM0RRRUJDd1VBQTRJQkFRRExtQlVHSGc0WQpiT3E5ZW42S05xOHhrQVovU1NhRHlEMkVHRTh2WndZWGx5VXZybkVSYzljODBUbkk5aE5IYXowSFplRE9oczN1Cll2Sml3OEJsMStsSXV0OXg4T2xUR09jNlRXQVV4eGtPeTRBUkk4TFVjM1Bscjd5V2pFRDV3WEVCYUp2cUdjbzkKQ3ZoYjlKWjFKSkpLbCt4RCtvNzhkSjJZUTgrT3RpeTNnSFQ2ajdhSnRzcDdlRDN2WEFneDVoZHppZFAwdE1IdgphUnhrakdSWklwWlgzbnp6aHM2NVRDaXo2eFlKaEt4TWZMenpSZStYRGNBTFRndWs3ZFBpUzlYbFFHdE9Sb3hECitsK1haSjVMK3RaRjU5OGF1a2Z5S1p0RGpJNW9aRzlpWWtKdHBadndHSVlLVGdqamNwMS9VSStHelI3dFE2NVcKbkJZUFBSMXdhYjBVCi0tLS0tRU5EIENFUlRJRklDQVRFLS0tLS0K"
              }
            ],
            "cluster_id": null,
            "compute_config": [],
            "created_at": "2025-10-17T14:49:24Z",
            "enabled_cluster_log_types": null,
            "encryption_config": [],
            "endpoint": "https://ED0B24914AA9798B3EF559DF08F7BC02.gr7.us-west-2.eks.amazonaws.com",
            "force_update_version": null,
            "id": "n8n-eks-cluster",
            "identity": [
              {
                "oidc": [
                  {
                    "issuer": "https://oidc.eks.us-west-2.amazonaws.com/id/ED0B24914AA9798B3EF559DF08F7BC02"
                  }
                ]
              }
            ],
            "kubernetes_network_config": [
              {
                "elastic_load_balancing": [
                  {
                    "enabled": false
                  }
                ],
                "ip_family": "ipv4",
                "service_ipv4_cidr": "172.20.0.0/16",
                "service_ipv6_cidr": ""
              }
            ],
            "name": "n8n-eks-cluster",
            "outpost_config": [],
            "platform_version": "eks.41",
            "remote_network_config": [],
            "role_arn": "arn:aws:iam::294825482201:role/n8n-app-eks-cluster-role",
            "status": "ACTIVE",
            "storage_config": [],
            "tags": {
              "Name": "n8n-eks-cluster",
              "Project": "n8n-app"
            },
            "tags_all": {
              "Name": "n8n-eks-cluster",
              "Project": "n8n-app"
            },
            "timeouts": null,
            "upgrade_policy": [
              {
                "support_type": "EXTENDED"
              }
            ],
            "version": "1.31",
            "vpc_config": [
              {
                "cluster_security_group_id": "sg-0645c1d1311d4fab3",
                "endpoint_private_access": true,
                "endpoint_public_access": true,
                "public_access_cidrs": [
                  "0.0.0.0/0"
                ],
                "security_group_ids": null,
                "subnet_ids": [
                  "subnet-0354c382608ecc52e",
                  "subnet-04320f7eec7b4035a",
                  "subnet-048571237070d490b",
                  "subnet-077b4e4b88e459ea5",
                  "subnet-08dd231504f0827ff",
                  "subnet-0cff955627a665fbb"
                ],
                "vpc_id": "vpc-0a12595afcd4dc7a0"
              }
            ],
            "zonal_shift_config": []
          },
          "sensitive_attributes": [],
          "private": "eyJlMmJmYjczMC1lY2FhLTExZTYtOGY4OC0zNDM2M2JjN2M0YzAiOnsiY3JlYXRlIjoxODAwMDAwMDAwMDAwLCJkZWxldGUiOjkwMDAwMDAwMDAwMCwidXBkYXRlIjozNjAwMDAwMDAwMDAwfSwic2NoZW1hX3ZlcnNpb24iOiIxIn0=",
          "dependencies": [
            "aws_iam_role.eks_cluster",
            "aws_iam_role_policy_attachment.eks_cluster_policy",
            "aws_iam_role_policy_attachment.eks_vpc_resource_controller",
            "aws_subnet.private",
            "aws_subnet.public",
            "aws_vpc.main",
            "data.aws_availability_zones.available",
            "data.aws_iam_policy_document.eks_assume_role"
          ]
        }
      ]
    },
    {
      "mode": "managed",
      "type": "aws_iam_openid_connect_provider",
      "name": "eks",
      "provider": "provider[\"registry.terraform.io/hashicorp/aws\"]",
      "instances": [
        {
          "schema_version": 0,
          "attributes": {
            "arn": "arn:aws:iam::294825482201:oidc-provider/oidc.eks.us-west-2.amazonaws.com/id/ED0B24914AA9798B3EF559DF08F7BC02",
            "client_id_list": [
              "sts.amazonaws.com"
            ],
            "id": "arn:aws:iam::294825482201:oidc-provider/oidc.eks.us-west-2.amazonaws.com/id/ED0B24914AA9798B3EF559DF08F7BC02",
            "tags": {
              "Name": "n8n-app-eks-oidc-provider",
              "Project": "n8n-app"
            },
            "tags_all": {
              "Name": "n8n-app-eks-oidc-provider",
              "Project": "n8n-app"
            },
            "thumbprint_list": [
              "06b25927c42a721631c1efd9431e648fa62e1e39"
            ],
            "url": "oidc.eks.us-west-2.amazonaws.com/id/ED0B24914AA9798B3EF559DF08F7BC02"
          },
          "sensitive_attributes": [],
          "private": "bnVsbA==",
          "dependencies": [
            "aws_eks_cluster.main",
            "aws_iam_role.eks_cluster",
            "aws_iam_role_policy_attachment.eks_cluster_policy",
            "aws_iam_role_policy_attachment.eks_vpc_resource_controller",
            "aws_subnet.private",
            "aws_subnet.public",
            "aws_vpc.main",
            "data.aws_availability_zones.available",
            "data.aws_iam_policy_document.eks_assume_role",
            "data.tls_certificate.eks"
          ]
        }
      ]
    },
    {
      "mode": "managed",
      "type": "aws_iam_role",
      "name": "ebs_csi_driver",
      "provider": "provider[\"registry.terraform.io/hashicorp/aws\"]",
      "instances": [
        {
          "schema_version": 0,
          "attributes": {
            "arn": "arn:aws:iam::294825482201:role/n8n-app-ebs-csi-driver-role",
            "assume_role_policy": "{\"Statement\":[{\"Action\":\"sts:AssumeRoleWithWebIdentity\",\"Condition\":{\"StringEquals\":{\"oidc.eks.us-west-2.amazonaws.com/id/ED0B24914AA9798B3EF559DF08F7BC02:aud\":\"sts.amazonaws.com\",\"oidc.eks.us-west-2.amazonaws.com/id/ED0B24914AA9798B3EF559DF08F7BC02:sub\":\"system:serviceaccount:kube-system:ebs-csi-controller-sa\"}},\"Effect\":\"Allow\",\"Principal\":{\"Federated\":\"arn:aws:iam::294825482201:oidc-provider/oidc.eks.us-west-2.amazonaws.com/id/ED0B24914AA9798B3EF559DF08F7BC02\"}}],\"Version\":\"2012-10-17\"}",
            "create_date": "2025-10-17T14:59:50Z",
            "description": "",
            "force_detach_policies": false,
            "id": "n8n-app-ebs-csi-driver-role",
            "inline_policy": [],
            "managed_policy_arns": [],
            "max_session_duration": 3600,
            "name": "n8n-app-ebs-csi-driver-role",
            "name_prefix": "",
            "path": "/",
            "permissions_boundary": "",
            "tags": {
              "Name": "n8n-app-ebs-csi-driver-role",
              "Project": "n8n-app"
            },
            "tags_all": {
              "Name": "n8n-app-ebs-csi-driver-role",
              "Project": "n8n-app"
            },
            "unique_id": "AROAUJJHX27M562ILSYWQ"
          },
          "sensitive_attributes": [],
          "private": "bnVsbA==",
          "dependencies": [
            "aws_eks_cluster.main",
            "aws_iam_openid_connect_provider.eks",
            "aws_iam_role.eks_cluster",
            "aws_iam_role_policy_attachment.eks_cluster_policy",
            "aws_iam_role_policy_attachment.eks_vpc_resource_controller",
            "aws_subnet.private",
            "aws_subnet.public",
            "aws_vpc.main",
            "data.aws_availability_zones.available",
            "data.aws_iam_policy_document.ebs_csi_assume_role",
            "data.aws_iam_policy_document.eks_assume_role",
            "data.tls_certificate.eks"
          ]
        }
      ]
    },
    {
      "mode": "managed",
      "type": "aws_iam_role",
      "name": "eks_cluster",
      "provider": "provider[\"registry.terraform.io/hashicorp/aws\"]",
      "instances": [
        {
          "schema_version": 0,
          "attributes": {
            "arn": "arn:aws:iam::294825482201:role/n8n-app-eks-cluster-role",
            "assume_role_policy": "{\"Statement\":[{\"Action\":\"sts:AssumeRole\",\"Effect\":\"Allow\",\"Principal\":{\"Service\":\"eks.amazonaws.com\"}}],\"Version\":\"2012-10-17\"}",
            "create_date": "2025-10-17T14:48:53Z",
            "description": "",
            "force_detach_policies": false,
            "id": "n8n-app-eks-cluster-role",
            "inline_policy": [],
            "managed_policy_arns": [],
            "max_session_duration": 3600,
            "name": "n8n-app-eks-cluster-role",
            "name_prefix": "",
            "path": "/",
            "permissions_boundary": "",
            "tags": {
              "Name": "n8n-app-eks-cluster-role",
              "Project": "n8n-app"
            },
            "tags_all": {
              "Name": "n8n-app-eks-cluster-role",
              "Project": "n8n-app"
            },
            "unique_id": "AROAUJJHX27M6JJ5UKBQR"
          },
          "sensitive_attributes": [],
          "private": "bnVsbA==",
          "dependencies": [
            "data.aws_iam_policy_document.eks_assume_role"
          ]
        }
      ]
    },
    {
      "mode": "managed",
      "type": "aws_iam_role",
      "name": "eks_nodes",
      "provider": "provider[\"registry.terraform.io/hashicorp/aws\"]",
      "instances": [
        {
          "schema_version": 0,
          "attributes": {
            "arn": "arn:aws:iam::294825482201:role/n8n-app-eks-node-role",
            "assume_role_policy": "{\"Statement\":[{\"Action\":\"sts:AssumeRole\",\"Effect\":\"Allow\",\"Principal\":{\"Service\":\"ec2.amazonaws.com\"}}],\"Version\":\"2012-10-17\"}",
            "create_date": "2025-10-17T14:48:53Z",
            "description": "",
            "force_detach_policies": false,
            "id": "n8n-app-eks-node-role",
            "inline_policy": [],
            "managed_policy_arns": [],
            "max_session_duration": 3600,
            "name": "n8n-app-eks-node-role",
            "name_prefix": "",
            "path": "/",
            "permissions_boundary": "",
            "tags": {
              "Name": "n8n-app-eks-node-role",
              "Project": "n8n-app"
            },
            "tags_all": {
              "Name": "n8n-app-eks-node-role",
              "Project": "n8n-app"
            },
            "unique_id": "AROAUJJHX27MRDE43A3E7"
          },
          "sensitive_attributes": [],
          "private": "bnVsbA==",
          "dependencies": [
            "data.aws_iam_policy_document.node_assume_role"
          ]
        }
      ]
    },
    {
      "mode": "managed",
      "type": "aws_iam_role_policy",
      "name": "node_ssm_get_param",
      "provider": "provider[\"registry.terraform.io/hashicorp/aws\"]",
      "instances": [
        {
          "schema_version": 0,
          "attributes": {
            "id": "n8n-app-eks-node-role:allow-n8n-ssm-get-parameter",
            "name": "allow-n8n-ssm-get-parameter",
            "name_prefix": "",
            "policy": "{\"Version\":\"2012-10-17\",\"Statement\":[{\"Action\":[\"ssm:GetParameter\",\"ssm:GetParameters\"],\"Effect\":\"Allow\",\"Resource\":\"arn:aws:ssm:us-west-2:294825482201:parameter/n8n/encryption_key\",\"Sid\":\"AllowGetParameter\"}]}",
            "role": "n8n-app-eks-node-role"
          },
          "sensitive_attributes": [],
          "private": "bnVsbA==",
          "dependencies": [
            "aws_iam_role.eks_nodes",
            "aws_ssm_parameter.n8n_encryption_key",
            "data.aws_iam_policy_document.node_assume_role",
            "random_id.enc"
          ]
        }
      ]
    },
    {
      "mode": "managed",
      "type": "aws_iam_role_policy_attachment",
      "name": "ebs_csi_driver",
      "provider": "provider[\"registry.terraform.io/hashicorp/aws\"]",
      "instances": [
        {
          "schema_version": 0,
          "attributes": {
            "id": "n8n-app-ebs-csi-driver-role-2025101714595185660000000a",
            "policy_arn": "arn:aws:iam::aws:policy/service-role/AmazonEBSCSIDriverPolicy",
            "role": "n8n-app-ebs-csi-driver-role"
          },
          "sensitive_attributes": [],
          "private": "bnVsbA==",
          "dependencies": [
            "aws_eks_cluster.main",
            "aws_iam_openid_connect_provider.eks",
            "aws_iam_role.ebs_csi_driver",
            "aws_iam_role.eks_cluster",
            "aws_iam_role_policy_attachment.eks_cluster_policy",
            "aws_iam_role_policy_attachment.eks_vpc_resource_controller",
            "aws_subnet.private",
            "aws_subnet.public",
            "aws_vpc.main",
            "data.aws_availability_zones.available",
            "data.aws_iam_policy_document.ebs_csi_assume_role",
            "data.aws_iam_policy_document.eks_assume_role",
            "data.tls_certificate.eks"
          ]
        }
      ]
    },
    {
      "mode": "managed",
      "type": "aws_iam_role_policy_attachment",
      "name": "eks_cluster_policy",
      "provider": "provider[\"registry.terraform.io/hashicorp/aws\"]",
      "instances": [
        {
          "schema_version": 0,
          "attributes": {
            "id": "n8n-app-eks-cluster-role-20251017144855231700000007",
            "policy_arn": "arn:aws:iam::aws:policy/AmazonEKSClusterPolicy",
            "role": "n8n-app-eks-cluster-role"
          },
          "sensitive_attributes": [],
          "private": "bnVsbA==",
          "dependencies": [
            "aws_iam_role.eks_cluster",
            "data.aws_iam_policy_document.eks_assume_role"
          ]
        }
      ]
    },
    {
      "mode": "managed",
      "type": "aws_iam_role_policy_attachment",
      "name": "eks_vpc_resource_controller",
      "provider": "provider[\"registry.terraform.io/hashicorp/aws\"]",
      "instances": [
        {
          "schema_version": 0,
          "attributes": {
            "id": "n8n-app-eks-cluster-role-20251017144854937300000005",
            "policy_arn": "arn:aws:iam::aws:policy/AmazonEKSVPCResourceController",
            "role": "n8n-app-eks-cluster-role"
          },
          "sensitive_attributes": [],
          "private": "bnVsbA==",
          "dependencies": [
            "aws_iam_role.eks_cluster",
            "data.aws_iam_policy_document.eks_assume_role"
          ]
        }
      ]
    },
    {
      "mode": "managed",
      "type": "aws_iam_role_policy_attachment",
      "name": "node_cni_policy",
      "provider": "provider[\"registry.terraform.io/hashicorp/aws\"]",
      "instances": [
        {
          "schema_version": 0,
          "attributes": {
            "id": "n8n-app-eks-node-role-20251017144854669100000003",
            "policy_arn": "arn:aws:iam::aws:policy/AmazonEKS_CNI_Policy",
            "role": "n8n-app-eks-node-role"
          },
          "sensitive_attributes": [],
          "private": "bnVsbA==",
          "dependencies": [
            "aws_iam_role.eks_nodes",
            "data.aws_iam_policy_document.node_assume_role"
          ]
        }
      ]
    },
    {
      "mode": "managed",
      "type": "aws_iam_role_policy_attachment",
      "name": "node_registry_policy",
      "provider": "provider[\"registry.terraform.io/hashicorp/aws\"]",
      "instances": [
        {
          "schema_version": 0,
          "attributes": {
            "id": "n8n-app-eks-node-role-20251017144854491200000002",
            "policy_arn": "arn:aws:iam::aws:policy/AmazonEC2ContainerRegistryReadOnly",
            "role": "n8n-app-eks-node-role"
          },
          "sensitive_attributes": [],
          "private": "bnVsbA==",
          "dependencies": [
            "aws_iam_role.eks_nodes",
            "data.aws_iam_policy_document.node_assume_role"
          ]
        }
      ]
    },
    {
      "mode": "managed",
      "type": "aws_iam_role_policy_attachment",
      "name": "node_ssm_policy",
      "provider": "provider[\"registry.terraform.io/hashicorp/aws\"]",
      "instances": [
        {
          "schema_version": 0,
          "attributes": {
            "id": "n8n-app-eks-node-role-20251017144854770000000004",
            "policy_arn": "arn:aws:iam::aws:policy/AmazonSSMManagedInstanceCore",
            "role": "n8n-app-eks-node-role"
          },
          "sensitive_attributes": [],
          "private": "bnVsbA==",
          "dependencies": [
            "aws_iam_role.eks_nodes",
            "data.aws_iam_policy_document.node_assume_role"
          ]
        }
      ]
    },
    {
      "mode": "managed",
      "type": "aws_iam_role_policy_attachment",
      "name": "node_worker_policy",
      "provider": "provider[\"registry.terraform.io/hashicorp/aws\"]",
      "instances": [
        {
          "schema_version": 0,
          "attributes": {
            "id": "n8n-app-eks-node-role-20251017144854981100000006",
            "policy_arn": "arn:aws:iam::aws:policy/AmazonEKSWorkerNodePolicy",
            "role": "n8n-app-eks-node-role"
          },
          "sensitive_attributes": [],
          "private": "bnVsbA==",
          "dependencies": [
            "aws_iam_role.eks_nodes",
            "data.aws_iam_policy_document.node_assume_role"
          ]
        }
      ]
    },
    {
      "mode": "managed",
      "type": "aws_internet_gateway",
      "name": "main",
      "provider": "provider[\"registry.terraform.io/hashicorp/aws\"]",
      "instances": [
        {
          "schema_version": 0,
          "attributes": {
            "arn": "arn:aws:ec2:us-west-2:294825482201:internet-gateway/igw-021b6271b2e14cf4d",
            "id": "igw-021b6271b2e14cf4d",
            "owner_id": "294825482201",
            "tags": {
              "Name": "n8n-app-igw",
              "Project": "n8n-app"
            },
            "tags_all": {
              "Name": "n8n-app-igw",
              "Project": "n8n-app"
            },
            "timeouts": null,
            "vpc_id": "vpc-0a12595afcd4dc7a0"
          },
          "sensitive_attributes": [],
          "private": "eyJlMmJmYjczMC1lY2FhLTExZTYtOGY4OC0zNDM2M2JjN2M0YzAiOnsiY3JlYXRlIjoxMjAwMDAwMDAwMDAwLCJkZWxldGUiOjEyMDAwMDAwMDAwMDAsInVwZGF0ZSI6MTIwMDAwMDAwMDAwMH19",
          "dependencies": [
            "aws_vpc.main"
          ]
        }
      ]
    },
    {
      "mode": "managed",
      "type": "aws_route_table",
      "name": "public",
      "provider": "provider[\"registry.terraform.io/hashicorp/aws\"]",
      "instances": [
        {
          "schema_version": 0,
          "attributes": {
            "arn": "arn:aws:ec2:us-west-2:294825482201:route-table/rtb-03455b809298b05c2",
            "id": "rtb-03455b809298b05c2",
            "owner_id": "294825482201",
            "propagating_vgws": [],
            "route": [
              {
                "carrier_gateway_id": "",
                "cidr_block": "0.0.0.0/0",
                "core_network_arn": "",
                "destination_prefix_list_id": "",
                "egress_only_gateway_id": "",
                "gateway_id": "igw-021b6271b2e14cf4d",
                "ipv6_cidr_block": "",
                "local_gateway_id": "",
                "nat_gateway_id": "",
                "network_interface_id": "",
                "transit_gateway_id": "",
                "vpc_endpoint_id": "",
                "vpc_peering_connection_id": ""
              }
            ],
            "tags": {
              "Name": "n8n-app-public-rt",
              "Project": "n8n-app"
            },
            "tags_all": {
              "Name": "n8n-app-public-rt",
              "Project": "n8n-app"
            },
            "timeouts": null,
            "vpc_id": "vpc-0a12595afcd4dc7a0"
          },
          "sensitive_attributes": [],
          "private": "eyJlMmJmYjczMC1lY2FhLTExZTYtOGY4OC0zNDM2M2JjN2M0YzAiOnsiY3JlYXRlIjozMDAwMDAwMDAwMDAsImRlbGV0ZSI6MzAwMDAwMDAwMDAwLCJ1cGRhdGUiOjEyMDAwMDAwMDAwMH19",
          "dependencies": [
            "aws_internet_gateway.main",
            "aws_vpc.main"
          ]
        }
      ]
    },
    {
      "mode": "managed",
      "type": "aws_route_table_association",
      "name": "public",
      "provider": "provider[\"registry.terraform.io/hashicorp/aws\"]",
      "instances": [
        {
          "index_key": 0,
          "schema_version": 0,
          "attributes": {
            "gateway_id": "",
            "id": "rtbassoc-0742095a909a82e18",
            "route_table_id": "rtb-03455b809298b05c2",
            "subnet_id": "subnet-077b4e4b88e459ea5",
            "timeouts": null
          },
          "sensitive_attributes": [],
          "private": "eyJlMmJmYjczMC1lY2FhLTExZTYtOGY4OC0zNDM2M2JjN2M0YzAiOnsiY3JlYXRlIjozMDAwMDAwMDAwMDAsImRlbGV0ZSI6MzAwMDAwMDAwMDAwLCJ1cGRhdGUiOjEyMDAwMDAwMDAwMH19",
          "dependencies": [
            "aws_internet_gateway.main",
            "aws_route_table.public",
            "aws_subnet.public",
            "aws_vpc.main",
            "data.aws_availability_zones.available"
          ]
        },
        {
          "index_key": 1,
          "schema_version": 0,
          "attributes": {
            "gateway_id": "",
            "id": "rtbassoc-03e295daa7442cec9",
            "route_table_id": "rtb-03455b809298b05c2",
            "subnet_id": "subnet-08dd231504f0827ff",
            "timeouts": null
          },
          "sensitive_attributes": [],
          "private": "eyJlMmJmYjczMC1lY2FhLTExZTYtOGY4OC0zNDM2M2JjN2M0YzAiOnsiY3JlYXRlIjozMDAwMDAwMDAwMDAsImRlbGV0ZSI6MzAwMDAwMDAwMDAwLCJ1cGRhdGUiOjEyMDAwMDAwMDAwMH19",
          "dependencies": [
            "aws_internet_gateway.main",
            "aws_route_table.public",
            "aws_subnet.public",
            "aws_vpc.main",
            "data.aws_availability_zones.available"
          ]
        },
        {
          "index_key": 2,
          "schema_version": 0,
          "attributes": {
            "gateway_id": "",
            "id": "rtbassoc-0343f3b5b42555ddb",
            "route_table_id": "rtb-03455b809298b05c2",
            "subnet_id": "subnet-0cff955627a665fbb",
            "timeouts": null
          },
          "sensitive_attributes": [],
          "private": "eyJlMmJmYjczMC1lY2FhLTExZTYtOGY4OC0zNDM2M2JjN2M0YzAiOnsiY3JlYXRlIjozMDAwMDAwMDAwMDAsImRlbGV0ZSI6MzAwMDAwMDAwMDAwLCJ1cGRhdGUiOjEyMDAwMDAwMDAwMH19",
          "dependencies": [
            "aws_internet_gateway.main",
            "aws_route_table.public",
            "aws_subnet.public",
            "aws_vpc.main",
            "data.aws_availability_zones.available"
          ]
        }
      ]
    },
    {
      "mode": "managed",
      "type": "aws_secretsmanager_secret",
      "name": "db_credentials",
      "provider": "provider[\"registry.terraform.io/hashicorp/aws\"]",
      "instances": [
        {
          "index_key": 0,
          "schema_version": 0,
          "attributes": {
            "arn": "arn:aws:secretsmanager:us-west-2:294825482201:secret:/n8n/db-credentials-c4xIu9",
            "description": "RDS PostgreSQL credentials for n8n",
            "force_overwrite_replica_secret": false,
            "id": "arn:aws:secretsmanager:us-west-2:294825482201:secret:/n8n/db-credentials-c4xIu9",
            "kms_key_id": "",
            "name": "/n8n/db-credentials",
            "name_prefix": "",
            "policy": "",
            "recovery_window_in_days": 0,
            "replica": [],
            "tags": {
              "Name": "n8n-app-db-credentials",
              "Project": "n8n-app"
            },
            "tags_all": {
              "Name": "n8n-app-db-credentials",
              "Project": "n8n-app"
            }
          },
          "sensitive_attributes": [],
          "private": "bnVsbA=="
        }
      ]
    },
    {
      "mode": "managed",
      "type": "aws_secretsmanager_secret_version",
      "name": "db_credentials",
      "provider": "provider[\"registry.terraform.io/hashicorp/aws\"]",
      "instances": [
        {
          "index_key": 0,
          "schema_version": 0,
          "attributes": {
            "arn": "arn:aws:secretsmanager:us-west-2:294825482201:secret:/n8n/db-credentials-c4xIu9",
            "has_secret_string_wo": null,
            "id": "arn:aws:secretsmanager:us-west-2:294825482201:secret:/n8n/db-credentials-c4xIu9|terraform-2025101715062093090000000b",
            "secret_binary": "",
            "secret_id": "arn:aws:secretsmanager:us-west-2:294825482201:secret:/n8n/db-credentials-c4xIu9",
            "secret_string": "{\"dbname\":\"n8n\",\"engine\":\"postgres\",\"host\":\"n8n-app-postgres.cfmqkgyiotec.us-west-2.rds.amazonaws.com:5432\",\"password\":\"EeB:+ZP5?W}dGCka*CT=uIEq3IxqfN4H\",\"port\":5432,\"username\":\"n8n_user\"}",
            "secret_string_wo": null,
            "secret_string_wo_version": null,
            "version_id": "terraform-2025101715062093090000000b",
            "version_stages": [
              "AWSCURRENT"
            ]
          },
          "sensitive_attributes": [
            [
              {
                "type": "get_attr",
                "value": "secret_string"
              }
            ]
          ],
          "private": "bnVsbA==",
          "dependencies": [
            "aws_db_instance.n8n",
            "aws_db_subnet_group.n8n",
            "aws_eks_cluster.main",
            "aws_iam_role.eks_cluster",
            "aws_iam_role_policy_attachment.eks_cluster_policy",
            "aws_iam_role_policy_attachment.eks_vpc_resource_controller",
            "aws_secretsmanager_secret.db_credentials",
            "aws_security_group.eks_nodes",
            "aws_security_group.rds",
            "aws_subnet.private",
            "aws_subnet.public",
            "aws_vpc.main",
            "data.aws_availability_zones.available",
            "data.aws_iam_policy_document.eks_assume_role",
            "random_password.rds_password"
          ]
        }
      ]
    },
    {
      "mode": "managed",
      "type": "aws_security_group",
      "name": "eks_nodes",
      "provider": "provider[\"registry.terraform.io/hashicorp/aws\"]",
      "instances": [
        {
          "schema_version": 1,
          "attributes": {
            "arn": "arn:aws:ec2:us-west-2:294825482201:security-group/sg-075b5ee0488583bd9",
            "description": "Security group for EKS worker nodes",
            "egress": [
              {
                "cidr_blocks": [
                  "0.0.0.0/0"
                ],
                "description": "Allow all outbound traffic",
                "from_port": 0,
                "ipv6_cidr_blocks": [],
                "prefix_list_ids": [],
                "protocol": "-1",
                "security_groups": [],
                "self": false,
                "to_port": 0
              }
            ],
            "id": "sg-075b5ee0488583bd9",
            "ingress": [],
            "name": "n8n-app-eks-nodes-sg",
            "name_prefix": "",
            "owner_id": "294825482201",
            "revoke_rules_on_delete": false,
            "tags": {
              "Name": "n8n-app-eks-nodes-sg",
              "Project": "n8n-app",
              "kubernetes.io/cluster/n8n-eks-cluster": "owned"
            },
            "tags_all": {
              "Name": "n8n-app-eks-nodes-sg",
              "Project": "n8n-app",
              "kubernetes.io/cluster/n8n-eks-cluster": "owned"
            },
            "timeouts": null,
            "vpc_id": "vpc-0a12595afcd4dc7a0"
          },
          "sensitive_attributes": [],
          "private": "eyJlMmJmYjczMC1lY2FhLTExZTYtOGY4OC0zNDM2M2JjN2M0YzAiOnsiY3JlYXRlIjo2MDAwMDAwMDAwMDAsImRlbGV0ZSI6OTAwMDAwMDAwMDAwfSwic2NoZW1hX3ZlcnNpb24iOiIxIn0=",
          "dependencies": [
            "aws_vpc.main"
          ]
        }
      ]
    },
    {
      "mode": "managed",
      "type": "aws_security_group",
      "name": "rds",
      "provider": "provider[\"registry.terraform.io/hashicorp/aws\"]",
      "instances": [
        {
          "index_key": 0,
          "schema_version": 1,
          "attributes": {
            "arn": "arn:aws:ec2:us-west-2:294825482201:security-group/sg-013e226fe7283c0c7",
            "description": "Security group for RDS PostgreSQL",
            "egress": [
              {
                "cidr_blocks": [
                  "0.0.0.0/0"
                ],
                "description": "Allow all outbound",
                "from_port": 0,
                "ipv6_cidr_blocks": [],
                "prefix_list_ids": [],
                "protocol": "-1",
                "security_groups": [],
                "self": false,
                "to_port": 0
              }
            ],
            "id": "sg-013e226fe7283c0c7",
            "ingress": [
              {
                "cidr_blocks": [],
                "description": "PostgreSQL from EKS cluster security group",
                "from_port": 5432,
                "ipv6_cidr_blocks": [],
                "prefix_list_ids": [],
                "protocol": "tcp",
                "security_groups": [
                  "sg-0645c1d1311d4fab3"
                ],
                "self": false,
                "to_port": 5432
              },
              {
                "cidr_blocks": [],
                "description": "PostgreSQL from EKS worker nodes (custom SG)",
                "from_port": 5432,
                "ipv6_cidr_blocks": [],
                "prefix_list_ids": [],
                "protocol": "tcp",
                "security_groups": [
                  "sg-075b5ee0488583bd9"
                ],
                "self": false,
                "to_port": 5432
              }
            ],
            "name": "n8n-app-rds-sg",
            "name_prefix": "",
            "owner_id": "294825482201",
            "revoke_rules_on_delete": false,
            "tags": {
              "Name": "n8n-app-rds-sg",
              "Project": "n8n-app"
            },
            "tags_all": {
              "Name": "n8n-app-rds-sg",
              "Project": "n8n-app"
            },
            "timeouts": null,
            "vpc_id": "vpc-0a12595afcd4dc7a0"
          },
          "sensitive_attributes": [],
          "private": "eyJlMmJmYjczMC1lY2FhLTExZTYtOGY4OC0zNDM2M2JjN2M0YzAiOnsiY3JlYXRlIjo2MDAwMDAwMDAwMDAsImRlbGV0ZSI6OTAwMDAwMDAwMDAwfSwic2NoZW1hX3ZlcnNpb24iOiIxIn0=",
          "dependencies": [
            "aws_eks_cluster.main",
            "aws_iam_role.eks_cluster",
            "aws_iam_role_policy_attachment.eks_cluster_policy",
            "aws_iam_role_policy_attachment.eks_vpc_resource_controller",
            "aws_security_group.eks_nodes",
            "aws_subnet.private",
            "aws_subnet.public",
            "aws_vpc.main",
            "data.aws_availability_zones.available",
            "data.aws_iam_policy_document.eks_assume_role"
          ]
        }
      ]
    },
    {
      "mode": "managed",
      "type": "aws_security_group_rule",
      "name": "cluster_to_node",
      "provider": "provider[\"registry.terraform.io/hashicorp/aws\"]",
      "instances": [
        {
          "schema_version": 2,
          "attributes": {
            "cidr_blocks": null,
            "description": "Allow cluster control plane to communicate with nodes",
            "from_port": 1025,
            "id": "sgrule-4170813825",
            "ipv6_cidr_blocks": null,
            "prefix_list_ids": null,
            "protocol": "tcp",
            "security_group_id": "sg-075b5ee0488583bd9",
            "security_group_rule_id": "sgr-0920ce37f75090d8a",
            "self": false,
            "source_security_group_id": "sg-0645c1d1311d4fab3",
            "timeouts": null,
            "to_port": 65535,
            "type": "ingress"
          },
          "sensitive_attributes": [],
          "private": "eyJlMmJmYjczMC1lY2FhLTExZTYtOGY4OC0zNDM2M2JjN2M0YzAiOnsiY3JlYXRlIjozMDAwMDAwMDAwMDB9LCJzY2hlbWFfdmVyc2lvbiI6IjIifQ==",
          "dependencies": [
            "aws_eks_cluster.main",
            "aws_iam_role.eks_cluster",
            "aws_iam_role_policy_attachment.eks_cluster_policy",
            "aws_iam_role_policy_attachment.eks_vpc_resource_controller",
            "aws_security_group.eks_nodes",
            "aws_subnet.private",
            "aws_subnet.public",
            "aws_vpc.main",
            "data.aws_availability_zones.available",
            "data.aws_iam_policy_document.eks_assume_role"
          ]
        }
      ]
    },
    {
      "mode": "managed",
      "type": "aws_security_group_rule",
      "name": "node_to_cluster",
      "provider": "provider[\"registry.terraform.io/hashicorp/aws\"]",
      "instances": [
        {
          "schema_version": 2,
          "attributes": {
            "cidr_blocks": null,
            "description": "Allow nodes to communicate with cluster API",
            "from_port": 443,
            "id": "sgrule-2742899020",
            "ipv6_cidr_blocks": null,
            "prefix_list_ids": null,
            "protocol": "tcp",
            "security_group_id": "sg-0645c1d1311d4fab3",
            "security_group_rule_id": "sgr-01cdcbe601798459c",
            "self": false,
            "source_security_group_id": "sg-075b5ee0488583bd9",
            "timeouts": null,
            "to_port": 443,
            "type": "ingress"
          },
          "sensitive_attributes": [],
          "private": "eyJlMmJmYjczMC1lY2FhLTExZTYtOGY4OC0zNDM2M2JjN2M0YzAiOnsiY3JlYXRlIjozMDAwMDAwMDAwMDB9LCJzY2hlbWFfdmVyc2lvbiI6IjIifQ==",
          "dependencies": [
            "aws_eks_cluster.main",
            "aws_iam_role.eks_cluster",
            "aws_iam_role_policy_attachment.eks_cluster_policy",
            "aws_iam_role_policy_attachment.eks_vpc_resource_controller",
            "aws_security_group.eks_nodes",
            "aws_subnet.private",
            "aws_subnet.public",
            "aws_vpc.main",
            "data.aws_availability_zones.available",
            "data.aws_iam_policy_document.eks_assume_role"
          ]
        }
      ]
    },
    {
      "mode": "managed",
      "type": "aws_security_group_rule",
      "name": "node_to_node",
      "provider": "provider[\"registry.terraform.io/hashicorp/aws\"]",
      "instances": [
        {
          "schema_version": 2,
          "attributes": {
            "cidr_blocks": null,
            "description": "Allow nodes to communicate with each other",
            "from_port": 0,
            "id": "sgrule-3852952971",
            "ipv6_cidr_blocks": null,
            "prefix_list_ids": null,
            "protocol": "-1",
            "security_group_id": "sg-075b5ee0488583bd9",
            "security_group_rule_id": "sgr-02a6e975104f60cdc",
            "self": false,
            "source_security_group_id": "sg-075b5ee0488583bd9",
            "timeouts": null,
            "to_port": 65535,
            "type": "ingress"
          },
          "sensitive_attributes": [],
          "private": "eyJlMmJmYjczMC1lY2FhLTExZTYtOGY4OC0zNDM2M2JjN2M0YzAiOnsiY3JlYXRlIjozMDAwMDAwMDAwMDB9LCJzY2hlbWFfdmVyc2lvbiI6IjIifQ==",
          "dependencies": [
            "aws_security_group.eks_nodes",
            "aws_vpc.main"
          ]
        }
      ]
    },
    {
      "mode": "managed",
      "type": "aws_ssm_parameter",
      "name": "n8n_encryption_key",
      "provider": "provider[\"registry.terraform.io/hashicorp/aws\"]",
      "instances": [
        {
          "schema_version": 0,
          "attributes": {
            "allowed_pattern": "",
            "arn": "arn:aws:ssm:us-west-2:294825482201:parameter/n8n/encryption_key",
            "data_type": "text",
            "description": "n8n encryption key for secure credential storage",
            "has_value_wo": null,
            "id": "/n8n/encryption_key",
            "insecure_value": null,
            "key_id": "alias/aws/ssm",
            "name": "/n8n/encryption_key",
            "overwrite": null,
            "tags": {
              "Name": "n8n-app-n8n-encryption-key",
              "Project": "n8n-app"
            },
            "tags_all": {
              "Name": "n8n-app-n8n-encryption-key",
              "Project": "n8n-app"
            },
            "tier": "Standard",
            "type": "SecureString",
            "value": "10747ad8f228d60b33e61a22e50027d65937b73f1e5b5bef23eded8b8ba41df5",
            "value_wo": null,
            "value_wo_version": null,
            "version": 1
          },
          "sensitive_attributes": [],
          "private": "bnVsbA==",
          "dependencies": [
            "random_id.enc"
          ]
        }
      ]
    },
    {
      "mode": "managed",
      "type": "aws_subnet",
      "name": "private",
      "provider": "provider[\"registry.terraform.io/hashicorp/aws\"]",
      "instances": [
        {
          "index_key": 0,
          "schema_version": 1,
          "attributes": {
            "arn": "arn:aws:ec2:us-west-2:294825482201:subnet/subnet-0354c382608ecc52e",
            "assign_ipv6_address_on_creation": false,
            "availability_zone": "us-west-2a",
            "availability_zone_id": "usw2-az2",
            "cidr_block": "10.0.100.0/24",
            "customer_owned_ipv4_pool": "",
            "enable_dns64": false,
            "enable_lni_at_device_index": 0,
            "enable_resource_name_dns_a_record_on_launch": false,
            "enable_resource_name_dns_aaaa_record_on_launch": false,
            "id": "subnet-0354c382608ecc52e",
            "ipv6_cidr_block": "",
            "ipv6_cidr_block_association_id": "",
            "ipv6_native": false,
            "map_customer_owned_ip_on_launch": false,
            "map_public_ip_on_launch": false,
            "outpost_arn": "",
            "owner_id": "294825482201",
            "private_dns_hostname_type_on_launch": "ip-name",
            "tags": {
              "Name": "n8n-app-private-us-west-2a",
              "Project": "n8n-app",
              "kubernetes.io/cluster/n8n-eks-cluster": "shared",
              "kubernetes.io/role/internal-elb": "1"
            },
            "tags_all": {
              "Name": "n8n-app-private-us-west-2a",
              "Project": "n8n-app",
              "kubernetes.io/cluster/n8n-eks-cluster": "shared",
              "kubernetes.io/role/internal-elb": "1"
            },
            "timeouts": null,
            "vpc_id": "vpc-0a12595afcd4dc7a0"
          },
          "sensitive_attributes": [],
          "private": "eyJlMmJmYjczMC1lY2FhLTExZTYtOGY4OC0zNDM2M2JjN2M0YzAiOnsiY3JlYXRlIjo2MDAwMDAwMDAwMDAsImRlbGV0ZSI6MTIwMDAwMDAwMDAwMH0sInNjaGVtYV92ZXJzaW9uIjoiMSJ9",
          "dependencies": [
            "aws_vpc.main",
            "data.aws_availability_zones.available"
          ]
        },
        {
          "index_key": 1,
          "schema_version": 1,
          "attributes": {
            "arn": "arn:aws:ec2:us-west-2:294825482201:subnet/subnet-048571237070d490b",
            "assign_ipv6_address_on_creation": false,
            "availability_zone": "us-west-2b",
            "availability_zone_id": "usw2-az1",
            "cidr_block": "10.0.101.0/24",
            "customer_owned_ipv4_pool": "",
            "enable_dns64": false,
            "enable_lni_at_device_index": 0,
            "enable_resource_name_dns_a_record_on_launch": false,
            "enable_resource_name_dns_aaaa_record_on_launch": false,
            "id": "subnet-048571237070d490b",
            "ipv6_cidr_block": "",
            "ipv6_cidr_block_association_id": "",
            "ipv6_native": false,
            "map_customer_owned_ip_on_launch": false,
            "map_public_ip_on_launch": false,
            "outpost_arn": "",
            "owner_id": "294825482201",
            "private_dns_hostname_type_on_launch": "ip-name",
            "tags": {
              "Name": "n8n-app-private-us-west-2b",
              "Project": "n8n-app",
              "kubernetes.io/cluster/n8n-eks-cluster": "shared",
              "kubernetes.io/role/internal-elb": "1"
            },
            "tags_all": {
              "Name": "n8n-app-private-us-west-2b",
              "Project": "n8n-app",
              "kubernetes.io/cluster/n8n-eks-cluster": "shared",
              "kubernetes.io/role/internal-elb": "1"
            },
            "timeouts": null,
            "vpc_id": "vpc-0a12595afcd4dc7a0"
          },
          "sensitive_attributes": [],
          "private": "eyJlMmJmYjczMC1lY2FhLTExZTYtOGY4OC0zNDM2M2JjN2M0YzAiOnsiY3JlYXRlIjo2MDAwMDAwMDAwMDAsImRlbGV0ZSI6MTIwMDAwMDAwMDAwMH0sInNjaGVtYV92ZXJzaW9uIjoiMSJ9",
          "dependencies": [
            "aws_vpc.main",
            "data.aws_availability_zones.available"
          ]
        },
        {
          "index_key": 2,
          "schema_version": 1,
          "attributes": {
            "arn": "arn:aws:ec2:us-west-2:294825482201:subnet/subnet-04320f7eec7b4035a",
            "assign_ipv6_address_on_creation": false,
            "availability_zone": "us-west-2c",
            "availability_zone_id": "usw2-az3",
            "cidr_block": "10.0.102.0/24",
            "customer_owned_ipv4_pool": "",
            "enable_dns64": false,
            "enable_lni_at_device_index": 0,
            "enable_resource_name_dns_a_record_on_launch": false,
            "enable_resource_name_dns_aaaa_record_on_launch": false,
            "id": "subnet-04320f7eec7b4035a",
            "ipv6_cidr_block": "",
            "ipv6_cidr_block_association_id": "",
            "ipv6_native": false,
            "map_customer_owned_ip_on_launch": false,
            "map_public_ip_on_launch": false,
            "outpost_arn": "",
            "owner_id": "294825482201",
            "private_dns_hostname_type_on_launch": "ip-name",
            "tags": {
              "Name": "n8n-app-private-us-west-2c",
              "Project": "n8n-app",
              "kubernetes.io/cluster/n8n-eks-cluster": "shared",
              "kubernetes.io/role/internal-elb": "1"
            },
            "tags_all": {
              "Name": "n8n-app-private-us-west-2c",
              "Project": "n8n-app",
              "kubernetes.io/cluster/n8n-eks-cluster": "shared",
              "kubernetes.io/role/internal-elb": "1"
            },
            "timeouts": null,
            "vpc_id": "vpc-0a12595afcd4dc7a0"
          },
          "sensitive_attributes": [],
          "private": "eyJlMmJmYjczMC1lY2FhLTExZTYtOGY4OC0zNDM2M2JjN2M0YzAiOnsiY3JlYXRlIjo2MDAwMDAwMDAwMDAsImRlbGV0ZSI6MTIwMDAwMDAwMDAwMH0sInNjaGVtYV92ZXJzaW9uIjoiMSJ9",
          "dependencies": [
            "aws_vpc.main",
            "data.aws_availability_zones.available"
          ]
        }
      ]
    },
    {
      "mode": "managed",
      "type": "aws_subnet",
      "name": "public",
      "provider": "provider[\"registry.terraform.io/hashicorp/aws\"]",
      "instances": [
        {
          "index_key": 0,
          "schema_version": 1,
          "attributes": {
            "arn": "arn:aws:ec2:us-west-2:294825482201:subnet/subnet-077b4e4b88e459ea5",
            "assign_ipv6_address_on_creation": false,
            "availability_zone": "us-west-2a",
            "availability_zone_id": "usw2-az2",
            "cidr_block": "10.0.0.0/24",
            "customer_owned_ipv4_pool": "",
            "enable_dns64": false,
            "enable_lni_at_device_index": 0,
            "enable_resource_name_dns_a_record_on_launch": false,
            "enable_resource_name_dns_aaaa_record_on_launch": false,
            "id": "subnet-077b4e4b88e459ea5",
            "ipv6_cidr_block": "",
            "ipv6_cidr_block_association_id": "",
            "ipv6_native": false,
            "map_customer_owned_ip_on_launch": false,
            "map_public_ip_on_launch": true,
            "outpost_arn": "",
            "owner_id": "294825482201",
            "private_dns_hostname_type_on_launch": "ip-name",
            "tags": {
              "Name": "n8n-app-public-us-west-2a",
              "Project": "n8n-app",
              "kubernetes.io/cluster/n8n-eks-cluster": "shared",
              "kubernetes.io/role/elb": "1"
            },
            "tags_all": {
              "Name": "n8n-app-public-us-west-2a",
              "Project": "n8n-app",
              "kubernetes.io/cluster/n8n-eks-cluster": "shared",
              "kubernetes.io/role/elb": "1"
            },
            "timeouts": null,
            "vpc_id": "vpc-0a12595afcd4dc7a0"
          },
          "sensitive_attributes": [],
          "private": "eyJlMmJmYjczMC1lY2FhLTExZTYtOGY4OC0zNDM2M2JjN2M0YzAiOnsiY3JlYXRlIjo2MDAwMDAwMDAwMDAsImRlbGV0ZSI6MTIwMDAwMDAwMDAwMH0sInNjaGVtYV92ZXJzaW9uIjoiMSJ9",
          "dependencies": [
            "aws_vpc.main",
            "data.aws_availability_zones.available"
          ]
        },
        {
          "index_key": 1,
          "schema_version": 1,
          "attributes": {
            "arn": "arn:aws:ec2:us-west-2:294825482201:subnet/subnet-08dd231504f0827ff",
            "assign_ipv6_address_on_creation": false,
            "availability_zone": "us-west-2b",
            "availability_zone_id": "usw2-az1",
            "cidr_block": "10.0.1.0/24",
            "customer_owned_ipv4_pool": "",
            "enable_dns64": false,
            "enable_lni_at_device_index": 0,
            "enable_resource_name_dns_a_record_on_launch": false,
            "enable_resource_name_dns_aaaa_record_on_launch": false,
            "id": "subnet-08dd231504f0827ff",
            "ipv6_cidr_block": "",
            "ipv6_cidr_block_association_id": "",
            "ipv6_native": false,
            "map_customer_owned_ip_on_launch": false,
            "map_public_ip_on_launch": true,
            "outpost_arn": "",
            "owner_id": "294825482201",
            "private_dns_hostname_type_on_launch": "ip-name",
            "tags": {
              "Name": "n8n-app-public-us-west-2b",
              "Project": "n8n-app",
              "kubernetes.io/cluster/n8n-eks-cluster": "shared",
              "kubernetes.io/role/elb": "1"
            },
            "tags_all": {
              "Name": "n8n-app-public-us-west-2b",
              "Project": "n8n-app",
              "kubernetes.io/cluster/n8n-eks-cluster": "shared",
              "kubernetes.io/role/elb": "1"
            },
            "timeouts": null,
            "vpc_id": "vpc-0a12595afcd4dc7a0"
          },
          "sensitive_attributes": [],
          "private": "eyJlMmJmYjczMC1lY2FhLTExZTYtOGY4OC0zNDM2M2JjN2M0YzAiOnsiY3JlYXRlIjo2MDAwMDAwMDAwMDAsImRlbGV0ZSI6MTIwMDAwMDAwMDAwMH0sInNjaGVtYV92ZXJzaW9uIjoiMSJ9",
          "dependencies": [
            "aws_vpc.main",
            "data.aws_availability_zones.available"
          ]
        },
        {
          "index_key": 2,
          "schema_version": 1,
          "attributes": {
            "arn": "arn:aws:ec2:us-west-2:294825482201:subnet/subnet-0cff955627a665fbb",
            "assign_ipv6_address_on_creation": false,
            "availability_zone": "us-west-2c",
            "availability_zone_id": "usw2-az3",
            "cidr_block": "10.0.2.0/24",
            "customer_owned_ipv4_pool": "",
            "enable_dns64": false,
            "enable_lni_at_device_index": 0,
            "enable_resource_name_dns_a_record_on_launch": false,
            "enable_resource_name_dns_aaaa_record_on_launch": false,
            "id": "subnet-0cff955627a665fbb",
            "ipv6_cidr_block": "",
            "ipv6_cidr_block_association_id": "",
            "ipv6_native": false,
            "map_customer_owned_ip_on_launch": false,
            "map_public_ip_on_launch": true,
            "outpost_arn": "",
            "owner_id": "294825482201",
            "private_dns_hostname_type_on_launch": "ip-name",
            "tags": {
              "Name": "n8n-app-public-us-west-2c",
              "Project": "n8n-app",
              "kubernetes.io/cluster/n8n-eks-cluster": "shared",
              "kubernetes.io/role/elb": "1"
            },
            "tags_all": {
              "Name": "n8n-app-public-us-west-2c",
              "Project": "n8n-app",
              "kubernetes.io/cluster/n8n-eks-cluster": "shared",
              "kubernetes.io/role/elb": "1"
            },
            "timeouts": null,
            "vpc_id": "vpc-0a12595afcd4dc7a0"
          },
          "sensitive_attributes": [],
          "private": "eyJlMmJmYjczMC1lY2FhLTExZTYtOGY4OC0zNDM2M2JjN2M0YzAiOnsiY3JlYXRlIjo2MDAwMDAwMDAwMDAsImRlbGV0ZSI6MTIwMDAwMDAwMDAwMH0sInNjaGVtYV92ZXJzaW9uIjoiMSJ9",
          "dependencies": [
            "aws_vpc.main",
            "data.aws_availability_zones.available"
          ]
        }
      ]
    },
    {
      "mode": "managed",
      "type": "aws_vpc",
      "name": "main",
      "provider": "provider[\"registry.terraform.io/hashicorp/aws\"]",
      "instances": [
        {
          "schema_version": 1,
          "attributes": {
            "arn": "arn:aws:ec2:us-west-2:294825482201:vpc/vpc-0a12595afcd4dc7a0",
            "assign_generated_ipv6_cidr_block": false,
            "cidr_block": "10.0.0.0/16",
            "default_network_acl_id": "acl-0001b12b4c7220531",
            "default_route_table_id": "rtb-0f9243898741c4f08",
            "default_security_group_id": "sg-0a9bbe42bcb6e3569",
            "dhcp_options_id": "dopt-0f341dedb39f5490f",
            "enable_dns_hostnames": true,
            "enable_dns_support": true,
            "enable_network_address_usage_metrics": false,
            "id": "vpc-0a12595afcd4dc7a0",
            "instance_tenancy": "default",
            "ipv4_ipam_pool_id": null,
            "ipv4_netmask_length": null,
            "ipv6_association_id": "",
            "ipv6_cidr_block": "",
            "ipv6_cidr_block_network_border_group": "",
            "ipv6_ipam_pool_id": "",
            "ipv6_netmask_length": 0,
            "main_route_table_id": "rtb-0f9243898741c4f08",
            "owner_id": "294825482201",
            "tags": {
              "Name": "n8n-app-vpc",
              "Project": "n8n-app",
              "kubernetes.io/cluster/n8n-eks-cluster": "shared"
            },
            "tags_all": {
              "Name": "n8n-app-vpc",
              "Project": "n8n-app",
              "kubernetes.io/cluster/n8n-eks-cluster": "shared"
            }
          },
          "sensitive_attributes": [],
          "private": "eyJzY2hlbWFfdmVyc2lvbiI6IjEifQ=="
        }
      ]
    },
    {
      "mode": "managed",
      "type": "random_id",
      "name": "enc",
      "provider": "provider[\"registry.terraform.io/hashicorp/random\"]",
      "instances": [
        {
          "schema_version": 0,
          "attributes": {
            "b64_std": "Fdmbra3fx3IlsB8wiZN7zgpqsr+69V2FgtKLSQzPdeo=",
            "b64_url": "Fdmbra3fx3IlsB8wiZN7zgpqsr-69V2FgtKLSQzPdeo",
            "byte_length": 32,
            "dec": "9883050086371113344722682175500428662892496808316472220617512516961696708074",
            "hex": "15d99badaddfc77225b01f3089937bce0a6ab2bfbaf55d8582d28b490ccf75ea",
            "id": "Fdmbra3fx3IlsB8wiZN7zgpqsr-69V2FgtKLSQzPdeo",
            "keepers": null,
            "prefix": null
          },
          "sensitive_attributes": []
        }
      ]
    },
    {
      "mode": "managed",
      "type": "random_password",
      "name": "rds_password",
      "provider": "provider[\"registry.terraform.io/hashicorp/random\"]",
      "instances": [
        {
          "index_key": 0,
          "schema_version": 3,
          "attributes": {
            "bcrypt_hash": "$2a$10$yX88Kry6vT9/yqFgox5ZuuUEsRu2sRh24MfcWwcPaT3GFLtDqfU2e",
            "id": "none",
            "keepers": null,
            "length": 32,
            "lower": true,
            "min_lower": 0,
            "min_numeric": 0,
            "min_special": 0,
            "min_upper": 0,
            "number": true,
            "numeric": true,
            "override_special": "!#$%\u0026*()-_=+[]{}\u003c\u003e:?",
            "result": "EeB:+ZP5?W}dGCka*CT=uIEq3IxqfN4H",
            "special": true,
            "upper": true
          },
          "sensitive_attributes": []
        }
      ]
    }
  ],
  "check_results": [
    {
      "object_kind": "var",
      "config_addr": "var.letsencrypt_environment",
      "status": "pass",
      "objects": [
        {
          "object_addr": "var.letsencrypt_environment",
          "status": "pass"
        }
      ]
    },
    {
      "object_kind": "var",
      "config_addr": "var.tls_certificate_source",
      "status": "pass",
      "objects": [
        {
          "object_addr": "var.tls_certificate_source",
          "status": "pass"
        }
      ]
    },
    {
      "object_kind": "var",
      "config_addr": "var.database_type",
      "status": "pass",
      "objects": [
        {
          "object_addr": "var.database_type",
          "status": "pass"
        }
      ]
    }
  ]
}
