{
  "version": 4,
  "terraform_version": "1.6.0",
  "serial": 92,
  "lineage": "9030a295-fd29-c08c-f28f-1dd55cb7c2da",
  "outputs": {
    "basic_auth_enabled": {
      "value": false,
      "type": "bool"
    },
    "cluster_arn": {
      "value": "arn:aws:eks:us-west-1:294825482201:cluster/n8n-eks-cluster",
      "type": "string"
    },
    "cluster_certificate_authority_data": {
      "value": "LS0tLS1CRUdJTiBDRVJUSUZJQ0FURS0tLS0tCk1JSURCVENDQWUyZ0F3SUJBZ0lJZVZJbXpZb0tJUEl3RFFZSktvWklodmNOQVFFTEJRQXdGVEVUTUJFR0ExVUUKQXhNS2EzVmlaWEp1WlhSbGN6QWVGdzB5TlRFd01UZ3dNekEwTXpOYUZ3MHpOVEV3TVRZd016QTVNek5hTUJVeApFekFSQmdOVkJBTVRDbXQxWW1WeWJtVjBaWE13Z2dFaU1BMEdDU3FHU0liM0RRRUJBUVVBQTRJQkR3QXdnZ0VLCkFvSUJBUUR1TFE5NGU4b3NnZmp3SFFIRjkzZ2RGQVZmUmxDTGpVRHZkbjJTdWIyaE9QWWxoaGZqMjZNTWFoaHMKRXdCOHlLdnJDRWs2SVF4QVBYczlidmdQQ1Z6N3dMN0x5LzRiY2ZQN1pNcmVSSjhESEhDcG15dU0yQXNKZHNnaQp2RC84WGpNSEwxSmJiQ1M5K2NwbDhrRDBiMUJaRksveFUrckIwcnFBZjljSG5PRVNSSWtBSXJyODVTbVVDVXArCkhxNEQ5T3hObWJiQlpNTzUwUUQ4QnhLYmk4eWxTRk5sV0hQdDRMZkxvRHc2OGRvOCtVU0NlR3dPK0NpNFd3ZWUKR1p6dm5FdXRobG16REZBdkwzQysvL0k4QkN3bmZjckxyaXFXaUpQYzlDcWhsbCtqYzZxOUFwT0oweVY2ZGtqSgpYZDVSM3hYUGVpSlk4TnpzWStKRE9teFVSVFh4QWdNQkFBR2pXVEJYTUE0R0ExVWREd0VCL3dRRUF3SUNwREFQCkJnTlZIUk1CQWY4RUJUQURBUUgvTUIwR0ExVWREZ1FXQkJUR0t2V3ZKam9jeHpzMzNTQWNCYTRmeXdsTTN6QVYKQmdOVkhSRUVEakFNZ2dwcmRXSmxjbTVsZEdWek1BMEdDU3FHU0liM0RRRUJDd1VBQTRJQkFRREdhQ0c4UUU4UQo4d2kzT1p0Y3BkOFE4NUlRSW9ZZldsenRDR0hpR2Z2V0ROMi91OWEyK3pmNzc4NXAvSnMwT3NKMHp3UW85ZW5PCmNZOXRpbGZURzNodG1NRzZXR0xnYXRmZzlGc2dWa3dQdGVFc3hZMERuU3dOR3kyZi9iNmozMlVaRDliSUNrVkYKZjl0UHdMMkJRTWtQWllxdVFoNnRqenkxOGJDeGdKUWlBa3JlUnpwaFBWNUJHRmJ4bjJ1d0Vnd3R2NVJ4UjM5Mwo2eXFyZXA5NnREZ1VmSXpOb0dGM2RFSkFUc3FjaktScFp0RjhhL2cvWEZCazBhMXp4N3V4SlNVYzJFQ24rZVhQCnNNcHpjWVJGekpXbml6L3BrVm81UEtSeTA0Y0RxVWxzVmw5SGVZdHVPenBIenZmUzBqaGxWYWRRMnl3OVV4dGgKN3o3WmY5RCs4Rnh5Ci0tLS0tRU5EIENFUlRJRklDQVRFLS0tLS0K",
      "type": "string",
      "sensitive": true
    },
    "cluster_endpoint": {
      "value": "https://A80D6EBB2848CF03484C2BA17FD9C390.sk1.us-west-1.eks.amazonaws.com",
      "type": "string"
    },
    "cluster_name": {
      "value": "n8n-eks-cluster",
      "type": "string"
    },
    "cluster_security_group_id": {
      "value": "sg-0948d6a52713cb1b7",
      "type": "string"
    },
    "configure_kubectl": {
      "value": "aws eks update-kubeconfig --region us-west-1 --name n8n-eks-cluster --profile cloud-native-misael",
      "type": "string"
    },
    "database_type": {
      "value": "postgresql",
      "type": "string"
    },
    "n8n_encryption_key_ssm_parameter": {
      "value": "/n8n/encryption_key",
      "type": "string"
    },
    "n8n_encryption_key_value": {
      "value": "877b660c2d07498e172d9cc684a8d79426a2de9b99d3a40dc3cb859b52ef44e4",
      "type": "string",
      "sensitive": true
    },
    "n8n_host": {
      "value": "n8n-aws.lrproduchub.com",
      "type": "string"
    },
    "n8n_namespace": {
      "value": "n8n",
      "type": "string"
    },
    "nginx_ingress_controller_endpoint": {
      "value": "Run: kubectl get svc -n ingress-nginx ingress-nginx-controller -o jsonpath='{.status.loadBalancer.ingress[0].hostname}'",
      "type": "string"
    },
    "nlb_elastic_ips": {
      "value": [
        "54.241.215.103",
        "13.57.108.151"
      ],
      "type": [
        "list",
        "string"
      ]
    },
    "private_subnet_ids": {
      "value": [
        "subnet-01311710f484bafce",
        "subnet-0a18291b258a21045"
      ],
      "type": [
        "tuple",
        [
          "string",
          "string"
        ]
      ]
    },
    "public_subnet_ids": {
      "value": [
        "subnet-0a50d244e56c64c8f",
        "subnet-097bf53157bf5604f"
      ],
      "type": [
        "tuple",
        [
          "string",
          "string"
        ]
      ]
    },
    "rds_database_name": {
      "value": "n8n",
      "type": "string"
    },
    "rds_password": {
      "value": "#xiWTPb\u003c(%y-3?wIbtPy#5=UI}j()+os",
      "type": "string",
      "sensitive": true
    },
    "rds_username": {
      "value": "n8n_user",
      "type": "string",
      "sensitive": true
    },
    "region": {
      "value": "us-west-1",
      "type": "string"
    },
    "vpc_id": {
      "value": "vpc-0abc94cc54bf32b2d",
      "type": "string"
    }
  },
  "resources": [
    {
      "mode": "data",
      "type": "aws_availability_zones",
      "name": "available",
      "provider": "provider[\"registry.terraform.io/hashicorp/aws\"]",
      "instances": [
        {
          "schema_version": 0,
          "attributes": {
            "all_availability_zones": null,
            "exclude_names": null,
            "exclude_zone_ids": null,
            "filter": null,
            "group_names": [
              "us-west-1-zg-1"
            ],
            "id": "us-west-1",
            "names": [
              "us-west-1a",
              "us-west-1c"
            ],
            "state": "available",
            "timeouts": null,
            "zone_ids": [
              "usw1-az1",
              "usw1-az3"
            ]
          },
          "sensitive_attributes": []
        }
      ]
    },
    {
      "mode": "data",
      "type": "aws_eks_cluster",
      "name": "cluster",
      "provider": "provider[\"registry.terraform.io/hashicorp/aws\"]",
      "instances": [
        {
          "schema_version": 0,
          "attributes": {
            "access_config": [
              {
                "authentication_mode": "CONFIG_MAP",
                "bootstrap_cluster_creator_admin_permissions": true
              }
            ],
            "arn": "arn:aws:eks:us-west-1:294825482201:cluster/n8n-eks-cluster",
            "certificate_authority": [
              {
                "data": "LS0tLS1CRUdJTiBDRVJUSUZJQ0FURS0tLS0tCk1JSURCVENDQWUyZ0F3SUJBZ0lJZVZJbXpZb0tJUEl3RFFZSktvWklodmNOQVFFTEJRQXdGVEVUTUJFR0ExVUUKQXhNS2EzVmlaWEp1WlhSbGN6QWVGdzB5TlRFd01UZ3dNekEwTXpOYUZ3MHpOVEV3TVRZd016QTVNek5hTUJVeApFekFSQmdOVkJBTVRDbXQxWW1WeWJtVjBaWE13Z2dFaU1BMEdDU3FHU0liM0RRRUJBUVVBQTRJQkR3QXdnZ0VLCkFvSUJBUUR1TFE5NGU4b3NnZmp3SFFIRjkzZ2RGQVZmUmxDTGpVRHZkbjJTdWIyaE9QWWxoaGZqMjZNTWFoaHMKRXdCOHlLdnJDRWs2SVF4QVBYczlidmdQQ1Z6N3dMN0x5LzRiY2ZQN1pNcmVSSjhESEhDcG15dU0yQXNKZHNnaQp2RC84WGpNSEwxSmJiQ1M5K2NwbDhrRDBiMUJaRksveFUrckIwcnFBZjljSG5PRVNSSWtBSXJyODVTbVVDVXArCkhxNEQ5T3hObWJiQlpNTzUwUUQ4QnhLYmk4eWxTRk5sV0hQdDRMZkxvRHc2OGRvOCtVU0NlR3dPK0NpNFd3ZWUKR1p6dm5FdXRobG16REZBdkwzQysvL0k4QkN3bmZjckxyaXFXaUpQYzlDcWhsbCtqYzZxOUFwT0oweVY2ZGtqSgpYZDVSM3hYUGVpSlk4TnpzWStKRE9teFVSVFh4QWdNQkFBR2pXVEJYTUE0R0ExVWREd0VCL3dRRUF3SUNwREFQCkJnTlZIUk1CQWY4RUJUQURBUUgvTUIwR0ExVWREZ1FXQkJUR0t2V3ZKam9jeHpzMzNTQWNCYTRmeXdsTTN6QVYKQmdOVkhSRUVEakFNZ2dwcmRXSmxjbTVsZEdWek1BMEdDU3FHU0liM0RRRUJDd1VBQTRJQkFRREdhQ0c4UUU4UQo4d2kzT1p0Y3BkOFE4NUlRSW9ZZldsenRDR0hpR2Z2V0ROMi91OWEyK3pmNzc4NXAvSnMwT3NKMHp3UW85ZW5PCmNZOXRpbGZURzNodG1NRzZXR0xnYXRmZzlGc2dWa3dQdGVFc3hZMERuU3dOR3kyZi9iNmozMlVaRDliSUNrVkYKZjl0UHdMMkJRTWtQWllxdVFoNnRqenkxOGJDeGdKUWlBa3JlUnpwaFBWNUJHRmJ4bjJ1d0Vnd3R2NVJ4UjM5Mwo2eXFyZXA5NnREZ1VmSXpOb0dGM2RFSkFUc3FjaktScFp0RjhhL2cvWEZCazBhMXp4N3V4SlNVYzJFQ24rZVhQCnNNcHpjWVJGekpXbml6L3BrVm81UEtSeTA0Y0RxVWxzVmw5SGVZdHVPenBIenZmUzBqaGxWYWRRMnl3OVV4dGgKN3o3WmY5RCs4Rnh5Ci0tLS0tRU5EIENFUlRJRklDQVRFLS0tLS0K"
              }
            ],
            "cluster_id": null,
            "compute_config": [],
            "created_at": "2025-10-18T03:03:53Z",
            "enabled_cluster_log_types": [],
            "endpoint": "https://A80D6EBB2848CF03484C2BA17FD9C390.sk1.us-west-1.eks.amazonaws.com",
            "id": "n8n-eks-cluster",
            "identity": [
              {
                "oidc": [
                  {
                    "issuer": "https://oidc.eks.us-west-1.amazonaws.com/id/A80D6EBB2848CF03484C2BA17FD9C390"
                  }
                ]
              }
            ],
            "kubernetes_network_config": [
              {
                "elastic_load_balancing": [
                  {
                    "enabled": false
                  }
                ],
                "ip_family": "ipv4",
                "service_ipv4_cidr": "172.20.0.0/16",
                "service_ipv6_cidr": ""
              }
            ],
            "name": "n8n-eks-cluster",
            "outpost_config": [],
            "platform_version": "eks.41",
            "remote_network_config": [],
            "role_arn": "arn:aws:iam::294825482201:role/n8n-app-eks-cluster-role",
            "status": "ACTIVE",
            "storage_config": [],
            "tags": {
              "Name": "n8n-eks-cluster",
              "Project": "n8n-app"
            },
            "upgrade_policy": [
              {
                "support_type": "EXTENDED"
              }
            ],
            "version": "1.31",
            "vpc_config": [
              {
                "cluster_security_group_id": "sg-0948d6a52713cb1b7",
                "endpoint_private_access": true,
                "endpoint_public_access": true,
                "public_access_cidrs": [
                  "0.0.0.0/0"
                ],
                "security_group_ids": [],
                "subnet_ids": [
                  "subnet-01311710f484bafce",
                  "subnet-097bf53157bf5604f",
                  "subnet-0a18291b258a21045",
                  "subnet-0a50d244e56c64c8f"
                ],
                "vpc_id": "vpc-0abc94cc54bf32b2d"
              }
            ],
            "zonal_shift_config": []
          },
          "sensitive_attributes": []
        }
      ]
    },
    {
      "mode": "data",
      "type": "aws_eks_cluster_auth",
      "name": "cluster",
      "provider": "provider[\"registry.terraform.io/hashicorp/aws\"]",
      "instances": [
        {
          "schema_version": 0,
          "attributes": {
            "id": "n8n-eks-cluster",
            "name": "n8n-eks-cluster",
            "token": "k8s-aws-v1.aHR0cHM6Ly9zdHMudXMtd2VzdC0xLmFtYXpvbmF3cy5jb20vP0FjdGlvbj1HZXRDYWxsZXJJZGVudGl0eSZWZXJzaW9uPTIwMTEtMDYtMTUmWC1BbXotQWxnb3JpdGhtPUFXUzQtSE1BQy1TSEEyNTYmWC1BbXotQ3JlZGVudGlhbD1BU0lBVUpKSFgyN01VVVBYNVUzUSUyRjIwMjUxMDE4JTJGdXMtd2VzdC0xJTJGc3RzJTJGYXdzNF9yZXF1ZXN0JlgtQW16LURhdGU9MjAyNTEwMThUMDMxMjUzWiZYLUFtei1FeHBpcmVzPTAmWC1BbXotU2VjdXJpdHktVG9rZW49SVFvSmIzSnBaMmx1WDJWakVBc2FDWFZ6TFdWaGMzUXRNU0pITUVVQ0lRQ3VPc3J6ZlolMkZobkQzd1hCRHN1Ync2aEM5UzNBT1QwJTJCJTJCdVI3QUsyTUY1a1FJZ2NrSEpqQ1hIZ1dOekJoODZwUlI1SUNtUkx0V1klMkZZS1I5c0dFTmJsYmJja3FsZ01JdFAlMkYlMkYlMkYlMkYlMkYlMkYlMkYlMkYlMkYlMkZBUkFBR2d3eU9UUTRNalUwT0RJeU1ERWlESG9yc1hYbGlZRGlocjhXSGlycUFrUyUyQlNxNGZNOUFTR01oaWtIbTJJRElpamF5ZVpNY3lCMXA1dWZkYkllOU01U3lveU51cmtpWU43RUNPYlNlOXI0OXdhTlN0d3FYMm1hTTJhQnFwS001YngzRGxoWG9zRWZVNnRFQnRPJTJGUkxIT2xTclRIZWV0TXV3WVhUcmRub2lHaU5aV1ZleVJZVjQ3bU5OZyUyQmhMTktoWkR4d0I5UWslMkJPQSUyRkRob2F3d1ZwJTJGakREWXhNMzNpM1N2aXNNVnZpYk8lMkZWSDQ2MngwTnBqUnIyVmVZN2NKb212M0FxdFklMkJJeUpiUXRLQWxqdHpLN2FLZFdoWXY0Y0pibDRpYXZlRVAyZVFkU0NTZlZ6VHlvQTMlMkJUVmZxR2RqWHFNS1owNDBsNk5lTElkZXpkU2VGSkJ6MU1tZVZoMXFqU3FGRVE0aUNKSU5zVFZLS2hFN0NrNm1JbElyV2NJSXZ6a1NCRkVpS2UwRTYxUjVScXVkdks5a0VFaGo5RDhCNjRxNGJyJTJGVXF2UVdPMzgwT3ByREU5clR0TlZyYzF4VTJhdnNXJTJCSUxFdmV0SEFnc01IbnZHNXpWT004ZkxyS3d2JTJGbTRtYTJKbDkwYU9yTnJMV1EwNmwyZEt3WkN1dmxYQmJrdkx5WUElMkY4ZWgxZk1QcUd6TWNHT3FZQmlLbVQ3bnduUFR0amVEcCUyQlRSMVBDZnRBbkQ3VDJ5bjVPUVNBaUhMbW1yQURzUnhNdlclMkJ5Wk1WRlNCRDdWJTJGOEJiV1pibVkwNU9mRVRHSjJNUEZZVXA5U0U4YXBKY0d5QjJua24zdG42TDhBQXVzc0VxUmttWHRTdTFXbThkQUxaTjlncUtVZnkwZWZESSUyQmE0clBRcVY0d3RHNm13ZjJXMWZaVlVQVXZHa3psVUsyWXR5RFFPbmdyJTJGZVc5bzZ4R2ZDdnViaWVTRkhtOWhHNFZQb2drRUpNZlAwWk9LMkElM0QlM0QmWC1BbXotU2lnbmVkSGVhZGVycz1ob3N0JTNCeC1rOHMtYXdzLWlkJlgtQW16LVNpZ25hdHVyZT0xODIwM2RiNjJhZDhmZGM2YzZmZGM5NjM5OTM0N2U2NDVmNzNmZmNkYmI2YTQxZTQyZTZhNjA5NzA3YWIyOWJm"
          },
          "sensitive_attributes": []
        }
      ]
    },
    {
      "mode": "data",
      "type": "aws_iam_policy_document",
      "name": "ebs_csi_assume_role",
      "provider": "provider[\"registry.terraform.io/hashicorp/aws\"]",
      "instances": [
        {
          "schema_version": 0,
          "attributes": {
            "id": "1118702101",
            "json": "{\n  \"Version\": \"2012-10-17\",\n  \"Statement\": [\n    {\n      \"Effect\": \"Allow\",\n      \"Action\": \"sts:AssumeRoleWithWebIdentity\",\n      \"Principal\": {\n        \"Federated\": \"arn:aws:iam::294825482201:oidc-provider/oidc.eks.us-west-1.amazonaws.com/id/A80D6EBB2848CF03484C2BA17FD9C390\"\n      },\n      \"Condition\": {\n        \"StringEquals\": {\n          \"oidc.eks.us-west-1.amazonaws.com/id/A80D6EBB2848CF03484C2BA17FD9C390:aud\": \"sts.amazonaws.com\",\n          \"oidc.eks.us-west-1.amazonaws.com/id/A80D6EBB2848CF03484C2BA17FD9C390:sub\": \"system:serviceaccount:kube-system:ebs-csi-controller-sa\"\n        }\n      }\n    }\n  ]\n}",
            "minified_json": "{\"Version\":\"2012-10-17\",\"Statement\":[{\"Effect\":\"Allow\",\"Action\":\"sts:AssumeRoleWithWebIdentity\",\"Principal\":{\"Federated\":\"arn:aws:iam::294825482201:oidc-provider/oidc.eks.us-west-1.amazonaws.com/id/A80D6EBB2848CF03484C2BA17FD9C390\"},\"Condition\":{\"StringEquals\":{\"oidc.eks.us-west-1.amazonaws.com/id/A80D6EBB2848CF03484C2BA17FD9C390:aud\":\"sts.amazonaws.com\",\"oidc.eks.us-west-1.amazonaws.com/id/A80D6EBB2848CF03484C2BA17FD9C390:sub\":\"system:serviceaccount:kube-system:ebs-csi-controller-sa\"}}}]}",
            "override_json": null,
            "override_policy_documents": null,
            "policy_id": null,
            "source_json": null,
            "source_policy_documents": null,
            "statement": [
              {
                "actions": [
                  "sts:AssumeRoleWithWebIdentity"
                ],
                "condition": [
                  {
                    "test": "StringEquals",
                    "values": [
                      "sts.amazonaws.com"
                    ],
                    "variable": "oidc.eks.us-west-1.amazonaws.com/id/A80D6EBB2848CF03484C2BA17FD9C390:aud"
                  },
                  {
                    "test": "StringEquals",
                    "values": [
                      "system:serviceaccount:kube-system:ebs-csi-controller-sa"
                    ],
                    "variable": "oidc.eks.us-west-1.amazonaws.com/id/A80D6EBB2848CF03484C2BA17FD9C390:sub"
                  }
                ],
                "effect": "Allow",
                "not_actions": [],
                "not_principals": [],
                "not_resources": [],
                "principals": [
                  {
                    "identifiers": [
                      "arn:aws:iam::294825482201:oidc-provider/oidc.eks.us-west-1.amazonaws.com/id/A80D6EBB2848CF03484C2BA17FD9C390"
                    ],
                    "type": "Federated"
                  }
                ],
                "resources": [],
                "sid": ""
              }
            ],
            "version": "2012-10-17"
          },
          "sensitive_attributes": []
        }
      ]
    },
    {
      "mode": "data",
      "type": "aws_iam_policy_document",
      "name": "eks_assume_role",
      "provider": "provider[\"registry.terraform.io/hashicorp/aws\"]",
      "instances": [
        {
          "schema_version": 0,
          "attributes": {
            "id": "3552664922",
            "json": "{\n  \"Version\": \"2012-10-17\",\n  \"Statement\": [\n    {\n      \"Effect\": \"Allow\",\n      \"Action\": \"sts:AssumeRole\",\n      \"Principal\": {\n        \"Service\": \"eks.amazonaws.com\"\n      }\n    }\n  ]\n}",
            "minified_json": "{\"Version\":\"2012-10-17\",\"Statement\":[{\"Effect\":\"Allow\",\"Action\":\"sts:AssumeRole\",\"Principal\":{\"Service\":\"eks.amazonaws.com\"}}]}",
            "override_json": null,
            "override_policy_documents": null,
            "policy_id": null,
            "source_json": null,
            "source_policy_documents": null,
            "statement": [
              {
                "actions": [
                  "sts:AssumeRole"
                ],
                "condition": [],
                "effect": "Allow",
                "not_actions": [],
                "not_principals": [],
                "not_resources": [],
                "principals": [
                  {
                    "identifiers": [
                      "eks.amazonaws.com"
                    ],
                    "type": "Service"
                  }
                ],
                "resources": [],
                "sid": ""
              }
            ],
            "version": "2012-10-17"
          },
          "sensitive_attributes": []
        }
      ]
    },
    {
      "mode": "data",
      "type": "aws_iam_policy_document",
      "name": "node_assume_role",
      "provider": "provider[\"registry.terraform.io/hashicorp/aws\"]",
      "instances": [
        {
          "schema_version": 0,
          "attributes": {
            "id": "2851119427",
            "json": "{\n  \"Version\": \"2012-10-17\",\n  \"Statement\": [\n    {\n      \"Effect\": \"Allow\",\n      \"Action\": \"sts:AssumeRole\",\n      \"Principal\": {\n        \"Service\": \"ec2.amazonaws.com\"\n      }\n    }\n  ]\n}",
            "minified_json": "{\"Version\":\"2012-10-17\",\"Statement\":[{\"Effect\":\"Allow\",\"Action\":\"sts:AssumeRole\",\"Principal\":{\"Service\":\"ec2.amazonaws.com\"}}]}",
            "override_json": null,
            "override_policy_documents": null,
            "policy_id": null,
            "source_json": null,
            "source_policy_documents": null,
            "statement": [
              {
                "actions": [
                  "sts:AssumeRole"
                ],
                "condition": [],
                "effect": "Allow",
                "not_actions": [],
                "not_principals": [],
                "not_resources": [],
                "principals": [
                  {
                    "identifiers": [
                      "ec2.amazonaws.com"
                    ],
                    "type": "Service"
                  }
                ],
                "resources": [],
                "sid": ""
              }
            ],
            "version": "2012-10-17"
          },
          "sensitive_attributes": []
        }
      ]
    },
    {
      "mode": "data",
      "type": "aws_ssm_parameter",
      "name": "n8n_encryption_key",
      "provider": "provider[\"registry.terraform.io/hashicorp/aws\"]",
      "instances": [
        {
          "schema_version": 0,
          "attributes": {
            "arn": "arn:aws:ssm:us-west-1:294825482201:parameter/n8n/encryption_key",
            "id": "/n8n/encryption_key",
            "insecure_value": "",
            "name": "/n8n/encryption_key",
            "type": "SecureString",
            "value": "877b660c2d07498e172d9cc684a8d79426a2de9b99d3a40dc3cb859b52ef44e4",
            "version": 1,
            "with_decryption": true
          },
          "sensitive_attributes": []
        }
      ]
    },
    {
      "mode": "data",
      "type": "tls_certificate",
      "name": "eks",
      "provider": "provider[\"registry.terraform.io/hashicorp/tls\"]",
      "instances": [
        {
          "schema_version": 0,
          "attributes": {
            "certificates": [
              {
                "cert_pem": "-----BEGIN CERTIFICATE-----\nMIIEkjCCA3qgAwIBAgITBn+USionzfP6wq4rAfkI7rnExjANBgkqhkiG9w0BAQsF\nADCBmDELMAkGA1UEBhMCVVMxEDAOBgNVBAgTB0FyaXpvbmExEzARBgNVBAcTClNj\nb3R0c2RhbGUxJTAjBgNVBAoTHFN0YXJmaWVsZCBUZWNobm9sb2dpZXMsIEluYy4x\nOzA5BgNVBAMTMlN0YXJmaWVsZCBTZXJ2aWNlcyBSb290IENlcnRpZmljYXRlIEF1\ndGhvcml0eSAtIEcyMB4XDTE1MDUyNTEyMDAwMFoXDTM3MTIzMTAxMDAwMFowOTEL\nMAkGA1UEBhMCVVMxDzANBgNVBAoTBkFtYXpvbjEZMBcGA1UEAxMQQW1hem9uIFJv\nb3QgQ0EgMTCCASIwDQYJKoZIhvcNAQEBBQADggEPADCCAQoCggEBALJ4gHHKeNXj\nca9HgFB0fW7Y14h29Jlo91ghYPl0hAEvrAIthtOgQ3pOsqTQNroBvo3bSMgHFzZM\n9O6II8c+6zf1tRn4SWiw3te5djgdYZ6k/oI2peVKVuRF4fn9tBb6dNqcmzU5L/qw\nIFAGbHrQgLKm+a/sRxmPUDgH3KKHOVj4utWp+UhnMJbulHheb4mjUcAwhmahRWa6\nVOujw5H5SNz/0egwLX0tdHA114gk957EWW67c4cX8jJGKLhD+rcdqsq08p8kDi1L\n93FcXmn/6pUCyziKrlA4b9v7LWIbxcceVOF34GfID5yHI9Y/QCB/IIDEgEw+OyQm\njgSubJrIqg0CAwEAAaOCATEwggEtMA8GA1UdEwEB/wQFMAMBAf8wDgYDVR0PAQH/\nBAQDAgGGMB0GA1UdDgQWBBSEGMyFNOy8DJSULghZnMeyEE4KCDAfBgNVHSMEGDAW\ngBScXwDfqgHXMCs4iKK4bUqc8hGRgzB4BggrBgEFBQcBAQRsMGowLgYIKwYBBQUH\nMAGGImh0dHA6Ly9vY3NwLnJvb3RnMi5hbWF6b250cnVzdC5jb20wOAYIKwYBBQUH\nMAKGLGh0dHA6Ly9jcnQucm9vdGcyLmFtYXpvbnRydXN0LmNvbS9yb290ZzIuY2Vy\nMD0GA1UdHwQ2MDQwMqAwoC6GLGh0dHA6Ly9jcmwucm9vdGcyLmFtYXpvbnRydXN0\nLmNvbS9yb290ZzIuY3JsMBEGA1UdIAQKMAgwBgYEVR0gADANBgkqhkiG9w0BAQsF\nAAOCAQEAYjdCXLwQtT6LLOkMm2xF4gcAevnFWAu5CIw+7bMlPLVvUOTNNWqnkzSW\nMiGpSESrnO09tKpzbeR/FoCJbM8oAxiDR3mjEH4wW6w7sGDgd9QIpuEdfF7Au/ma\neyKdpwAJfqxGF4PcnCZXmTA5YpaP7dreqsXMGz7KQ2hsVxa81Q4gLv7/wmpdLqBK\nbRRYh5TmOTFffHPLkIhqhBGWJ6bt2YFGpn6jcgAKUj6DiAdjd4lpFw85hdKrCEVN\n0FE6/V1dN2RMfjCyVSRCnTawXZwXgWHxyvkQAiSr6w10kY17RSlQOYiypok1JR4U\nakcjMS9cmvqtmg5iUaQqqcT5NJ0hGA==\n-----END CERTIFICATE-----\n",
                "is_ca": true,
                "issuer": "CN=Starfield Services Root Certificate Authority - G2,O=Starfield Technologies\\, Inc.,L=Scottsdale,ST=Arizona,C=US",
                "not_after": "2037-12-31T01:00:00Z",
                "not_before": "2015-05-25T12:00:00Z",
                "public_key_algorithm": "RSA",
                "serial_number": "144918191876577076464031512351042010504348870",
                "sha1_fingerprint": "06b25927c42a721631c1efd9431e648fa62e1e39",
                "signature_algorithm": "SHA256-RSA",
                "subject": "CN=Amazon Root CA 1,O=Amazon,C=US",
                "version": 3
              },
              {
                "cert_pem": "-----BEGIN CERTIFICATE-----\nMIIEXjCCA0agAwIBAgITB3MSOAudZoijOx7Zv5zNpo4ODzANBgkqhkiG9w0BAQsF\nADA5MQswCQYDVQQGEwJVUzEPMA0GA1UEChMGQW1hem9uMRkwFwYDVQQDExBBbWF6\nb24gUm9vdCBDQSAxMB4XDTIyMDgyMzIyMjEyOFoXDTMwMDgyMzIyMjEyOFowPDEL\nMAkGA1UEBhMCVVMxDzANBgNVBAoTBkFtYXpvbjEcMBoGA1UEAxMTQW1hem9uIFJT\nQSAyMDQ4IE0wMTCCASIwDQYJKoZIhvcNAQEBBQADggEPADCCAQoCggEBAOtxLKnL\nH4gokjIwr4pXD3i3NyWVVYesZ1yX0yLI2qIUZ2t88Gfa4gMqs1YSXca1R/lnCKeT\nepWSGA+0+fkQNpp/L4C2T7oTTsddUx7g3ZYzByDTlrwS5HRQQqEFE3O1T5tEJP4t\nf+28IoXsNiEzl3UGzicYgtzj2cWCB41eJgEmJmcf2T8TzzK6a614ZPyq/w4CPAff\nnAV4coz96nW3AyiE2uhuB4zQUIXvgVSycW7sbWLvj5TDXunEpNCRwC4kkZjK7rol\njtT2cbb7W2s4Bkg3R42G3PLqBvt2N32e/0JOTViCk8/iccJ4sXqrS1uUN4iB5Nmv\nJK74csVl+0u0UecCAwEAAaOCAVowggFWMBIGA1UdEwEB/wQIMAYBAf8CAQAwDgYD\nVR0PAQH/BAQDAgGGMB0GA1UdJQQWMBQGCCsGAQUFBwMBBggrBgEFBQcDAjAdBgNV\nHQ4EFgQUgbgOY4qJEhjl+js7UJWf5uWQE4UwHwYDVR0jBBgwFoAUhBjMhTTsvAyU\nlC4IWZzHshBOCggwewYIKwYBBQUHAQEEbzBtMC8GCCsGAQUFBzABhiNodHRwOi8v\nb2NzcC5yb290Y2ExLmFtYXpvbnRydXN0LmNvbTA6BggrBgEFBQcwAoYuaHR0cDov\nL2NydC5yb290Y2ExLmFtYXpvbnRydXN0LmNvbS9yb290Y2ExLmNlcjA/BgNVHR8E\nODA2MDSgMqAwhi5odHRwOi8vY3JsLnJvb3RjYTEuYW1hem9udHJ1c3QuY29tL3Jv\nb3RjYTEuY3JsMBMGA1UdIAQMMAowCAYGZ4EMAQIBMA0GCSqGSIb3DQEBCwUAA4IB\nAQCtAN4CBSMuBjJitGuxlBbkEUDeK/pZwTXv4KqPK0G50fOHOQAd8j21p0cMBgbG\nkfMHVwLU7b0XwZCav0h1ogdPMN1KakK1DT0VwA/+hFvGPJnMV1Kx2G4S1ZaSk0uU\n5QfoiYIIano01J5k4T2HapKQmmOhS/iPtuo00wW+IMLeBuKMn3OLn005hcrOGTad\nhcmeyfhQP7Z+iKHvyoQGi1C0ClymHETx/chhQGDyYSWqB/THwnN15AwLQo0E5V9E\nSJlbe4mBlqeInUsNYugExNf+tOiybcrswBy8OFsd34XOW3rjSUtsuafd9AWySa3h\nxRRrwszrzX/WWGm6wyB+f7C4\n-----END CERTIFICATE-----\n",
                "is_ca": true,
                "issuer": "CN=Amazon Root CA 1,O=Amazon,C=US",
                "not_after": "2030-08-23T22:21:28Z",
                "not_before": "2022-08-23T22:21:28Z",
                "public_key_algorithm": "RSA",
                "serial_number": "166129328851546858514271303855646110030630415",
                "sha1_fingerprint": "2ad974a775f73cbdbbd8f5ac3a49255fa8fb1f8c",
                "signature_algorithm": "SHA256-RSA",
                "subject": "CN=Amazon RSA 2048 M01,O=Amazon,C=US",
                "version": 3
              },
              {
                "cert_pem": "-----BEGIN CERTIFICATE-----\nMIIF2jCCBMKgAwIBAgIQCRvgeqQsqWrn5AFNHZcUXzANBgkqhkiG9w0BAQsFADA8\nMQswCQYDVQQGEwJVUzEPMA0GA1UEChMGQW1hem9uMRwwGgYDVQQDExNBbWF6b24g\nUlNBIDIwNDggTTAxMB4XDTI1MTAwNjAwMDAwMFoXDTI2MDQwMTIzNTk1OVowKDEm\nMCQGA1UEAwwdKi5la3MudXMtd2VzdC0xLmFtYXpvbmF3cy5jb20wggEiMA0GCSqG\nSIb3DQEBAQUAA4IBDwAwggEKAoIBAQC/HpHWIr1zAxeyNnW5saFUnMSwedR+bsSF\nHRIAbPF+4qDR3UP82EpC6wR7DgIvYyqcKQy3uEwL/cqVBxPp9tcDnGZWLlmhPdg1\n8lDD4UMNdg5D8CgBaxsnD4SK0kiH+zLYzQ7PhEsa2QApU8kqCN7H0kFBYyQdzfjG\nwgo9l1O+xwFH4NOQqVjYoAL0SrBPlaAKolIFXW88ljWhLa+mXD4OLeRHZhL0h4l5\nEUAsa9jd3xPQWLJijrw11jd1kBoVnlA/CfqAmE5SytdiZDA3K0fqjs2P+OS2Hi2a\nKkbdTYH7AuZILUwYhiuC9fsr5G8s8IwXq7By7T3zIQrPPNycPV2pAgMBAAGjggLq\nMIIC5jAfBgNVHSMEGDAWgBSBuA5jiokSGOX6OztQlZ/m5ZAThTAdBgNVHQ4EFgQU\nfknq+cnF/FzDmPiLD+4bcn2Jj40wKAYDVR0RBCEwH4IdKi5la3MudXMtd2VzdC0x\nLmFtYXpvbmF3cy5jb20wEwYDVR0gBAwwCjAIBgZngQwBAgEwDgYDVR0PAQH/BAQD\nAgWgMBMGA1UdJQQMMAoGCCsGAQUFBwMBMDsGA1UdHwQ0MDIwMKAuoCyGKmh0dHA6\nLy9jcmwucjJtMDEuYW1hem9udHJ1c3QuY29tL3IybTAxLmNybDB1BggrBgEFBQcB\nAQRpMGcwLQYIKwYBBQUHMAGGIWh0dHA6Ly9vY3NwLnIybTAxLmFtYXpvbnRydXN0\nLmNvbTA2BggrBgEFBQcwAoYqaHR0cDovL2NydC5yMm0wMS5hbWF6b250cnVzdC5j\nb20vcjJtMDEuY2VyMAwGA1UdEwEB/wQCMAAwggF8BgorBgEEAdZ5AgQCBIIBbASC\nAWgBZgB1AJaXZL9VWJet90OHaDcIQnfp8DrV9qTzNm5GpD8PyqnGAAABmbtTuTwA\nAAQDAEYwRAIgVIMVx1OuJEq1cuSgnODJ/OUCLXK7pT146j3q0bbgSAcCIHk+zTWX\nYgrVZIi4W/idKBCPjtLoqvBFM+sjo0h6d7VRAHYAZBHEbKQS7KeJHKICLgC8q08o\nB9QeNSer6v7VA8l9zfAAAAGZu1O5OwAABAMARzBFAiBByikCQHkyep2ef8jz7YhR\nU4roXlxw4KxY2OhBfIC4HQIhAK3duj2zf68uIC8Axi2Dry9c8dsMT/lwQper1f1b\nEKNsAHUASZybad4dfOz8Nt7Nh2SmuFuvCoeAGdFVUvvp6ynd+MMAAAGZu1O5TAAA\nBAMARjBEAiApIHFDFAAIxunO+1+3i/QUxYNl+6TpxUtUIkG3Huhy5QIgcMwy8JNw\npDV4fZHhn+x6B3OsYNTPAYEC0btBZlYMr4AwDQYJKoZIhvcNAQELBQADggEBACLf\nGjO315wa5v3CGvV5AiYpM3vwLOcbhKvZHT4pAZER74fEtv0LHgC3iwCZWCvChgGg\nNM4dqpOmqvuzLgC1uapw5ARf537mgXF95Zow/bvW8MREpECbF3nsSVMv+UQtrVbO\nuuLLLYEomd/kejXufplcxtTz2fgCGyY/v7CmzdMq06f3fdB3IggNl2pjM6z8cR74\nSun52dL/fDz7Z9SBftMsTJM1RQPxeTBtVI4Hz+LBMUkifKcwwpnaeC+DpQVjoyVJ\nmqBneObHD5WGfW+qiXmelHmOyIVsUX5c7XfNt07n+MvrRC7M8VZJH71rGDc1Yh7Q\nwCImDtcgBnFb4xXrGaE=\n-----END CERTIFICATE-----\n",
                "is_ca": false,
                "issuer": "CN=Amazon RSA 2048 M01,O=Amazon,C=US",
                "not_after": "2026-04-01T23:59:59Z",
                "not_before": "2025-10-06T00:00:00Z",
                "public_key_algorithm": "RSA",
                "serial_number": "12107796953641262315292331226038735967",
                "sha1_fingerprint": "8bbe357b972ab97f2acef9dab0c9e629aca6b2ad",
                "signature_algorithm": "SHA256-RSA",
                "subject": "CN=*.eks.us-west-1.amazonaws.com",
                "version": 3
              }
            ],
            "content": null,
            "id": "516a915e4636e4e97da58d10503f85093527c0df",
            "url": "https://oidc.eks.us-west-1.amazonaws.com/id/A80D6EBB2848CF03484C2BA17FD9C390",
            "verify_chain": true
          },
          "sensitive_attributes": []
        }
      ]
    },
    {
      "mode": "managed",
      "type": "aws_eip",
      "name": "nat",
      "provider": "provider[\"registry.terraform.io/hashicorp/aws\"]",
      "instances": [
        {
          "index_key": 0,
          "schema_version": 0,
          "attributes": {
            "address": null,
            "allocation_id": "eipalloc-0c863d2b85092491e",
            "arn": "arn:aws:ec2:us-west-1:294825482201:elastic-ip/eipalloc-0c863d2b85092491e",
            "associate_with_private_ip": null,
            "association_id": "",
            "carrier_ip": "",
            "customer_owned_ip": "",
            "customer_owned_ipv4_pool": "",
            "domain": "vpc",
            "id": "eipalloc-0c863d2b85092491e",
            "instance": "",
            "ipam_pool_id": null,
            "network_border_group": "us-west-1",
            "network_interface": "",
            "private_dns": null,
            "private_ip": "",
            "ptr_record": "",
            "public_dns": "ec2-54-241-68-198.us-west-1.compute.amazonaws.com",
            "public_ip": "54.241.68.198",
            "public_ipv4_pool": "amazon",
            "tags": {
              "Name": "n8n-app-nat-us-west-1a",
              "Project": "n8n-app"
            },
            "tags_all": {
              "Name": "n8n-app-nat-us-west-1a",
              "Project": "n8n-app"
            },
            "timeouts": null,
            "vpc": true
          },
          "sensitive_attributes": [],
          "private": "eyJlMmJmYjczMC1lY2FhLTExZTYtOGY4OC0zNDM2M2JjN2M0YzAiOnsiZGVsZXRlIjoxODAwMDAwMDAwMDAsInJlYWQiOjkwMDAwMDAwMDAwMCwidXBkYXRlIjozMDAwMDAwMDAwMDB9fQ==",
          "dependencies": [
            "data.aws_availability_zones.available"
          ]
        }
      ]
    },
    {
      "mode": "managed",
      "type": "aws_eip",
      "name": "nlb",
      "provider": "provider[\"registry.terraform.io/hashicorp/aws\"]",
      "instances": [
        {
          "index_key": 0,
          "schema_version": 0,
          "attributes": {
            "address": null,
            "allocation_id": "eipalloc-0441007d44ec239a1",
            "arn": "arn:aws:ec2:us-west-1:294825482201:elastic-ip/eipalloc-0441007d44ec239a1",
            "associate_with_private_ip": null,
            "association_id": "",
            "carrier_ip": "",
            "customer_owned_ip": "",
            "customer_owned_ipv4_pool": "",
            "domain": "vpc",
            "id": "eipalloc-0441007d44ec239a1",
            "instance": "",
            "ipam_pool_id": null,
            "network_border_group": "us-west-1",
            "network_interface": "",
            "private_dns": null,
            "private_ip": "",
            "ptr_record": "",
            "public_dns": "ec2-54-241-215-103.us-west-1.compute.amazonaws.com",
            "public_ip": "54.241.215.103",
            "public_ipv4_pool": "amazon",
            "tags": {
              "Name": "n8n-app-nlb-eip-us-west-1a",
              "Project": "n8n-app"
            },
            "tags_all": {
              "Name": "n8n-app-nlb-eip-us-west-1a",
              "Project": "n8n-app"
            },
            "timeouts": null,
            "vpc": true
          },
          "sensitive_attributes": [],
          "private": "eyJlMmJmYjczMC1lY2FhLTExZTYtOGY4OC0zNDM2M2JjN2M0YzAiOnsiZGVsZXRlIjoxODAwMDAwMDAwMDAsInJlYWQiOjkwMDAwMDAwMDAwMCwidXBkYXRlIjozMDAwMDAwMDAwMDB9fQ==",
          "dependencies": [
            "data.aws_availability_zones.available"
          ]
        },
        {
          "index_key": 1,
          "schema_version": 0,
          "attributes": {
            "address": null,
            "allocation_id": "eipalloc-0fb65fc9d33c79e3a",
            "arn": "arn:aws:ec2:us-west-1:294825482201:elastic-ip/eipalloc-0fb65fc9d33c79e3a",
            "associate_with_private_ip": null,
            "association_id": "",
            "carrier_ip": "",
            "customer_owned_ip": "",
            "customer_owned_ipv4_pool": "",
            "domain": "vpc",
            "id": "eipalloc-0fb65fc9d33c79e3a",
            "instance": "",
            "ipam_pool_id": null,
            "network_border_group": "us-west-1",
            "network_interface": "",
            "private_dns": null,
            "private_ip": "",
            "ptr_record": "",
            "public_dns": "ec2-13-57-108-151.us-west-1.compute.amazonaws.com",
            "public_ip": "13.57.108.151",
            "public_ipv4_pool": "amazon",
            "tags": {
              "Name": "n8n-app-nlb-eip-us-west-1c",
              "Project": "n8n-app"
            },
            "tags_all": {
              "Name": "n8n-app-nlb-eip-us-west-1c",
              "Project": "n8n-app"
            },
            "timeouts": null,
            "vpc": true
          },
          "sensitive_attributes": [],
          "private": "eyJlMmJmYjczMC1lY2FhLTExZTYtOGY4OC0zNDM2M2JjN2M0YzAiOnsiZGVsZXRlIjoxODAwMDAwMDAwMDAsInJlYWQiOjkwMDAwMDAwMDAwMCwidXBkYXRlIjozMDAwMDAwMDAwMDB9fQ==",
          "dependencies": [
            "data.aws_availability_zones.available"
          ]
        }
      ]
    },
    {
      "mode": "managed",
      "type": "aws_eks_addon",
      "name": "ebs_csi",
      "provider": "provider[\"registry.terraform.io/hashicorp/aws\"]",
      "instances": [
        {
          "schema_version": 0,
          "attributes": {
            "addon_name": "aws-ebs-csi-driver",
            "addon_version": "v1.51.0-eksbuild.1",
            "arn": "arn:aws:eks:us-west-1:294825482201:addon/n8n-eks-cluster/aws-ebs-csi-driver/acccfaa8-6197-9a67-3536-d1821e5c962d",
            "cluster_name": "n8n-eks-cluster",
            "configuration_values": "",
            "created_at": "2025-10-18T03:15:35Z",
            "id": "n8n-eks-cluster:aws-ebs-csi-driver",
            "modified_at": "2025-10-18T03:16:05Z",
            "pod_identity_association": [],
            "preserve": null,
            "resolve_conflicts": null,
            "resolve_conflicts_on_create": null,
            "resolve_conflicts_on_update": null,
            "service_account_role_arn": "arn:aws:iam::294825482201:role/n8n-app-ebs-csi-driver-role",
            "tags": {
              "Name": "n8n-app-ebs-csi-driver",
              "Project": "n8n-app"
            },
            "tags_all": {
              "Name": "n8n-app-ebs-csi-driver",
              "Project": "n8n-app"
            },
            "timeouts": null
          },
          "sensitive_attributes": [],
          "private": "eyJlMmJmYjczMC1lY2FhLTExZTYtOGY4OC0zNDM2M2JjN2M0YzAiOnsiY3JlYXRlIjoxMjAwMDAwMDAwMDAwLCJkZWxldGUiOjI0MDAwMDAwMDAwMDAsInVwZGF0ZSI6MTIwMDAwMDAwMDAwMH19",
          "dependencies": [
            "aws_eks_cluster.main",
            "aws_eks_node_group.main",
            "aws_iam_openid_connect_provider.eks",
            "aws_iam_role.ebs_csi_driver",
            "aws_iam_role.eks_cluster",
            "aws_iam_role.eks_nodes",
            "aws_iam_role_policy_attachment.ebs_csi_driver",
            "aws_iam_role_policy_attachment.eks_cluster_policy",
            "aws_iam_role_policy_attachment.eks_vpc_resource_controller",
            "aws_iam_role_policy_attachment.node_cni_policy",
            "aws_iam_role_policy_attachment.node_registry_policy",
            "aws_iam_role_policy_attachment.node_ssm_policy",
            "aws_iam_role_policy_attachment.node_worker_policy",
            "aws_security_group.eks_nodes",
            "aws_subnet.private",
            "aws_subnet.public",
            "aws_vpc.main",
            "data.aws_availability_zones.available",
            "data.aws_iam_policy_document.ebs_csi_assume_role",
            "data.aws_iam_policy_document.eks_assume_role",
            "data.aws_iam_policy_document.node_assume_role",
            "data.tls_certificate.eks"
          ]
        }
      ]
    },
    {
      "mode": "managed",
      "type": "aws_eks_cluster",
      "name": "main",
      "provider": "provider[\"registry.terraform.io/hashicorp/aws\"]",
      "instances": [
        {
          "schema_version": 1,
          "attributes": {
            "access_config": [
              {
                "authentication_mode": "CONFIG_MAP",
                "bootstrap_cluster_creator_admin_permissions": true
              }
            ],
            "arn": "arn:aws:eks:us-west-1:294825482201:cluster/n8n-eks-cluster",
            "bootstrap_self_managed_addons": true,
            "certificate_authority": [
              {
                "data": "LS0tLS1CRUdJTiBDRVJUSUZJQ0FURS0tLS0tCk1JSURCVENDQWUyZ0F3SUJBZ0lJZVZJbXpZb0tJUEl3RFFZSktvWklodmNOQVFFTEJRQXdGVEVUTUJFR0ExVUUKQXhNS2EzVmlaWEp1WlhSbGN6QWVGdzB5TlRFd01UZ3dNekEwTXpOYUZ3MHpOVEV3TVRZd016QTVNek5hTUJVeApFekFSQmdOVkJBTVRDbXQxWW1WeWJtVjBaWE13Z2dFaU1BMEdDU3FHU0liM0RRRUJBUVVBQTRJQkR3QXdnZ0VLCkFvSUJBUUR1TFE5NGU4b3NnZmp3SFFIRjkzZ2RGQVZmUmxDTGpVRHZkbjJTdWIyaE9QWWxoaGZqMjZNTWFoaHMKRXdCOHlLdnJDRWs2SVF4QVBYczlidmdQQ1Z6N3dMN0x5LzRiY2ZQN1pNcmVSSjhESEhDcG15dU0yQXNKZHNnaQp2RC84WGpNSEwxSmJiQ1M5K2NwbDhrRDBiMUJaRksveFUrckIwcnFBZjljSG5PRVNSSWtBSXJyODVTbVVDVXArCkhxNEQ5T3hObWJiQlpNTzUwUUQ4QnhLYmk4eWxTRk5sV0hQdDRMZkxvRHc2OGRvOCtVU0NlR3dPK0NpNFd3ZWUKR1p6dm5FdXRobG16REZBdkwzQysvL0k4QkN3bmZjckxyaXFXaUpQYzlDcWhsbCtqYzZxOUFwT0oweVY2ZGtqSgpYZDVSM3hYUGVpSlk4TnpzWStKRE9teFVSVFh4QWdNQkFBR2pXVEJYTUE0R0ExVWREd0VCL3dRRUF3SUNwREFQCkJnTlZIUk1CQWY4RUJUQURBUUgvTUIwR0ExVWREZ1FXQkJUR0t2V3ZKam9jeHpzMzNTQWNCYTRmeXdsTTN6QVYKQmdOVkhSRUVEakFNZ2dwcmRXSmxjbTVsZEdWek1BMEdDU3FHU0liM0RRRUJDd1VBQTRJQkFRREdhQ0c4UUU4UQo4d2kzT1p0Y3BkOFE4NUlRSW9ZZldsenRDR0hpR2Z2V0ROMi91OWEyK3pmNzc4NXAvSnMwT3NKMHp3UW85ZW5PCmNZOXRpbGZURzNodG1NRzZXR0xnYXRmZzlGc2dWa3dQdGVFc3hZMERuU3dOR3kyZi9iNmozMlVaRDliSUNrVkYKZjl0UHdMMkJRTWtQWllxdVFoNnRqenkxOGJDeGdKUWlBa3JlUnpwaFBWNUJHRmJ4bjJ1d0Vnd3R2NVJ4UjM5Mwo2eXFyZXA5NnREZ1VmSXpOb0dGM2RFSkFUc3FjaktScFp0RjhhL2cvWEZCazBhMXp4N3V4SlNVYzJFQ24rZVhQCnNNcHpjWVJGekpXbml6L3BrVm81UEtSeTA0Y0RxVWxzVmw5SGVZdHVPenBIenZmUzBqaGxWYWRRMnl3OVV4dGgKN3o3WmY5RCs4Rnh5Ci0tLS0tRU5EIENFUlRJRklDQVRFLS0tLS0K"
              }
            ],
            "cluster_id": null,
            "compute_config": [],
            "created_at": "2025-10-18T03:03:53Z",
            "enabled_cluster_log_types": null,
            "encryption_config": [],
            "endpoint": "https://A80D6EBB2848CF03484C2BA17FD9C390.sk1.us-west-1.eks.amazonaws.com",
            "force_update_version": null,
            "id": "n8n-eks-cluster",
            "identity": [
              {
                "oidc": [
                  {
                    "issuer": "https://oidc.eks.us-west-1.amazonaws.com/id/A80D6EBB2848CF03484C2BA17FD9C390"
                  }
                ]
              }
            ],
            "kubernetes_network_config": [
              {
                "elastic_load_balancing": [
                  {
                    "enabled": false
                  }
                ],
                "ip_family": "ipv4",
                "service_ipv4_cidr": "172.20.0.0/16",
                "service_ipv6_cidr": ""
              }
            ],
            "name": "n8n-eks-cluster",
            "outpost_config": [],
            "platform_version": "eks.41",
            "remote_network_config": [],
            "role_arn": "arn:aws:iam::294825482201:role/n8n-app-eks-cluster-role",
            "status": "ACTIVE",
            "storage_config": [],
            "tags": {
              "Name": "n8n-eks-cluster",
              "Project": "n8n-app"
            },
            "tags_all": {
              "Name": "n8n-eks-cluster",
              "Project": "n8n-app"
            },
            "timeouts": null,
            "upgrade_policy": [
              {
                "support_type": "EXTENDED"
              }
            ],
            "version": "1.31",
            "vpc_config": [
              {
                "cluster_security_group_id": "sg-0948d6a52713cb1b7",
                "endpoint_private_access": true,
                "endpoint_public_access": true,
                "public_access_cidrs": [
                  "0.0.0.0/0"
                ],
                "security_group_ids": null,
                "subnet_ids": [
                  "subnet-01311710f484bafce",
                  "subnet-097bf53157bf5604f",
                  "subnet-0a18291b258a21045",
                  "subnet-0a50d244e56c64c8f"
                ],
                "vpc_id": "vpc-0abc94cc54bf32b2d"
              }
            ],
            "zonal_shift_config": []
          },
          "sensitive_attributes": [],
          "private": "eyJlMmJmYjczMC1lY2FhLTExZTYtOGY4OC0zNDM2M2JjN2M0YzAiOnsiY3JlYXRlIjoxODAwMDAwMDAwMDAwLCJkZWxldGUiOjkwMDAwMDAwMDAwMCwidXBkYXRlIjozNjAwMDAwMDAwMDAwfSwic2NoZW1hX3ZlcnNpb24iOiIxIn0=",
          "dependencies": [
            "aws_iam_role.eks_cluster",
            "aws_iam_role_policy_attachment.eks_cluster_policy",
            "aws_iam_role_policy_attachment.eks_vpc_resource_controller",
            "aws_subnet.private",
            "aws_subnet.public",
            "aws_vpc.main",
            "data.aws_availability_zones.available",
            "data.aws_iam_policy_document.eks_assume_role"
          ]
        }
      ]
    },
    {
      "mode": "managed",
      "type": "aws_eks_node_group",
      "name": "main",
      "provider": "provider[\"registry.terraform.io/hashicorp/aws\"]",
      "instances": [
        {
          "schema_version": 0,
          "attributes": {
            "ami_type": "AL2023_x86_64_STANDARD",
            "arn": "arn:aws:eks:us-west-1:294825482201:nodegroup/n8n-eks-cluster/n8n-app-node-group/96ccfaa7-26a7-d75b-d02e-0f5efa4908bd",
            "capacity_type": "ON_DEMAND",
            "cluster_name": "n8n-eks-cluster",
            "disk_size": 20,
            "force_update_version": null,
            "id": "n8n-eks-cluster:n8n-app-node-group",
            "instance_types": [
              "t3.medium"
            ],
            "labels": {
              "environment": "production",
              "role": "worker"
            },
            "launch_template": [],
            "node_group_name": "n8n-app-node-group",
            "node_group_name_prefix": "",
            "node_repair_config": [],
            "node_role_arn": "arn:aws:iam::294825482201:role/n8n-app-eks-node-role",
            "release_version": "1.31.13-20251007",
            "remote_access": [],
            "resources": [
              {
                "autoscaling_groups": [
                  {
                    "name": "eks-n8n-app-node-group-96ccfaa7-26a7-d75b-d02e-0f5efa4908bd"
                  }
                ],
                "remote_access_security_group_id": ""
              }
            ],
            "scaling_config": [
              {
                "desired_size": 1,
                "max_size": 1,
                "min_size": 1
              }
            ],
            "status": "ACTIVE",
            "subnet_ids": [
              "subnet-01311710f484bafce",
              "subnet-0a18291b258a21045"
            ],
            "tags": {
              "Description": "EKS worker node for n8n-app cluster",
              "ManagedBy": "EKS",
              "Name": "n8n-app-eks-worker-node",
              "NodeGroup": "n8n-app-node-group",
              "Project": "n8n-app"
            },
            "tags_all": {
              "Description": "EKS worker node for n8n-app cluster",
              "ManagedBy": "EKS",
              "Name": "n8n-app-eks-worker-node",
              "NodeGroup": "n8n-app-node-group",
              "Project": "n8n-app"
            },
            "taint": [],
            "timeouts": null,
            "update_config": [
              {
                "max_unavailable": 1,
                "max_unavailable_percentage": 0
              }
            ],
            "version": "1.31"
          },
          "sensitive_attributes": [],
          "private": "eyJlMmJmYjczMC1lY2FhLTExZTYtOGY4OC0zNDM2M2JjN2M0YzAiOnsiY3JlYXRlIjozNjAwMDAwMDAwMDAwLCJkZWxldGUiOjM2MDAwMDAwMDAwMDAsInVwZGF0ZSI6MzYwMDAwMDAwMDAwMH19",
          "dependencies": [
            "aws_eks_cluster.main",
            "aws_iam_role.eks_cluster",
            "aws_iam_role.eks_nodes",
            "aws_iam_role_policy_attachment.eks_cluster_policy",
            "aws_iam_role_policy_attachment.eks_vpc_resource_controller",
            "aws_iam_role_policy_attachment.node_cni_policy",
            "aws_iam_role_policy_attachment.node_registry_policy",
            "aws_iam_role_policy_attachment.node_ssm_policy",
            "aws_iam_role_policy_attachment.node_worker_policy",
            "aws_security_group.eks_nodes",
            "aws_subnet.private",
            "aws_subnet.public",
            "aws_vpc.main",
            "data.aws_availability_zones.available",
            "data.aws_iam_policy_document.eks_assume_role",
            "data.aws_iam_policy_document.node_assume_role"
          ]
        }
      ]
    },
    {
      "mode": "managed",
      "type": "aws_iam_openid_connect_provider",
      "name": "eks",
      "provider": "provider[\"registry.terraform.io/hashicorp/aws\"]",
      "instances": [
        {
          "schema_version": 0,
          "attributes": {
            "arn": "arn:aws:iam::294825482201:oidc-provider/oidc.eks.us-west-1.amazonaws.com/id/A80D6EBB2848CF03484C2BA17FD9C390",
            "client_id_list": [
              "sts.amazonaws.com"
            ],
            "id": "arn:aws:iam::294825482201:oidc-provider/oidc.eks.us-west-1.amazonaws.com/id/A80D6EBB2848CF03484C2BA17FD9C390",
            "tags": {
              "Name": "n8n-app-eks-oidc-provider",
              "Project": "n8n-app"
            },
            "tags_all": {
              "Name": "n8n-app-eks-oidc-provider",
              "Project": "n8n-app"
            },
            "thumbprint_list": [
              "06b25927c42a721631c1efd9431e648fa62e1e39"
            ],
            "url": "oidc.eks.us-west-1.amazonaws.com/id/A80D6EBB2848CF03484C2BA17FD9C390"
          },
          "sensitive_attributes": [],
          "private": "bnVsbA==",
          "dependencies": [
            "aws_eks_cluster.main",
            "aws_iam_role.eks_cluster",
            "aws_iam_role_policy_attachment.eks_cluster_policy",
            "aws_iam_role_policy_attachment.eks_vpc_resource_controller",
            "aws_subnet.private",
            "aws_subnet.public",
            "aws_vpc.main",
            "data.aws_availability_zones.available",
            "data.aws_iam_policy_document.eks_assume_role",
            "data.tls_certificate.eks"
          ]
        }
      ]
    },
    {
      "mode": "managed",
      "type": "aws_iam_role",
      "name": "ebs_csi_driver",
      "provider": "provider[\"registry.terraform.io/hashicorp/aws\"]",
      "instances": [
        {
          "schema_version": 0,
          "attributes": {
            "arn": "arn:aws:iam::294825482201:role/n8n-app-ebs-csi-driver-role",
            "assume_role_policy": "{\"Statement\":[{\"Action\":\"sts:AssumeRoleWithWebIdentity\",\"Condition\":{\"StringEquals\":{\"oidc.eks.us-west-1.amazonaws.com/id/A80D6EBB2848CF03484C2BA17FD9C390:aud\":\"sts.amazonaws.com\",\"oidc.eks.us-west-1.amazonaws.com/id/A80D6EBB2848CF03484C2BA17FD9C390:sub\":\"system:serviceaccount:kube-system:ebs-csi-controller-sa\"}},\"Effect\":\"Allow\",\"Principal\":{\"Federated\":\"arn:aws:iam::294825482201:oidc-provider/oidc.eks.us-west-1.amazonaws.com/id/A80D6EBB2848CF03484C2BA17FD9C390\"}}],\"Version\":\"2012-10-17\"}",
            "create_date": "2025-10-18T03:12:55Z",
            "description": "",
            "force_detach_policies": false,
            "id": "n8n-app-ebs-csi-driver-role",
            "inline_policy": [],
            "managed_policy_arns": [],
            "max_session_duration": 3600,
            "name": "n8n-app-ebs-csi-driver-role",
            "name_prefix": "",
            "path": "/",
            "permissions_boundary": "",
            "tags": {
              "Name": "n8n-app-ebs-csi-driver-role",
              "Project": "n8n-app"
            },
            "tags_all": {
              "Name": "n8n-app-ebs-csi-driver-role",
              "Project": "n8n-app"
            },
            "unique_id": "AROAUJJHX27MS2FQYF7QY"
          },
          "sensitive_attributes": [],
          "private": "bnVsbA==",
          "dependencies": [
            "aws_eks_cluster.main",
            "aws_iam_openid_connect_provider.eks",
            "aws_iam_role.eks_cluster",
            "aws_iam_role_policy_attachment.eks_cluster_policy",
            "aws_iam_role_policy_attachment.eks_vpc_resource_controller",
            "aws_subnet.private",
            "aws_subnet.public",
            "aws_vpc.main",
            "data.aws_availability_zones.available",
            "data.aws_iam_policy_document.ebs_csi_assume_role",
            "data.aws_iam_policy_document.eks_assume_role",
            "data.tls_certificate.eks"
          ]
        }
      ]
    },
    {
      "mode": "managed",
      "type": "aws_iam_role",
      "name": "eks_cluster",
      "provider": "provider[\"registry.terraform.io/hashicorp/aws\"]",
      "instances": [
        {
          "schema_version": 0,
          "attributes": {
            "arn": "arn:aws:iam::294825482201:role/n8n-app-eks-cluster-role",
            "assume_role_policy": "{\"Statement\":[{\"Action\":\"sts:AssumeRole\",\"Effect\":\"Allow\",\"Principal\":{\"Service\":\"eks.amazonaws.com\"}}],\"Version\":\"2012-10-17\"}",
            "create_date": "2025-10-18T03:03:23Z",
            "description": "",
            "force_detach_policies": false,
            "id": "n8n-app-eks-cluster-role",
            "inline_policy": [],
            "managed_policy_arns": [],
            "max_session_duration": 3600,
            "name": "n8n-app-eks-cluster-role",
            "name_prefix": "",
            "path": "/",
            "permissions_boundary": "",
            "tags": {
              "Name": "n8n-app-eks-cluster-role",
              "Project": "n8n-app"
            },
            "tags_all": {
              "Name": "n8n-app-eks-cluster-role",
              "Project": "n8n-app"
            },
            "unique_id": "AROAUJJHX27MZPCKR3YOL"
          },
          "sensitive_attributes": [],
          "private": "bnVsbA==",
          "dependencies": [
            "data.aws_iam_policy_document.eks_assume_role"
          ]
        }
      ]
    },
    {
      "mode": "managed",
      "type": "aws_iam_role",
      "name": "eks_nodes",
      "provider": "provider[\"registry.terraform.io/hashicorp/aws\"]",
      "instances": [
        {
          "schema_version": 0,
          "attributes": {
            "arn": "arn:aws:iam::294825482201:role/n8n-app-eks-node-role",
            "assume_role_policy": "{\"Statement\":[{\"Action\":\"sts:AssumeRole\",\"Effect\":\"Allow\",\"Principal\":{\"Service\":\"ec2.amazonaws.com\"}}],\"Version\":\"2012-10-17\"}",
            "create_date": "2025-10-18T03:03:23Z",
            "description": "",
            "force_detach_policies": false,
            "id": "n8n-app-eks-node-role",
            "inline_policy": [],
            "managed_policy_arns": [],
            "max_session_duration": 3600,
            "name": "n8n-app-eks-node-role",
            "name_prefix": "",
            "path": "/",
            "permissions_boundary": "",
            "tags": {
              "Name": "n8n-app-eks-node-role",
              "Project": "n8n-app"
            },
            "tags_all": {
              "Name": "n8n-app-eks-node-role",
              "Project": "n8n-app"
            },
            "unique_id": "AROAUJJHX27MXZQAKHV6D"
          },
          "sensitive_attributes": [],
          "private": "bnVsbA==",
          "dependencies": [
            "data.aws_iam_policy_document.node_assume_role"
          ]
        }
      ]
    },
    {
      "mode": "managed",
      "type": "aws_iam_role_policy",
      "name": "node_ssm_get_param",
      "provider": "provider[\"registry.terraform.io/hashicorp/aws\"]",
      "instances": [
        {
          "schema_version": 0,
          "attributes": {
            "id": "n8n-app-eks-node-role:allow-n8n-ssm-get-parameter",
            "name": "allow-n8n-ssm-get-parameter",
            "name_prefix": "",
            "policy": "{\"Version\":\"2012-10-17\",\"Statement\":[{\"Action\":[\"ssm:GetParameter\",\"ssm:GetParameters\"],\"Effect\":\"Allow\",\"Resource\":\"arn:aws:ssm:us-west-1:294825482201:parameter/n8n/encryption_key\",\"Sid\":\"AllowGetParameter\"}]}",
            "role": "n8n-app-eks-node-role"
          },
          "sensitive_attributes": [],
          "private": "bnVsbA==",
          "dependencies": [
            "aws_iam_role.eks_nodes",
            "aws_ssm_parameter.n8n_encryption_key",
            "data.aws_iam_policy_document.node_assume_role",
            "random_id.enc"
          ]
        }
      ]
    },
    {
      "mode": "managed",
      "type": "aws_iam_role_policy_attachment",
      "name": "ebs_csi_driver",
      "provider": "provider[\"registry.terraform.io/hashicorp/aws\"]",
      "instances": [
        {
          "schema_version": 0,
          "attributes": {
            "id": "n8n-app-ebs-csi-driver-role-2025101803125599210000000d",
            "policy_arn": "arn:aws:iam::aws:policy/service-role/AmazonEBSCSIDriverPolicy",
            "role": "n8n-app-ebs-csi-driver-role"
          },
          "sensitive_attributes": [],
          "private": "bnVsbA==",
          "dependencies": [
            "aws_eks_cluster.main",
            "aws_iam_openid_connect_provider.eks",
            "aws_iam_role.ebs_csi_driver",
            "aws_iam_role.eks_cluster",
            "aws_iam_role_policy_attachment.eks_cluster_policy",
            "aws_iam_role_policy_attachment.eks_vpc_resource_controller",
            "aws_subnet.private",
            "aws_subnet.public",
            "aws_vpc.main",
            "data.aws_availability_zones.available",
            "data.aws_iam_policy_document.ebs_csi_assume_role",
            "data.aws_iam_policy_document.eks_assume_role",
            "data.tls_certificate.eks"
          ]
        }
      ]
    },
    {
      "mode": "managed",
      "type": "aws_iam_role_policy_attachment",
      "name": "eks_cluster_policy",
      "provider": "provider[\"registry.terraform.io/hashicorp/aws\"]",
      "instances": [
        {
          "schema_version": 0,
          "attributes": {
            "id": "n8n-app-eks-cluster-role-20251018030324669600000006",
            "policy_arn": "arn:aws:iam::aws:policy/AmazonEKSClusterPolicy",
            "role": "n8n-app-eks-cluster-role"
          },
          "sensitive_attributes": [],
          "private": "bnVsbA==",
          "dependencies": [
            "aws_iam_role.eks_cluster",
            "data.aws_iam_policy_document.eks_assume_role"
          ]
        }
      ]
    },
    {
      "mode": "managed",
      "type": "aws_iam_role_policy_attachment",
      "name": "eks_vpc_resource_controller",
      "provider": "provider[\"registry.terraform.io/hashicorp/aws\"]",
      "instances": [
        {
          "schema_version": 0,
          "attributes": {
            "id": "n8n-app-eks-cluster-role-20251018030324774400000007",
            "policy_arn": "arn:aws:iam::aws:policy/AmazonEKSVPCResourceController",
            "role": "n8n-app-eks-cluster-role"
          },
          "sensitive_attributes": [],
          "private": "bnVsbA==",
          "dependencies": [
            "aws_iam_role.eks_cluster",
            "data.aws_iam_policy_document.eks_assume_role"
          ]
        }
      ]
    },
    {
      "mode": "managed",
      "type": "aws_iam_role_policy_attachment",
      "name": "node_cni_policy",
      "provider": "provider[\"registry.terraform.io/hashicorp/aws\"]",
      "instances": [
        {
          "schema_version": 0,
          "attributes": {
            "id": "n8n-app-eks-node-role-20251018030324224300000002",
            "policy_arn": "arn:aws:iam::aws:policy/AmazonEKS_CNI_Policy",
            "role": "n8n-app-eks-node-role"
          },
          "sensitive_attributes": [],
          "private": "bnVsbA==",
          "dependencies": [
            "aws_iam_role.eks_nodes",
            "data.aws_iam_policy_document.node_assume_role"
          ]
        }
      ]
    },
    {
      "mode": "managed",
      "type": "aws_iam_role_policy_attachment",
      "name": "node_registry_policy",
      "provider": "provider[\"registry.terraform.io/hashicorp/aws\"]",
      "instances": [
        {
          "schema_version": 0,
          "attributes": {
            "id": "n8n-app-eks-node-role-20251018030324408100000004",
            "policy_arn": "arn:aws:iam::aws:policy/AmazonEC2ContainerRegistryReadOnly",
            "role": "n8n-app-eks-node-role"
          },
          "sensitive_attributes": [],
          "private": "bnVsbA==",
          "dependencies": [
            "aws_iam_role.eks_nodes",
            "data.aws_iam_policy_document.node_assume_role"
          ]
        }
      ]
    },
    {
      "mode": "managed",
      "type": "aws_iam_role_policy_attachment",
      "name": "node_ssm_policy",
      "provider": "provider[\"registry.terraform.io/hashicorp/aws\"]",
      "instances": [
        {
          "schema_version": 0,
          "attributes": {
            "id": "n8n-app-eks-node-role-20251018030324338200000003",
            "policy_arn": "arn:aws:iam::aws:policy/AmazonSSMManagedInstanceCore",
            "role": "n8n-app-eks-node-role"
          },
          "sensitive_attributes": [],
          "private": "bnVsbA==",
          "dependencies": [
            "aws_iam_role.eks_nodes",
            "data.aws_iam_policy_document.node_assume_role"
          ]
        }
      ]
    },
    {
      "mode": "managed",
      "type": "aws_iam_role_policy_attachment",
      "name": "node_worker_policy",
      "provider": "provider[\"registry.terraform.io/hashicorp/aws\"]",
      "instances": [
        {
          "schema_version": 0,
          "attributes": {
            "id": "n8n-app-eks-node-role-20251018030324549700000005",
            "policy_arn": "arn:aws:iam::aws:policy/AmazonEKSWorkerNodePolicy",
            "role": "n8n-app-eks-node-role"
          },
          "sensitive_attributes": [],
          "private": "bnVsbA==",
          "dependencies": [
            "aws_iam_role.eks_nodes",
            "data.aws_iam_policy_document.node_assume_role"
          ]
        }
      ]
    },
    {
      "mode": "managed",
      "type": "aws_internet_gateway",
      "name": "main",
      "provider": "provider[\"registry.terraform.io/hashicorp/aws\"]",
      "instances": [
        {
          "schema_version": 0,
          "attributes": {
            "arn": "arn:aws:ec2:us-west-1:294825482201:internet-gateway/igw-060e0ee77d3211c00",
            "id": "igw-060e0ee77d3211c00",
            "owner_id": "294825482201",
            "tags": {
              "Name": "n8n-app-igw",
              "Project": "n8n-app"
            },
            "tags_all": {
              "Name": "n8n-app-igw",
              "Project": "n8n-app"
            },
            "timeouts": null,
            "vpc_id": "vpc-0abc94cc54bf32b2d"
          },
          "sensitive_attributes": [],
          "private": "eyJlMmJmYjczMC1lY2FhLTExZTYtOGY4OC0zNDM2M2JjN2M0YzAiOnsiY3JlYXRlIjoxMjAwMDAwMDAwMDAwLCJkZWxldGUiOjEyMDAwMDAwMDAwMDAsInVwZGF0ZSI6MTIwMDAwMDAwMDAwMH19",
          "dependencies": [
            "aws_vpc.main"
          ]
        }
      ]
    },
    {
      "mode": "managed",
      "type": "aws_nat_gateway",
      "name": "main",
      "provider": "provider[\"registry.terraform.io/hashicorp/aws\"]",
      "instances": [
        {
          "index_key": 0,
          "schema_version": 0,
          "attributes": {
            "allocation_id": "eipalloc-0c863d2b85092491e",
            "association_id": "eipassoc-096c6e0dc6939b13c",
            "connectivity_type": "public",
            "id": "nat-084a4cec9ad98f18a",
            "network_interface_id": "eni-0127203ff30b6c476",
            "private_ip": "10.0.0.80",
            "public_ip": "54.241.68.198",
            "secondary_allocation_ids": null,
            "secondary_private_ip_address_count": 0,
            "secondary_private_ip_addresses": [],
            "subnet_id": "subnet-0a50d244e56c64c8f",
            "tags": {
              "Name": "n8n-app-nat-us-west-1a",
              "Project": "n8n-app"
            },
            "tags_all": {
              "Name": "n8n-app-nat-us-west-1a",
              "Project": "n8n-app"
            },
            "timeouts": null
          },
          "sensitive_attributes": [],
          "private": "eyJlMmJmYjczMC1lY2FhLTExZTYtOGY4OC0zNDM2M2JjN2M0YzAiOnsiY3JlYXRlIjo2MDAwMDAwMDAwMDAsImRlbGV0ZSI6MTgwMDAwMDAwMDAwMCwidXBkYXRlIjo2MDAwMDAwMDAwMDB9fQ==",
          "dependencies": [
            "aws_eip.nat",
            "aws_internet_gateway.main",
            "aws_subnet.public",
            "aws_vpc.main",
            "data.aws_availability_zones.available"
          ]
        }
      ]
    },
    {
      "mode": "managed",
      "type": "aws_route_table",
      "name": "private",
      "provider": "provider[\"registry.terraform.io/hashicorp/aws\"]",
      "instances": [
        {
          "index_key": 0,
          "schema_version": 0,
          "attributes": {
            "arn": "arn:aws:ec2:us-west-1:294825482201:route-table/rtb-00d7d3d8b522a2390",
            "id": "rtb-00d7d3d8b522a2390",
            "owner_id": "294825482201",
            "propagating_vgws": [],
            "route": [
              {
                "carrier_gateway_id": "",
                "cidr_block": "0.0.0.0/0",
                "core_network_arn": "",
                "destination_prefix_list_id": "",
                "egress_only_gateway_id": "",
                "gateway_id": "",
                "ipv6_cidr_block": "",
                "local_gateway_id": "",
                "nat_gateway_id": "nat-084a4cec9ad98f18a",
                "network_interface_id": "",
                "transit_gateway_id": "",
                "vpc_endpoint_id": "",
                "vpc_peering_connection_id": ""
              }
            ],
            "tags": {
              "Name": "n8n-app-private-rt-us-west-1a",
              "Project": "n8n-app"
            },
            "tags_all": {
              "Name": "n8n-app-private-rt-us-west-1a",
              "Project": "n8n-app"
            },
            "timeouts": null,
            "vpc_id": "vpc-0abc94cc54bf32b2d"
          },
          "sensitive_attributes": [],
          "private": "eyJlMmJmYjczMC1lY2FhLTExZTYtOGY4OC0zNDM2M2JjN2M0YzAiOnsiY3JlYXRlIjozMDAwMDAwMDAwMDAsImRlbGV0ZSI6MzAwMDAwMDAwMDAwLCJ1cGRhdGUiOjEyMDAwMDAwMDAwMH19",
          "dependencies": [
            "aws_eip.nat",
            "aws_internet_gateway.main",
            "aws_nat_gateway.main",
            "aws_subnet.public",
            "aws_vpc.main",
            "data.aws_availability_zones.available"
          ]
        },
        {
          "index_key": 1,
          "schema_version": 0,
          "attributes": {
            "arn": "arn:aws:ec2:us-west-1:294825482201:route-table/rtb-02cb230bb6c29bd3b",
            "id": "rtb-02cb230bb6c29bd3b",
            "owner_id": "294825482201",
            "propagating_vgws": [],
            "route": [
              {
                "carrier_gateway_id": "",
                "cidr_block": "0.0.0.0/0",
                "core_network_arn": "",
                "destination_prefix_list_id": "",
                "egress_only_gateway_id": "",
                "gateway_id": "",
                "ipv6_cidr_block": "",
                "local_gateway_id": "",
                "nat_gateway_id": "nat-084a4cec9ad98f18a",
                "network_interface_id": "",
                "transit_gateway_id": "",
                "vpc_endpoint_id": "",
                "vpc_peering_connection_id": ""
              }
            ],
            "tags": {
              "Name": "n8n-app-private-rt-us-west-1c",
              "Project": "n8n-app"
            },
            "tags_all": {
              "Name": "n8n-app-private-rt-us-west-1c",
              "Project": "n8n-app"
            },
            "timeouts": null,
            "vpc_id": "vpc-0abc94cc54bf32b2d"
          },
          "sensitive_attributes": [],
          "private": "eyJlMmJmYjczMC1lY2FhLTExZTYtOGY4OC0zNDM2M2JjN2M0YzAiOnsiY3JlYXRlIjozMDAwMDAwMDAwMDAsImRlbGV0ZSI6MzAwMDAwMDAwMDAwLCJ1cGRhdGUiOjEyMDAwMDAwMDAwMH19",
          "dependencies": [
            "aws_eip.nat",
            "aws_internet_gateway.main",
            "aws_nat_gateway.main",
            "aws_subnet.public",
            "aws_vpc.main",
            "data.aws_availability_zones.available"
          ]
        }
      ]
    },
    {
      "mode": "managed",
      "type": "aws_route_table",
      "name": "public",
      "provider": "provider[\"registry.terraform.io/hashicorp/aws\"]",
      "instances": [
        {
          "schema_version": 0,
          "attributes": {
            "arn": "arn:aws:ec2:us-west-1:294825482201:route-table/rtb-0a7863fc412ae277d",
            "id": "rtb-0a7863fc412ae277d",
            "owner_id": "294825482201",
            "propagating_vgws": [],
            "route": [
              {
                "carrier_gateway_id": "",
                "cidr_block": "0.0.0.0/0",
                "core_network_arn": "",
                "destination_prefix_list_id": "",
                "egress_only_gateway_id": "",
                "gateway_id": "igw-060e0ee77d3211c00",
                "ipv6_cidr_block": "",
                "local_gateway_id": "",
                "nat_gateway_id": "",
                "network_interface_id": "",
                "transit_gateway_id": "",
                "vpc_endpoint_id": "",
                "vpc_peering_connection_id": ""
              }
            ],
            "tags": {
              "Name": "n8n-app-public-rt",
              "Project": "n8n-app"
            },
            "tags_all": {
              "Name": "n8n-app-public-rt",
              "Project": "n8n-app"
            },
            "timeouts": null,
            "vpc_id": "vpc-0abc94cc54bf32b2d"
          },
          "sensitive_attributes": [],
          "private": "eyJlMmJmYjczMC1lY2FhLTExZTYtOGY4OC0zNDM2M2JjN2M0YzAiOnsiY3JlYXRlIjozMDAwMDAwMDAwMDAsImRlbGV0ZSI6MzAwMDAwMDAwMDAwLCJ1cGRhdGUiOjEyMDAwMDAwMDAwMH19",
          "dependencies": [
            "aws_internet_gateway.main",
            "aws_vpc.main"
          ]
        }
      ]
    },
    {
      "mode": "managed",
      "type": "aws_route_table_association",
      "name": "private",
      "provider": "provider[\"registry.terraform.io/hashicorp/aws\"]",
      "instances": [
        {
          "index_key": 0,
          "schema_version": 0,
          "attributes": {
            "gateway_id": "",
            "id": "rtbassoc-04ceb35ee432f29e1",
            "route_table_id": "rtb-00d7d3d8b522a2390",
            "subnet_id": "subnet-01311710f484bafce",
            "timeouts": null
          },
          "sensitive_attributes": [],
          "private": "eyJlMmJmYjczMC1lY2FhLTExZTYtOGY4OC0zNDM2M2JjN2M0YzAiOnsiY3JlYXRlIjozMDAwMDAwMDAwMDAsImRlbGV0ZSI6MzAwMDAwMDAwMDAwLCJ1cGRhdGUiOjEyMDAwMDAwMDAwMH19",
          "dependencies": [
            "aws_eip.nat",
            "aws_internet_gateway.main",
            "aws_nat_gateway.main",
            "aws_route_table.private",
            "aws_subnet.private",
            "aws_subnet.public",
            "aws_vpc.main",
            "data.aws_availability_zones.available"
          ]
        },
        {
          "index_key": 1,
          "schema_version": 0,
          "attributes": {
            "gateway_id": "",
            "id": "rtbassoc-0e0537670a487bd78",
            "route_table_id": "rtb-02cb230bb6c29bd3b",
            "subnet_id": "subnet-0a18291b258a21045",
            "timeouts": null
          },
          "sensitive_attributes": [],
          "private": "eyJlMmJmYjczMC1lY2FhLTExZTYtOGY4OC0zNDM2M2JjN2M0YzAiOnsiY3JlYXRlIjozMDAwMDAwMDAwMDAsImRlbGV0ZSI6MzAwMDAwMDAwMDAwLCJ1cGRhdGUiOjEyMDAwMDAwMDAwMH19",
          "dependencies": [
            "aws_eip.nat",
            "aws_internet_gateway.main",
            "aws_nat_gateway.main",
            "aws_route_table.private",
            "aws_subnet.private",
            "aws_subnet.public",
            "aws_vpc.main",
            "data.aws_availability_zones.available"
          ]
        }
      ]
    },
    {
      "mode": "managed",
      "type": "aws_route_table_association",
      "name": "public",
      "provider": "provider[\"registry.terraform.io/hashicorp/aws\"]",
      "instances": [
        {
          "index_key": 0,
          "schema_version": 0,
          "attributes": {
            "gateway_id": "",
            "id": "rtbassoc-0ca352a3353b2c3f6",
            "route_table_id": "rtb-0a7863fc412ae277d",
            "subnet_id": "subnet-0a50d244e56c64c8f",
            "timeouts": null
          },
          "sensitive_attributes": [],
          "private": "eyJlMmJmYjczMC1lY2FhLTExZTYtOGY4OC0zNDM2M2JjN2M0YzAiOnsiY3JlYXRlIjozMDAwMDAwMDAwMDAsImRlbGV0ZSI6MzAwMDAwMDAwMDAwLCJ1cGRhdGUiOjEyMDAwMDAwMDAwMH19",
          "dependencies": [
            "aws_internet_gateway.main",
            "aws_route_table.public",
            "aws_subnet.public",
            "aws_vpc.main",
            "data.aws_availability_zones.available"
          ]
        },
        {
          "index_key": 1,
          "schema_version": 0,
          "attributes": {
            "gateway_id": "",
            "id": "rtbassoc-0f593ff324257a4f0",
            "route_table_id": "rtb-0a7863fc412ae277d",
            "subnet_id": "subnet-097bf53157bf5604f",
            "timeouts": null
          },
          "sensitive_attributes": [],
          "private": "eyJlMmJmYjczMC1lY2FhLTExZTYtOGY4OC0zNDM2M2JjN2M0YzAiOnsiY3JlYXRlIjozMDAwMDAwMDAwMDAsImRlbGV0ZSI6MzAwMDAwMDAwMDAwLCJ1cGRhdGUiOjEyMDAwMDAwMDAwMH19",
          "dependencies": [
            "aws_internet_gateway.main",
            "aws_route_table.public",
            "aws_subnet.public",
            "aws_vpc.main",
            "data.aws_availability_zones.available"
          ]
        }
      ]
    },
    {
      "mode": "managed",
      "type": "aws_secretsmanager_secret",
      "name": "db_credentials",
      "provider": "provider[\"registry.terraform.io/hashicorp/aws\"]",
      "instances": [
        {
          "index_key": 0,
          "schema_version": 0,
          "attributes": {
            "arn": "arn:aws:secretsmanager:us-west-1:294825482201:secret:/n8n/db-credentials-wf19xT",
            "description": "RDS PostgreSQL credentials for n8n",
            "force_overwrite_replica_secret": false,
            "id": "arn:aws:secretsmanager:us-west-1:294825482201:secret:/n8n/db-credentials-wf19xT",
            "kms_key_id": "",
            "name": "/n8n/db-credentials",
            "name_prefix": "",
            "policy": "",
            "recovery_window_in_days": 0,
            "replica": [],
            "tags": {
              "Name": "n8n-app-db-credentials",
              "Project": "n8n-app"
            },
            "tags_all": {
              "Name": "n8n-app-db-credentials",
              "Project": "n8n-app"
            }
          },
          "sensitive_attributes": [],
          "private": "bnVsbA=="
        }
      ]
    },
    {
      "mode": "managed",
      "type": "aws_security_group",
      "name": "eks_nodes",
      "provider": "provider[\"registry.terraform.io/hashicorp/aws\"]",
      "instances": [
        {
          "schema_version": 1,
          "attributes": {
            "arn": "arn:aws:ec2:us-west-1:294825482201:security-group/sg-0b397543bdb332b49",
            "description": "Security group for EKS worker nodes",
            "egress": [
              {
                "cidr_blocks": [
                  "0.0.0.0/0"
                ],
                "description": "Allow all outbound traffic",
                "from_port": 0,
                "ipv6_cidr_blocks": [],
                "prefix_list_ids": [],
                "protocol": "-1",
                "security_groups": [],
                "self": false,
                "to_port": 0
              }
            ],
            "id": "sg-0b397543bdb332b49",
            "ingress": [],
            "name": "n8n-app-eks-nodes-sg",
            "name_prefix": "",
            "owner_id": "294825482201",
            "revoke_rules_on_delete": false,
            "tags": {
              "Name": "n8n-app-eks-nodes-sg",
              "Project": "n8n-app",
              "kubernetes.io/cluster/n8n-eks-cluster": "owned"
            },
            "tags_all": {
              "Name": "n8n-app-eks-nodes-sg",
              "Project": "n8n-app",
              "kubernetes.io/cluster/n8n-eks-cluster": "owned"
            },
            "timeouts": null,
            "vpc_id": "vpc-0abc94cc54bf32b2d"
          },
          "sensitive_attributes": [],
          "private": "eyJlMmJmYjczMC1lY2FhLTExZTYtOGY4OC0zNDM2M2JjN2M0YzAiOnsiY3JlYXRlIjo2MDAwMDAwMDAwMDAsImRlbGV0ZSI6OTAwMDAwMDAwMDAwfSwic2NoZW1hX3ZlcnNpb24iOiIxIn0=",
          "dependencies": [
            "aws_vpc.main"
          ]
        }
      ]
    },
    {
      "mode": "managed",
      "type": "aws_security_group",
      "name": "rds",
      "provider": "provider[\"registry.terraform.io/hashicorp/aws\"]",
      "instances": [
        {
          "index_key": 0,
          "schema_version": 1,
          "attributes": {
            "arn": "arn:aws:ec2:us-west-1:294825482201:security-group/sg-0e26680591c2a3069",
            "description": "Security group for RDS PostgreSQL",
            "egress": [
              {
                "cidr_blocks": [
                  "0.0.0.0/0"
                ],
                "description": "Allow all outbound",
                "from_port": 0,
                "ipv6_cidr_blocks": [],
                "prefix_list_ids": [],
                "protocol": "-1",
                "security_groups": [],
                "self": false,
                "to_port": 0
              }
            ],
            "id": "sg-0e26680591c2a3069",
            "ingress": [
              {
                "cidr_blocks": [],
                "description": "PostgreSQL from EKS cluster security group",
                "from_port": 5432,
                "ipv6_cidr_blocks": [],
                "prefix_list_ids": [],
                "protocol": "tcp",
                "security_groups": [
                  "sg-0948d6a52713cb1b7"
                ],
                "self": false,
                "to_port": 5432
              },
              {
                "cidr_blocks": [],
                "description": "PostgreSQL from EKS worker nodes (custom SG)",
                "from_port": 5432,
                "ipv6_cidr_blocks": [],
                "prefix_list_ids": [],
                "protocol": "tcp",
                "security_groups": [
                  "sg-0b397543bdb332b49"
                ],
                "self": false,
                "to_port": 5432
              }
            ],
            "name": "n8n-app-rds-sg",
            "name_prefix": "",
            "owner_id": "294825482201",
            "revoke_rules_on_delete": false,
            "tags": {
              "Name": "n8n-app-rds-sg",
              "Project": "n8n-app"
            },
            "tags_all": {
              "Name": "n8n-app-rds-sg",
              "Project": "n8n-app"
            },
            "timeouts": null,
            "vpc_id": "vpc-0abc94cc54bf32b2d"
          },
          "sensitive_attributes": [],
          "private": "eyJlMmJmYjczMC1lY2FhLTExZTYtOGY4OC0zNDM2M2JjN2M0YzAiOnsiY3JlYXRlIjo2MDAwMDAwMDAwMDAsImRlbGV0ZSI6OTAwMDAwMDAwMDAwfSwic2NoZW1hX3ZlcnNpb24iOiIxIn0=",
          "dependencies": [
            "aws_eks_cluster.main",
            "aws_iam_role.eks_cluster",
            "aws_iam_role_policy_attachment.eks_cluster_policy",
            "aws_iam_role_policy_attachment.eks_vpc_resource_controller",
            "aws_security_group.eks_nodes",
            "aws_subnet.private",
            "aws_subnet.public",
            "aws_vpc.main",
            "data.aws_availability_zones.available",
            "data.aws_iam_policy_document.eks_assume_role"
          ]
        }
      ]
    },
    {
      "mode": "managed",
      "type": "aws_security_group_rule",
      "name": "cluster_to_node",
      "provider": "provider[\"registry.terraform.io/hashicorp/aws\"]",
      "instances": [
        {
          "schema_version": 2,
          "attributes": {
            "cidr_blocks": null,
            "description": "Allow cluster control plane to communicate with nodes",
            "from_port": 1025,
            "id": "sgrule-2454280221",
            "ipv6_cidr_blocks": null,
            "prefix_list_ids": null,
            "protocol": "tcp",
            "security_group_id": "sg-0b397543bdb332b49",
            "security_group_rule_id": "sgr-0be758a2bc52d2e0c",
            "self": false,
            "source_security_group_id": "sg-0948d6a52713cb1b7",
            "timeouts": null,
            "to_port": 65535,
            "type": "ingress"
          },
          "sensitive_attributes": [],
          "private": "eyJlMmJmYjczMC1lY2FhLTExZTYtOGY4OC0zNDM2M2JjN2M0YzAiOnsiY3JlYXRlIjozMDAwMDAwMDAwMDB9LCJzY2hlbWFfdmVyc2lvbiI6IjIifQ==",
          "dependencies": [
            "aws_eks_cluster.main",
            "aws_iam_role.eks_cluster",
            "aws_iam_role_policy_attachment.eks_cluster_policy",
            "aws_iam_role_policy_attachment.eks_vpc_resource_controller",
            "aws_security_group.eks_nodes",
            "aws_subnet.private",
            "aws_subnet.public",
            "aws_vpc.main",
            "data.aws_availability_zones.available",
            "data.aws_iam_policy_document.eks_assume_role"
          ]
        }
      ]
    },
    {
      "mode": "managed",
      "type": "aws_security_group_rule",
      "name": "node_to_cluster",
      "provider": "provider[\"registry.terraform.io/hashicorp/aws\"]",
      "instances": [
        {
          "schema_version": 2,
          "attributes": {
            "cidr_blocks": null,
            "description": "Allow nodes to communicate with cluster API",
            "from_port": 443,
            "id": "sgrule-779204223",
            "ipv6_cidr_blocks": null,
            "prefix_list_ids": null,
            "protocol": "tcp",
            "security_group_id": "sg-0948d6a52713cb1b7",
            "security_group_rule_id": "sgr-059a0fe604ed8cd2c",
            "self": false,
            "source_security_group_id": "sg-0b397543bdb332b49",
            "timeouts": null,
            "to_port": 443,
            "type": "ingress"
          },
          "sensitive_attributes": [],
          "private": "eyJlMmJmYjczMC1lY2FhLTExZTYtOGY4OC0zNDM2M2JjN2M0YzAiOnsiY3JlYXRlIjozMDAwMDAwMDAwMDB9LCJzY2hlbWFfdmVyc2lvbiI6IjIifQ==",
          "dependencies": [
            "aws_eks_cluster.main",
            "aws_iam_role.eks_cluster",
            "aws_iam_role_policy_attachment.eks_cluster_policy",
            "aws_iam_role_policy_attachment.eks_vpc_resource_controller",
            "aws_security_group.eks_nodes",
            "aws_subnet.private",
            "aws_subnet.public",
            "aws_vpc.main",
            "data.aws_availability_zones.available",
            "data.aws_iam_policy_document.eks_assume_role"
          ]
        }
      ]
    },
    {
      "mode": "managed",
      "type": "aws_security_group_rule",
      "name": "node_to_node",
      "provider": "provider[\"registry.terraform.io/hashicorp/aws\"]",
      "instances": [
        {
          "schema_version": 2,
          "attributes": {
            "cidr_blocks": null,
            "description": "Allow nodes to communicate with each other",
            "from_port": 0,
            "id": "sgrule-3941341440",
            "ipv6_cidr_blocks": null,
            "prefix_list_ids": null,
            "protocol": "-1",
            "security_group_id": "sg-0b397543bdb332b49",
            "security_group_rule_id": "sgr-09df69e322a127bc5",
            "self": false,
            "source_security_group_id": "sg-0b397543bdb332b49",
            "timeouts": null,
            "to_port": 65535,
            "type": "ingress"
          },
          "sensitive_attributes": [],
          "private": "eyJlMmJmYjczMC1lY2FhLTExZTYtOGY4OC0zNDM2M2JjN2M0YzAiOnsiY3JlYXRlIjozMDAwMDAwMDAwMDB9LCJzY2hlbWFfdmVyc2lvbiI6IjIifQ==",
          "dependencies": [
            "aws_security_group.eks_nodes",
            "aws_vpc.main"
          ]
        }
      ]
    },
    {
      "mode": "managed",
      "type": "aws_ssm_parameter",
      "name": "n8n_encryption_key",
      "provider": "provider[\"registry.terraform.io/hashicorp/aws\"]",
      "instances": [
        {
          "schema_version": 0,
          "attributes": {
            "allowed_pattern": "",
            "arn": "arn:aws:ssm:us-west-1:294825482201:parameter/n8n/encryption_key",
            "data_type": "text",
            "description": "n8n encryption key for secure credential storage",
            "has_value_wo": null,
            "id": "/n8n/encryption_key",
            "insecure_value": null,
            "key_id": "alias/aws/ssm",
            "name": "/n8n/encryption_key",
            "overwrite": null,
            "tags": {
              "Name": "n8n-app-n8n-encryption-key",
              "Project": "n8n-app"
            },
            "tags_all": {
              "Name": "n8n-app-n8n-encryption-key",
              "Project": "n8n-app"
            },
            "tier": "Standard",
            "type": "SecureString",
            "value": "877b660c2d07498e172d9cc684a8d79426a2de9b99d3a40dc3cb859b52ef44e4",
            "value_wo": null,
            "value_wo_version": null,
            "version": 1
          },
          "sensitive_attributes": [],
          "private": "bnVsbA==",
          "dependencies": [
            "random_id.enc"
          ]
        }
      ]
    },
    {
      "mode": "managed",
      "type": "aws_subnet",
      "name": "private",
      "provider": "provider[\"registry.terraform.io/hashicorp/aws\"]",
      "instances": [
        {
          "index_key": 0,
          "schema_version": 1,
          "attributes": {
            "arn": "arn:aws:ec2:us-west-1:294825482201:subnet/subnet-01311710f484bafce",
            "assign_ipv6_address_on_creation": false,
            "availability_zone": "us-west-1a",
            "availability_zone_id": "usw1-az1",
            "cidr_block": "10.0.100.0/24",
            "customer_owned_ipv4_pool": "",
            "enable_dns64": false,
            "enable_lni_at_device_index": 0,
            "enable_resource_name_dns_a_record_on_launch": false,
            "enable_resource_name_dns_aaaa_record_on_launch": false,
            "id": "subnet-01311710f484bafce",
            "ipv6_cidr_block": "",
            "ipv6_cidr_block_association_id": "",
            "ipv6_native": false,
            "map_customer_owned_ip_on_launch": false,
            "map_public_ip_on_launch": false,
            "outpost_arn": "",
            "owner_id": "294825482201",
            "private_dns_hostname_type_on_launch": "ip-name",
            "tags": {
              "Name": "n8n-app-private-us-west-1a",
              "Project": "n8n-app",
              "kubernetes.io/cluster/n8n-eks-cluster": "shared",
              "kubernetes.io/role/internal-elb": "1"
            },
            "tags_all": {
              "Name": "n8n-app-private-us-west-1a",
              "Project": "n8n-app",
              "kubernetes.io/cluster/n8n-eks-cluster": "shared",
              "kubernetes.io/role/internal-elb": "1"
            },
            "timeouts": null,
            "vpc_id": "vpc-0abc94cc54bf32b2d"
          },
          "sensitive_attributes": [],
          "private": "eyJlMmJmYjczMC1lY2FhLTExZTYtOGY4OC0zNDM2M2JjN2M0YzAiOnsiY3JlYXRlIjo2MDAwMDAwMDAwMDAsImRlbGV0ZSI6MTIwMDAwMDAwMDAwMH0sInNjaGVtYV92ZXJzaW9uIjoiMSJ9",
          "dependencies": [
            "aws_vpc.main",
            "data.aws_availability_zones.available"
          ]
        },
        {
          "index_key": 1,
          "schema_version": 1,
          "attributes": {
            "arn": "arn:aws:ec2:us-west-1:294825482201:subnet/subnet-0a18291b258a21045",
            "assign_ipv6_address_on_creation": false,
            "availability_zone": "us-west-1c",
            "availability_zone_id": "usw1-az3",
            "cidr_block": "10.0.101.0/24",
            "customer_owned_ipv4_pool": "",
            "enable_dns64": false,
            "enable_lni_at_device_index": 0,
            "enable_resource_name_dns_a_record_on_launch": false,
            "enable_resource_name_dns_aaaa_record_on_launch": false,
            "id": "subnet-0a18291b258a21045",
            "ipv6_cidr_block": "",
            "ipv6_cidr_block_association_id": "",
            "ipv6_native": false,
            "map_customer_owned_ip_on_launch": false,
            "map_public_ip_on_launch": false,
            "outpost_arn": "",
            "owner_id": "294825482201",
            "private_dns_hostname_type_on_launch": "ip-name",
            "tags": {
              "Name": "n8n-app-private-us-west-1c",
              "Project": "n8n-app",
              "kubernetes.io/cluster/n8n-eks-cluster": "shared",
              "kubernetes.io/role/internal-elb": "1"
            },
            "tags_all": {
              "Name": "n8n-app-private-us-west-1c",
              "Project": "n8n-app",
              "kubernetes.io/cluster/n8n-eks-cluster": "shared",
              "kubernetes.io/role/internal-elb": "1"
            },
            "timeouts": null,
            "vpc_id": "vpc-0abc94cc54bf32b2d"
          },
          "sensitive_attributes": [],
          "private": "eyJlMmJmYjczMC1lY2FhLTExZTYtOGY4OC0zNDM2M2JjN2M0YzAiOnsiY3JlYXRlIjo2MDAwMDAwMDAwMDAsImRlbGV0ZSI6MTIwMDAwMDAwMDAwMH0sInNjaGVtYV92ZXJzaW9uIjoiMSJ9",
          "dependencies": [
            "aws_vpc.main",
            "data.aws_availability_zones.available"
          ]
        }
      ]
    },
    {
      "mode": "managed",
      "type": "aws_subnet",
      "name": "public",
      "provider": "provider[\"registry.terraform.io/hashicorp/aws\"]",
      "instances": [
        {
          "index_key": 0,
          "schema_version": 1,
          "attributes": {
            "arn": "arn:aws:ec2:us-west-1:294825482201:subnet/subnet-0a50d244e56c64c8f",
            "assign_ipv6_address_on_creation": false,
            "availability_zone": "us-west-1a",
            "availability_zone_id": "usw1-az1",
            "cidr_block": "10.0.0.0/24",
            "customer_owned_ipv4_pool": "",
            "enable_dns64": false,
            "enable_lni_at_device_index": 0,
            "enable_resource_name_dns_a_record_on_launch": false,
            "enable_resource_name_dns_aaaa_record_on_launch": false,
            "id": "subnet-0a50d244e56c64c8f",
            "ipv6_cidr_block": "",
            "ipv6_cidr_block_association_id": "",
            "ipv6_native": false,
            "map_customer_owned_ip_on_launch": false,
            "map_public_ip_on_launch": true,
            "outpost_arn": "",
            "owner_id": "294825482201",
            "private_dns_hostname_type_on_launch": "ip-name",
            "tags": {
              "Name": "n8n-app-public-us-west-1a",
              "Project": "n8n-app",
              "kubernetes.io/cluster/n8n-eks-cluster": "shared",
              "kubernetes.io/role/elb": "1"
            },
            "tags_all": {
              "Name": "n8n-app-public-us-west-1a",
              "Project": "n8n-app",
              "kubernetes.io/cluster/n8n-eks-cluster": "shared",
              "kubernetes.io/role/elb": "1"
            },
            "timeouts": null,
            "vpc_id": "vpc-0abc94cc54bf32b2d"
          },
          "sensitive_attributes": [],
          "private": "eyJlMmJmYjczMC1lY2FhLTExZTYtOGY4OC0zNDM2M2JjN2M0YzAiOnsiY3JlYXRlIjo2MDAwMDAwMDAwMDAsImRlbGV0ZSI6MTIwMDAwMDAwMDAwMH0sInNjaGVtYV92ZXJzaW9uIjoiMSJ9",
          "dependencies": [
            "aws_vpc.main",
            "data.aws_availability_zones.available"
          ]
        },
        {
          "index_key": 1,
          "schema_version": 1,
          "attributes": {
            "arn": "arn:aws:ec2:us-west-1:294825482201:subnet/subnet-097bf53157bf5604f",
            "assign_ipv6_address_on_creation": false,
            "availability_zone": "us-west-1c",
            "availability_zone_id": "usw1-az3",
            "cidr_block": "10.0.1.0/24",
            "customer_owned_ipv4_pool": "",
            "enable_dns64": false,
            "enable_lni_at_device_index": 0,
            "enable_resource_name_dns_a_record_on_launch": false,
            "enable_resource_name_dns_aaaa_record_on_launch": false,
            "id": "subnet-097bf53157bf5604f",
            "ipv6_cidr_block": "",
            "ipv6_cidr_block_association_id": "",
            "ipv6_native": false,
            "map_customer_owned_ip_on_launch": false,
            "map_public_ip_on_launch": true,
            "outpost_arn": "",
            "owner_id": "294825482201",
            "private_dns_hostname_type_on_launch": "ip-name",
            "tags": {
              "Name": "n8n-app-public-us-west-1c",
              "Project": "n8n-app",
              "kubernetes.io/cluster/n8n-eks-cluster": "shared",
              "kubernetes.io/role/elb": "1"
            },
            "tags_all": {
              "Name": "n8n-app-public-us-west-1c",
              "Project": "n8n-app",
              "kubernetes.io/cluster/n8n-eks-cluster": "shared",
              "kubernetes.io/role/elb": "1"
            },
            "timeouts": null,
            "vpc_id": "vpc-0abc94cc54bf32b2d"
          },
          "sensitive_attributes": [],
          "private": "eyJlMmJmYjczMC1lY2FhLTExZTYtOGY4OC0zNDM2M2JjN2M0YzAiOnsiY3JlYXRlIjo2MDAwMDAwMDAwMDAsImRlbGV0ZSI6MTIwMDAwMDAwMDAwMH0sInNjaGVtYV92ZXJzaW9uIjoiMSJ9",
          "dependencies": [
            "aws_vpc.main",
            "data.aws_availability_zones.available"
          ]
        }
      ]
    },
    {
      "mode": "managed",
      "type": "aws_vpc",
      "name": "main",
      "provider": "provider[\"registry.terraform.io/hashicorp/aws\"]",
      "instances": [
        {
          "schema_version": 1,
          "attributes": {
            "arn": "arn:aws:ec2:us-west-1:294825482201:vpc/vpc-0abc94cc54bf32b2d",
            "assign_generated_ipv6_cidr_block": false,
            "cidr_block": "10.0.0.0/16",
            "default_network_acl_id": "acl-02612d7a65f8a23c5",
            "default_route_table_id": "rtb-09268c53f7f45039f",
            "default_security_group_id": "sg-043c821390ca39d5a",
            "dhcp_options_id": "dopt-019569d9fc18d0560",
            "enable_dns_hostnames": true,
            "enable_dns_support": true,
            "enable_network_address_usage_metrics": false,
            "id": "vpc-0abc94cc54bf32b2d",
            "instance_tenancy": "default",
            "ipv4_ipam_pool_id": null,
            "ipv4_netmask_length": null,
            "ipv6_association_id": "",
            "ipv6_cidr_block": "",
            "ipv6_cidr_block_network_border_group": "",
            "ipv6_ipam_pool_id": "",
            "ipv6_netmask_length": 0,
            "main_route_table_id": "rtb-09268c53f7f45039f",
            "owner_id": "294825482201",
            "tags": {
              "Name": "n8n-app-vpc",
              "Project": "n8n-app",
              "kubernetes.io/cluster/n8n-eks-cluster": "shared"
            },
            "tags_all": {
              "Name": "n8n-app-vpc",
              "Project": "n8n-app",
              "kubernetes.io/cluster/n8n-eks-cluster": "shared"
            }
          },
          "sensitive_attributes": [],
          "private": "eyJzY2hlbWFfdmVyc2lvbiI6IjEifQ=="
        }
      ]
    },
    {
      "mode": "managed",
      "type": "helm_release",
      "name": "nginx_ingress",
      "provider": "provider[\"registry.terraform.io/hashicorp/helm\"]",
      "instances": [
        {
          "index_key": 0,
          "schema_version": 1,
          "attributes": {
            "atomic": false,
            "chart": "ingress-nginx",
            "cleanup_on_fail": false,
            "create_namespace": true,
            "dependency_update": false,
            "description": null,
            "devel": null,
            "disable_crd_hooks": false,
            "disable_openapi_validation": false,
            "disable_webhooks": false,
            "force_update": false,
            "id": "ingress-nginx",
            "keyring": null,
            "lint": false,
            "manifest": null,
            "max_history": 0,
            "metadata": [
              {
                "app_version": "1.11.3",
                "chart": "ingress-nginx",
                "first_deployed": 1760757374,
                "last_deployed": 1760757374,
                "name": "ingress-nginx",
                "namespace": "ingress-nginx",
                "notes": "The ingress-nginx controller has been installed.\nIt may take a few minutes for the load balancer IP to be available.\nYou can watch the status by running 'kubectl get service --namespace ingress-nginx ingress-nginx-controller --output wide --watch'\n\nAn example Ingress that makes use of the controller:\n  apiVersion: networking.k8s.io/v1\n  kind: Ingress\n  metadata:\n    name: example\n    namespace: foo\n  spec:\n    ingressClassName: nginx\n    rules:\n      - host: www.example.com\n        http:\n          paths:\n            - pathType: Prefix\n              backend:\n                service:\n                  name: exampleService\n                  port:\n                    number: 80\n              path: /\n    # This section is only required if TLS is to be enabled for the Ingress\n    tls:\n      - hosts:\n        - www.example.com\n        secretName: example-tls\n\nIf TLS is enabled for the Ingress, a Secret containing the certificate and key must also be provided:\n\n  apiVersion: v1\n  kind: Secret\n  metadata:\n    name: example-tls\n    namespace: foo\n  data:\n    tls.crt: \u003cbase64 encoded cert\u003e\n    tls.key: \u003cbase64 encoded key\u003e\n  type: kubernetes.io/tls\n",
                "revision": 1,
                "values": "{\"controller\":{\"service\":{\"annotations\":{\"service.beta.kubernetes.io/aws-load-balancer-eip-allocations\":\"eipalloc-0441007d44ec239a1,eipalloc-0fb65fc9d33c79e3a\",\"service.beta.kubernetes.io/aws-load-balancer-subnets\":\"subnet-0a50d244e56c64c8f,subnet-097bf53157bf5604f\",\"service.beta.kubernetes.io/aws-load-balancer-type\":\"nlb\"},\"type\":\"LoadBalancer\"}}}",
                "version": "4.11.3"
              }
            ],
            "name": "ingress-nginx",
            "namespace": "ingress-nginx",
            "pass_credentials": false,
            "postrender": [],
            "recreate_pods": false,
            "render_subchart_notes": true,
            "replace": false,
            "repository": "https://kubernetes.github.io/ingress-nginx",
            "repository_ca_file": null,
            "repository_cert_file": null,
            "repository_key_file": null,
            "repository_password": null,
            "repository_username": null,
            "reset_values": false,
            "reuse_values": false,
            "set": [],
            "set_list": [],
            "set_sensitive": [],
            "skip_crds": false,
            "status": "deployed",
            "timeout": 300,
            "upgrade_install": null,
            "values": [
              "controller:\n  service:\n    type: LoadBalancer\n    annotations:\n      service.beta.kubernetes.io/aws-load-balancer-type: \"nlb\"\n      service.beta.kubernetes.io/aws-load-balancer-eip-allocations: \"eipalloc-0441007d44ec239a1,eipalloc-0fb65fc9d33c79e3a\"\n      service.beta.kubernetes.io/aws-load-balancer-subnets: \"subnet-0a50d244e56c64c8f,subnet-097bf53157bf5604f\"\n"
            ],
            "verify": false,
            "version": "4.11.3",
            "wait": true,
            "wait_for_jobs": false
          },
          "sensitive_attributes": [],
          "private": "eyJzY2hlbWFfdmVyc2lvbiI6IjEifQ==",
          "dependencies": [
            "aws_eip.nlb",
            "aws_eks_addon.ebs_csi",
            "aws_eks_cluster.main",
            "aws_eks_node_group.main",
            "aws_iam_openid_connect_provider.eks",
            "aws_iam_role.ebs_csi_driver",
            "aws_iam_role.eks_cluster",
            "aws_iam_role.eks_nodes",
            "aws_iam_role_policy_attachment.ebs_csi_driver",
            "aws_iam_role_policy_attachment.eks_cluster_policy",
            "aws_iam_role_policy_attachment.eks_vpc_resource_controller",
            "aws_iam_role_policy_attachment.node_cni_policy",
            "aws_iam_role_policy_attachment.node_registry_policy",
            "aws_iam_role_policy_attachment.node_ssm_policy",
            "aws_iam_role_policy_attachment.node_worker_policy",
            "aws_security_group.eks_nodes",
            "aws_subnet.private",
            "aws_subnet.public",
            "aws_vpc.main",
            "data.aws_availability_zones.available",
            "data.aws_eks_cluster.cluster",
            "data.aws_eks_cluster_auth.cluster",
            "data.aws_iam_policy_document.ebs_csi_assume_role",
            "data.aws_iam_policy_document.eks_assume_role",
            "data.aws_iam_policy_document.node_assume_role",
            "data.tls_certificate.eks"
          ]
        }
      ]
    },
    {
      "mode": "managed",
      "type": "kubernetes_storage_class",
      "name": "ebs_gp3",
      "provider": "provider[\"registry.terraform.io/hashicorp/kubernetes\"]",
      "instances": [
        {
          "schema_version": 0,
          "attributes": {
            "allow_volume_expansion": true,
            "allowed_topologies": [],
            "id": "ebs-gp3",
            "metadata": [
              {
                "annotations": {
                  "storageclass.kubernetes.io/is-default-class": "true"
                },
                "generate_name": "",
                "generation": 0,
                "labels": null,
                "name": "ebs-gp3",
                "resource_version": "1528",
                "uid": "8a55f5f8-8ed8-4685-917f-49b1fa2a7188"
              }
            ],
            "mount_options": null,
            "parameters": {
              "encrypted": "true",
              "type": "gp3"
            },
            "reclaim_policy": "Delete",
            "storage_provisioner": "ebs.csi.aws.com",
            "volume_binding_mode": "WaitForFirstConsumer"
          },
          "sensitive_attributes": [],
          "private": "bnVsbA==",
          "dependencies": [
            "aws_eks_addon.ebs_csi",
            "aws_eks_cluster.main",
            "aws_eks_node_group.main",
            "aws_iam_openid_connect_provider.eks",
            "aws_iam_role.ebs_csi_driver",
            "aws_iam_role.eks_cluster",
            "aws_iam_role.eks_nodes",
            "aws_iam_role_policy_attachment.ebs_csi_driver",
            "aws_iam_role_policy_attachment.eks_cluster_policy",
            "aws_iam_role_policy_attachment.eks_vpc_resource_controller",
            "aws_iam_role_policy_attachment.node_cni_policy",
            "aws_iam_role_policy_attachment.node_registry_policy",
            "aws_iam_role_policy_attachment.node_ssm_policy",
            "aws_iam_role_policy_attachment.node_worker_policy",
            "aws_security_group.eks_nodes",
            "aws_subnet.private",
            "aws_subnet.public",
            "aws_vpc.main",
            "data.aws_availability_zones.available",
            "data.aws_eks_cluster.cluster",
            "data.aws_eks_cluster_auth.cluster",
            "data.aws_iam_policy_document.ebs_csi_assume_role",
            "data.aws_iam_policy_document.eks_assume_role",
            "data.aws_iam_policy_document.node_assume_role",
            "data.tls_certificate.eks"
          ]
        }
      ]
    },
    {
      "mode": "managed",
      "type": "random_id",
      "name": "enc",
      "provider": "provider[\"registry.terraform.io/hashicorp/random\"]",
      "instances": [
        {
          "schema_version": 0,
          "attributes": {
            "b64_std": "H7LyVVXmrxKjanl+nscAEmC1HgmwIkfpW05P5LvLh1A=",
            "b64_url": "H7LyVVXmrxKjanl-nscAEmC1HgmwIkfpW05P5LvLh1A",
            "byte_length": 32,
            "dec": "14337869606869643109505671065715268266137766701959378750980478050611820726096",
            "hex": "1fb2f25555e6af12a36a797e9ec7001260b51e09b02247e95b4e4fe4bbcb8750",
            "id": "H7LyVVXmrxKjanl-nscAEmC1HgmwIkfpW05P5LvLh1A",
            "keepers": null,
            "prefix": null
          },
          "sensitive_attributes": []
        }
      ]
    },
    {
      "mode": "managed",
      "type": "random_password",
      "name": "rds_password",
      "provider": "provider[\"registry.terraform.io/hashicorp/random\"]",
      "instances": [
        {
          "index_key": 0,
          "schema_version": 3,
          "attributes": {
            "bcrypt_hash": "$2a$10$ah1RdcQ9xXDfOxDiKZ/xX.wdBnD3ug8Vj3abC2zaIpFErVXHtN68m",
            "id": "none",
            "keepers": null,
            "length": 32,
            "lower": true,
            "min_lower": 0,
            "min_numeric": 0,
            "min_special": 0,
            "min_upper": 0,
            "number": true,
            "numeric": true,
            "override_special": "!#$%\u0026*()-_=+[]{}\u003c\u003e:?",
            "result": "#xiWTPb\u003c(%y-3?wIbtPy#5=UI}j()+os",
            "special": true,
            "upper": true
          },
          "sensitive_attributes": []
        }
      ]
    }
  ],
  "check_results": [
    {
      "object_kind": "var",
      "config_addr": "var.letsencrypt_environment",
      "status": "pass",
      "objects": [
        {
          "object_addr": "var.letsencrypt_environment",
          "status": "pass"
        }
      ]
    },
    {
      "object_kind": "var",
      "config_addr": "var.tls_certificate_source",
      "status": "pass",
      "objects": [
        {
          "object_addr": "var.tls_certificate_source",
          "status": "pass"
        }
      ]
    },
    {
      "object_kind": "var",
      "config_addr": "var.database_type",
      "status": "pass",
      "objects": [
        {
          "object_addr": "var.database_type",
          "status": "pass"
        }
      ]
    }
  ]
}
