{
  "version": 4,
  "terraform_version": "1.6.0",
  "serial": 219,
  "lineage": "178d5821-374d-44b5-053c-8e3a6fdcaa86",
  "outputs": {
    "basic_auth_enabled": {
      "value": false,
      "type": "bool"
    },
    "cluster_endpoint": {
      "value": "https://n8n-aks-ayl41kp6.hcp.eastus.azmk8s.io:443",
      "type": "string",
      "sensitive": true
    },
    "cluster_id": {
      "value": "/subscriptions/013c5d82-8670-4c50-81d1-1c84a77a8303/resourceGroups/n8n-rg/providers/Microsoft.ContainerService/managedClusters/n8n-aks-cluster",
      "type": "string"
    },
    "cluster_name": {
      "value": "n8n-aks-cluster",
      "type": "string"
    },
    "deployment_summary": {
      "value": {
        "basic_auth": false,
        "cert_manager": false,
        "cluster_name": "n8n-aks-cluster",
        "database_type": "postgresql",
        "ingress_enabled": true,
        "key_vault_name": "n8n-app-kv-67885b65",
        "kubernetes_version": "1.31.11",
        "location": "eastus",
        "n8n_url": "http://n8n-azure.lrproducthub.com",
        "resource_group": "n8n-rg"
      },
      "type": [
        "object",
        {
          "basic_auth": "bool",
          "cert_manager": "bool",
          "cluster_name": "string",
          "database_type": "string",
          "ingress_enabled": "bool",
          "key_vault_name": "string",
          "kubernetes_version": "string",
          "location": "string",
          "n8n_url": "string",
          "resource_group": "string"
        }
      ]
    },
    "get_kubeconfig_command": {
      "value": "az aks get-credentials --resource-group n8n-rg --name n8n-aks-cluster --overwrite-existing",
      "type": "string"
    },
    "key_vault_id": {
      "value": "/subscriptions/013c5d82-8670-4c50-81d1-1c84a77a8303/resourceGroups/n8n-rg/providers/Microsoft.KeyVault/vaults/n8n-app-kv-67885b65",
      "type": "string"
    },
    "key_vault_name": {
      "value": "n8n-app-kv-67885b65",
      "type": "string"
    },
    "key_vault_uri": {
      "value": "https://n8n-app-kv-67885b65.vault.azure.net/",
      "type": "string"
    },
    "kubeconfig": {
      "value": "apiVersion: v1\nclusters:\n- cluster:\n    certificate-authority-data: LS0tLS1CRUdJTiBDRVJUSUZJQ0FURS0tLS0tCk1JSUU2RENDQXRDZ0F3SUJBZ0lRVmlQNmMzanpUY2ZsS0lPYmpoYXliREFOQmdrcWhraUc5dzBCQVFzRkFEQU4KTVFzd0NRWURWUVFERXdKallUQWdGdzB5TlRFd01UZ3lNVFEyTURSYUdBOHlNRFUxTVRBeE9ESXhOVFl3TkZvdwpEVEVMTUFrR0ExVUVBeE1DWTJFd2dnSWlNQTBHQ1NxR1NJYjNEUUVCQVFVQUE0SUNEd0F3Z2dJS0FvSUNBUURNClVwQTl1T1VkQ1h4cjRCT2dLYlF3WnRSYXBoOW1YaUJ2VVJzWUFwS2lYeGRsV2V4c3hWNWNHbHhuWDRvdEI0c1MKV2FvS2dyUmZLc1JOaXAyZ1diclpCUlF6L2JoVWp0bStPbVhGM1dkeTZLelRCbU5MRDlrQmU4QXUxOVZyNGpnRwpTZTdjY2RmdHVjMm8xdXZyR2haWGxSdFNDYk9kb3dETnRUZEQ5bjlIYVYwTEFIUE1QRmdUdWRuaDZOS2FPb1hLCmVaTW9GU1RnQ2hWeUtCNms5U1A3dDhxK2xGL0w4THdjdVhrM3pJa3ZaVFBQdXVGd1BnalZ2Y0tXRUY3S3ZKVWgKelBPaUpRMzVzSFI3c0dLNHBaUVlnTjBlbUtSbnRFRUFCcDNMTWhKNW9YeG9US2o2TmVFZWpHb1ExNGdJbnRXSAo2d3U3d1F1UjRJRkpjZDI1eTJ3WldqQ3UvM2hPaEtrY0VFZmhwdG5qUjRZQ2dXczZOM3M4aElqdWozZWJ3KzV5CmxhK0JDVGl5ZG1qRUx4cmJUYjFDUFZXRkxxdVlWZkpLNUhLdXdsMi9qbzA2bFRWKytNWlAvZkp2T2pYdWRDWm0KQVFiT1RBNTFBN3VPNXBQZ2NoQ2VTUnZxMnJNenpJVVlGTlYwdVd5Q2JucDM5M2dyMnhoK0lYYVRRcGw3Zy8rUAp0STNXR0YyRGQ5QlZkaGhvTU0rbUpiVXJMTmJpb2R6L0w2SEtLZUU5VnNaa1d3UEkwdVRRZmV1TzR4a3ZTYjRqClFjVnR6YncrelJkUkh4SkFUOWJqNCsvcklDWTViVVEyV3FYNHUzaHN3eVhIbUFibjNTNFM4UzltMzg0Q1locW0KMWtNVE54MEtGQXViYldLMThkNXd5WEF2MkIwVmxob3dzRHBVWVRyRUR3SURBUUFCbzBJd1FEQU9CZ05WSFE4QgpBZjhFQkFNQ0FxUXdEd1lEVlIwVEFRSC9CQVV3QXdFQi96QWRCZ05WSFE0RUZnUVV6cysvWDdicEw1RnZ4NEU0CjZJOEQzaC9uRnlnd0RRWUpLb1pJaHZjTkFRRUxCUUFEZ2dJQkFGQ1NVODNuOGtIQUFiTEY5YWUzRTgrVkJQQ0cKUWtQc283bUNhNUhXTk5TM3J2czNLV21Za1lkTnRCNEg5eEY4Y1JsVDJQZ3lEM1BzYWdJV2hqcVZ2bzQwZlA2ZQpDQ3R1UzFTejNsVTRyeC90THA5dkV0U0MzZXdIRWUyQVFNOUxRMERpcWo4NG1vZVo0V0pnb1kzRWRJVS9kYWQxCldUQ2w0OG84UWZxMHkxZklKUFJyZU1uQjdHa3FheS9XaXVoaE1rWUJhSlhXUlA5TVl1N1FqNytmZ1JJbXlxNnMKMVM4TldkNC9pb2h3Z1dIVzl6QXZPWitWd3p1T1RIU3AwR1hja3NZNGw1ZFZ4Rm9GVEdqbVVOVUkvQW9Id3hYMQpFZHJYdHF5N2NlN1RkVGFzbVpRMm84Mm9OUE9LSmF2NVIzOXkzNUFvdi8zaDV3b3VxVGVLV3pEM1BpcmJBY09OCmI3T0s2VzZMZFN0bE52SlJid3IvZWZnaVdHMk03QlVJcFJ2dFBkay9xR0lNZGJFWXd0UC9zK3hKbitIMDVtOUYKbEI3bnRiZ01sQW8wOVZlYUdBQ0lpV1hZempBTnhJSjFrL0l2MUlSdEdNeWR0RlVDOGlhYTQwek9ONW1JOGEzMAphY3RhVWxyZDRBUnpjakdXdnUxUnFjWTkrVmNoakdFU0NLVnAxTnMwa3pnOTAxbTlsZWpCUlg0bWNZSTVITGpkCjRZZ3Uwd2pXR2ZUUGZZRUY5Y3FPdmtpL2pMWEx3Z1JuQ3liV3VOK25Gc21IZkJJbnloMi9ZcjJjeU5xZTRGVWUKd28rUVN5aWpKV2NPL0w1R0lPR1V1RVZybnROd2UvZHd6TUR0d0FiQk1QUUROT1RWR3pMT1JRTDJuOHJ3SGZERwoyY2M3WnBKU0Z2ZnVMRnNLCi0tLS0tRU5EIENFUlRJRklDQVRFLS0tLS0K\n    server: https://n8n-aks-ayl41kp6.hcp.eastus.azmk8s.io:443\n  name: n8n-aks-cluster\ncontexts:\n- context:\n    cluster: n8n-aks-cluster\n    user: clusterUser_n8n-rg_n8n-aks-cluster\n  name: n8n-aks-cluster\ncurrent-context: n8n-aks-cluster\nkind: Config\npreferences: {}\nusers:\n- name: clusterUser_n8n-rg_n8n-aks-cluster\n  user:\n    client-certificate-data: LS0tLS1CRUdJTiBDRVJUSUZJQ0FURS0tLS0tCk1JSUZIakNDQXdhZ0F3SUJBZ0lSQVBZcm9HQ3JCWTM4bWI5MU8yb1djY3N3RFFZSktvWklodmNOQVFFTEJRQXcKRFRFTE1Ba0dBMVVFQXhNQ1kyRXdIaGNOTWpVeE1ERTRNakUwTmpBMFdoY05NamN4TURFNE1qRTFOakEwV2pBdwpNUmN3RlFZRFZRUUtFdzV6ZVhOMFpXMDZiV0Z6ZEdWeWN6RVZNQk1HQTFVRUF4TU1iV0Z6ZEdWeVkyeHBaVzUwCk1JSUNJakFOQmdrcWhraUc5dzBCQVFFRkFBT0NBZzhBTUlJQ0NnS0NBZ0VBc0s3VEJzeFMxRXI0SE1ua0tYS3QKVjRNYm1KbDhHdHRkcFVWR0JScGZwY1ZkczYyYVBxYlhSV2xuQ1VQZHhhS09MMDRraFd2YVRqb3g5WEVBTlNSVQpMYkdNdGdpY2ZpMDdCZ3pJYUVIUTVzL0ZIYWlWdFhkTVdPRlRmcnBycHpEeGI4LytRSmxJTWx1R3liVW5sYkNkCnVlMDhlc1Y2Vm54S0kzTW1OYkpVUlcwUkZ1THhMemE0aGRBTVBpa0ttNU91aFM4cjFKbW1sWjZueHZFM0kvbGkKTjJBdWdXdUEwQjhNc0JjcHZlUjBCS2l2ZTZ3dFBRQWtrR1FPWXpkY3VMOWhEYUxSZkVCVW9KbWZ1cFVmM05ETQpZeXNBNEJkd0RFTW4vcHhtYlQ3UURvUTBXSkdtbkxCbmpWT09rU1M4RzJ6cnRyUHJBaUwxQUFQNlFkWjNaUUdtCkxDOTE4MFNnby9XV0tId0tHZTRsNUxkdVZ5Z3BYNWxZR2E5bGd5OXU4V0lteWMyMndhSGhDNm9jY2ZpNllTVGgKNWNGcy9wSmFKaFFhU2JvOGNHbXhWdlNEVjJiMGJIalhMVkNBS2k2YUh4bElkOEViUE1oU3BCUEd4R29QdTFEcAo3cE9hNXJWRjEyQzQwZUp5Z3VMM2I1eW5DWTBDbTBMMjhmUVIyUkYrNDJJcEEyeGxhZkE4TVVqNmR0Nm16Tlk2CjV1Wmd1QVR3VUsxZ1pvT1cxU1hNUitMUnBuVVN4TGNvUkNKcHloUGg1bndKN2NORU0vOW5JWDU0Q3ZodTE1UlIKak1ONnR5MkhLOUowVkc1Z2E0VXVIaWVrV3lCbm5PNXZMMU1HWkl4cjRDYWN2NnZSeGJXQk9uUjdDSnhHNlcrbgpFZDBHa3RGbDNrTi9kdkEwekdrRmwwMENBd0VBQWFOV01GUXdEZ1lEVlIwUEFRSC9CQVFEQWdXZ01CTUdBMVVkCkpRUU1NQW9HQ0NzR0FRVUZCd01DTUF3R0ExVWRFd0VCL3dRQ01BQXdId1lEVlIwakJCZ3dGb0FVenMrL1g3YnAKTDVGdng0RTQ2SThEM2gvbkZ5Z3dEUVlKS29aSWh2Y05BUUVMQlFBRGdnSUJBR2pmOWlUcGVQOUY4Z1Z3aGMrYgpLV3F1aGpGaWZJeW0yQmhubzRFeWx2SENCeXZGVzNtS3NoYTZqd1lrUXh0NEZPS0ZaajRhZkk3WGQxRkdicVhvCml1Q3cvT3Y1Zk1aRTRwWmF1U3VaOTBKMlZTSnEzb09LSXhNcW4yUE1KUTRZYmFzbWpLNGlhSzdOczVRZzdkY0wKNjlkTHRPQ0JWekVRbUxvT1hGRlBRZUNLbzlwbTJGb2tFMm5hMEZQU3dFS1RCT1lDYXVZNnI2dUxsOEEyVE5uQwpNaWk5NVA4MGw5YTVLTi9aVHFLcGkzRDlWVkYxbEQxTTFDVVMzbHhIOTFEOE1ZN2QzMGR2WmxPUU5FVVJqMXBaCjZOMnpURDZWei91Qmo2UzZvUmdHSHU2TFdKN2RNaE1SM2NmeWx5YWVuZUNXazIyV0pERXRHOG9sak1ydFdFWDQKS2dHTFBlL2dLSnZ1OEw2RDR2eUZraW5YSDR6NHJOSVh1SGtCMkQ1SWdPYkFkbDFmK2F0R2FpeEtpdUc5NG5uaQpHRDkyUTVMY2hkTzJ0M0EwQUFWTENOMVcxMzVPR015RnVoNjgrVWg0RjF2aDdJWDdXTTJOQnFIRGQ1a3cxa2tCCitic3hPMkNFNS9UTXBpVnNJVllNalcraHFmaVlkZzJiWjZKcUY2VndoMXRlbEt6S0VHSVltMDZ4b21qV1BZTjQKb0dHMmJEQkU4VDZWcmRRUVRYZnE3bkVWK25GWk9DS1BrR0pGamZsOUx2V2IraHdGUmJod3M4MEc2TjdLTlNubQozWHRmZXFBbW10REFacFZ6dVNhZElZMmdYZzNRcnl1V1lEZG80YVBGeGJLNDUrSEFSYmhZWlpBdG55MEdTSGZjCllWaUhmbm1GSjIrUUhUZGFrWnNSTUU3UAotLS0tLUVORCBDRVJUSUZJQ0FURS0tLS0tCg==\n    client-key-data: LS0tLS1CRUdJTiBSU0EgUFJJVkFURSBLRVktLS0tLQpNSUlKS1FJQkFBS0NBZ0VBc0s3VEJzeFMxRXI0SE1ua0tYS3RWNE1ibUpsOEd0dGRwVVZHQlJwZnBjVmRzNjJhClBxYlhSV2xuQ1VQZHhhS09MMDRraFd2YVRqb3g5WEVBTlNSVUxiR010Z2ljZmkwN0JneklhRUhRNXMvRkhhaVYKdFhkTVdPRlRmcnBycHpEeGI4LytRSmxJTWx1R3liVW5sYkNkdWUwOGVzVjZWbnhLSTNNbU5iSlVSVzBSRnVMeApMemE0aGRBTVBpa0ttNU91aFM4cjFKbW1sWjZueHZFM0kvbGlOMkF1Z1d1QTBCOE1zQmNwdmVSMEJLaXZlNnd0ClBRQWtrR1FPWXpkY3VMOWhEYUxSZkVCVW9KbWZ1cFVmM05ETVl5c0E0QmR3REVNbi9weG1iVDdRRG9RMFdKR20KbkxCbmpWT09rU1M4RzJ6cnRyUHJBaUwxQUFQNlFkWjNaUUdtTEM5MTgwU2dvL1dXS0h3S0dlNGw1TGR1VnlncApYNWxZR2E5bGd5OXU4V0lteWMyMndhSGhDNm9jY2ZpNllTVGg1Y0ZzL3BKYUpoUWFTYm84Y0dteFZ2U0RWMmIwCmJIalhMVkNBS2k2YUh4bElkOEViUE1oU3BCUEd4R29QdTFEcDdwT2E1clZGMTJDNDBlSnlndUwzYjV5bkNZMEMKbTBMMjhmUVIyUkYrNDJJcEEyeGxhZkE4TVVqNmR0Nm16Tlk2NXVaZ3VBVHdVSzFnWm9PVzFTWE1SK0xScG5VUwp4TGNvUkNKcHloUGg1bndKN2NORU0vOW5JWDU0Q3ZodTE1UlJqTU42dHkySEs5SjBWRzVnYTRVdUhpZWtXeUJuCm5PNXZMMU1HWkl4cjRDYWN2NnZSeGJXQk9uUjdDSnhHNlcrbkVkMEdrdEZsM2tOL2R2QTB6R2tGbDAwQ0F3RUEKQVFLQ0FnQWE0QStWSTZSZnlzMlFqTkhxSk1STm9QeE95ek5hWHlRN1VsMFRHVTYrUjZ0My9DcTZaL29yMS9ERwppSU83U2RMb29ERjVvcmU3YnRVUVJCdzh6bnRkZmZuczYwUytycXVoUVNBdmpQOWY5SnB1WjFQcWNxeWRnbkl4CnZ6S2I1UnZSOUdpZmlUd01VNVFlVk56TXcyZWlrMU1WUzdwUENJQ1FnWXRUaWY0NzdKb05DZi9zNTNKM0FhS3oKRzk2K0NUU2lrLzU0b1lINlAvNitYMkpuVkVwYjA2NFBSL3ZPbDBLQXBlMVdzZ3hISHlUem9oNDVmcTdtZXg4ZAp6c1hmQzZ3UmZSaEhiRk9vZFpCd2tHUWZNY1dTajIvYjBSb3lvS1BSOGhhNTBiUlNnNS8yR2FXbkw1ck9IN2ZQCng5b3pMbTl4R2FTMWw2ZitmM0c1bDdhNVJHQnpGd25xUm04MG9aTEN6OVJzTHc4OXROWjBvT2FwekMvcmhlSmUKa2YrQUlzcEh2VkcyeldPLzVUd0orbVNuMWlSWDk5WnhBS2lqdEtxUzJRWDV6OHZwbkxDSXg2RVpuSTNIWXcvQgo2QThhU3NGVWFYOGl2VnVJZ1B0cEpuVG52bzF4eUcxZFRaYWk2ajlXa29FL05Md2JYcFJwMHZ4YnpBZ3hWRHpMCjNXbnI0cVNUakgxYmVJREh2TllXbUNlWGNHZHE0UDZxRmZvVEdLa0ZaaG1yOStYUjh1Yzk0L3pYVmI2U1IyWFcKVzNFTmxJbFM2d0JQbWpDN2tkckVtZlVwMGpXeWtCd0xmZU5wR24xaHRJZ3N0Q1gvbkcvUEY5ZWFJQ0c5YVRGbwpxeDZ4MkREQ2M1ZndKcEhPU3ZuZnpIc0JEWmNrMEplOG9xeXRmSzJFRk52cHI4Y3NFd0tDQVFFQTRDNzZDQnR3CmI1by9HTFFNcVRLd1p2emJFSW5aSk9hcGhRMkpiNGxEQ3JSck1WUy9xM3ljQ2xseHBlVndrU1NzVUU0MU9uT3QKMUdOUU1HWk16Ni9kTEFnY2VzWDVIVU9qMzQ0MllWZi9MT0FMZzNWTkovVGh1M1NFRVB1STJ0WFhqL3BqTEw1VwpXeUN2TWZRZ0hmNEt0bzFnRForNGhyeUc0WU9COXVoNkJtcmZ5MndTYVdlV01JVi9wL0Z4cVlJNnVEMDk3d0ZhCkVNdUdDQ1QrTnJCejNHS2JtVERYQjBRZ093bnRGbFJvQ2VnUE5tTzk2S2ZVcGcvckk0eE1oM1Nld1paMUdzTGYKbENLZnRYck9jNEw1eEFXeC9KR2d3a0hEeXpOL2JubXhoNzN0UjRpZk0xekVlYW9CY0hzZUlRYnI4WHNGZEwzQwpwWjN2SDJaNzZUdUZsd0tDQVFFQXljSU8rV0ZmSkc3QVgrdEFvMi8yeDAvaEJkVU0xb29meFVDdldYREtaZXRyCms2VHVWZ0szVnhza2ZMRHNBTERPSldJellNQ0FRTklEOWtkOGhrbEsweFoyWmNyWEV0bFhUUDFITDIvbk40L0sKVU1ZNC9Yem1WdWNMOFZTRENzQ2lUbFNxaXVGdVhTL0k5NmhnTmVDREJFZWxDVURmcjdvQUQ3Q0JRYXRqaE05MApsNHdzUE80RHE1TGdTdFVmelhUWERpaENodzcyaXBvK0ZCczlqdWRrdmxjNXBvNW5pRWxScVlJZVBxdkljTWhECnFVL0NtMVZQM25yZUhFNmh3Qmlwdk5rY1FLc0haTDdWSU42ekZ3U0N0SHZsMFdwQ0ZKa1pnRzY5Ky9ETDJwVVcKSnZ4dDZFQnI0RUFoUWRXb29lTldqVkN3REtSNWFyRW82T1BBZDhGT3V3S0NBUUVBMXozalRDTmtPWkxrSDhqSApHekNTMDk3VVNiWEFhY0NaWkNrU0dxZTBXYlBOODJoR090VUNVS0YrRDJVU1JoanE1Sk9pWVlPdGsyempFZ1UyCm5IVmlxaU1EalJGRlZFYWNNVWt1aHhuZzQyb2RROU05Q0M4RENHTWZaZHJMbENpYXRoOFdWMkJNTTJSWE1XUU4KN2gzNmxUbDV6cnJhaFdxL0tnaUVvTmFtU2tFVXJCQVFRV2wyZHhIRjlpNUlEaEwrWStSUThZZmZ2SjVjQ3JmUgo2QnBVczNWdHBaQ1I4K1VCK1ExWHVBZkVlRFo1WEtRNU13Ym9rYVJaQkNGeFhPQ29pSC8zNFlEVy96aWJGTGhiClBlYXovZlBsNXZTL1g2T2E1QitHcTBCbUprbEJaMXdTVmxNc1JRL29IK0hsbEpvN3NQZUh6b1ZmUEhvOW0yMWYKYlJoNzh3S0NBUUVBbk5ZR2orTWFjNWJJWW9mY29uQUoxTndLWDE5RGNJN0VyYkJmM3RZbjc5eDJycm9hTDdCQwoxeXFaVFhpMnJMN0VNUmxLT1I3TFZCZ3R6a2U1ekNXelRhMzdjWnVoWHR5bTJZbFZ5ZEZpV3JXakh2RklJZnp5CmpZRmpya0QwOE9uWUFhNGRPSUtQS1U5WkdQUEJmb0E5T0psOCtGbCt5UHA4eTdWNGRSVUc4cG5WMTJ5Mmd0SysKOWFQaVNTbXRaQ2c4ZUp2aFExM2xWczhhRE1VME1COCtHQngwQ3o1Tnl3cTd1Vm9WcXNBY3UxZGlDWDZnRitIVQppV3pYdGdlR0EyN29tNDNtUVhyeDcyWE5CWlU0Z0Y4WVA3YkVhdXIvM1VVNkpyVnZhQ2JDUVBOOTJlYUdoWEYyCnFrY1AwejZFclB1dEw0TVdwMjAvbVNtSVZLbWUxemprdXdLQ0FRQVhpWVdHU3gyRmE2emZ4aEdycWZlZUNtUlkKUGRIR1F1Q0JzSW9mejJWaEJWWWZabTBJMFRZZFE5R2tkTXd1UFE1bk1mcUNiaExRWVptemdZSndRc1poTyszeAptZjBmcXFqZHBiOEVlM0dmQm5LaWV3N1ZiUi9sYVBYdk5iUkZGWXdoNGRwOWtsZUQ0Vmt3K204WUdKY0t4UEh3CnRralZMUFlqdEZpeTJpb2JDMXpldi8rbHR4dU92MllZaFVsZXRmeENPRjJJdjU1QVVDTi9vWW1neXpaV29nNVoKb21oVnd3VEFld3YvWlhoK3VxYnRIWmtaS2tyZDBtY3lOblFVQ3FxOXRPTkZJK3cxRGtUWTA4QjJSMWJtK0VzOApjdFFuYzB3aHZ0SGZmb2ZjdFB1RTJrZVpETmpERXUvK2tCTFkvN1JTeC84UUdWcXkyYU16a2lQa05QeDUKLS0tLS1FTkQgUlNBIFBSSVZBVEUgS0VZLS0tLS0K\n    token: 65357hpgvccvjlc6fpuwnp2j2ixk2cd1u8vtixhv7ih0l1ryx5wc4x3akh83kvckx291g4mqxbny3dv50bdng624vz30cyvkyfuxf0p57q05s5iqbxhf69pqx719p772\n",
      "type": "string",
      "sensitive": true
    },
    "load_balancer_ip": {
      "value": "Dynamic IP - run: kubectl get svc -n ingress-nginx ingress-nginx-controller",
      "type": "string"
    },
    "log_analytics_workspace_id": {
      "value": "/subscriptions/013c5d82-8670-4c50-81d1-1c84a77a8303/resourceGroups/n8n-rg/providers/Microsoft.OperationalInsights/workspaces/n8n-app-logs",
      "type": "string"
    },
    "log_analytics_workspace_name": {
      "value": "n8n-app-logs",
      "type": "string"
    },
    "n8n_host": {
      "value": "n8n-azure.lrproducthub.com",
      "type": "string"
    },
    "n8n_namespace": {
      "value": "n8n",
      "type": "string"
    },
    "n8n_protocol": {
      "value": "http",
      "type": "string"
    },
    "n8n_url": {
      "value": "http://n8n-azure.lrproducthub.com",
      "type": "string"
    },
    "nat_gateway_ip": {
      "value": "172.172.231.153",
      "type": "string"
    },
    "next_steps": {
      "value": "\n==================== DEPLOYMENT COMPLETE ====================\n\n1. Configure kubectl:\n   az aks get-credentials --resource-group n8n-rg --name n8n-aks-cluster --overwrite-existing\n\n2. Verify cluster access:\n   kubectl get nodes\n   kubectl get namespaces\n\n3. Access Key Vault secrets:\n   az keyvault secret show --vault-name n8n-app-kv-67885b65 --name n8n-encryption-key\n   az keyvault secret show --vault-name n8n-app-kv-67885b65 --name postgres-password\n\n4. Deploy n8n application:\n   cd ../../../charts/n8n\n   helm upgrade --install n8n . \\\n     --namespace n8n \\\n     --create-namespace \\\n     --values values-azure.yaml \\\n     --set-string config.encryptionKey=\"$(az keyvault secret show --vault-name n8n-app-kv-67885b65 --name n8n-encryption-key --query value -o tsv)\"\n\n5. Access n8n:\n   URL: http://n8n-azure.lrproducthub.com\n   \n\n6. View logs:\n   kubectl logs -n n8n -l app=n8n -f\n\n7. Monitor with Azure Portal:\n   Log Analytics Workspace: n8n-app-logs\n\n============================================================\n",
      "type": "string"
    },
    "postgres_connection_string": {
      "value": "postgresql://n8nadmin@n8n-app-postgres.postgres.database.azure.com:5432/n8n?sslmode=require",
      "type": "string",
      "sensitive": true
    },
    "postgres_database_name": {
      "value": "n8n",
      "type": "string"
    },
    "postgres_fqdn": {
      "value": "n8n-app-postgres.postgres.database.azure.com",
      "type": "string"
    },
    "postgres_server_name": {
      "value": "n8n-app-postgres",
      "type": "string"
    },
    "postgres_username": {
      "value": "n8nadmin",
      "type": "string"
    },
    "private_subnet_ids": {
      "value": [
        "/subscriptions/013c5d82-8670-4c50-81d1-1c84a77a8303/resourceGroups/n8n-rg/providers/Microsoft.Network/virtualNetworks/n8n-app-vnet/subnets/n8n-app-private-subnet-1",
        "/subscriptions/013c5d82-8670-4c50-81d1-1c84a77a8303/resourceGroups/n8n-rg/providers/Microsoft.Network/virtualNetworks/n8n-app-vnet/subnets/n8n-app-private-subnet-2",
        "/subscriptions/013c5d82-8670-4c50-81d1-1c84a77a8303/resourceGroups/n8n-rg/providers/Microsoft.Network/virtualNetworks/n8n-app-vnet/subnets/n8n-app-private-subnet-3"
      ],
      "type": [
        "tuple",
        [
          "string",
          "string",
          "string"
        ]
      ]
    },
    "resource_group_location": {
      "value": "eastus",
      "type": "string"
    },
    "resource_group_name": {
      "value": "n8n-rg",
      "type": "string"
    },
    "vnet_id": {
      "value": "/subscriptions/013c5d82-8670-4c50-81d1-1c84a77a8303/resourceGroups/n8n-rg/providers/Microsoft.Network/virtualNetworks/n8n-app-vnet",
      "type": "string"
    },
    "vnet_name": {
      "value": "n8n-app-vnet",
      "type": "string"
    }
  },
  "resources": [
    {
      "mode": "data",
      "type": "azurerm_client_config",
      "name": "current",
      "provider": "provider[\"registry.terraform.io/hashicorp/azurerm\"]",
      "instances": [
        {
          "schema_version": 0,
          "attributes": {
            "client_id": "04b07795-8ddb-461a-bbee-02f9e1bf7b46",
            "id": "Y2xpZW50Q29uZmlncy9jbGllbnRJZD0wNGIwNzc5NS04ZGRiLTQ2MWEtYmJlZS0wMmY5ZTFiZjdiNDY7b2JqZWN0SWQ9MDEwODI2NmQtYmQzMi00ZWJmLWIxMmItNTg4YWM2YmVmOWJhO3N1YnNjcmlwdGlvbklkPTAxM2M1ZDgyLTg2NzAtNGM1MC04MWQxLTFjODRhNzdhODMwMzt0ZW5hbnRJZD04NjMxNTI4Ni1iOGZlLTRkYjctYWJkMC1jYzhmNjQyMWMxMzM=",
            "object_id": "0108266d-bd32-4ebf-b12b-588ac6bef9ba",
            "subscription_id": "013c5d82-8670-4c50-81d1-1c84a77a8303",
            "tenant_id": "86315286-b8fe-4db7-abd0-cc8f6421c133",
            "timeouts": null
          },
          "sensitive_attributes": []
        }
      ]
    },
    {
      "mode": "managed",
      "type": "azurerm_key_vault",
      "name": "main",
      "provider": "provider[\"registry.terraform.io/hashicorp/azurerm\"]",
      "instances": [
        {
          "schema_version": 2,
          "attributes": {
            "access_policy": [
              {
                "application_id": "",
                "certificate_permissions": [],
                "key_permissions": [],
                "object_id": "0108266d-bd32-4ebf-b12b-588ac6bef9ba",
                "secret_permissions": [
                  "Get",
                  "List",
                  "Set",
                  "Delete",
                  "Purge",
                  "Recover"
                ],
                "storage_permissions": [],
                "tenant_id": "86315286-b8fe-4db7-abd0-cc8f6421c133"
              }
            ],
            "contact": [],
            "enable_rbac_authorization": false,
            "enabled_for_deployment": false,
            "enabled_for_disk_encryption": true,
            "enabled_for_template_deployment": false,
            "id": "/subscriptions/013c5d82-8670-4c50-81d1-1c84a77a8303/resourceGroups/n8n-rg/providers/Microsoft.KeyVault/vaults/n8n-app-kv-67885b65",
            "location": "eastus",
            "name": "n8n-app-kv-67885b65",
            "network_acls": [
              {
                "bypass": "AzureServices",
                "default_action": "Allow",
                "ip_rules": [],
                "virtual_network_subnet_ids": []
              }
            ],
            "public_network_access_enabled": true,
            "purge_protection_enabled": false,
            "resource_group_name": "n8n-rg",
            "sku_name": "standard",
            "soft_delete_retention_days": 7,
            "tags": {
              "Environment": "production",
              "ManagedBy": "Terraform",
              "Name": "n8n-app-keyvault",
              "Project": "n8n-app"
            },
            "tenant_id": "86315286-b8fe-4db7-abd0-cc8f6421c133",
            "timeouts": null,
            "vault_uri": "https://n8n-app-kv-67885b65.vault.azure.net/"
          },
          "sensitive_attributes": [],
          "private": "eyJlMmJmYjczMC1lY2FhLTExZTYtOGY4OC0zNDM2M2JjN2M0YzAiOnsiY3JlYXRlIjoxODAwMDAwMDAwMDAwLCJkZWxldGUiOjE4MDAwMDAwMDAwMDAsInJlYWQiOjMwMDAwMDAwMDAwMCwidXBkYXRlIjoxODAwMDAwMDAwMDAwfSwic2NoZW1hX3ZlcnNpb24iOiIyIn0=",
          "dependencies": [
            "azurerm_resource_group.main",
            "data.azurerm_client_config.current",
            "random_id.keyvault_suffix"
          ]
        }
      ]
    },
    {
      "mode": "managed",
      "type": "azurerm_key_vault_access_policy",
      "name": "terraform",
      "provider": "provider[\"registry.terraform.io/hashicorp/azurerm\"]",
      "instances": [
        {
          "schema_version": 0,
          "attributes": {
            "application_id": "",
            "certificate_permissions": [],
            "id": "/subscriptions/013c5d82-8670-4c50-81d1-1c84a77a8303/resourceGroups/n8n-rg/providers/Microsoft.KeyVault/vaults/n8n-app-kv-67885b65/objectId/0108266d-bd32-4ebf-b12b-588ac6bef9ba",
            "key_permissions": [],
            "key_vault_id": "/subscriptions/013c5d82-8670-4c50-81d1-1c84a77a8303/resourceGroups/n8n-rg/providers/Microsoft.KeyVault/vaults/n8n-app-kv-67885b65",
            "object_id": "0108266d-bd32-4ebf-b12b-588ac6bef9ba",
            "secret_permissions": [
              "Get",
              "List",
              "Set",
              "Delete",
              "Purge",
              "Recover"
            ],
            "storage_permissions": [],
            "tenant_id": "86315286-b8fe-4db7-abd0-cc8f6421c133",
            "timeouts": null
          },
          "sensitive_attributes": [],
          "private": "eyJlMmJmYjczMC1lY2FhLTExZTYtOGY4OC0zNDM2M2JjN2M0YzAiOnsiY3JlYXRlIjoxODAwMDAwMDAwMDAwLCJkZWxldGUiOjE4MDAwMDAwMDAwMDAsInJlYWQiOjMwMDAwMDAwMDAwMCwidXBkYXRlIjoxODAwMDAwMDAwMDAwfX0=",
          "dependencies": [
            "azurerm_key_vault.main",
            "azurerm_resource_group.main",
            "data.azurerm_client_config.current",
            "random_id.keyvault_suffix"
          ]
        }
      ]
    },
    {
      "mode": "managed",
      "type": "azurerm_key_vault_secret",
      "name": "n8n_encryption_key",
      "provider": "provider[\"registry.terraform.io/hashicorp/azurerm\"]",
      "instances": [
        {
          "schema_version": 0,
          "attributes": {
            "content_type": "",
            "expiration_date": null,
            "id": "https://n8n-app-kv-67885b65.vault.azure.net/secrets/n8n-encryption-key/5398d4dbf14f41f699670a7fa9ef7b10",
            "key_vault_id": "/subscriptions/013c5d82-8670-4c50-81d1-1c84a77a8303/resourceGroups/n8n-rg/providers/Microsoft.KeyVault/vaults/n8n-app-kv-67885b65",
            "name": "n8n-encryption-key",
            "not_before_date": null,
            "resource_id": "/subscriptions/013c5d82-8670-4c50-81d1-1c84a77a8303/resourceGroups/n8n-rg/providers/Microsoft.KeyVault/vaults/n8n-app-kv-67885b65/secrets/n8n-encryption-key/versions/5398d4dbf14f41f699670a7fa9ef7b10",
            "resource_versionless_id": "/subscriptions/013c5d82-8670-4c50-81d1-1c84a77a8303/resourceGroups/n8n-rg/providers/Microsoft.KeyVault/vaults/n8n-app-kv-67885b65/secrets/n8n-encryption-key",
            "tags": {
              "Environment": "production",
              "ManagedBy": "Terraform",
              "Name": "n8n-app-n8n-encryption-key",
              "Project": "n8n-app"
            },
            "timeouts": null,
            "value": "6fea9dba9c2bc6b42bc4d8a7e21d0aadde43aa1c17db6baf80ef51627c1a4a37",
            "version": "5398d4dbf14f41f699670a7fa9ef7b10",
            "versionless_id": "https://n8n-app-kv-67885b65.vault.azure.net/secrets/n8n-encryption-key"
          },
          "sensitive_attributes": [],
          "private": "eyJlMmJmYjczMC1lY2FhLTExZTYtOGY4OC0zNDM2M2JjN2M0YzAiOnsiY3JlYXRlIjoxODAwMDAwMDAwMDAwLCJkZWxldGUiOjE4MDAwMDAwMDAwMDAsInJlYWQiOjE4MDAwMDAwMDAwMDAsInVwZGF0ZSI6MTgwMDAwMDAwMDAwMH19",
          "dependencies": [
            "azurerm_key_vault.main",
            "azurerm_key_vault_access_policy.terraform",
            "azurerm_resource_group.main",
            "data.azurerm_client_config.current",
            "random_id.encryption_key",
            "random_id.keyvault_suffix"
          ]
        }
      ]
    },
    {
      "mode": "managed",
      "type": "azurerm_key_vault_secret",
      "name": "postgres_connection",
      "provider": "provider[\"registry.terraform.io/hashicorp/azurerm\"]",
      "instances": [
        {
          "index_key": 0,
          "schema_version": 0,
          "attributes": {
            "content_type": "",
            "expiration_date": null,
            "id": "https://n8n-app-kv-67885b65.vault.azure.net/secrets/postgres-connection/cd98d0e870c3480a8b4d1f664c6efeb5",
            "key_vault_id": "/subscriptions/013c5d82-8670-4c50-81d1-1c84a77a8303/resourceGroups/n8n-rg/providers/Microsoft.KeyVault/vaults/n8n-app-kv-67885b65",
            "name": "postgres-connection",
            "not_before_date": null,
            "resource_id": "/subscriptions/013c5d82-8670-4c50-81d1-1c84a77a8303/resourceGroups/n8n-rg/providers/Microsoft.KeyVault/vaults/n8n-app-kv-67885b65/secrets/postgres-connection/versions/cd98d0e870c3480a8b4d1f664c6efeb5",
            "resource_versionless_id": "/subscriptions/013c5d82-8670-4c50-81d1-1c84a77a8303/resourceGroups/n8n-rg/providers/Microsoft.KeyVault/vaults/n8n-app-kv-67885b65/secrets/postgres-connection",
            "tags": {
              "Environment": "production",
              "ManagedBy": "Terraform",
              "Name": "n8n-app-postgres-connection",
              "Project": "n8n-app"
            },
            "timeouts": null,
            "value": "{\"database\":\"n8n\",\"host\":\"n8n-app-postgres.postgres.database.azure.com\",\"password\":\"ADWRX{r:h\\u003chp34E@Q%@KZdCn8_iw=Jg6\",\"port\":5432,\"ssl\":true,\"username\":\"n8nadmin\"}",
            "version": "cd98d0e870c3480a8b4d1f664c6efeb5",
            "versionless_id": "https://n8n-app-kv-67885b65.vault.azure.net/secrets/postgres-connection"
          },
          "sensitive_attributes": [
            [
              {
                "type": "get_attr",
                "value": "value"
              }
            ]
          ],
          "private": "eyJlMmJmYjczMC1lY2FhLTExZTYtOGY4OC0zNDM2M2JjN2M0YzAiOnsiY3JlYXRlIjoxODAwMDAwMDAwMDAwLCJkZWxldGUiOjE4MDAwMDAwMDAwMDAsInJlYWQiOjE4MDAwMDAwMDAwMDAsInVwZGF0ZSI6MTgwMDAwMDAwMDAwMH19",
          "dependencies": [
            "azurerm_key_vault.main",
            "azurerm_key_vault_access_policy.terraform",
            "azurerm_postgresql_flexible_server.main",
            "azurerm_resource_group.main",
            "data.azurerm_client_config.current",
            "random_id.keyvault_suffix",
            "random_password.postgres_password"
          ]
        }
      ]
    },
    {
      "mode": "managed",
      "type": "azurerm_key_vault_secret",
      "name": "postgres_password",
      "provider": "provider[\"registry.terraform.io/hashicorp/azurerm\"]",
      "instances": [
        {
          "index_key": 0,
          "schema_version": 0,
          "attributes": {
            "content_type": "",
            "expiration_date": null,
            "id": "https://n8n-app-kv-67885b65.vault.azure.net/secrets/postgres-password/5fa19828e37f4cf5bdc3de52a5c26e7e",
            "key_vault_id": "/subscriptions/013c5d82-8670-4c50-81d1-1c84a77a8303/resourceGroups/n8n-rg/providers/Microsoft.KeyVault/vaults/n8n-app-kv-67885b65",
            "name": "postgres-password",
            "not_before_date": null,
            "resource_id": "/subscriptions/013c5d82-8670-4c50-81d1-1c84a77a8303/resourceGroups/n8n-rg/providers/Microsoft.KeyVault/vaults/n8n-app-kv-67885b65/secrets/postgres-password/versions/5fa19828e37f4cf5bdc3de52a5c26e7e",
            "resource_versionless_id": "/subscriptions/013c5d82-8670-4c50-81d1-1c84a77a8303/resourceGroups/n8n-rg/providers/Microsoft.KeyVault/vaults/n8n-app-kv-67885b65/secrets/postgres-password",
            "tags": {
              "Environment": "production",
              "ManagedBy": "Terraform",
              "Name": "n8n-app-postgres-password",
              "Project": "n8n-app"
            },
            "timeouts": null,
            "value": "ADWRX{r:h\u003chp34E@Q%@KZdCn8_iw=Jg6",
            "version": "5fa19828e37f4cf5bdc3de52a5c26e7e",
            "versionless_id": "https://n8n-app-kv-67885b65.vault.azure.net/secrets/postgres-password"
          },
          "sensitive_attributes": [
            [
              {
                "type": "get_attr",
                "value": "value"
              }
            ]
          ],
          "private": "eyJlMmJmYjczMC1lY2FhLTExZTYtOGY4OC0zNDM2M2JjN2M0YzAiOnsiY3JlYXRlIjoxODAwMDAwMDAwMDAwLCJkZWxldGUiOjE4MDAwMDAwMDAwMDAsInJlYWQiOjE4MDAwMDAwMDAwMDAsInVwZGF0ZSI6MTgwMDAwMDAwMDAwMH19",
          "dependencies": [
            "azurerm_key_vault.main",
            "azurerm_key_vault_access_policy.terraform",
            "azurerm_resource_group.main",
            "data.azurerm_client_config.current",
            "random_id.keyvault_suffix",
            "random_password.postgres_password"
          ]
        }
      ]
    },
    {
      "mode": "managed",
      "type": "azurerm_kubernetes_cluster",
      "name": "main",
      "provider": "provider[\"registry.terraform.io/hashicorp/azurerm\"]",
      "instances": [
        {
          "schema_version": 2,
          "attributes": {
            "aci_connector_linux": [],
            "api_server_access_profile": [],
            "api_server_authorized_ip_ranges": [],
            "auto_scaler_profile": [],
            "automatic_channel_upgrade": "",
            "azure_active_directory_role_based_access_control": [],
            "azure_policy_enabled": false,
            "confidential_computing": [],
            "cost_analysis_enabled": false,
            "current_kubernetes_version": "1.31.11",
            "custom_ca_trust_certificates_base64": [],
            "default_node_pool": [
              {
                "capacity_reservation_group_id": "",
                "custom_ca_trust_enabled": false,
                "enable_auto_scaling": false,
                "enable_host_encryption": false,
                "enable_node_public_ip": false,
                "fips_enabled": false,
                "gpu_instance": "",
                "host_group_id": "",
                "kubelet_config": [],
                "kubelet_disk_type": "OS",
                "linux_os_config": [],
                "max_count": 0,
                "max_pods": 30,
                "message_of_the_day": "",
                "min_count": 0,
                "name": "system",
                "node_count": 1,
                "node_labels": {
                  "environment": "production",
                  "role": "system"
                },
                "node_network_profile": [],
                "node_public_ip_prefix_id": "",
                "node_taints": [],
                "only_critical_addons_enabled": false,
                "orchestrator_version": "1.31.11",
                "os_disk_size_gb": 128,
                "os_disk_type": "Managed",
                "os_sku": "Ubuntu",
                "pod_subnet_id": "",
                "proximity_placement_group_id": "",
                "scale_down_mode": "Delete",
                "snapshot_id": "",
                "tags": {
                  "Environment": "production",
                  "ManagedBy": "Terraform",
                  "Name": "n8n-app-aks-node",
                  "Project": "n8n-app"
                },
                "temporary_name_for_rotation": "",
                "type": "VirtualMachineScaleSets",
                "ultra_ssd_enabled": false,
                "upgrade_settings": [
                  {
                    "drain_timeout_in_minutes": 0,
                    "max_surge": "10%",
                    "node_soak_duration_in_minutes": 0
                  }
                ],
                "vm_size": "Standard_D2s_v3",
                "vnet_subnet_id": "/subscriptions/013c5d82-8670-4c50-81d1-1c84a77a8303/resourceGroups/n8n-rg/providers/Microsoft.Network/virtualNetworks/n8n-app-vnet/subnets/n8n-app-private-subnet-1",
                "workload_runtime": "",
                "zones": []
              }
            ],
            "disk_encryption_set_id": "",
            "dns_prefix": "n8n-aks",
            "dns_prefix_private_cluster": "",
            "edge_zone": "",
            "enable_pod_security_policy": false,
            "fqdn": "n8n-aks-ayl41kp6.hcp.eastus.azmk8s.io",
            "http_application_routing_enabled": false,
            "http_application_routing_zone_name": "",
            "http_proxy_config": [],
            "id": "/subscriptions/013c5d82-8670-4c50-81d1-1c84a77a8303/resourceGroups/n8n-rg/providers/Microsoft.ContainerService/managedClusters/n8n-aks-cluster",
            "identity": [
              {
                "identity_ids": [],
                "principal_id": "ce3cba67-e83b-42ab-97ff-40b6edc8c709",
                "tenant_id": "86315286-b8fe-4db7-abd0-cc8f6421c133",
                "type": "SystemAssigned"
              }
            ],
            "image_cleaner_enabled": false,
            "image_cleaner_interval_hours": 48,
            "ingress_application_gateway": [],
            "key_management_service": [],
            "key_vault_secrets_provider": [
              {
                "secret_identity": [
                  {
                    "client_id": "b6b03bb5-0eb9-4f4d-8cda-47579871a46b",
                    "object_id": "1d908e4b-70b2-453e-bb5b-d0490303ded6",
                    "user_assigned_identity_id": "/subscriptions/013c5d82-8670-4c50-81d1-1c84a77a8303/resourcegroups/MC_n8n-rg_n8n-aks-cluster_eastus/providers/Microsoft.ManagedIdentity/userAssignedIdentities/azurekeyvaultsecretsprovider-n8n-aks-cluster"
                  }
                ],
                "secret_rotation_enabled": true,
                "secret_rotation_interval": "2m"
              }
            ],
            "kube_admin_config": [],
            "kube_admin_config_raw": "",
            "kube_config": [
              {
                "client_certificate": "LS0tLS1CRUdJTiBDRVJUSUZJQ0FURS0tLS0tCk1JSUZIakNDQXdhZ0F3SUJBZ0lSQVBZcm9HQ3JCWTM4bWI5MU8yb1djY3N3RFFZSktvWklodmNOQVFFTEJRQXcKRFRFTE1Ba0dBMVVFQXhNQ1kyRXdIaGNOTWpVeE1ERTRNakUwTmpBMFdoY05NamN4TURFNE1qRTFOakEwV2pBdwpNUmN3RlFZRFZRUUtFdzV6ZVhOMFpXMDZiV0Z6ZEdWeWN6RVZNQk1HQTFVRUF4TU1iV0Z6ZEdWeVkyeHBaVzUwCk1JSUNJakFOQmdrcWhraUc5dzBCQVFFRkFBT0NBZzhBTUlJQ0NnS0NBZ0VBc0s3VEJzeFMxRXI0SE1ua0tYS3QKVjRNYm1KbDhHdHRkcFVWR0JScGZwY1ZkczYyYVBxYlhSV2xuQ1VQZHhhS09MMDRraFd2YVRqb3g5WEVBTlNSVQpMYkdNdGdpY2ZpMDdCZ3pJYUVIUTVzL0ZIYWlWdFhkTVdPRlRmcnBycHpEeGI4LytRSmxJTWx1R3liVW5sYkNkCnVlMDhlc1Y2Vm54S0kzTW1OYkpVUlcwUkZ1THhMemE0aGRBTVBpa0ttNU91aFM4cjFKbW1sWjZueHZFM0kvbGkKTjJBdWdXdUEwQjhNc0JjcHZlUjBCS2l2ZTZ3dFBRQWtrR1FPWXpkY3VMOWhEYUxSZkVCVW9KbWZ1cFVmM05ETQpZeXNBNEJkd0RFTW4vcHhtYlQ3UURvUTBXSkdtbkxCbmpWT09rU1M4RzJ6cnRyUHJBaUwxQUFQNlFkWjNaUUdtCkxDOTE4MFNnby9XV0tId0tHZTRsNUxkdVZ5Z3BYNWxZR2E5bGd5OXU4V0lteWMyMndhSGhDNm9jY2ZpNllTVGgKNWNGcy9wSmFKaFFhU2JvOGNHbXhWdlNEVjJiMGJIalhMVkNBS2k2YUh4bElkOEViUE1oU3BCUEd4R29QdTFEcAo3cE9hNXJWRjEyQzQwZUp5Z3VMM2I1eW5DWTBDbTBMMjhmUVIyUkYrNDJJcEEyeGxhZkE4TVVqNmR0Nm16Tlk2CjV1Wmd1QVR3VUsxZ1pvT1cxU1hNUitMUnBuVVN4TGNvUkNKcHloUGg1bndKN2NORU0vOW5JWDU0Q3ZodTE1UlIKak1ONnR5MkhLOUowVkc1Z2E0VXVIaWVrV3lCbm5PNXZMMU1HWkl4cjRDYWN2NnZSeGJXQk9uUjdDSnhHNlcrbgpFZDBHa3RGbDNrTi9kdkEwekdrRmwwMENBd0VBQWFOV01GUXdEZ1lEVlIwUEFRSC9CQVFEQWdXZ01CTUdBMVVkCkpRUU1NQW9HQ0NzR0FRVUZCd01DTUF3R0ExVWRFd0VCL3dRQ01BQXdId1lEVlIwakJCZ3dGb0FVenMrL1g3YnAKTDVGdng0RTQ2SThEM2gvbkZ5Z3dEUVlKS29aSWh2Y05BUUVMQlFBRGdnSUJBR2pmOWlUcGVQOUY4Z1Z3aGMrYgpLV3F1aGpGaWZJeW0yQmhubzRFeWx2SENCeXZGVzNtS3NoYTZqd1lrUXh0NEZPS0ZaajRhZkk3WGQxRkdicVhvCml1Q3cvT3Y1Zk1aRTRwWmF1U3VaOTBKMlZTSnEzb09LSXhNcW4yUE1KUTRZYmFzbWpLNGlhSzdOczVRZzdkY0wKNjlkTHRPQ0JWekVRbUxvT1hGRlBRZUNLbzlwbTJGb2tFMm5hMEZQU3dFS1RCT1lDYXVZNnI2dUxsOEEyVE5uQwpNaWk5NVA4MGw5YTVLTi9aVHFLcGkzRDlWVkYxbEQxTTFDVVMzbHhIOTFEOE1ZN2QzMGR2WmxPUU5FVVJqMXBaCjZOMnpURDZWei91Qmo2UzZvUmdHSHU2TFdKN2RNaE1SM2NmeWx5YWVuZUNXazIyV0pERXRHOG9sak1ydFdFWDQKS2dHTFBlL2dLSnZ1OEw2RDR2eUZraW5YSDR6NHJOSVh1SGtCMkQ1SWdPYkFkbDFmK2F0R2FpeEtpdUc5NG5uaQpHRDkyUTVMY2hkTzJ0M0EwQUFWTENOMVcxMzVPR015RnVoNjgrVWg0RjF2aDdJWDdXTTJOQnFIRGQ1a3cxa2tCCitic3hPMkNFNS9UTXBpVnNJVllNalcraHFmaVlkZzJiWjZKcUY2VndoMXRlbEt6S0VHSVltMDZ4b21qV1BZTjQKb0dHMmJEQkU4VDZWcmRRUVRYZnE3bkVWK25GWk9DS1BrR0pGamZsOUx2V2IraHdGUmJod3M4MEc2TjdLTlNubQozWHRmZXFBbW10REFacFZ6dVNhZElZMmdYZzNRcnl1V1lEZG80YVBGeGJLNDUrSEFSYmhZWlpBdG55MEdTSGZjCllWaUhmbm1GSjIrUUhUZGFrWnNSTUU3UAotLS0tLUVORCBDRVJUSUZJQ0FURS0tLS0tCg==",
                "client_key": "LS0tLS1CRUdJTiBSU0EgUFJJVkFURSBLRVktLS0tLQpNSUlKS1FJQkFBS0NBZ0VBc0s3VEJzeFMxRXI0SE1ua0tYS3RWNE1ibUpsOEd0dGRwVVZHQlJwZnBjVmRzNjJhClBxYlhSV2xuQ1VQZHhhS09MMDRraFd2YVRqb3g5WEVBTlNSVUxiR010Z2ljZmkwN0JneklhRUhRNXMvRkhhaVYKdFhkTVdPRlRmcnBycHpEeGI4LytRSmxJTWx1R3liVW5sYkNkdWUwOGVzVjZWbnhLSTNNbU5iSlVSVzBSRnVMeApMemE0aGRBTVBpa0ttNU91aFM4cjFKbW1sWjZueHZFM0kvbGlOMkF1Z1d1QTBCOE1zQmNwdmVSMEJLaXZlNnd0ClBRQWtrR1FPWXpkY3VMOWhEYUxSZkVCVW9KbWZ1cFVmM05ETVl5c0E0QmR3REVNbi9weG1iVDdRRG9RMFdKR20KbkxCbmpWT09rU1M4RzJ6cnRyUHJBaUwxQUFQNlFkWjNaUUdtTEM5MTgwU2dvL1dXS0h3S0dlNGw1TGR1VnlncApYNWxZR2E5bGd5OXU4V0lteWMyMndhSGhDNm9jY2ZpNllTVGg1Y0ZzL3BKYUpoUWFTYm84Y0dteFZ2U0RWMmIwCmJIalhMVkNBS2k2YUh4bElkOEViUE1oU3BCUEd4R29QdTFEcDdwT2E1clZGMTJDNDBlSnlndUwzYjV5bkNZMEMKbTBMMjhmUVIyUkYrNDJJcEEyeGxhZkE4TVVqNmR0Nm16Tlk2NXVaZ3VBVHdVSzFnWm9PVzFTWE1SK0xScG5VUwp4TGNvUkNKcHloUGg1bndKN2NORU0vOW5JWDU0Q3ZodTE1UlJqTU42dHkySEs5SjBWRzVnYTRVdUhpZWtXeUJuCm5PNXZMMU1HWkl4cjRDYWN2NnZSeGJXQk9uUjdDSnhHNlcrbkVkMEdrdEZsM2tOL2R2QTB6R2tGbDAwQ0F3RUEKQVFLQ0FnQWE0QStWSTZSZnlzMlFqTkhxSk1STm9QeE95ek5hWHlRN1VsMFRHVTYrUjZ0My9DcTZaL29yMS9ERwppSU83U2RMb29ERjVvcmU3YnRVUVJCdzh6bnRkZmZuczYwUytycXVoUVNBdmpQOWY5SnB1WjFQcWNxeWRnbkl4CnZ6S2I1UnZSOUdpZmlUd01VNVFlVk56TXcyZWlrMU1WUzdwUENJQ1FnWXRUaWY0NzdKb05DZi9zNTNKM0FhS3oKRzk2K0NUU2lrLzU0b1lINlAvNitYMkpuVkVwYjA2NFBSL3ZPbDBLQXBlMVdzZ3hISHlUem9oNDVmcTdtZXg4ZAp6c1hmQzZ3UmZSaEhiRk9vZFpCd2tHUWZNY1dTajIvYjBSb3lvS1BSOGhhNTBiUlNnNS8yR2FXbkw1ck9IN2ZQCng5b3pMbTl4R2FTMWw2ZitmM0c1bDdhNVJHQnpGd25xUm04MG9aTEN6OVJzTHc4OXROWjBvT2FwekMvcmhlSmUKa2YrQUlzcEh2VkcyeldPLzVUd0orbVNuMWlSWDk5WnhBS2lqdEtxUzJRWDV6OHZwbkxDSXg2RVpuSTNIWXcvQgo2QThhU3NGVWFYOGl2VnVJZ1B0cEpuVG52bzF4eUcxZFRaYWk2ajlXa29FL05Md2JYcFJwMHZ4YnpBZ3hWRHpMCjNXbnI0cVNUakgxYmVJREh2TllXbUNlWGNHZHE0UDZxRmZvVEdLa0ZaaG1yOStYUjh1Yzk0L3pYVmI2U1IyWFcKVzNFTmxJbFM2d0JQbWpDN2tkckVtZlVwMGpXeWtCd0xmZU5wR24xaHRJZ3N0Q1gvbkcvUEY5ZWFJQ0c5YVRGbwpxeDZ4MkREQ2M1ZndKcEhPU3ZuZnpIc0JEWmNrMEplOG9xeXRmSzJFRk52cHI4Y3NFd0tDQVFFQTRDNzZDQnR3CmI1by9HTFFNcVRLd1p2emJFSW5aSk9hcGhRMkpiNGxEQ3JSck1WUy9xM3ljQ2xseHBlVndrU1NzVUU0MU9uT3QKMUdOUU1HWk16Ni9kTEFnY2VzWDVIVU9qMzQ0MllWZi9MT0FMZzNWTkovVGh1M1NFRVB1STJ0WFhqL3BqTEw1VwpXeUN2TWZRZ0hmNEt0bzFnRForNGhyeUc0WU9COXVoNkJtcmZ5MndTYVdlV01JVi9wL0Z4cVlJNnVEMDk3d0ZhCkVNdUdDQ1QrTnJCejNHS2JtVERYQjBRZ093bnRGbFJvQ2VnUE5tTzk2S2ZVcGcvckk0eE1oM1Nld1paMUdzTGYKbENLZnRYck9jNEw1eEFXeC9KR2d3a0hEeXpOL2JubXhoNzN0UjRpZk0xekVlYW9CY0hzZUlRYnI4WHNGZEwzQwpwWjN2SDJaNzZUdUZsd0tDQVFFQXljSU8rV0ZmSkc3QVgrdEFvMi8yeDAvaEJkVU0xb29meFVDdldYREtaZXRyCms2VHVWZ0szVnhza2ZMRHNBTERPSldJellNQ0FRTklEOWtkOGhrbEsweFoyWmNyWEV0bFhUUDFITDIvbk40L0sKVU1ZNC9Yem1WdWNMOFZTRENzQ2lUbFNxaXVGdVhTL0k5NmhnTmVDREJFZWxDVURmcjdvQUQ3Q0JRYXRqaE05MApsNHdzUE80RHE1TGdTdFVmelhUWERpaENodzcyaXBvK0ZCczlqdWRrdmxjNXBvNW5pRWxScVlJZVBxdkljTWhECnFVL0NtMVZQM25yZUhFNmh3Qmlwdk5rY1FLc0haTDdWSU42ekZ3U0N0SHZsMFdwQ0ZKa1pnRzY5Ky9ETDJwVVcKSnZ4dDZFQnI0RUFoUWRXb29lTldqVkN3REtSNWFyRW82T1BBZDhGT3V3S0NBUUVBMXozalRDTmtPWkxrSDhqSApHekNTMDk3VVNiWEFhY0NaWkNrU0dxZTBXYlBOODJoR090VUNVS0YrRDJVU1JoanE1Sk9pWVlPdGsyempFZ1UyCm5IVmlxaU1EalJGRlZFYWNNVWt1aHhuZzQyb2RROU05Q0M4RENHTWZaZHJMbENpYXRoOFdWMkJNTTJSWE1XUU4KN2gzNmxUbDV6cnJhaFdxL0tnaUVvTmFtU2tFVXJCQVFRV2wyZHhIRjlpNUlEaEwrWStSUThZZmZ2SjVjQ3JmUgo2QnBVczNWdHBaQ1I4K1VCK1ExWHVBZkVlRFo1WEtRNU13Ym9rYVJaQkNGeFhPQ29pSC8zNFlEVy96aWJGTGhiClBlYXovZlBsNXZTL1g2T2E1QitHcTBCbUprbEJaMXdTVmxNc1JRL29IK0hsbEpvN3NQZUh6b1ZmUEhvOW0yMWYKYlJoNzh3S0NBUUVBbk5ZR2orTWFjNWJJWW9mY29uQUoxTndLWDE5RGNJN0VyYkJmM3RZbjc5eDJycm9hTDdCQwoxeXFaVFhpMnJMN0VNUmxLT1I3TFZCZ3R6a2U1ekNXelRhMzdjWnVoWHR5bTJZbFZ5ZEZpV3JXakh2RklJZnp5CmpZRmpya0QwOE9uWUFhNGRPSUtQS1U5WkdQUEJmb0E5T0psOCtGbCt5UHA4eTdWNGRSVUc4cG5WMTJ5Mmd0SysKOWFQaVNTbXRaQ2c4ZUp2aFExM2xWczhhRE1VME1COCtHQngwQ3o1Tnl3cTd1Vm9WcXNBY3UxZGlDWDZnRitIVQppV3pYdGdlR0EyN29tNDNtUVhyeDcyWE5CWlU0Z0Y4WVA3YkVhdXIvM1VVNkpyVnZhQ2JDUVBOOTJlYUdoWEYyCnFrY1AwejZFclB1dEw0TVdwMjAvbVNtSVZLbWUxemprdXdLQ0FRQVhpWVdHU3gyRmE2emZ4aEdycWZlZUNtUlkKUGRIR1F1Q0JzSW9mejJWaEJWWWZabTBJMFRZZFE5R2tkTXd1UFE1bk1mcUNiaExRWVptemdZSndRc1poTyszeAptZjBmcXFqZHBiOEVlM0dmQm5LaWV3N1ZiUi9sYVBYdk5iUkZGWXdoNGRwOWtsZUQ0Vmt3K204WUdKY0t4UEh3CnRralZMUFlqdEZpeTJpb2JDMXpldi8rbHR4dU92MllZaFVsZXRmeENPRjJJdjU1QVVDTi9vWW1neXpaV29nNVoKb21oVnd3VEFld3YvWlhoK3VxYnRIWmtaS2tyZDBtY3lOblFVQ3FxOXRPTkZJK3cxRGtUWTA4QjJSMWJtK0VzOApjdFFuYzB3aHZ0SGZmb2ZjdFB1RTJrZVpETmpERXUvK2tCTFkvN1JTeC84UUdWcXkyYU16a2lQa05QeDUKLS0tLS1FTkQgUlNBIFBSSVZBVEUgS0VZLS0tLS0K",
                "cluster_ca_certificate": "LS0tLS1CRUdJTiBDRVJUSUZJQ0FURS0tLS0tCk1JSUU2RENDQXRDZ0F3SUJBZ0lRVmlQNmMzanpUY2ZsS0lPYmpoYXliREFOQmdrcWhraUc5dzBCQVFzRkFEQU4KTVFzd0NRWURWUVFERXdKallUQWdGdzB5TlRFd01UZ3lNVFEyTURSYUdBOHlNRFUxTVRBeE9ESXhOVFl3TkZvdwpEVEVMTUFrR0ExVUVBeE1DWTJFd2dnSWlNQTBHQ1NxR1NJYjNEUUVCQVFVQUE0SUNEd0F3Z2dJS0FvSUNBUURNClVwQTl1T1VkQ1h4cjRCT2dLYlF3WnRSYXBoOW1YaUJ2VVJzWUFwS2lYeGRsV2V4c3hWNWNHbHhuWDRvdEI0c1MKV2FvS2dyUmZLc1JOaXAyZ1diclpCUlF6L2JoVWp0bStPbVhGM1dkeTZLelRCbU5MRDlrQmU4QXUxOVZyNGpnRwpTZTdjY2RmdHVjMm8xdXZyR2haWGxSdFNDYk9kb3dETnRUZEQ5bjlIYVYwTEFIUE1QRmdUdWRuaDZOS2FPb1hLCmVaTW9GU1RnQ2hWeUtCNms5U1A3dDhxK2xGL0w4THdjdVhrM3pJa3ZaVFBQdXVGd1BnalZ2Y0tXRUY3S3ZKVWgKelBPaUpRMzVzSFI3c0dLNHBaUVlnTjBlbUtSbnRFRUFCcDNMTWhKNW9YeG9US2o2TmVFZWpHb1ExNGdJbnRXSAo2d3U3d1F1UjRJRkpjZDI1eTJ3WldqQ3UvM2hPaEtrY0VFZmhwdG5qUjRZQ2dXczZOM3M4aElqdWozZWJ3KzV5CmxhK0JDVGl5ZG1qRUx4cmJUYjFDUFZXRkxxdVlWZkpLNUhLdXdsMi9qbzA2bFRWKytNWlAvZkp2T2pYdWRDWm0KQVFiT1RBNTFBN3VPNXBQZ2NoQ2VTUnZxMnJNenpJVVlGTlYwdVd5Q2JucDM5M2dyMnhoK0lYYVRRcGw3Zy8rUAp0STNXR0YyRGQ5QlZkaGhvTU0rbUpiVXJMTmJpb2R6L0w2SEtLZUU5VnNaa1d3UEkwdVRRZmV1TzR4a3ZTYjRqClFjVnR6YncrelJkUkh4SkFUOWJqNCsvcklDWTViVVEyV3FYNHUzaHN3eVhIbUFibjNTNFM4UzltMzg0Q1locW0KMWtNVE54MEtGQXViYldLMThkNXd5WEF2MkIwVmxob3dzRHBVWVRyRUR3SURBUUFCbzBJd1FEQU9CZ05WSFE4QgpBZjhFQkFNQ0FxUXdEd1lEVlIwVEFRSC9CQVV3QXdFQi96QWRCZ05WSFE0RUZnUVV6cysvWDdicEw1RnZ4NEU0CjZJOEQzaC9uRnlnd0RRWUpLb1pJaHZjTkFRRUxCUUFEZ2dJQkFGQ1NVODNuOGtIQUFiTEY5YWUzRTgrVkJQQ0cKUWtQc283bUNhNUhXTk5TM3J2czNLV21Za1lkTnRCNEg5eEY4Y1JsVDJQZ3lEM1BzYWdJV2hqcVZ2bzQwZlA2ZQpDQ3R1UzFTejNsVTRyeC90THA5dkV0U0MzZXdIRWUyQVFNOUxRMERpcWo4NG1vZVo0V0pnb1kzRWRJVS9kYWQxCldUQ2w0OG84UWZxMHkxZklKUFJyZU1uQjdHa3FheS9XaXVoaE1rWUJhSlhXUlA5TVl1N1FqNytmZ1JJbXlxNnMKMVM4TldkNC9pb2h3Z1dIVzl6QXZPWitWd3p1T1RIU3AwR1hja3NZNGw1ZFZ4Rm9GVEdqbVVOVUkvQW9Id3hYMQpFZHJYdHF5N2NlN1RkVGFzbVpRMm84Mm9OUE9LSmF2NVIzOXkzNUFvdi8zaDV3b3VxVGVLV3pEM1BpcmJBY09OCmI3T0s2VzZMZFN0bE52SlJid3IvZWZnaVdHMk03QlVJcFJ2dFBkay9xR0lNZGJFWXd0UC9zK3hKbitIMDVtOUYKbEI3bnRiZ01sQW8wOVZlYUdBQ0lpV1hZempBTnhJSjFrL0l2MUlSdEdNeWR0RlVDOGlhYTQwek9ONW1JOGEzMAphY3RhVWxyZDRBUnpjakdXdnUxUnFjWTkrVmNoakdFU0NLVnAxTnMwa3pnOTAxbTlsZWpCUlg0bWNZSTVITGpkCjRZZ3Uwd2pXR2ZUUGZZRUY5Y3FPdmtpL2pMWEx3Z1JuQ3liV3VOK25Gc21IZkJJbnloMi9ZcjJjeU5xZTRGVWUKd28rUVN5aWpKV2NPL0w1R0lPR1V1RVZybnROd2UvZHd6TUR0d0FiQk1QUUROT1RWR3pMT1JRTDJuOHJ3SGZERwoyY2M3WnBKU0Z2ZnVMRnNLCi0tLS0tRU5EIENFUlRJRklDQVRFLS0tLS0K",
                "host": "https://n8n-aks-ayl41kp6.hcp.eastus.azmk8s.io:443",
                "password": "65357hpgvccvjlc6fpuwnp2j2ixk2cd1u8vtixhv7ih0l1ryx5wc4x3akh83kvckx291g4mqxbny3dv50bdng624vz30cyvkyfuxf0p57q05s5iqbxhf69pqx719p772",
                "username": "clusterUser_n8n-rg_n8n-aks-cluster"
              }
            ],
            "kube_config_raw": "apiVersion: v1\nclusters:\n- cluster:\n    certificate-authority-data: LS0tLS1CRUdJTiBDRVJUSUZJQ0FURS0tLS0tCk1JSUU2RENDQXRDZ0F3SUJBZ0lRVmlQNmMzanpUY2ZsS0lPYmpoYXliREFOQmdrcWhraUc5dzBCQVFzRkFEQU4KTVFzd0NRWURWUVFERXdKallUQWdGdzB5TlRFd01UZ3lNVFEyTURSYUdBOHlNRFUxTVRBeE9ESXhOVFl3TkZvdwpEVEVMTUFrR0ExVUVBeE1DWTJFd2dnSWlNQTBHQ1NxR1NJYjNEUUVCQVFVQUE0SUNEd0F3Z2dJS0FvSUNBUURNClVwQTl1T1VkQ1h4cjRCT2dLYlF3WnRSYXBoOW1YaUJ2VVJzWUFwS2lYeGRsV2V4c3hWNWNHbHhuWDRvdEI0c1MKV2FvS2dyUmZLc1JOaXAyZ1diclpCUlF6L2JoVWp0bStPbVhGM1dkeTZLelRCbU5MRDlrQmU4QXUxOVZyNGpnRwpTZTdjY2RmdHVjMm8xdXZyR2haWGxSdFNDYk9kb3dETnRUZEQ5bjlIYVYwTEFIUE1QRmdUdWRuaDZOS2FPb1hLCmVaTW9GU1RnQ2hWeUtCNms5U1A3dDhxK2xGL0w4THdjdVhrM3pJa3ZaVFBQdXVGd1BnalZ2Y0tXRUY3S3ZKVWgKelBPaUpRMzVzSFI3c0dLNHBaUVlnTjBlbUtSbnRFRUFCcDNMTWhKNW9YeG9US2o2TmVFZWpHb1ExNGdJbnRXSAo2d3U3d1F1UjRJRkpjZDI1eTJ3WldqQ3UvM2hPaEtrY0VFZmhwdG5qUjRZQ2dXczZOM3M4aElqdWozZWJ3KzV5CmxhK0JDVGl5ZG1qRUx4cmJUYjFDUFZXRkxxdVlWZkpLNUhLdXdsMi9qbzA2bFRWKytNWlAvZkp2T2pYdWRDWm0KQVFiT1RBNTFBN3VPNXBQZ2NoQ2VTUnZxMnJNenpJVVlGTlYwdVd5Q2JucDM5M2dyMnhoK0lYYVRRcGw3Zy8rUAp0STNXR0YyRGQ5QlZkaGhvTU0rbUpiVXJMTmJpb2R6L0w2SEtLZUU5VnNaa1d3UEkwdVRRZmV1TzR4a3ZTYjRqClFjVnR6YncrelJkUkh4SkFUOWJqNCsvcklDWTViVVEyV3FYNHUzaHN3eVhIbUFibjNTNFM4UzltMzg0Q1locW0KMWtNVE54MEtGQXViYldLMThkNXd5WEF2MkIwVmxob3dzRHBVWVRyRUR3SURBUUFCbzBJd1FEQU9CZ05WSFE4QgpBZjhFQkFNQ0FxUXdEd1lEVlIwVEFRSC9CQVV3QXdFQi96QWRCZ05WSFE0RUZnUVV6cysvWDdicEw1RnZ4NEU0CjZJOEQzaC9uRnlnd0RRWUpLb1pJaHZjTkFRRUxCUUFEZ2dJQkFGQ1NVODNuOGtIQUFiTEY5YWUzRTgrVkJQQ0cKUWtQc283bUNhNUhXTk5TM3J2czNLV21Za1lkTnRCNEg5eEY4Y1JsVDJQZ3lEM1BzYWdJV2hqcVZ2bzQwZlA2ZQpDQ3R1UzFTejNsVTRyeC90THA5dkV0U0MzZXdIRWUyQVFNOUxRMERpcWo4NG1vZVo0V0pnb1kzRWRJVS9kYWQxCldUQ2w0OG84UWZxMHkxZklKUFJyZU1uQjdHa3FheS9XaXVoaE1rWUJhSlhXUlA5TVl1N1FqNytmZ1JJbXlxNnMKMVM4TldkNC9pb2h3Z1dIVzl6QXZPWitWd3p1T1RIU3AwR1hja3NZNGw1ZFZ4Rm9GVEdqbVVOVUkvQW9Id3hYMQpFZHJYdHF5N2NlN1RkVGFzbVpRMm84Mm9OUE9LSmF2NVIzOXkzNUFvdi8zaDV3b3VxVGVLV3pEM1BpcmJBY09OCmI3T0s2VzZMZFN0bE52SlJid3IvZWZnaVdHMk03QlVJcFJ2dFBkay9xR0lNZGJFWXd0UC9zK3hKbitIMDVtOUYKbEI3bnRiZ01sQW8wOVZlYUdBQ0lpV1hZempBTnhJSjFrL0l2MUlSdEdNeWR0RlVDOGlhYTQwek9ONW1JOGEzMAphY3RhVWxyZDRBUnpjakdXdnUxUnFjWTkrVmNoakdFU0NLVnAxTnMwa3pnOTAxbTlsZWpCUlg0bWNZSTVITGpkCjRZZ3Uwd2pXR2ZUUGZZRUY5Y3FPdmtpL2pMWEx3Z1JuQ3liV3VOK25Gc21IZkJJbnloMi9ZcjJjeU5xZTRGVWUKd28rUVN5aWpKV2NPL0w1R0lPR1V1RVZybnROd2UvZHd6TUR0d0FiQk1QUUROT1RWR3pMT1JRTDJuOHJ3SGZERwoyY2M3WnBKU0Z2ZnVMRnNLCi0tLS0tRU5EIENFUlRJRklDQVRFLS0tLS0K\n    server: https://n8n-aks-ayl41kp6.hcp.eastus.azmk8s.io:443\n  name: n8n-aks-cluster\ncontexts:\n- context:\n    cluster: n8n-aks-cluster\n    user: clusterUser_n8n-rg_n8n-aks-cluster\n  name: n8n-aks-cluster\ncurrent-context: n8n-aks-cluster\nkind: Config\npreferences: {}\nusers:\n- name: clusterUser_n8n-rg_n8n-aks-cluster\n  user:\n    client-certificate-data: LS0tLS1CRUdJTiBDRVJUSUZJQ0FURS0tLS0tCk1JSUZIakNDQXdhZ0F3SUJBZ0lSQVBZcm9HQ3JCWTM4bWI5MU8yb1djY3N3RFFZSktvWklodmNOQVFFTEJRQXcKRFRFTE1Ba0dBMVVFQXhNQ1kyRXdIaGNOTWpVeE1ERTRNakUwTmpBMFdoY05NamN4TURFNE1qRTFOakEwV2pBdwpNUmN3RlFZRFZRUUtFdzV6ZVhOMFpXMDZiV0Z6ZEdWeWN6RVZNQk1HQTFVRUF4TU1iV0Z6ZEdWeVkyeHBaVzUwCk1JSUNJakFOQmdrcWhraUc5dzBCQVFFRkFBT0NBZzhBTUlJQ0NnS0NBZ0VBc0s3VEJzeFMxRXI0SE1ua0tYS3QKVjRNYm1KbDhHdHRkcFVWR0JScGZwY1ZkczYyYVBxYlhSV2xuQ1VQZHhhS09MMDRraFd2YVRqb3g5WEVBTlNSVQpMYkdNdGdpY2ZpMDdCZ3pJYUVIUTVzL0ZIYWlWdFhkTVdPRlRmcnBycHpEeGI4LytRSmxJTWx1R3liVW5sYkNkCnVlMDhlc1Y2Vm54S0kzTW1OYkpVUlcwUkZ1THhMemE0aGRBTVBpa0ttNU91aFM4cjFKbW1sWjZueHZFM0kvbGkKTjJBdWdXdUEwQjhNc0JjcHZlUjBCS2l2ZTZ3dFBRQWtrR1FPWXpkY3VMOWhEYUxSZkVCVW9KbWZ1cFVmM05ETQpZeXNBNEJkd0RFTW4vcHhtYlQ3UURvUTBXSkdtbkxCbmpWT09rU1M4RzJ6cnRyUHJBaUwxQUFQNlFkWjNaUUdtCkxDOTE4MFNnby9XV0tId0tHZTRsNUxkdVZ5Z3BYNWxZR2E5bGd5OXU4V0lteWMyMndhSGhDNm9jY2ZpNllTVGgKNWNGcy9wSmFKaFFhU2JvOGNHbXhWdlNEVjJiMGJIalhMVkNBS2k2YUh4bElkOEViUE1oU3BCUEd4R29QdTFEcAo3cE9hNXJWRjEyQzQwZUp5Z3VMM2I1eW5DWTBDbTBMMjhmUVIyUkYrNDJJcEEyeGxhZkE4TVVqNmR0Nm16Tlk2CjV1Wmd1QVR3VUsxZ1pvT1cxU1hNUitMUnBuVVN4TGNvUkNKcHloUGg1bndKN2NORU0vOW5JWDU0Q3ZodTE1UlIKak1ONnR5MkhLOUowVkc1Z2E0VXVIaWVrV3lCbm5PNXZMMU1HWkl4cjRDYWN2NnZSeGJXQk9uUjdDSnhHNlcrbgpFZDBHa3RGbDNrTi9kdkEwekdrRmwwMENBd0VBQWFOV01GUXdEZ1lEVlIwUEFRSC9CQVFEQWdXZ01CTUdBMVVkCkpRUU1NQW9HQ0NzR0FRVUZCd01DTUF3R0ExVWRFd0VCL3dRQ01BQXdId1lEVlIwakJCZ3dGb0FVenMrL1g3YnAKTDVGdng0RTQ2SThEM2gvbkZ5Z3dEUVlKS29aSWh2Y05BUUVMQlFBRGdnSUJBR2pmOWlUcGVQOUY4Z1Z3aGMrYgpLV3F1aGpGaWZJeW0yQmhubzRFeWx2SENCeXZGVzNtS3NoYTZqd1lrUXh0NEZPS0ZaajRhZkk3WGQxRkdicVhvCml1Q3cvT3Y1Zk1aRTRwWmF1U3VaOTBKMlZTSnEzb09LSXhNcW4yUE1KUTRZYmFzbWpLNGlhSzdOczVRZzdkY0wKNjlkTHRPQ0JWekVRbUxvT1hGRlBRZUNLbzlwbTJGb2tFMm5hMEZQU3dFS1RCT1lDYXVZNnI2dUxsOEEyVE5uQwpNaWk5NVA4MGw5YTVLTi9aVHFLcGkzRDlWVkYxbEQxTTFDVVMzbHhIOTFEOE1ZN2QzMGR2WmxPUU5FVVJqMXBaCjZOMnpURDZWei91Qmo2UzZvUmdHSHU2TFdKN2RNaE1SM2NmeWx5YWVuZUNXazIyV0pERXRHOG9sak1ydFdFWDQKS2dHTFBlL2dLSnZ1OEw2RDR2eUZraW5YSDR6NHJOSVh1SGtCMkQ1SWdPYkFkbDFmK2F0R2FpeEtpdUc5NG5uaQpHRDkyUTVMY2hkTzJ0M0EwQUFWTENOMVcxMzVPR015RnVoNjgrVWg0RjF2aDdJWDdXTTJOQnFIRGQ1a3cxa2tCCitic3hPMkNFNS9UTXBpVnNJVllNalcraHFmaVlkZzJiWjZKcUY2VndoMXRlbEt6S0VHSVltMDZ4b21qV1BZTjQKb0dHMmJEQkU4VDZWcmRRUVRYZnE3bkVWK25GWk9DS1BrR0pGamZsOUx2V2IraHdGUmJod3M4MEc2TjdLTlNubQozWHRmZXFBbW10REFacFZ6dVNhZElZMmdYZzNRcnl1V1lEZG80YVBGeGJLNDUrSEFSYmhZWlpBdG55MEdTSGZjCllWaUhmbm1GSjIrUUhUZGFrWnNSTUU3UAotLS0tLUVORCBDRVJUSUZJQ0FURS0tLS0tCg==\n    client-key-data: LS0tLS1CRUdJTiBSU0EgUFJJVkFURSBLRVktLS0tLQpNSUlKS1FJQkFBS0NBZ0VBc0s3VEJzeFMxRXI0SE1ua0tYS3RWNE1ibUpsOEd0dGRwVVZHQlJwZnBjVmRzNjJhClBxYlhSV2xuQ1VQZHhhS09MMDRraFd2YVRqb3g5WEVBTlNSVUxiR010Z2ljZmkwN0JneklhRUhRNXMvRkhhaVYKdFhkTVdPRlRmcnBycHpEeGI4LytRSmxJTWx1R3liVW5sYkNkdWUwOGVzVjZWbnhLSTNNbU5iSlVSVzBSRnVMeApMemE0aGRBTVBpa0ttNU91aFM4cjFKbW1sWjZueHZFM0kvbGlOMkF1Z1d1QTBCOE1zQmNwdmVSMEJLaXZlNnd0ClBRQWtrR1FPWXpkY3VMOWhEYUxSZkVCVW9KbWZ1cFVmM05ETVl5c0E0QmR3REVNbi9weG1iVDdRRG9RMFdKR20KbkxCbmpWT09rU1M4RzJ6cnRyUHJBaUwxQUFQNlFkWjNaUUdtTEM5MTgwU2dvL1dXS0h3S0dlNGw1TGR1VnlncApYNWxZR2E5bGd5OXU4V0lteWMyMndhSGhDNm9jY2ZpNllTVGg1Y0ZzL3BKYUpoUWFTYm84Y0dteFZ2U0RWMmIwCmJIalhMVkNBS2k2YUh4bElkOEViUE1oU3BCUEd4R29QdTFEcDdwT2E1clZGMTJDNDBlSnlndUwzYjV5bkNZMEMKbTBMMjhmUVIyUkYrNDJJcEEyeGxhZkE4TVVqNmR0Nm16Tlk2NXVaZ3VBVHdVSzFnWm9PVzFTWE1SK0xScG5VUwp4TGNvUkNKcHloUGg1bndKN2NORU0vOW5JWDU0Q3ZodTE1UlJqTU42dHkySEs5SjBWRzVnYTRVdUhpZWtXeUJuCm5PNXZMMU1HWkl4cjRDYWN2NnZSeGJXQk9uUjdDSnhHNlcrbkVkMEdrdEZsM2tOL2R2QTB6R2tGbDAwQ0F3RUEKQVFLQ0FnQWE0QStWSTZSZnlzMlFqTkhxSk1STm9QeE95ek5hWHlRN1VsMFRHVTYrUjZ0My9DcTZaL29yMS9ERwppSU83U2RMb29ERjVvcmU3YnRVUVJCdzh6bnRkZmZuczYwUytycXVoUVNBdmpQOWY5SnB1WjFQcWNxeWRnbkl4CnZ6S2I1UnZSOUdpZmlUd01VNVFlVk56TXcyZWlrMU1WUzdwUENJQ1FnWXRUaWY0NzdKb05DZi9zNTNKM0FhS3oKRzk2K0NUU2lrLzU0b1lINlAvNitYMkpuVkVwYjA2NFBSL3ZPbDBLQXBlMVdzZ3hISHlUem9oNDVmcTdtZXg4ZAp6c1hmQzZ3UmZSaEhiRk9vZFpCd2tHUWZNY1dTajIvYjBSb3lvS1BSOGhhNTBiUlNnNS8yR2FXbkw1ck9IN2ZQCng5b3pMbTl4R2FTMWw2ZitmM0c1bDdhNVJHQnpGd25xUm04MG9aTEN6OVJzTHc4OXROWjBvT2FwekMvcmhlSmUKa2YrQUlzcEh2VkcyeldPLzVUd0orbVNuMWlSWDk5WnhBS2lqdEtxUzJRWDV6OHZwbkxDSXg2RVpuSTNIWXcvQgo2QThhU3NGVWFYOGl2VnVJZ1B0cEpuVG52bzF4eUcxZFRaYWk2ajlXa29FL05Md2JYcFJwMHZ4YnpBZ3hWRHpMCjNXbnI0cVNUakgxYmVJREh2TllXbUNlWGNHZHE0UDZxRmZvVEdLa0ZaaG1yOStYUjh1Yzk0L3pYVmI2U1IyWFcKVzNFTmxJbFM2d0JQbWpDN2tkckVtZlVwMGpXeWtCd0xmZU5wR24xaHRJZ3N0Q1gvbkcvUEY5ZWFJQ0c5YVRGbwpxeDZ4MkREQ2M1ZndKcEhPU3ZuZnpIc0JEWmNrMEplOG9xeXRmSzJFRk52cHI4Y3NFd0tDQVFFQTRDNzZDQnR3CmI1by9HTFFNcVRLd1p2emJFSW5aSk9hcGhRMkpiNGxEQ3JSck1WUy9xM3ljQ2xseHBlVndrU1NzVUU0MU9uT3QKMUdOUU1HWk16Ni9kTEFnY2VzWDVIVU9qMzQ0MllWZi9MT0FMZzNWTkovVGh1M1NFRVB1STJ0WFhqL3BqTEw1VwpXeUN2TWZRZ0hmNEt0bzFnRForNGhyeUc0WU9COXVoNkJtcmZ5MndTYVdlV01JVi9wL0Z4cVlJNnVEMDk3d0ZhCkVNdUdDQ1QrTnJCejNHS2JtVERYQjBRZ093bnRGbFJvQ2VnUE5tTzk2S2ZVcGcvckk0eE1oM1Nld1paMUdzTGYKbENLZnRYck9jNEw1eEFXeC9KR2d3a0hEeXpOL2JubXhoNzN0UjRpZk0xekVlYW9CY0hzZUlRYnI4WHNGZEwzQwpwWjN2SDJaNzZUdUZsd0tDQVFFQXljSU8rV0ZmSkc3QVgrdEFvMi8yeDAvaEJkVU0xb29meFVDdldYREtaZXRyCms2VHVWZ0szVnhza2ZMRHNBTERPSldJellNQ0FRTklEOWtkOGhrbEsweFoyWmNyWEV0bFhUUDFITDIvbk40L0sKVU1ZNC9Yem1WdWNMOFZTRENzQ2lUbFNxaXVGdVhTL0k5NmhnTmVDREJFZWxDVURmcjdvQUQ3Q0JRYXRqaE05MApsNHdzUE80RHE1TGdTdFVmelhUWERpaENodzcyaXBvK0ZCczlqdWRrdmxjNXBvNW5pRWxScVlJZVBxdkljTWhECnFVL0NtMVZQM25yZUhFNmh3Qmlwdk5rY1FLc0haTDdWSU42ekZ3U0N0SHZsMFdwQ0ZKa1pnRzY5Ky9ETDJwVVcKSnZ4dDZFQnI0RUFoUWRXb29lTldqVkN3REtSNWFyRW82T1BBZDhGT3V3S0NBUUVBMXozalRDTmtPWkxrSDhqSApHekNTMDk3VVNiWEFhY0NaWkNrU0dxZTBXYlBOODJoR090VUNVS0YrRDJVU1JoanE1Sk9pWVlPdGsyempFZ1UyCm5IVmlxaU1EalJGRlZFYWNNVWt1aHhuZzQyb2RROU05Q0M4RENHTWZaZHJMbENpYXRoOFdWMkJNTTJSWE1XUU4KN2gzNmxUbDV6cnJhaFdxL0tnaUVvTmFtU2tFVXJCQVFRV2wyZHhIRjlpNUlEaEwrWStSUThZZmZ2SjVjQ3JmUgo2QnBVczNWdHBaQ1I4K1VCK1ExWHVBZkVlRFo1WEtRNU13Ym9rYVJaQkNGeFhPQ29pSC8zNFlEVy96aWJGTGhiClBlYXovZlBsNXZTL1g2T2E1QitHcTBCbUprbEJaMXdTVmxNc1JRL29IK0hsbEpvN3NQZUh6b1ZmUEhvOW0yMWYKYlJoNzh3S0NBUUVBbk5ZR2orTWFjNWJJWW9mY29uQUoxTndLWDE5RGNJN0VyYkJmM3RZbjc5eDJycm9hTDdCQwoxeXFaVFhpMnJMN0VNUmxLT1I3TFZCZ3R6a2U1ekNXelRhMzdjWnVoWHR5bTJZbFZ5ZEZpV3JXakh2RklJZnp5CmpZRmpya0QwOE9uWUFhNGRPSUtQS1U5WkdQUEJmb0E5T0psOCtGbCt5UHA4eTdWNGRSVUc4cG5WMTJ5Mmd0SysKOWFQaVNTbXRaQ2c4ZUp2aFExM2xWczhhRE1VME1COCtHQngwQ3o1Tnl3cTd1Vm9WcXNBY3UxZGlDWDZnRitIVQppV3pYdGdlR0EyN29tNDNtUVhyeDcyWE5CWlU0Z0Y4WVA3YkVhdXIvM1VVNkpyVnZhQ2JDUVBOOTJlYUdoWEYyCnFrY1AwejZFclB1dEw0TVdwMjAvbVNtSVZLbWUxemprdXdLQ0FRQVhpWVdHU3gyRmE2emZ4aEdycWZlZUNtUlkKUGRIR1F1Q0JzSW9mejJWaEJWWWZabTBJMFRZZFE5R2tkTXd1UFE1bk1mcUNiaExRWVptemdZSndRc1poTyszeAptZjBmcXFqZHBiOEVlM0dmQm5LaWV3N1ZiUi9sYVBYdk5iUkZGWXdoNGRwOWtsZUQ0Vmt3K204WUdKY0t4UEh3CnRralZMUFlqdEZpeTJpb2JDMXpldi8rbHR4dU92MllZaFVsZXRmeENPRjJJdjU1QVVDTi9vWW1neXpaV29nNVoKb21oVnd3VEFld3YvWlhoK3VxYnRIWmtaS2tyZDBtY3lOblFVQ3FxOXRPTkZJK3cxRGtUWTA4QjJSMWJtK0VzOApjdFFuYzB3aHZ0SGZmb2ZjdFB1RTJrZVpETmpERXUvK2tCTFkvN1JTeC84UUdWcXkyYU16a2lQa05QeDUKLS0tLS1FTkQgUlNBIFBSSVZBVEUgS0VZLS0tLS0K\n    token: 65357hpgvccvjlc6fpuwnp2j2ixk2cd1u8vtixhv7ih0l1ryx5wc4x3akh83kvckx291g4mqxbny3dv50bdng624vz30cyvkyfuxf0p57q05s5iqbxhf69pqx719p772\n",
            "kubelet_identity": [
              {
                "client_id": "ba3bca21-c877-4ce0-8c31-f8e65572b318",
                "object_id": "24a0f03c-297e-426a-9173-ba374f5a440c",
                "user_assigned_identity_id": "/subscriptions/013c5d82-8670-4c50-81d1-1c84a77a8303/resourceGroups/MC_n8n-rg_n8n-aks-cluster_eastus/providers/Microsoft.ManagedIdentity/userAssignedIdentities/n8n-aks-cluster-agentpool"
              }
            ],
            "kubernetes_version": "1.31.11",
            "linux_profile": [],
            "local_account_disabled": false,
            "location": "eastus",
            "maintenance_window": [],
            "maintenance_window_auto_upgrade": [],
            "maintenance_window_node_os": [],
            "microsoft_defender": [],
            "monitor_metrics": [],
            "name": "n8n-aks-cluster",
            "network_profile": [
              {
                "dns_service_ip": "10.1.0.10",
                "docker_bridge_cidr": "",
                "ebpf_data_plane": "",
                "ip_versions": [
                  "IPv4"
                ],
                "load_balancer_profile": [
                  {
                    "effective_outbound_ips": [],
                    "idle_timeout_in_minutes": 0,
                    "managed_outbound_ip_count": 0,
                    "managed_outbound_ipv6_count": 0,
                    "outbound_ip_address_ids": [],
                    "outbound_ip_prefix_ids": [],
                    "outbound_ports_allocated": 0
                  }
                ],
                "load_balancer_sku": "standard",
                "nat_gateway_profile": [],
                "network_data_plane": "azure",
                "network_mode": "",
                "network_plugin": "azure",
                "network_plugin_mode": "",
                "network_policy": "azure",
                "outbound_ip_address_ids": [],
                "outbound_ip_prefix_ids": [],
                "outbound_type": "userAssignedNATGateway",
                "pod_cidr": "",
                "pod_cidrs": [],
                "service_cidr": "10.1.0.0/16",
                "service_cidrs": [
                  "10.1.0.0/16"
                ]
              }
            ],
            "node_os_channel_upgrade": null,
            "node_resource_group": "MC_n8n-rg_n8n-aks-cluster_eastus",
            "node_resource_group_id": "/subscriptions/013c5d82-8670-4c50-81d1-1c84a77a8303/resourceGroups/MC_n8n-rg_n8n-aks-cluster_eastus",
            "oidc_issuer_enabled": false,
            "oidc_issuer_url": "",
            "oms_agent": [
              {
                "log_analytics_workspace_id": "/subscriptions/013c5d82-8670-4c50-81d1-1c84a77a8303/resourceGroups/n8n-rg/providers/Microsoft.OperationalInsights/workspaces/n8n-app-logs",
                "msi_auth_for_monitoring_enabled": false,
                "oms_agent_identity": [
                  {
                    "client_id": "6efdfc22-4d3d-4590-a969-8a96e4753e33",
                    "object_id": "fffbec68-65d6-4877-b3aa-a6c02887e6fa",
                    "user_assigned_identity_id": "/subscriptions/013c5d82-8670-4c50-81d1-1c84a77a8303/resourcegroups/MC_n8n-rg_n8n-aks-cluster_eastus/providers/Microsoft.ManagedIdentity/userAssignedIdentities/omsagent-n8n-aks-cluster"
                  }
                ]
              }
            ],
            "open_service_mesh_enabled": false,
            "portal_fqdn": "n8n-aks-ayl41kp6.portal.hcp.eastus.azmk8s.io",
            "private_cluster_enabled": false,
            "private_cluster_public_fqdn_enabled": false,
            "private_dns_zone_id": "",
            "private_fqdn": "",
            "public_network_access_enabled": true,
            "resource_group_name": "n8n-rg",
            "role_based_access_control_enabled": true,
            "run_command_enabled": true,
            "service_mesh_profile": [],
            "service_principal": [],
            "sku_tier": "Free",
            "storage_profile": [],
            "support_plan": "KubernetesOfficial",
            "tags": {
              "Environment": "production",
              "ManagedBy": "Terraform",
              "Name": "n8n-aks-cluster",
              "Project": "n8n-app"
            },
            "timeouts": null,
            "web_app_routing": [],
            "windows_profile": [
              {
                "admin_password": "",
                "admin_username": "azureuser",
                "gmsa": [],
                "license": ""
              }
            ],
            "workload_autoscaler_profile": [],
            "workload_identity_enabled": false
          },
          "sensitive_attributes": [],
          "private": "eyJlMmJmYjczMC1lY2FhLTExZTYtOGY4OC0zNDM2M2JjN2M0YzAiOnsiY3JlYXRlIjo1NDAwMDAwMDAwMDAwLCJkZWxldGUiOjU0MDAwMDAwMDAwMDAsInJlYWQiOjMwMDAwMDAwMDAwMCwidXBkYXRlIjo1NDAwMDAwMDAwMDAwfSwic2NoZW1hX3ZlcnNpb24iOiIyIn0=",
          "dependencies": [
            "azurerm_log_analytics_workspace.main",
            "azurerm_nat_gateway.main",
            "azurerm_resource_group.main",
            "azurerm_subnet.private",
            "azurerm_subnet_nat_gateway_association.private",
            "azurerm_virtual_network.main"
          ]
        }
      ]
    },
    {
      "mode": "managed",
      "type": "azurerm_log_analytics_workspace",
      "name": "main",
      "provider": "provider[\"registry.terraform.io/hashicorp/azurerm\"]",
      "instances": [
        {
          "schema_version": 3,
          "attributes": {
            "allow_resource_only_permissions": true,
            "cmk_for_query_forced": false,
            "daily_quota_gb": -1,
            "data_collection_rule_id": "",
            "id": "/subscriptions/013c5d82-8670-4c50-81d1-1c84a77a8303/resourceGroups/n8n-rg/providers/Microsoft.OperationalInsights/workspaces/n8n-app-logs",
            "identity": [],
            "immediate_data_purge_on_30_days_enabled": false,
            "internet_ingestion_enabled": true,
            "internet_query_enabled": true,
            "local_authentication_disabled": false,
            "location": "eastus",
            "name": "n8n-app-logs",
            "primary_shared_key": "mkwPpiut5xUJ1hpUnpQ0eZDPKVJVfqTKHLM+T7FQTZh9pqFSWvrpEQhIs5M0lpyFTvAKjc7ZhMdH1XlpYrP5IQ==",
            "reservation_capacity_in_gb_per_day": null,
            "resource_group_name": "n8n-rg",
            "retention_in_days": 30,
            "secondary_shared_key": "yDAbs/J2CAfGBjHSH5PxKpTSd36rnUTFF9Nd8l/gPh/OlP7/yTMEMZRT9M+P2mGEF50cgB25n/7kmdMueicjgg==",
            "sku": "PerGB2018",
            "tags": {
              "Environment": "production",
              "ManagedBy": "Terraform",
              "Name": "n8n-app-logs",
              "Project": "n8n-app"
            },
            "timeouts": null,
            "workspace_id": "9eacd387-81cf-441b-8cfd-3734cb919f13"
          },
          "sensitive_attributes": [],
          "private": "eyJlMmJmYjczMC1lY2FhLTExZTYtOGY4OC0zNDM2M2JjN2M0YzAiOnsiY3JlYXRlIjoxODAwMDAwMDAwMDAwLCJkZWxldGUiOjE4MDAwMDAwMDAwMDAsInJlYWQiOjMwMDAwMDAwMDAwMCwidXBkYXRlIjoxODAwMDAwMDAwMDAwfSwic2NoZW1hX3ZlcnNpb24iOiIzIn0=",
          "dependencies": [
            "azurerm_resource_group.main"
          ]
        }
      ]
    },
    {
      "mode": "managed",
      "type": "azurerm_nat_gateway",
      "name": "main",
      "provider": "provider[\"registry.terraform.io/hashicorp/azurerm\"]",
      "instances": [
        {
          "schema_version": 0,
          "attributes": {
            "id": "/subscriptions/013c5d82-8670-4c50-81d1-1c84a77a8303/resourceGroups/n8n-rg/providers/Microsoft.Network/natGateways/n8n-app-nat-gateway",
            "idle_timeout_in_minutes": 10,
            "location": "eastus",
            "name": "n8n-app-nat-gateway",
            "resource_group_name": "n8n-rg",
            "resource_guid": "2d25844c-89f0-42cb-9692-e39e837530fd",
            "sku_name": "Standard",
            "tags": {
              "Environment": "production",
              "ManagedBy": "Terraform",
              "Name": "n8n-app-nat-gateway",
              "Project": "n8n-app"
            },
            "timeouts": null,
            "zones": []
          },
          "sensitive_attributes": [],
          "private": "eyJlMmJmYjczMC1lY2FhLTExZTYtOGY4OC0zNDM2M2JjN2M0YzAiOnsiY3JlYXRlIjozNjAwMDAwMDAwMDAwLCJkZWxldGUiOjM2MDAwMDAwMDAwMDAsInJlYWQiOjMwMDAwMDAwMDAwMCwidXBkYXRlIjozNjAwMDAwMDAwMDAwfX0=",
          "dependencies": [
            "azurerm_resource_group.main"
          ]
        }
      ]
    },
    {
      "mode": "managed",
      "type": "azurerm_nat_gateway_public_ip_association",
      "name": "main",
      "provider": "provider[\"registry.terraform.io/hashicorp/azurerm\"]",
      "instances": [
        {
          "schema_version": 0,
          "attributes": {
            "id": "/subscriptions/013c5d82-8670-4c50-81d1-1c84a77a8303/resourceGroups/n8n-rg/providers/Microsoft.Network/natGateways/n8n-app-nat-gateway|/subscriptions/013c5d82-8670-4c50-81d1-1c84a77a8303/resourceGroups/n8n-rg/providers/Microsoft.Network/publicIPAddresses/n8n-app-nat-pip",
            "nat_gateway_id": "/subscriptions/013c5d82-8670-4c50-81d1-1c84a77a8303/resourceGroups/n8n-rg/providers/Microsoft.Network/natGateways/n8n-app-nat-gateway",
            "public_ip_address_id": "/subscriptions/013c5d82-8670-4c50-81d1-1c84a77a8303/resourceGroups/n8n-rg/providers/Microsoft.Network/publicIPAddresses/n8n-app-nat-pip",
            "timeouts": null
          },
          "sensitive_attributes": [],
          "private": "eyJlMmJmYjczMC1lY2FhLTExZTYtOGY4OC0zNDM2M2JjN2M0YzAiOnsiY3JlYXRlIjoxODAwMDAwMDAwMDAwLCJkZWxldGUiOjE4MDAwMDAwMDAwMDAsInJlYWQiOjMwMDAwMDAwMDAwMH19",
          "dependencies": [
            "azurerm_nat_gateway.main",
            "azurerm_public_ip.nat",
            "azurerm_resource_group.main"
          ]
        }
      ]
    },
    {
      "mode": "managed",
      "type": "azurerm_network_security_group",
      "name": "aks_nodes",
      "provider": "provider[\"registry.terraform.io/hashicorp/azurerm\"]",
      "instances": [
        {
          "schema_version": 0,
          "attributes": {
            "id": "/subscriptions/013c5d82-8670-4c50-81d1-1c84a77a8303/resourceGroups/n8n-rg/providers/Microsoft.Network/networkSecurityGroups/n8n-app-aks-nodes-nsg",
            "location": "eastus",
            "name": "n8n-app-aks-nodes-nsg",
            "resource_group_name": "n8n-rg",
            "security_rule": [
              {
                "access": "Allow",
                "description": "",
                "destination_address_prefix": "*",
                "destination_address_prefixes": [],
                "destination_application_security_group_ids": [],
                "destination_port_range": "443",
                "destination_port_ranges": [],
                "direction": "Inbound",
                "name": "AllowHTTPSInbound",
                "priority": 100,
                "protocol": "Tcp",
                "source_address_prefix": "*",
                "source_address_prefixes": [],
                "source_application_security_group_ids": [],
                "source_port_range": "*",
                "source_port_ranges": []
              },
              {
                "access": "Allow",
                "description": "",
                "destination_address_prefix": "*",
                "destination_address_prefixes": [],
                "destination_application_security_group_ids": [],
                "destination_port_range": "80",
                "destination_port_ranges": [],
                "direction": "Inbound",
                "name": "AllowHTTPInbound",
                "priority": 110,
                "protocol": "Tcp",
                "source_address_prefix": "*",
                "source_address_prefixes": [],
                "source_application_security_group_ids": [],
                "source_port_range": "*",
                "source_port_ranges": []
              }
            ],
            "tags": {
              "Environment": "production",
              "ManagedBy": "Terraform",
              "Name": "n8n-app-aks-nodes-nsg",
              "Project": "n8n-app"
            },
            "timeouts": null
          },
          "sensitive_attributes": [],
          "private": "eyJlMmJmYjczMC1lY2FhLTExZTYtOGY4OC0zNDM2M2JjN2M0YzAiOnsiY3JlYXRlIjoxODAwMDAwMDAwMDAwLCJkZWxldGUiOjE4MDAwMDAwMDAwMDAsInJlYWQiOjMwMDAwMDAwMDAwMCwidXBkYXRlIjoxODAwMDAwMDAwMDAwfX0=",
          "dependencies": [
            "azurerm_resource_group.main"
          ]
        }
      ]
    },
    {
      "mode": "managed",
      "type": "azurerm_network_security_rule",
      "name": "aks_http_inbound",
      "provider": "provider[\"registry.terraform.io/hashicorp/azurerm\"]",
      "instances": [
        {
          "schema_version": 0,
          "attributes": {
            "access": "Allow",
            "description": "",
            "destination_address_prefix": "*",
            "destination_address_prefixes": [],
            "destination_application_security_group_ids": [],
            "destination_port_range": "80",
            "destination_port_ranges": [],
            "direction": "Inbound",
            "id": "/subscriptions/013c5d82-8670-4c50-81d1-1c84a77a8303/resourceGroups/n8n-rg/providers/Microsoft.Network/networkSecurityGroups/n8n-app-aks-nodes-nsg/securityRules/AllowHTTPInbound",
            "name": "AllowHTTPInbound",
            "network_security_group_name": "n8n-app-aks-nodes-nsg",
            "priority": 110,
            "protocol": "Tcp",
            "resource_group_name": "n8n-rg",
            "source_address_prefix": "*",
            "source_address_prefixes": [],
            "source_application_security_group_ids": [],
            "source_port_range": "*",
            "source_port_ranges": [],
            "timeouts": null
          },
          "sensitive_attributes": [],
          "private": "eyJlMmJmYjczMC1lY2FhLTExZTYtOGY4OC0zNDM2M2JjN2M0YzAiOnsiY3JlYXRlIjoxODAwMDAwMDAwMDAwLCJkZWxldGUiOjE4MDAwMDAwMDAwMDAsInJlYWQiOjMwMDAwMDAwMDAwMCwidXBkYXRlIjoxODAwMDAwMDAwMDAwfX0=",
          "dependencies": [
            "azurerm_network_security_group.aks_nodes",
            "azurerm_resource_group.main"
          ]
        }
      ]
    },
    {
      "mode": "managed",
      "type": "azurerm_network_security_rule",
      "name": "aks_https_inbound",
      "provider": "provider[\"registry.terraform.io/hashicorp/azurerm\"]",
      "instances": [
        {
          "schema_version": 0,
          "attributes": {
            "access": "Allow",
            "description": "",
            "destination_address_prefix": "*",
            "destination_address_prefixes": [],
            "destination_application_security_group_ids": [],
            "destination_port_range": "443",
            "destination_port_ranges": [],
            "direction": "Inbound",
            "id": "/subscriptions/013c5d82-8670-4c50-81d1-1c84a77a8303/resourceGroups/n8n-rg/providers/Microsoft.Network/networkSecurityGroups/n8n-app-aks-nodes-nsg/securityRules/AllowHTTPSInbound",
            "name": "AllowHTTPSInbound",
            "network_security_group_name": "n8n-app-aks-nodes-nsg",
            "priority": 100,
            "protocol": "Tcp",
            "resource_group_name": "n8n-rg",
            "source_address_prefix": "*",
            "source_address_prefixes": [],
            "source_application_security_group_ids": [],
            "source_port_range": "*",
            "source_port_ranges": [],
            "timeouts": null
          },
          "sensitive_attributes": [],
          "private": "eyJlMmJmYjczMC1lY2FhLTExZTYtOGY4OC0zNDM2M2JjN2M0YzAiOnsiY3JlYXRlIjoxODAwMDAwMDAwMDAwLCJkZWxldGUiOjE4MDAwMDAwMDAwMDAsInJlYWQiOjMwMDAwMDAwMDAwMCwidXBkYXRlIjoxODAwMDAwMDAwMDAwfX0=",
          "dependencies": [
            "azurerm_network_security_group.aks_nodes",
            "azurerm_resource_group.main"
          ]
        }
      ]
    },
    {
      "mode": "managed",
      "type": "azurerm_postgresql_flexible_server",
      "name": "main",
      "provider": "provider[\"registry.terraform.io/hashicorp/azurerm\"]",
      "instances": [
        {
          "index_key": 0,
          "schema_version": 0,
          "attributes": {
            "administrator_login": "n8nadmin",
            "administrator_password": "ADWRX{r:h\u003chp34E@Q%@KZdCn8_iw=Jg6",
            "authentication": [
              {
                "active_directory_auth_enabled": false,
                "password_auth_enabled": true,
                "tenant_id": ""
              }
            ],
            "auto_grow_enabled": false,
            "backup_retention_days": 7,
            "create_mode": null,
            "customer_managed_key": [],
            "delegated_subnet_id": "",
            "fqdn": "n8n-app-postgres.postgres.database.azure.com",
            "geo_redundant_backup_enabled": false,
            "high_availability": [],
            "id": "/subscriptions/013c5d82-8670-4c50-81d1-1c84a77a8303/resourceGroups/n8n-rg/providers/Microsoft.DBforPostgreSQL/flexibleServers/n8n-app-postgres",
            "identity": [],
            "location": "eastus",
            "maintenance_window": [],
            "name": "n8n-app-postgres",
            "point_in_time_restore_time_in_utc": null,
            "private_dns_zone_id": "",
            "public_network_access_enabled": true,
            "replication_role": "",
            "resource_group_name": "n8n-rg",
            "sku_name": "B_Standard_B1ms",
            "source_server_id": null,
            "storage_mb": 32768,
            "storage_tier": "P4",
            "tags": {
              "Environment": "production",
              "ManagedBy": "Terraform",
              "Name": "n8n-app-postgres",
              "Project": "n8n-app"
            },
            "timeouts": null,
            "version": "15",
            "zone": "1"
          },
          "sensitive_attributes": [
            [
              {
                "type": "get_attr",
                "value": "administrator_password"
              }
            ]
          ],
          "private": "eyJlMmJmYjczMC1lY2FhLTExZTYtOGY4OC0zNDM2M2JjN2M0YzAiOnsiY3JlYXRlIjozNjAwMDAwMDAwMDAwLCJkZWxldGUiOjM2MDAwMDAwMDAwMDAsInJlYWQiOjMwMDAwMDAwMDAwMCwidXBkYXRlIjozNjAwMDAwMDAwMDAwfX0=",
          "dependencies": [
            "azurerm_resource_group.main",
            "random_password.postgres_password"
          ]
        }
      ]
    },
    {
      "mode": "managed",
      "type": "azurerm_postgresql_flexible_server_configuration",
      "name": "ssl_enforcement",
      "provider": "provider[\"registry.terraform.io/hashicorp/azurerm\"]",
      "instances": [
        {
          "index_key": 0,
          "schema_version": 0,
          "attributes": {
            "id": "/subscriptions/013c5d82-8670-4c50-81d1-1c84a77a8303/resourceGroups/n8n-rg/providers/Microsoft.DBforPostgreSQL/flexibleServers/n8n-app-postgres/configurations/require_secure_transport",
            "name": "require_secure_transport",
            "server_id": "/subscriptions/013c5d82-8670-4c50-81d1-1c84a77a8303/resourceGroups/n8n-rg/providers/Microsoft.DBforPostgreSQL/flexibleServers/n8n-app-postgres",
            "timeouts": null,
            "value": "on"
          },
          "sensitive_attributes": [],
          "private": "eyJlMmJmYjczMC1lY2FhLTExZTYtOGY4OC0zNDM2M2JjN2M0YzAiOnsiY3JlYXRlIjoxODAwMDAwMDAwMDAwLCJkZWxldGUiOjE4MDAwMDAwMDAwMDAsInJlYWQiOjMwMDAwMDAwMDAwMCwidXBkYXRlIjoxODAwMDAwMDAwMDAwfX0=",
          "dependencies": [
            "azurerm_postgresql_flexible_server.main",
            "azurerm_resource_group.main",
            "random_password.postgres_password"
          ]
        }
      ]
    },
    {
      "mode": "managed",
      "type": "azurerm_postgresql_flexible_server_database",
      "name": "n8n",
      "provider": "provider[\"registry.terraform.io/hashicorp/azurerm\"]",
      "instances": [
        {
          "index_key": 0,
          "schema_version": 0,
          "attributes": {
            "charset": "UTF8",
            "collation": "en_US.utf8",
            "id": "/subscriptions/013c5d82-8670-4c50-81d1-1c84a77a8303/resourceGroups/n8n-rg/providers/Microsoft.DBforPostgreSQL/flexibleServers/n8n-app-postgres/databases/n8n",
            "name": "n8n",
            "server_id": "/subscriptions/013c5d82-8670-4c50-81d1-1c84a77a8303/resourceGroups/n8n-rg/providers/Microsoft.DBforPostgreSQL/flexibleServers/n8n-app-postgres",
            "timeouts": null
          },
          "sensitive_attributes": [],
          "private": "eyJlMmJmYjczMC1lY2FhLTExZTYtOGY4OC0zNDM2M2JjN2M0YzAiOnsiY3JlYXRlIjoxODAwMDAwMDAwMDAwLCJkZWxldGUiOjE4MDAwMDAwMDAwMDAsInJlYWQiOjMwMDAwMDAwMDAwMH19",
          "dependencies": [
            "azurerm_postgresql_flexible_server.main",
            "azurerm_resource_group.main",
            "random_password.postgres_password"
          ]
        }
      ]
    },
    {
      "mode": "managed",
      "type": "azurerm_postgresql_flexible_server_firewall_rule",
      "name": "aks_subnet",
      "provider": "provider[\"registry.terraform.io/hashicorp/azurerm\"]",
      "instances": [
        {
          "index_key": 0,
          "schema_version": 0,
          "attributes": {
            "end_ip_address": "10.0.100.255",
            "id": "/subscriptions/013c5d82-8670-4c50-81d1-1c84a77a8303/resourceGroups/n8n-rg/providers/Microsoft.DBforPostgreSQL/flexibleServers/n8n-app-postgres/firewallRules/AllowAKSSubnet-1",
            "name": "AllowAKSSubnet-1",
            "server_id": "/subscriptions/013c5d82-8670-4c50-81d1-1c84a77a8303/resourceGroups/n8n-rg/providers/Microsoft.DBforPostgreSQL/flexibleServers/n8n-app-postgres",
            "start_ip_address": "10.0.100.0",
            "timeouts": null
          },
          "sensitive_attributes": [],
          "private": "eyJlMmJmYjczMC1lY2FhLTExZTYtOGY4OC0zNDM2M2JjN2M0YzAiOnsiY3JlYXRlIjoxODAwMDAwMDAwMDAwLCJkZWxldGUiOjE4MDAwMDAwMDAwMDAsInJlYWQiOjMwMDAwMDAwMDAwMCwidXBkYXRlIjoxODAwMDAwMDAwMDAwfX0=",
          "dependencies": [
            "azurerm_postgresql_flexible_server.main",
            "azurerm_resource_group.main",
            "azurerm_subnet.private",
            "azurerm_virtual_network.main",
            "random_password.postgres_password"
          ]
        },
        {
          "index_key": 1,
          "schema_version": 0,
          "attributes": {
            "end_ip_address": "10.0.101.255",
            "id": "/subscriptions/013c5d82-8670-4c50-81d1-1c84a77a8303/resourceGroups/n8n-rg/providers/Microsoft.DBforPostgreSQL/flexibleServers/n8n-app-postgres/firewallRules/AllowAKSSubnet-2",
            "name": "AllowAKSSubnet-2",
            "server_id": "/subscriptions/013c5d82-8670-4c50-81d1-1c84a77a8303/resourceGroups/n8n-rg/providers/Microsoft.DBforPostgreSQL/flexibleServers/n8n-app-postgres",
            "start_ip_address": "10.0.101.0",
            "timeouts": null
          },
          "sensitive_attributes": [],
          "private": "eyJlMmJmYjczMC1lY2FhLTExZTYtOGY4OC0zNDM2M2JjN2M0YzAiOnsiY3JlYXRlIjoxODAwMDAwMDAwMDAwLCJkZWxldGUiOjE4MDAwMDAwMDAwMDAsInJlYWQiOjMwMDAwMDAwMDAwMCwidXBkYXRlIjoxODAwMDAwMDAwMDAwfX0=",
          "dependencies": [
            "azurerm_postgresql_flexible_server.main",
            "azurerm_resource_group.main",
            "azurerm_subnet.private",
            "azurerm_virtual_network.main",
            "random_password.postgres_password"
          ]
        },
        {
          "index_key": 2,
          "schema_version": 0,
          "attributes": {
            "end_ip_address": "10.0.102.255",
            "id": "/subscriptions/013c5d82-8670-4c50-81d1-1c84a77a8303/resourceGroups/n8n-rg/providers/Microsoft.DBforPostgreSQL/flexibleServers/n8n-app-postgres/firewallRules/AllowAKSSubnet-3",
            "name": "AllowAKSSubnet-3",
            "server_id": "/subscriptions/013c5d82-8670-4c50-81d1-1c84a77a8303/resourceGroups/n8n-rg/providers/Microsoft.DBforPostgreSQL/flexibleServers/n8n-app-postgres",
            "start_ip_address": "10.0.102.0",
            "timeouts": null
          },
          "sensitive_attributes": [],
          "private": "eyJlMmJmYjczMC1lY2FhLTExZTYtOGY4OC0zNDM2M2JjN2M0YzAiOnsiY3JlYXRlIjoxODAwMDAwMDAwMDAwLCJkZWxldGUiOjE4MDAwMDAwMDAwMDAsInJlYWQiOjMwMDAwMDAwMDAwMCwidXBkYXRlIjoxODAwMDAwMDAwMDAwfX0=",
          "dependencies": [
            "azurerm_postgresql_flexible_server.main",
            "azurerm_resource_group.main",
            "azurerm_subnet.private",
            "azurerm_virtual_network.main",
            "random_password.postgres_password"
          ]
        }
      ]
    },
    {
      "mode": "managed",
      "type": "azurerm_postgresql_flexible_server_firewall_rule",
      "name": "azure_services",
      "provider": "provider[\"registry.terraform.io/hashicorp/azurerm\"]",
      "instances": [
        {
          "index_key": 0,
          "schema_version": 0,
          "attributes": {
            "end_ip_address": "0.0.0.0",
            "id": "/subscriptions/013c5d82-8670-4c50-81d1-1c84a77a8303/resourceGroups/n8n-rg/providers/Microsoft.DBforPostgreSQL/flexibleServers/n8n-app-postgres/firewallRules/AllowAzureServices",
            "name": "AllowAzureServices",
            "server_id": "/subscriptions/013c5d82-8670-4c50-81d1-1c84a77a8303/resourceGroups/n8n-rg/providers/Microsoft.DBforPostgreSQL/flexibleServers/n8n-app-postgres",
            "start_ip_address": "0.0.0.0",
            "timeouts": null
          },
          "sensitive_attributes": [],
          "private": "eyJlMmJmYjczMC1lY2FhLTExZTYtOGY4OC0zNDM2M2JjN2M0YzAiOnsiY3JlYXRlIjoxODAwMDAwMDAwMDAwLCJkZWxldGUiOjE4MDAwMDAwMDAwMDAsInJlYWQiOjMwMDAwMDAwMDAwMCwidXBkYXRlIjoxODAwMDAwMDAwMDAwfX0=",
          "dependencies": [
            "azurerm_postgresql_flexible_server.main",
            "azurerm_resource_group.main",
            "random_password.postgres_password"
          ]
        }
      ]
    },
    {
      "mode": "managed",
      "type": "azurerm_public_ip",
      "name": "lb",
      "provider": "provider[\"registry.terraform.io/hashicorp/azurerm\"]",
      "instances": []
    },
    {
      "mode": "managed",
      "type": "azurerm_public_ip",
      "name": "nat",
      "provider": "provider[\"registry.terraform.io/hashicorp/azurerm\"]",
      "instances": [
        {
          "schema_version": 0,
          "attributes": {
            "allocation_method": "Static",
            "ddos_protection_mode": "VirtualNetworkInherited",
            "ddos_protection_plan_id": null,
            "domain_name_label": null,
            "edge_zone": "",
            "fqdn": null,
            "id": "/subscriptions/013c5d82-8670-4c50-81d1-1c84a77a8303/resourceGroups/n8n-rg/providers/Microsoft.Network/publicIPAddresses/n8n-app-nat-pip",
            "idle_timeout_in_minutes": 4,
            "ip_address": "172.172.231.153",
            "ip_tags": {},
            "ip_version": "IPv4",
            "location": "eastus",
            "name": "n8n-app-nat-pip",
            "public_ip_prefix_id": null,
            "resource_group_name": "n8n-rg",
            "reverse_fqdn": null,
            "sku": "Standard",
            "sku_tier": "Regional",
            "tags": {
              "Environment": "production",
              "ManagedBy": "Terraform",
              "Name": "n8n-app-nat-pip",
              "Project": "n8n-app"
            },
            "timeouts": null,
            "zones": []
          },
          "sensitive_attributes": [],
          "private": "eyJlMmJmYjczMC1lY2FhLTExZTYtOGY4OC0zNDM2M2JjN2M0YzAiOnsiY3JlYXRlIjoxODAwMDAwMDAwMDAwLCJkZWxldGUiOjE4MDAwMDAwMDAwMDAsInJlYWQiOjMwMDAwMDAwMDAwMCwidXBkYXRlIjoxODAwMDAwMDAwMDAwfX0=",
          "dependencies": [
            "azurerm_resource_group.main"
          ]
        }
      ]
    },
    {
      "mode": "managed",
      "type": "azurerm_resource_group",
      "name": "main",
      "provider": "provider[\"registry.terraform.io/hashicorp/azurerm\"]",
      "instances": [
        {
          "schema_version": 0,
          "attributes": {
            "id": "/subscriptions/013c5d82-8670-4c50-81d1-1c84a77a8303/resourceGroups/n8n-rg",
            "location": "eastus",
            "managed_by": "",
            "name": "n8n-rg",
            "tags": {
              "Environment": "production",
              "ManagedBy": "Terraform",
              "Project": "n8n-app"
            },
            "timeouts": null
          },
          "sensitive_attributes": [],
          "private": "eyJlMmJmYjczMC1lY2FhLTExZTYtOGY4OC0zNDM2M2JjN2M0YzAiOnsiY3JlYXRlIjo1NDAwMDAwMDAwMDAwLCJkZWxldGUiOjU0MDAwMDAwMDAwMDAsInJlYWQiOjMwMDAwMDAwMDAwMCwidXBkYXRlIjo1NDAwMDAwMDAwMDAwfX0="
        }
      ]
    },
    {
      "mode": "managed",
      "type": "azurerm_role_assignment",
      "name": "aks_network_contributor",
      "provider": "provider[\"registry.terraform.io/hashicorp/azurerm\"]",
      "instances": []
    },
    {
      "mode": "managed",
      "type": "azurerm_subnet",
      "name": "private",
      "provider": "provider[\"registry.terraform.io/hashicorp/azurerm\"]",
      "instances": [
        {
          "index_key": 0,
          "schema_version": 0,
          "attributes": {
            "address_prefixes": [
              "10.0.100.0/24"
            ],
            "default_outbound_access_enabled": true,
            "delegation": [],
            "enforce_private_link_endpoint_network_policies": false,
            "enforce_private_link_service_network_policies": false,
            "id": "/subscriptions/013c5d82-8670-4c50-81d1-1c84a77a8303/resourceGroups/n8n-rg/providers/Microsoft.Network/virtualNetworks/n8n-app-vnet/subnets/n8n-app-private-subnet-1",
            "name": "n8n-app-private-subnet-1",
            "private_endpoint_network_policies": "Enabled",
            "private_endpoint_network_policies_enabled": true,
            "private_link_service_network_policies_enabled": true,
            "resource_group_name": "n8n-rg",
            "service_endpoint_policy_ids": [],
            "service_endpoints": [],
            "timeouts": null,
            "virtual_network_name": "n8n-app-vnet"
          },
          "sensitive_attributes": [],
          "private": "eyJlMmJmYjczMC1lY2FhLTExZTYtOGY4OC0zNDM2M2JjN2M0YzAiOnsiY3JlYXRlIjoxODAwMDAwMDAwMDAwLCJkZWxldGUiOjE4MDAwMDAwMDAwMDAsInJlYWQiOjMwMDAwMDAwMDAwMCwidXBkYXRlIjoxODAwMDAwMDAwMDAwfX0=",
          "dependencies": [
            "azurerm_resource_group.main",
            "azurerm_virtual_network.main"
          ]
        },
        {
          "index_key": 1,
          "schema_version": 0,
          "attributes": {
            "address_prefixes": [
              "10.0.101.0/24"
            ],
            "default_outbound_access_enabled": true,
            "delegation": [],
            "enforce_private_link_endpoint_network_policies": false,
            "enforce_private_link_service_network_policies": false,
            "id": "/subscriptions/013c5d82-8670-4c50-81d1-1c84a77a8303/resourceGroups/n8n-rg/providers/Microsoft.Network/virtualNetworks/n8n-app-vnet/subnets/n8n-app-private-subnet-2",
            "name": "n8n-app-private-subnet-2",
            "private_endpoint_network_policies": "Enabled",
            "private_endpoint_network_policies_enabled": true,
            "private_link_service_network_policies_enabled": true,
            "resource_group_name": "n8n-rg",
            "service_endpoint_policy_ids": [],
            "service_endpoints": [],
            "timeouts": null,
            "virtual_network_name": "n8n-app-vnet"
          },
          "sensitive_attributes": [],
          "private": "eyJlMmJmYjczMC1lY2FhLTExZTYtOGY4OC0zNDM2M2JjN2M0YzAiOnsiY3JlYXRlIjoxODAwMDAwMDAwMDAwLCJkZWxldGUiOjE4MDAwMDAwMDAwMDAsInJlYWQiOjMwMDAwMDAwMDAwMCwidXBkYXRlIjoxODAwMDAwMDAwMDAwfX0=",
          "dependencies": [
            "azurerm_resource_group.main",
            "azurerm_virtual_network.main"
          ]
        },
        {
          "index_key": 2,
          "schema_version": 0,
          "attributes": {
            "address_prefixes": [
              "10.0.102.0/24"
            ],
            "default_outbound_access_enabled": true,
            "delegation": [],
            "enforce_private_link_endpoint_network_policies": false,
            "enforce_private_link_service_network_policies": false,
            "id": "/subscriptions/013c5d82-8670-4c50-81d1-1c84a77a8303/resourceGroups/n8n-rg/providers/Microsoft.Network/virtualNetworks/n8n-app-vnet/subnets/n8n-app-private-subnet-3",
            "name": "n8n-app-private-subnet-3",
            "private_endpoint_network_policies": "Enabled",
            "private_endpoint_network_policies_enabled": true,
            "private_link_service_network_policies_enabled": true,
            "resource_group_name": "n8n-rg",
            "service_endpoint_policy_ids": [],
            "service_endpoints": [],
            "timeouts": null,
            "virtual_network_name": "n8n-app-vnet"
          },
          "sensitive_attributes": [],
          "private": "eyJlMmJmYjczMC1lY2FhLTExZTYtOGY4OC0zNDM2M2JjN2M0YzAiOnsiY3JlYXRlIjoxODAwMDAwMDAwMDAwLCJkZWxldGUiOjE4MDAwMDAwMDAwMDAsInJlYWQiOjMwMDAwMDAwMDAwMCwidXBkYXRlIjoxODAwMDAwMDAwMDAwfX0=",
          "dependencies": [
            "azurerm_resource_group.main",
            "azurerm_virtual_network.main"
          ]
        }
      ]
    },
    {
      "mode": "managed",
      "type": "azurerm_subnet",
      "name": "public",
      "provider": "provider[\"registry.terraform.io/hashicorp/azurerm\"]",
      "instances": [
        {
          "index_key": 0,
          "schema_version": 0,
          "attributes": {
            "address_prefixes": [
              "10.0.0.0/24"
            ],
            "default_outbound_access_enabled": true,
            "delegation": [],
            "enforce_private_link_endpoint_network_policies": false,
            "enforce_private_link_service_network_policies": false,
            "id": "/subscriptions/013c5d82-8670-4c50-81d1-1c84a77a8303/resourceGroups/n8n-rg/providers/Microsoft.Network/virtualNetworks/n8n-app-vnet/subnets/n8n-app-public-subnet-1",
            "name": "n8n-app-public-subnet-1",
            "private_endpoint_network_policies": "Enabled",
            "private_endpoint_network_policies_enabled": true,
            "private_link_service_network_policies_enabled": true,
            "resource_group_name": "n8n-rg",
            "service_endpoint_policy_ids": [],
            "service_endpoints": [],
            "timeouts": null,
            "virtual_network_name": "n8n-app-vnet"
          },
          "sensitive_attributes": [],
          "private": "eyJlMmJmYjczMC1lY2FhLTExZTYtOGY4OC0zNDM2M2JjN2M0YzAiOnsiY3JlYXRlIjoxODAwMDAwMDAwMDAwLCJkZWxldGUiOjE4MDAwMDAwMDAwMDAsInJlYWQiOjMwMDAwMDAwMDAwMCwidXBkYXRlIjoxODAwMDAwMDAwMDAwfX0=",
          "dependencies": [
            "azurerm_resource_group.main",
            "azurerm_virtual_network.main"
          ]
        },
        {
          "index_key": 1,
          "schema_version": 0,
          "attributes": {
            "address_prefixes": [
              "10.0.1.0/24"
            ],
            "default_outbound_access_enabled": true,
            "delegation": [],
            "enforce_private_link_endpoint_network_policies": false,
            "enforce_private_link_service_network_policies": false,
            "id": "/subscriptions/013c5d82-8670-4c50-81d1-1c84a77a8303/resourceGroups/n8n-rg/providers/Microsoft.Network/virtualNetworks/n8n-app-vnet/subnets/n8n-app-public-subnet-2",
            "name": "n8n-app-public-subnet-2",
            "private_endpoint_network_policies": "Enabled",
            "private_endpoint_network_policies_enabled": true,
            "private_link_service_network_policies_enabled": true,
            "resource_group_name": "n8n-rg",
            "service_endpoint_policy_ids": [],
            "service_endpoints": [],
            "timeouts": null,
            "virtual_network_name": "n8n-app-vnet"
          },
          "sensitive_attributes": [],
          "private": "eyJlMmJmYjczMC1lY2FhLTExZTYtOGY4OC0zNDM2M2JjN2M0YzAiOnsiY3JlYXRlIjoxODAwMDAwMDAwMDAwLCJkZWxldGUiOjE4MDAwMDAwMDAwMDAsInJlYWQiOjMwMDAwMDAwMDAwMCwidXBkYXRlIjoxODAwMDAwMDAwMDAwfX0=",
          "dependencies": [
            "azurerm_resource_group.main",
            "azurerm_virtual_network.main"
          ]
        },
        {
          "index_key": 2,
          "schema_version": 0,
          "attributes": {
            "address_prefixes": [
              "10.0.2.0/24"
            ],
            "default_outbound_access_enabled": true,
            "delegation": [],
            "enforce_private_link_endpoint_network_policies": false,
            "enforce_private_link_service_network_policies": false,
            "id": "/subscriptions/013c5d82-8670-4c50-81d1-1c84a77a8303/resourceGroups/n8n-rg/providers/Microsoft.Network/virtualNetworks/n8n-app-vnet/subnets/n8n-app-public-subnet-3",
            "name": "n8n-app-public-subnet-3",
            "private_endpoint_network_policies": "Enabled",
            "private_endpoint_network_policies_enabled": true,
            "private_link_service_network_policies_enabled": true,
            "resource_group_name": "n8n-rg",
            "service_endpoint_policy_ids": [],
            "service_endpoints": [],
            "timeouts": null,
            "virtual_network_name": "n8n-app-vnet"
          },
          "sensitive_attributes": [],
          "private": "eyJlMmJmYjczMC1lY2FhLTExZTYtOGY4OC0zNDM2M2JjN2M0YzAiOnsiY3JlYXRlIjoxODAwMDAwMDAwMDAwLCJkZWxldGUiOjE4MDAwMDAwMDAwMDAsInJlYWQiOjMwMDAwMDAwMDAwMCwidXBkYXRlIjoxODAwMDAwMDAwMDAwfX0=",
          "dependencies": [
            "azurerm_resource_group.main",
            "azurerm_virtual_network.main"
          ]
        }
      ]
    },
    {
      "mode": "managed",
      "type": "azurerm_subnet_nat_gateway_association",
      "name": "private",
      "provider": "provider[\"registry.terraform.io/hashicorp/azurerm\"]",
      "instances": [
        {
          "index_key": 0,
          "schema_version": 0,
          "attributes": {
            "id": "/subscriptions/013c5d82-8670-4c50-81d1-1c84a77a8303/resourceGroups/n8n-rg/providers/Microsoft.Network/virtualNetworks/n8n-app-vnet/subnets/n8n-app-private-subnet-1",
            "nat_gateway_id": "/subscriptions/013c5d82-8670-4c50-81d1-1c84a77a8303/resourceGroups/n8n-rg/providers/Microsoft.Network/natGateways/n8n-app-nat-gateway",
            "subnet_id": "/subscriptions/013c5d82-8670-4c50-81d1-1c84a77a8303/resourceGroups/n8n-rg/providers/Microsoft.Network/virtualNetworks/n8n-app-vnet/subnets/n8n-app-private-subnet-1",
            "timeouts": null
          },
          "sensitive_attributes": [],
          "private": "eyJlMmJmYjczMC1lY2FhLTExZTYtOGY4OC0zNDM2M2JjN2M0YzAiOnsiY3JlYXRlIjoxODAwMDAwMDAwMDAwLCJkZWxldGUiOjE4MDAwMDAwMDAwMDAsInJlYWQiOjMwMDAwMDAwMDAwMH19",
          "dependencies": [
            "azurerm_nat_gateway.main",
            "azurerm_resource_group.main",
            "azurerm_subnet.private",
            "azurerm_virtual_network.main"
          ]
        },
        {
          "index_key": 1,
          "schema_version": 0,
          "attributes": {
            "id": "/subscriptions/013c5d82-8670-4c50-81d1-1c84a77a8303/resourceGroups/n8n-rg/providers/Microsoft.Network/virtualNetworks/n8n-app-vnet/subnets/n8n-app-private-subnet-2",
            "nat_gateway_id": "/subscriptions/013c5d82-8670-4c50-81d1-1c84a77a8303/resourceGroups/n8n-rg/providers/Microsoft.Network/natGateways/n8n-app-nat-gateway",
            "subnet_id": "/subscriptions/013c5d82-8670-4c50-81d1-1c84a77a8303/resourceGroups/n8n-rg/providers/Microsoft.Network/virtualNetworks/n8n-app-vnet/subnets/n8n-app-private-subnet-2",
            "timeouts": null
          },
          "sensitive_attributes": [],
          "private": "eyJlMmJmYjczMC1lY2FhLTExZTYtOGY4OC0zNDM2M2JjN2M0YzAiOnsiY3JlYXRlIjoxODAwMDAwMDAwMDAwLCJkZWxldGUiOjE4MDAwMDAwMDAwMDAsInJlYWQiOjMwMDAwMDAwMDAwMH19",
          "dependencies": [
            "azurerm_nat_gateway.main",
            "azurerm_resource_group.main",
            "azurerm_subnet.private",
            "azurerm_virtual_network.main"
          ]
        },
        {
          "index_key": 2,
          "schema_version": 0,
          "attributes": {
            "id": "/subscriptions/013c5d82-8670-4c50-81d1-1c84a77a8303/resourceGroups/n8n-rg/providers/Microsoft.Network/virtualNetworks/n8n-app-vnet/subnets/n8n-app-private-subnet-3",
            "nat_gateway_id": "/subscriptions/013c5d82-8670-4c50-81d1-1c84a77a8303/resourceGroups/n8n-rg/providers/Microsoft.Network/natGateways/n8n-app-nat-gateway",
            "subnet_id": "/subscriptions/013c5d82-8670-4c50-81d1-1c84a77a8303/resourceGroups/n8n-rg/providers/Microsoft.Network/virtualNetworks/n8n-app-vnet/subnets/n8n-app-private-subnet-3",
            "timeouts": null
          },
          "sensitive_attributes": [],
          "private": "eyJlMmJmYjczMC1lY2FhLTExZTYtOGY4OC0zNDM2M2JjN2M0YzAiOnsiY3JlYXRlIjoxODAwMDAwMDAwMDAwLCJkZWxldGUiOjE4MDAwMDAwMDAwMDAsInJlYWQiOjMwMDAwMDAwMDAwMH19",
          "dependencies": [
            "azurerm_nat_gateway.main",
            "azurerm_resource_group.main",
            "azurerm_subnet.private",
            "azurerm_virtual_network.main"
          ]
        }
      ]
    },
    {
      "mode": "managed",
      "type": "azurerm_subnet_network_security_group_association",
      "name": "private",
      "provider": "provider[\"registry.terraform.io/hashicorp/azurerm\"]",
      "instances": [
        {
          "index_key": 0,
          "schema_version": 0,
          "attributes": {
            "id": "/subscriptions/013c5d82-8670-4c50-81d1-1c84a77a8303/resourceGroups/n8n-rg/providers/Microsoft.Network/virtualNetworks/n8n-app-vnet/subnets/n8n-app-private-subnet-1",
            "network_security_group_id": "/subscriptions/013c5d82-8670-4c50-81d1-1c84a77a8303/resourceGroups/n8n-rg/providers/Microsoft.Network/networkSecurityGroups/n8n-app-aks-nodes-nsg",
            "subnet_id": "/subscriptions/013c5d82-8670-4c50-81d1-1c84a77a8303/resourceGroups/n8n-rg/providers/Microsoft.Network/virtualNetworks/n8n-app-vnet/subnets/n8n-app-private-subnet-1",
            "timeouts": null
          },
          "sensitive_attributes": [],
          "private": "eyJlMmJmYjczMC1lY2FhLTExZTYtOGY4OC0zNDM2M2JjN2M0YzAiOnsiY3JlYXRlIjoxODAwMDAwMDAwMDAwLCJkZWxldGUiOjE4MDAwMDAwMDAwMDAsInJlYWQiOjMwMDAwMDAwMDAwMH19",
          "dependencies": [
            "azurerm_network_security_group.aks_nodes",
            "azurerm_resource_group.main",
            "azurerm_subnet.private",
            "azurerm_virtual_network.main"
          ]
        },
        {
          "index_key": 1,
          "schema_version": 0,
          "attributes": {
            "id": "/subscriptions/013c5d82-8670-4c50-81d1-1c84a77a8303/resourceGroups/n8n-rg/providers/Microsoft.Network/virtualNetworks/n8n-app-vnet/subnets/n8n-app-private-subnet-2",
            "network_security_group_id": "/subscriptions/013c5d82-8670-4c50-81d1-1c84a77a8303/resourceGroups/n8n-rg/providers/Microsoft.Network/networkSecurityGroups/n8n-app-aks-nodes-nsg",
            "subnet_id": "/subscriptions/013c5d82-8670-4c50-81d1-1c84a77a8303/resourceGroups/n8n-rg/providers/Microsoft.Network/virtualNetworks/n8n-app-vnet/subnets/n8n-app-private-subnet-2",
            "timeouts": null
          },
          "sensitive_attributes": [],
          "private": "eyJlMmJmYjczMC1lY2FhLTExZTYtOGY4OC0zNDM2M2JjN2M0YzAiOnsiY3JlYXRlIjoxODAwMDAwMDAwMDAwLCJkZWxldGUiOjE4MDAwMDAwMDAwMDAsInJlYWQiOjMwMDAwMDAwMDAwMH19",
          "dependencies": [
            "azurerm_network_security_group.aks_nodes",
            "azurerm_resource_group.main",
            "azurerm_subnet.private",
            "azurerm_virtual_network.main"
          ]
        },
        {
          "index_key": 2,
          "schema_version": 0,
          "attributes": {
            "id": "/subscriptions/013c5d82-8670-4c50-81d1-1c84a77a8303/resourceGroups/n8n-rg/providers/Microsoft.Network/virtualNetworks/n8n-app-vnet/subnets/n8n-app-private-subnet-3",
            "network_security_group_id": "/subscriptions/013c5d82-8670-4c50-81d1-1c84a77a8303/resourceGroups/n8n-rg/providers/Microsoft.Network/networkSecurityGroups/n8n-app-aks-nodes-nsg",
            "subnet_id": "/subscriptions/013c5d82-8670-4c50-81d1-1c84a77a8303/resourceGroups/n8n-rg/providers/Microsoft.Network/virtualNetworks/n8n-app-vnet/subnets/n8n-app-private-subnet-3",
            "timeouts": null
          },
          "sensitive_attributes": [],
          "private": "eyJlMmJmYjczMC1lY2FhLTExZTYtOGY4OC0zNDM2M2JjN2M0YzAiOnsiY3JlYXRlIjoxODAwMDAwMDAwMDAwLCJkZWxldGUiOjE4MDAwMDAwMDAwMDAsInJlYWQiOjMwMDAwMDAwMDAwMH19",
          "dependencies": [
            "azurerm_network_security_group.aks_nodes",
            "azurerm_resource_group.main",
            "azurerm_subnet.private",
            "azurerm_virtual_network.main"
          ]
        }
      ]
    },
    {
      "mode": "managed",
      "type": "azurerm_virtual_network",
      "name": "main",
      "provider": "provider[\"registry.terraform.io/hashicorp/azurerm\"]",
      "instances": [
        {
          "schema_version": 0,
          "attributes": {
            "address_space": [
              "10.0.0.0/16"
            ],
            "bgp_community": "",
            "ddos_protection_plan": [],
            "dns_servers": [],
            "edge_zone": "",
            "encryption": [],
            "flow_timeout_in_minutes": 0,
            "guid": "d5c74465-2a4a-4134-ab3f-33803f9039eb",
            "id": "/subscriptions/013c5d82-8670-4c50-81d1-1c84a77a8303/resourceGroups/n8n-rg/providers/Microsoft.Network/virtualNetworks/n8n-app-vnet",
            "location": "eastus",
            "name": "n8n-app-vnet",
            "resource_group_name": "n8n-rg",
            "subnet": [
              {
                "address_prefix": "10.0.0.0/24",
                "id": "/subscriptions/013c5d82-8670-4c50-81d1-1c84a77a8303/resourceGroups/n8n-rg/providers/Microsoft.Network/virtualNetworks/n8n-app-vnet/subnets/n8n-app-public-subnet-1",
                "name": "n8n-app-public-subnet-1",
                "security_group": ""
              },
              {
                "address_prefix": "10.0.1.0/24",
                "id": "/subscriptions/013c5d82-8670-4c50-81d1-1c84a77a8303/resourceGroups/n8n-rg/providers/Microsoft.Network/virtualNetworks/n8n-app-vnet/subnets/n8n-app-public-subnet-2",
                "name": "n8n-app-public-subnet-2",
                "security_group": ""
              },
              {
                "address_prefix": "10.0.100.0/24",
                "id": "/subscriptions/013c5d82-8670-4c50-81d1-1c84a77a8303/resourceGroups/n8n-rg/providers/Microsoft.Network/virtualNetworks/n8n-app-vnet/subnets/n8n-app-private-subnet-1",
                "name": "n8n-app-private-subnet-1",
                "security_group": "/subscriptions/013c5d82-8670-4c50-81d1-1c84a77a8303/resourceGroups/n8n-rg/providers/Microsoft.Network/networkSecurityGroups/n8n-app-aks-nodes-nsg"
              },
              {
                "address_prefix": "10.0.101.0/24",
                "id": "/subscriptions/013c5d82-8670-4c50-81d1-1c84a77a8303/resourceGroups/n8n-rg/providers/Microsoft.Network/virtualNetworks/n8n-app-vnet/subnets/n8n-app-private-subnet-2",
                "name": "n8n-app-private-subnet-2",
                "security_group": "/subscriptions/013c5d82-8670-4c50-81d1-1c84a77a8303/resourceGroups/n8n-rg/providers/Microsoft.Network/networkSecurityGroups/n8n-app-aks-nodes-nsg"
              },
              {
                "address_prefix": "10.0.102.0/24",
                "id": "/subscriptions/013c5d82-8670-4c50-81d1-1c84a77a8303/resourceGroups/n8n-rg/providers/Microsoft.Network/virtualNetworks/n8n-app-vnet/subnets/n8n-app-private-subnet-3",
                "name": "n8n-app-private-subnet-3",
                "security_group": "/subscriptions/013c5d82-8670-4c50-81d1-1c84a77a8303/resourceGroups/n8n-rg/providers/Microsoft.Network/networkSecurityGroups/n8n-app-aks-nodes-nsg"
              },
              {
                "address_prefix": "10.0.2.0/24",
                "id": "/subscriptions/013c5d82-8670-4c50-81d1-1c84a77a8303/resourceGroups/n8n-rg/providers/Microsoft.Network/virtualNetworks/n8n-app-vnet/subnets/n8n-app-public-subnet-3",
                "name": "n8n-app-public-subnet-3",
                "security_group": ""
              }
            ],
            "tags": {
              "Environment": "production",
              "ManagedBy": "Terraform",
              "Name": "n8n-app-vnet",
              "Project": "n8n-app"
            },
            "timeouts": null
          },
          "sensitive_attributes": [],
          "private": "eyJlMmJmYjczMC1lY2FhLTExZTYtOGY4OC0zNDM2M2JjN2M0YzAiOnsiY3JlYXRlIjoxODAwMDAwMDAwMDAwLCJkZWxldGUiOjE4MDAwMDAwMDAwMDAsInJlYWQiOjMwMDAwMDAwMDAwMCwidXBkYXRlIjoxODAwMDAwMDAwMDAwfX0=",
          "dependencies": [
            "azurerm_resource_group.main"
          ]
        }
      ]
    },
    {
      "mode": "managed",
      "type": "helm_release",
      "name": "nginx_ingress",
      "provider": "provider[\"registry.terraform.io/hashicorp/helm\"]",
      "instances": [
        {
          "index_key": 0,
          "status": "tainted",
          "schema_version": 1,
          "attributes": {
            "atomic": false,
            "chart": "ingress-nginx",
            "cleanup_on_fail": false,
            "create_namespace": true,
            "dependency_update": false,
            "description": null,
            "devel": null,
            "disable_crd_hooks": false,
            "disable_openapi_validation": false,
            "disable_webhooks": false,
            "force_update": false,
            "id": "ingress-nginx",
            "keyring": null,
            "lint": false,
            "manifest": null,
            "max_history": 0,
            "metadata": [
              {
                "app_version": "1.10.0",
                "chart": "ingress-nginx",
                "first_deployed": 1760833182,
                "last_deployed": 1760833182,
                "name": "ingress-nginx",
                "namespace": "ingress-nginx",
                "notes": "The ingress-nginx controller has been installed.\nIt may take a few minutes for the load balancer IP to be available.\nYou can watch the status by running 'kubectl get service --namespace ingress-nginx ingress-nginx-controller --output wide --watch'\n\nAn example Ingress that makes use of the controller:\n  apiVersion: networking.k8s.io/v1\n  kind: Ingress\n  metadata:\n    name: example\n    namespace: foo\n  spec:\n    ingressClassName: nginx\n    rules:\n      - host: www.example.com\n        http:\n          paths:\n            - pathType: Prefix\n              backend:\n                service:\n                  name: exampleService\n                  port:\n                    number: 80\n              path: /\n    # This section is only required if TLS is to be enabled for the Ingress\n    tls:\n      - hosts:\n        - www.example.com\n        secretName: example-tls\n\nIf TLS is enabled for the Ingress, a Secret containing the certificate and key must also be provided:\n\n  apiVersion: v1\n  kind: Secret\n  metadata:\n    name: example-tls\n    namespace: foo\n  data:\n    tls.crt: \u003cbase64 encoded cert\u003e\n    tls.key: \u003cbase64 encoded key\u003e\n  type: kubernetes.io/tls\n",
                "revision": 1,
                "values": "{\"admissionWebhooks\":{\"enabled\":true,\"patch\":{\"enabled\":true}},\"controller\":{\"affinity\":{\"podAntiAffinity\":{\"preferredDuringSchedulingIgnoredDuringExecution\":[{\"podAffinityTerm\":{\"labelSelector\":{\"matchExpressions\":[{\"key\":\"app.kubernetes.io/name\",\"operator\":\"In\",\"values\":[\"ingress-nginx\"]},{\"key\":\"app.kubernetes.io/component\",\"operator\":\"In\",\"values\":[\"controller\"]}]},\"topologyKey\":\"kubernetes.io/hostname\"},\"weight\":100}]}},\"autoscaling\":{\"enabled\":true,\"maxReplicas\":5,\"minReplicas\":2,\"targetCPUUtilizationPercentage\":80,\"targetMemoryUtilizationPercentage\":80},\"config\":{\"enable-ocsp\":\"true\",\"hsts\":\"true\",\"hsts-include-subdomains\":\"true\",\"hsts-max-age\":\"31536000\",\"log-format-upstream\":\"$remote_addr - $remote_user [$time_local] \\\"$request\\\" $status $body_bytes_sent \\\"$http_referer\\\" \\\"$http_user_agent\\\" $request_length $request_time [$proxy_upstream_name] [$proxy_alternative_upstream_name] $upstream_addr $upstream_response_length $upstream_response_time $upstream_status $req_id\",\"max-worker-connections\":\"16384\",\"proxy-body-size\":\"100m\",\"proxy-buffer-size\":\"8k\",\"ssl-ciphers\":\"ECDHE-ECDSA-AES128-GCM-SHA256:ECDHE-RSA-AES128-GCM-SHA256:ECDHE-ECDSA-AES256-GCM-SHA384:ECDHE-RSA-AES256-GCM-SHA384\",\"ssl-protocols\":\"TLSv1.2 TLSv1.3\",\"worker-processes\":\"auto\"},\"metrics\":{\"enabled\":true,\"serviceMonitor\":{\"enabled\":false}},\"podDisruptionBudget\":{\"enabled\":true,\"minAvailable\":1},\"replicaCount\":2,\"resources\":{\"limits\":{\"cpu\":\"200m\",\"memory\":\"256Mi\"},\"requests\":{\"cpu\":\"100m\",\"memory\":\"128Mi\"}},\"service\":{\"annotations\":{\"service.beta.kubernetes.io/azure-load-balancer-health-probe-request-path\":\"/healthz\"},\"enableHttp\":true,\"enableHttps\":true,\"externalTrafficPolicy\":\"Local\",\"type\":\"LoadBalancer\"}},\"defaultBackend\":{\"enabled\":true,\"replicaCount\":1,\"resources\":{\"limits\":{\"cpu\":\"50m\",\"memory\":\"64Mi\"},\"requests\":{\"cpu\":\"25m\",\"memory\":\"32Mi\"}}},\"rbac\":{\"create\":true},\"serviceAccount\":{\"create\":true}}",
                "version": "4.10.0"
              }
            ],
            "name": "ingress-nginx",
            "namespace": "ingress-nginx",
            "pass_credentials": false,
            "postrender": [],
            "recreate_pods": false,
            "render_subchart_notes": true,
            "replace": false,
            "repository": "https://kubernetes.github.io/ingress-nginx",
            "repository_ca_file": null,
            "repository_cert_file": null,
            "repository_key_file": null,
            "repository_password": null,
            "repository_username": null,
            "reset_values": false,
            "reuse_values": false,
            "set": [],
            "set_list": [],
            "set_sensitive": [],
            "skip_crds": false,
            "status": "failed",
            "timeout": 600,
            "upgrade_install": null,
            "values": [
              "controller:\n  # Service configuration for Azure Load Balancer\n  service:\n    type: LoadBalancer\n    annotations:\n      # Let Azure auto-assign a dynamic IP (no special permissions needed)\n      service.beta.kubernetes.io/azure-load-balancer-health-probe-request-path: \"/healthz\"\n    # No loadBalancerIP specified - Azure will auto-assign\n\n    # External traffic policy\n    externalTrafficPolicy: \"Local\"\n\n    # Enable HTTP and HTTPS\n    enableHttp: true\n    enableHttps: true\n\n  # Resource limits and requests\n  resources:\n    limits:\n      cpu: 200m\n      memory: 256Mi\n    requests:\n      cpu: 100m\n      memory: 128Mi\n\n  # Replica configuration\n  replicaCount: 2\n\n  # Pod anti-affinity for high availability\n  affinity:\n    podAntiAffinity:\n      preferredDuringSchedulingIgnoredDuringExecution:\n        - weight: 100\n          podAffinityTerm:\n            labelSelector:\n              matchExpressions:\n                - key: app.kubernetes.io/name\n                  operator: In\n                  values:\n                    - ingress-nginx\n                - key: app.kubernetes.io/component\n                  operator: In\n                  values:\n                    - controller\n            topologyKey: kubernetes.io/hostname\n\n  # Autoscaling configuration\n  autoscaling:\n    enabled: true\n    minReplicas: 2\n    maxReplicas: 5\n    targetCPUUtilizationPercentage: 80\n    targetMemoryUtilizationPercentage: 80\n\n  # Metrics\n  metrics:\n    enabled: true\n    serviceMonitor:\n      enabled: false\n\n  # Pod Disruption Budget\n  podDisruptionBudget:\n    enabled: true\n    minAvailable: 1\n\n  # Configuration for ingress controller\n  config:\n    # Proxy settings\n    proxy-body-size: \"100m\"\n    proxy-buffer-size: \"8k\"\n\n    # SSL settings\n    ssl-protocols: \"TLSv1.2 TLSv1.3\"\n    ssl-ciphers: \"ECDHE-ECDSA-AES128-GCM-SHA256:ECDHE-RSA-AES128-GCM-SHA256:ECDHE-ECDSA-AES256-GCM-SHA384:ECDHE-RSA-AES256-GCM-SHA384\"\n\n    # Performance tuning\n    worker-processes: \"auto\"\n    max-worker-connections: \"16384\"\n\n    # Logging\n    log-format-upstream: '$remote_addr - $remote_user [$time_local] \"$request\" $status $body_bytes_sent \"$http_referer\" \"$http_user_agent\" $request_length $request_time [$proxy_upstream_name] [$proxy_alternative_upstream_name] $upstream_addr $upstream_response_length $upstream_response_time $upstream_status $req_id'\n\n    # Security headers\n    enable-ocsp: \"true\"\n    hsts: \"true\"\n    hsts-include-subdomains: \"true\"\n    hsts-max-age: \"31536000\"\n\n# Default backend\ndefaultBackend:\n  enabled: true\n  replicaCount: 1\n  resources:\n    limits:\n      cpu: 50m\n      memory: 64Mi\n    requests:\n      cpu: 25m\n      memory: 32Mi\n\n# RBAC\nrbac:\n  create: true\n\n# Service Account\nserviceAccount:\n  create: true\n\n# Admission webhooks\nadmissionWebhooks:\n  enabled: true\n  patch:\n    enabled: true\n"
            ],
            "verify": false,
            "version": "4.10.0",
            "wait": true,
            "wait_for_jobs": false
          },
          "sensitive_attributes": [],
          "private": "eyJzY2hlbWFfdmVyc2lvbiI6IjEifQ==",
          "dependencies": [
            "azurerm_kubernetes_cluster.main",
            "azurerm_log_analytics_workspace.main",
            "azurerm_nat_gateway.main",
            "azurerm_public_ip.lb",
            "azurerm_resource_group.main",
            "azurerm_role_assignment.aks_network_contributor",
            "azurerm_subnet.private",
            "azurerm_subnet_nat_gateway_association.private",
            "azurerm_virtual_network.main"
          ]
        }
      ]
    },
    {
      "mode": "managed",
      "type": "kubernetes_storage_class",
      "name": "azure_disk_premium",
      "provider": "provider[\"registry.terraform.io/hashicorp/kubernetes\"]",
      "instances": [
        {
          "schema_version": 0,
          "attributes": {
            "allow_volume_expansion": true,
            "allowed_topologies": [],
            "id": "azure-disk-premium",
            "metadata": [
              {
                "annotations": {
                  "storageclass.kubernetes.io/is-default-class": "true"
                },
                "generate_name": "",
                "generation": 0,
                "labels": {},
                "name": "azure-disk-premium",
                "resource_version": "1703",
                "uid": "54c164ff-3920-4712-8b6a-b36b51d2f798"
              }
            ],
            "mount_options": [],
            "parameters": {
              "kind": "Managed",
              "skuName": "Premium_LRS"
            },
            "reclaim_policy": "Delete",
            "storage_provisioner": "disk.csi.azure.com",
            "volume_binding_mode": "WaitForFirstConsumer"
          },
          "sensitive_attributes": [],
          "private": "bnVsbA==",
          "dependencies": [
            "azurerm_kubernetes_cluster.main",
            "azurerm_log_analytics_workspace.main",
            "azurerm_nat_gateway.main",
            "azurerm_resource_group.main",
            "azurerm_subnet.private",
            "azurerm_subnet_nat_gateway_association.private",
            "azurerm_virtual_network.main"
          ]
        }
      ]
    },
    {
      "mode": "managed",
      "type": "random_id",
      "name": "encryption_key",
      "provider": "provider[\"registry.terraform.io/hashicorp/random\"]",
      "instances": [
        {
          "schema_version": 0,
          "attributes": {
            "b64_std": "STI5E5U5h5DN0lWg+adk26jIPBrCIcBe8b93B/Q7EfM=",
            "b64_url": "STI5E5U5h5DN0lWg-adk26jIPBrCIcBe8b93B_Q7EfM",
            "byte_length": 32,
            "dec": "33107574227313317049872072727693108438785016178632118088665899569699484275187",
            "hex": "4932391395398790cdd255a0f9a764dba8c83c1ac221c05ef1bf7707f43b11f3",
            "id": "STI5E5U5h5DN0lWg-adk26jIPBrCIcBe8b93B_Q7EfM",
            "keepers": null,
            "prefix": null
          },
          "sensitive_attributes": []
        }
      ]
    },
    {
      "mode": "managed",
      "type": "random_id",
      "name": "keyvault_suffix",
      "provider": "provider[\"registry.terraform.io/hashicorp/random\"]",
      "instances": [
        {
          "schema_version": 0,
          "attributes": {
            "b64_std": "Z4hbZQ==",
            "b64_url": "Z4hbZQ",
            "byte_length": 4,
            "dec": "1736989541",
            "hex": "67885b65",
            "id": "Z4hbZQ",
            "keepers": null,
            "prefix": null
          },
          "sensitive_attributes": []
        }
      ]
    },
    {
      "mode": "managed",
      "type": "random_password",
      "name": "postgres_password",
      "provider": "provider[\"registry.terraform.io/hashicorp/random\"]",
      "instances": [
        {
          "index_key": 0,
          "schema_version": 3,
          "attributes": {
            "bcrypt_hash": "$2a$10$qTd12CjgWjB8.hC3DbOXTOqy4uMHM.NUi4ykRJcceK6NJ3/fWl8ou",
            "id": "none",
            "keepers": null,
            "length": 32,
            "lower": true,
            "min_lower": 0,
            "min_numeric": 0,
            "min_special": 0,
            "min_upper": 0,
            "number": true,
            "numeric": true,
            "override_special": null,
            "result": "ADWRX{r:h\u003chp34E@Q%@KZdCn8_iw=Jg6",
            "special": true,
            "upper": true
          },
          "sensitive_attributes": []
        }
      ]
    }
  ],
  "check_results": [
    {
      "object_kind": "var",
      "config_addr": "var.database_type",
      "status": "pass",
      "objects": [
        {
          "object_addr": "var.database_type",
          "status": "pass"
        }
      ]
    },
    {
      "object_kind": "var",
      "config_addr": "var.keyvault_sku",
      "status": "pass",
      "objects": [
        {
          "object_addr": "var.keyvault_sku",
          "status": "pass"
        }
      ]
    }
  ]
}
